{
  "version": 4,
  "terraform_version": "1.5.7",
  "serial": 7,
  "lineage": "387820a1-65fe-446e-fbe8-ee77b80d85e4",
  "outputs": {
    "alertmanager_external_url": {
      "value": "http://localhost:30285/staging/alertmanager",
      "type": "string"
    },
    "alertmanager_service": {
      "value": null,
      "type": "string"
    },
    "alertmanager_url": {
      "value": null,
      "type": "string"
    },
    "app_ingress_host": {
      "value": "healthcare.local",
      "type": "string"
    },
    "backend_ingress_host": {
      "value": "healthcare.local",
      "type": "string"
    },
    "backend_ingress_name": {
      "value": null,
      "type": "string"
    },
    "backend_service": {
      "value": null,
      "type": "string"
    },
    "datadog_monitors_count": {
      "value": 10,
      "type": "number"
    },
    "datadog_synthetic_tests_count": {
      "value": 2,
      "type": "number"
    },
    "elasticsearch_external_url": {
      "value": "http://localhost:30285/staging/elasticsearch",
      "type": "string"
    },
    "enhanced_monitoring_features": {
      "value": {
        "distributed_tracing": true,
        "ingress_monitoring": false,
        "log_aggregation": false,
        "synthetic_monitoring": false
      },
      "type": [
        "object",
        {
          "distributed_tracing": "bool",
          "ingress_monitoring": "bool",
          "log_aggregation": "bool",
          "synthetic_monitoring": "bool"
        }
      ]
    },
    "frontend_ingress_host": {
      "value": "healthcare.local",
      "type": "string"
    },
    "frontend_ingress_name": {
      "value": null,
      "type": "string"
    },
    "frontend_service": {
      "value": null,
      "type": "string"
    },
    "grafana_external_url": {
      "value": "http://localhost/staging/grafana",
      "type": "string"
    },
    "grafana_service": {
      "value": null,
      "type": "string"
    },
    "grafana_url": {
      "value": null,
      "type": "string"
    },
    "jaeger_service": {
      "value": null,
      "type": "dynamic"
    },
    "mongodb_exporter_external_url": {
      "value": "http://localhost:30285/staging/mongodb-exporter",
      "type": "string"
    },
    "mongodb_exporter_service": {
      "value": null,
      "type": "string"
    },
    "mongodb_exporter_url": {
      "value": null,
      "type": "string"
    },
    "mongodb_password": {
      "value": "healthcare-staging-2024",
      "type": "string",
      "sensitive": true
    },
    "mongodb_service": {
      "value": null,
      "type": "string"
    },
    "monitoring_backup_cronjob": {
      "value": null,
      "type": "string"
    },
    "monitoring_ingress_host": {
      "value": "localhost",
      "type": "string"
    },
    "monitoring_namespace": {
      "value": "monitoring-staging",
      "type": "string"
    },
    "namespace": {
      "value": "healthcare-staging",
      "type": "string"
    },
    "prometheus_external_url": {
      "value": "http://localhost:30285/staging/prometheus",
      "type": "string"
    },
    "prometheus_service": {
      "value": null,
      "type": "string"
    },
    "prometheus_url": {
      "value": null,
      "type": "string"
    },
    "quick_access": {
      "value": "    \n🚀 Healthcare App Service Access\n================================\n    \n📱 Main Application:\n   Frontend: http://localhost:8082\n     (Container: nginx on port 80, Dev: React on port 3001)\n   Backend API: http://localhost:8083/api/\n     (Container: Node.js on port 5001)\n   Health Check: http://localhost:8083/api/health\n    \n📊 Monitoring Dashboards:\n   Grafana: http://localhost:3000\n   Prometheus: http://localhost:9090\n   Jaeger: http://localhost:16686\n    \n🔧 Management Commands:\n   Setup: /Users/arshdang/Documents/SIT223/7.3HD/healthcare-app/terraform/access-services.sh setup\n   Stop: /Users/arshdang/Documents/SIT223/7.3HD/healthcare-app/terraform/access-services.sh stop\n   Status: /Users/arshdang/Documents/SIT223/7.3HD/healthcare-app/terraform/access-services.sh status\n   Restart: /Users/arshdang/Documents/SIT223/7.3HD/healthcare-app/terraform/access-services.sh restart\n    \n📋 Kubernetes Commands:\n   View pods: kubectl get pods -n healthcare-staging\n   View logs: kubectl logs -n healthcare-staging -l app=healthcare-app\n   Restart: kubectl rollout restart -n healthcare-staging deployment/frontend\n    \n",
      "type": "string"
    },
    "service_access_info": {
      "value": {
        "backend_url": "http://localhost:8083/api/",
        "frontend_url": "http://localhost:8082",
        "health_check_url": "http://localhost:8083/api/health",
        "management_commands": {
          "check_status": "/Users/arshdang/Documents/SIT223/7.3HD/healthcare-app/terraform/access-services.sh status",
          "restart_access": "/Users/arshdang/Documents/SIT223/7.3HD/healthcare-app/terraform/access-services.sh restart",
          "setup_access": "/Users/arshdang/Documents/SIT223/7.3HD/healthcare-app/terraform/access-services.sh setup",
          "stop_access": "/Users/arshdang/Documents/SIT223/7.3HD/healthcare-app/terraform/access-services.sh stop"
        },
        "monitoring": {
          "grafana_url": "http://localhost:3000",
          "jaeger_url": "http://localhost:16686",
          "prometheus_url": "http://localhost:9090"
        },
        "monitoring_namespace": "monitoring-staging",
        "namespace": "healthcare-staging"
      },
      "type": [
        "object",
        {
          "backend_url": "string",
          "frontend_url": "string",
          "health_check_url": "string",
          "management_commands": [
            "object",
            {
              "check_status": "string",
              "restart_access": "string",
              "setup_access": "string",
              "stop_access": "string"
            }
          ],
          "monitoring": [
            "object",
            {
              "grafana_url": "string",
              "jaeger_url": "string",
              "prometheus_url": "string"
            }
          ],
          "monitoring_namespace": "string",
          "namespace": "string"
        }
      ]
    }
  },
  "resources": [
    {
      "mode": "managed",
      "type": "datadog_dashboard",
      "name": "healthcare_app_dashboard",
      "provider": "provider[\"registry.terraform.io/datadog/datadog\"]",
      "instances": []
    },
    {
      "mode": "managed",
      "type": "datadog_dashboard",
      "name": "jenkins_cicd_dashboard",
      "provider": "provider[\"registry.terraform.io/datadog/datadog\"]",
      "instances": []
    },
    {
      "mode": "managed",
      "type": "datadog_monitor",
      "name": "healthcare_database_connections",
      "provider": "provider[\"registry.terraform.io/datadog/datadog\"]",
      "instances": []
    },
    {
      "mode": "managed",
      "type": "datadog_monitor",
      "name": "healthcare_deployment_failure",
      "provider": "provider[\"registry.terraform.io/datadog/datadog\"]",
      "instances": []
    },
    {
      "mode": "managed",
      "type": "datadog_monitor",
      "name": "healthcare_high_cpu",
      "provider": "provider[\"registry.terraform.io/datadog/datadog\"]",
      "instances": []
    },
    {
      "mode": "managed",
      "type": "datadog_monitor",
      "name": "healthcare_high_error_rate",
      "provider": "provider[\"registry.terraform.io/datadog/datadog\"]",
      "instances": []
    },
    {
      "mode": "managed",
      "type": "datadog_monitor",
      "name": "healthcare_high_memory",
      "provider": "provider[\"registry.terraform.io/datadog/datadog\"]",
      "instances": []
    },
    {
      "mode": "managed",
      "type": "datadog_monitor",
      "name": "healthcare_high_response_time",
      "provider": "provider[\"registry.terraform.io/datadog/datadog\"]",
      "instances": []
    },
    {
      "mode": "managed",
      "type": "datadog_monitor",
      "name": "healthcare_security_events",
      "provider": "provider[\"registry.terraform.io/datadog/datadog\"]",
      "instances": []
    },
    {
      "mode": "managed",
      "type": "datadog_monitor",
      "name": "healthcare_service_unavailable",
      "provider": "provider[\"registry.terraform.io/datadog/datadog\"]",
      "instances": []
    },
    {
      "mode": "managed",
      "type": "datadog_monitor",
      "name": "healthcare_sla_breach",
      "provider": "provider[\"registry.terraform.io/datadog/datadog\"]",
      "instances": []
    },
    {
      "mode": "managed",
      "type": "datadog_monitor",
      "name": "jenkins_pipeline_failure",
      "provider": "provider[\"registry.terraform.io/datadog/datadog\"]",
      "instances": []
    },
    {
      "mode": "managed",
      "type": "datadog_synthetics_test",
      "name": "healthcare_api_health_check",
      "provider": "provider[\"registry.terraform.io/datadog/datadog\"]",
      "instances": []
    },
    {
      "mode": "managed",
      "type": "datadog_synthetics_test",
      "name": "healthcare_frontend_availability",
      "provider": "provider[\"registry.terraform.io/datadog/datadog\"]",
      "instances": []
    },
    {
      "mode": "managed",
      "type": "kubernetes_cluster_role",
      "name": "fluent_bit",
      "provider": "provider[\"registry.terraform.io/hashicorp/kubernetes\"]",
      "instances": []
    },
    {
      "mode": "managed",
      "type": "kubernetes_cluster_role",
      "name": "ingress_controller",
      "provider": "provider[\"registry.terraform.io/hashicorp/kubernetes\"]",
      "instances": []
    },
    {
      "mode": "managed",
      "type": "kubernetes_cluster_role_binding",
      "name": "fluent_bit",
      "provider": "provider[\"registry.terraform.io/hashicorp/kubernetes\"]",
      "instances": []
    },
    {
      "mode": "managed",
      "type": "kubernetes_cluster_role_binding",
      "name": "ingress_controller",
      "provider": "provider[\"registry.terraform.io/hashicorp/kubernetes\"]",
      "instances": []
    },
    {
      "mode": "managed",
      "type": "kubernetes_config_map",
      "name": "fluent_bit_config",
      "provider": "provider[\"registry.terraform.io/hashicorp/kubernetes\"]",
      "instances": []
    },
    {
      "mode": "managed",
      "type": "kubernetes_config_map",
      "name": "nginx_configuration",
      "provider": "provider[\"registry.terraform.io/hashicorp/kubernetes\"]",
      "instances": []
    },
    {
      "mode": "managed",
      "type": "kubernetes_config_map",
      "name": "synthetic_monitoring_config",
      "provider": "provider[\"registry.terraform.io/hashicorp/kubernetes\"]",
      "instances": []
    },
    {
      "mode": "managed",
      "type": "kubernetes_daemonset",
      "name": "fluent_bit",
      "provider": "provider[\"registry.terraform.io/hashicorp/kubernetes\"]",
      "instances": []
    },
    {
      "mode": "managed",
      "type": "kubernetes_deployment",
      "name": "nginx_ingress_controller",
      "provider": "provider[\"registry.terraform.io/hashicorp/kubernetes\"]",
      "instances": []
    },
    {
      "mode": "managed",
      "type": "kubernetes_deployment",
      "name": "sonarqube",
      "provider": "provider[\"registry.terraform.io/hashicorp/kubernetes\"]",
      "instances": [
        {
          "schema_version": 1,
          "attributes": {
            "id": "monitoring-staging/sonarqube",
            "metadata": [
              {
                "annotations": {},
                "generate_name": "",
                "generation": 2,
                "labels": {
                  "app": "healthcare-app",
                  "component": "sonarqube",
                  "environment": "staging",
                  "managed-by": "terraform"
                },
                "name": "sonarqube",
                "namespace": "monitoring-staging",
                "resource_version": "1211173",
                "uid": "914de9ac-8291-4759-80ff-12b087be89d1"
              }
            ],
            "spec": [
              {
                "min_ready_seconds": 0,
                "paused": false,
                "progress_deadline_seconds": 600,
                "replicas": "1",
                "revision_history_limit": 10,
                "selector": [
                  {
                    "match_expressions": [],
                    "match_labels": {
                      "app": "sonarqube"
                    }
                  }
                ],
                "strategy": [
                  {
                    "rolling_update": [
                      {
                        "max_surge": "25%",
                        "max_unavailable": "25%"
                      }
                    ],
                    "type": "RollingUpdate"
                  }
                ],
                "template": [
                  {
                    "metadata": [
                      {
                        "annotations": {},
                        "generate_name": "",
                        "generation": 0,
                        "labels": {
                          "app": "sonarqube"
                        },
                        "name": "",
                        "namespace": "",
                        "resource_version": "",
                        "uid": ""
                      }
                    ],
                    "spec": [
                      {
                        "active_deadline_seconds": 0,
                        "affinity": [],
                        "automount_service_account_token": true,
                        "container": [
                          {
                            "args": [],
                            "command": [],
                            "env": [
                              {
                                "name": "SONAR_ES_BOOTSTRAP_CHECKS_DISABLE",
                                "value": "true",
                                "value_from": []
                              },
                              {
                                "name": "SONAR_JDBC_URL",
                                "value": "jdbc:h2:tcp://localhost:9092/sonar",
                                "value_from": []
                              },
                              {
                                "name": "SONAR_JDBC_USERNAME",
                                "value": "sonar",
                                "value_from": []
                              },
                              {
                                "name": "SONAR_JDBC_PASSWORD",
                                "value": "sonar",
                                "value_from": []
                              },
                              {
                                "name": "SONAR_EMBEDDEDDATABASE_PORT",
                                "value": "9092",
                                "value_from": []
                              },
                              {
                                "name": "SONAR_WEB_JAVAADDITIONALOPTS",
                                "value": "-Djava.security.egd=file:/dev/./urandom",
                                "value_from": []
                              }
                            ],
                            "env_from": [],
                            "image": "sonarqube:9.9-community",
                            "image_pull_policy": "IfNotPresent",
                            "lifecycle": [],
                            "liveness_probe": [
                              {
                                "exec": [],
                                "failure_threshold": 3,
                                "http_get": [
                                  {
                                    "host": "",
                                    "http_header": [],
                                    "path": "/api/system/status",
                                    "port": "9000",
                                    "scheme": "HTTP"
                                  }
                                ],
                                "initial_delay_seconds": 60,
                                "period_seconds": 30,
                                "success_threshold": 1,
                                "tcp_socket": [],
                                "timeout_seconds": 5
                              }
                            ],
                            "name": "sonarqube",
                            "port": [
                              {
                                "container_port": 9000,
                                "host_ip": "",
                                "host_port": 0,
                                "name": "http",
                                "protocol": "TCP"
                              }
                            ],
                            "readiness_probe": [
                              {
                                "exec": [],
                                "failure_threshold": 3,
                                "http_get": [
                                  {
                                    "host": "",
                                    "http_header": [],
                                    "path": "/api/system/status",
                                    "port": "9000",
                                    "scheme": "HTTP"
                                  }
                                ],
                                "initial_delay_seconds": 30,
                                "period_seconds": 10,
                                "success_threshold": 1,
                                "tcp_socket": [],
                                "timeout_seconds": 5
                              }
                            ],
                            "resources": [
                              {
                                "limits": {
                                  "cpu": "1",
                                  "memory": "2Gi"
                                },
                                "requests": {
                                  "cpu": "500m",
                                  "memory": "1Gi"
                                }
                              }
                            ],
                            "security_context": [
                              {
                                "allow_privilege_escalation": false,
                                "capabilities": [
                                  {
                                    "add": [],
                                    "drop": [
                                      "ALL"
                                    ]
                                  }
                                ],
                                "privileged": false,
                                "read_only_root_filesystem": false,
                                "run_as_group": "1000",
                                "run_as_non_root": false,
                                "run_as_user": "1000",
                                "se_linux_options": [],
                                "seccomp_profile": []
                              }
                            ],
                            "startup_probe": [],
                            "stdin": false,
                            "stdin_once": false,
                            "termination_message_path": "/dev/termination-log",
                            "termination_message_policy": "File",
                            "tty": false,
                            "volume_mount": [
                              {
                                "mount_path": "/opt/sonarqube/data",
                                "mount_propagation": "None",
                                "name": "sonarqube-data",
                                "read_only": false,
                                "sub_path": ""
                              },
                              {
                                "mount_path": "/opt/sonarqube/logs",
                                "mount_propagation": "None",
                                "name": "sonarqube-logs",
                                "read_only": false,
                                "sub_path": ""
                              },
                              {
                                "mount_path": "/opt/sonarqube/extensions",
                                "mount_propagation": "None",
                                "name": "sonarqube-extensions",
                                "read_only": false,
                                "sub_path": ""
                              }
                            ],
                            "working_dir": ""
                          }
                        ],
                        "dns_config": [],
                        "dns_policy": "ClusterFirst",
                        "enable_service_links": true,
                        "host_aliases": [],
                        "host_ipc": false,
                        "host_network": false,
                        "host_pid": false,
                        "hostname": "",
                        "image_pull_secrets": [],
                        "init_container": [
                          {
                            "args": [
                              "mkdir -p /opt/sonarqube/data/es7 \u0026\u0026 chown -R 1000:1000 /opt/sonarqube/data \u0026\u0026 chmod -R 755 /opt/sonarqube/data"
                            ],
                            "command": [
                              "sh",
                              "-c"
                            ],
                            "env": [],
                            "env_from": [],
                            "image": "busybox:1.35",
                            "image_pull_policy": "IfNotPresent",
                            "lifecycle": [],
                            "liveness_probe": [],
                            "name": "init-sonarqube",
                            "port": [],
                            "readiness_probe": [],
                            "resources": [
                              {
                                "limits": {},
                                "requests": {}
                              }
                            ],
                            "security_context": [
                              {
                                "allow_privilege_escalation": true,
                                "capabilities": [],
                                "privileged": false,
                                "read_only_root_filesystem": false,
                                "run_as_group": "0",
                                "run_as_non_root": false,
                                "run_as_user": "0",
                                "se_linux_options": [],
                                "seccomp_profile": []
                              }
                            ],
                            "startup_probe": [],
                            "stdin": false,
                            "stdin_once": false,
                            "termination_message_path": "/dev/termination-log",
                            "termination_message_policy": "File",
                            "tty": false,
                            "volume_mount": [
                              {
                                "mount_path": "/opt/sonarqube/data",
                                "mount_propagation": "None",
                                "name": "sonarqube-data",
                                "read_only": false,
                                "sub_path": ""
                              }
                            ],
                            "working_dir": ""
                          }
                        ],
                        "node_name": "",
                        "node_selector": {},
                        "priority_class_name": "",
                        "readiness_gate": [],
                        "restart_policy": "Always",
                        "runtime_class_name": "",
                        "security_context": [
                          {
                            "fs_group": "1000",
                            "fs_group_change_policy": "",
                            "run_as_group": "1000",
                            "run_as_non_root": false,
                            "run_as_user": "1000",
                            "se_linux_options": [],
                            "seccomp_profile": [],
                            "supplemental_groups": [],
                            "sysctl": []
                          }
                        ],
                        "service_account_name": "",
                        "share_process_namespace": false,
                        "subdomain": "",
                        "termination_grace_period_seconds": 30,
                        "toleration": [],
                        "topology_spread_constraint": [],
                        "volume": [
                          {
                            "aws_elastic_block_store": [],
                            "azure_disk": [],
                            "azure_file": [],
                            "ceph_fs": [],
                            "cinder": [],
                            "config_map": [],
                            "csi": [],
                            "downward_api": [],
                            "empty_dir": [],
                            "fc": [],
                            "flex_volume": [],
                            "flocker": [],
                            "gce_persistent_disk": [],
                            "git_repo": [],
                            "glusterfs": [],
                            "host_path": [
                              {
                                "path": "/var/lib/sonarqube-data",
                                "type": "DirectoryOrCreate"
                              }
                            ],
                            "iscsi": [],
                            "local": [],
                            "name": "sonarqube-data",
                            "nfs": [],
                            "persistent_volume_claim": [],
                            "photon_persistent_disk": [],
                            "projected": [],
                            "quobyte": [],
                            "rbd": [],
                            "secret": [],
                            "vsphere_volume": []
                          },
                          {
                            "aws_elastic_block_store": [],
                            "azure_disk": [],
                            "azure_file": [],
                            "ceph_fs": [],
                            "cinder": [],
                            "config_map": [],
                            "csi": [],
                            "downward_api": [],
                            "empty_dir": [
                              {
                                "medium": "",
                                "size_limit": ""
                              }
                            ],
                            "fc": [],
                            "flex_volume": [],
                            "flocker": [],
                            "gce_persistent_disk": [],
                            "git_repo": [],
                            "glusterfs": [],
                            "host_path": [],
                            "iscsi": [],
                            "local": [],
                            "name": "sonarqube-logs",
                            "nfs": [],
                            "persistent_volume_claim": [],
                            "photon_persistent_disk": [],
                            "projected": [],
                            "quobyte": [],
                            "rbd": [],
                            "secret": [],
                            "vsphere_volume": []
                          },
                          {
                            "aws_elastic_block_store": [],
                            "azure_disk": [],
                            "azure_file": [],
                            "ceph_fs": [],
                            "cinder": [],
                            "config_map": [],
                            "csi": [],
                            "downward_api": [],
                            "empty_dir": [
                              {
                                "medium": "",
                                "size_limit": ""
                              }
                            ],
                            "fc": [],
                            "flex_volume": [],
                            "flocker": [],
                            "gce_persistent_disk": [],
                            "git_repo": [],
                            "glusterfs": [],
                            "host_path": [],
                            "iscsi": [],
                            "local": [],
                            "name": "sonarqube-extensions",
                            "nfs": [],
                            "persistent_volume_claim": [],
                            "photon_persistent_disk": [],
                            "projected": [],
                            "quobyte": [],
                            "rbd": [],
                            "secret": [],
                            "vsphere_volume": []
                          }
                        ]
                      }
                    ]
                  }
                ]
              }
            ],
            "timeouts": {
              "create": null,
              "delete": null,
              "update": null
            },
            "wait_for_rollout": null
          },
          "sensitive_attributes": [],
          "private": "eyJlMmJmYjczMC1lY2FhLTExZTYtOGY4OC0zNDM2M2JjN2M0YzAiOnsiY3JlYXRlIjo2MDAwMDAwMDAwMDAsImRlbGV0ZSI6NjAwMDAwMDAwMDAwLCJ1cGRhdGUiOjYwMDAwMDAwMDAwMH0sInNjaGVtYV92ZXJzaW9uIjoiMSJ9",
          "dependencies": [
            "kubernetes_namespace.monitoring"
          ]
        }
      ]
    },
    {
      "mode": "managed",
      "type": "kubernetes_deployment",
      "name": "synthetic_monitoring",
      "provider": "provider[\"registry.terraform.io/hashicorp/kubernetes\"]",
      "instances": []
    },
    {
      "mode": "managed",
      "type": "kubernetes_namespace",
      "name": "ingress_nginx",
      "provider": "provider[\"registry.terraform.io/hashicorp/kubernetes\"]",
      "instances": []
    },
    {
      "mode": "managed",
      "type": "kubernetes_namespace",
      "name": "monitoring",
      "provider": "provider[\"registry.terraform.io/hashicorp/kubernetes\"]",
      "instances": [
        {
          "schema_version": 0,
          "attributes": {
            "id": "monitoring-staging",
            "metadata": [
              {
                "annotations": {},
                "generate_name": "",
                "generation": 0,
                "labels": {
                  "app": "healthcare-app",
                  "component": "monitoring",
                  "environment": "staging",
                  "managed-by": "terraform",
                  "purpose": "observability"
                },
                "name": "monitoring-staging",
                "resource_version": "1177123",
                "uid": "4cc80fff-4f6a-43bc-af03-764c07b3b895"
              }
            ],
            "timeouts": {
              "delete": null
            }
          },
          "sensitive_attributes": [],
          "private": "eyJlMmJmYjczMC1lY2FhLTExZTYtOGY4OC0zNDM2M2JjN2M0YzAiOnsiZGVsZXRlIjozMDAwMDAwMDAwMDB9LCJzY2hlbWFfdmVyc2lvbiI6IjAifQ=="
        }
      ]
    },
    {
      "mode": "managed",
      "type": "kubernetes_persistent_volume_claim",
      "name": "elasticsearch_storage",
      "provider": "provider[\"registry.terraform.io/hashicorp/kubernetes\"]",
      "instances": []
    },
    {
      "mode": "managed",
      "type": "kubernetes_service",
      "name": "elasticsearch",
      "provider": "provider[\"registry.terraform.io/hashicorp/kubernetes\"]",
      "instances": []
    },
    {
      "mode": "managed",
      "type": "kubernetes_service",
      "name": "nginx_ingress_controller",
      "provider": "provider[\"registry.terraform.io/hashicorp/kubernetes\"]",
      "instances": []
    },
    {
      "mode": "managed",
      "type": "kubernetes_service",
      "name": "sonarqube",
      "provider": "provider[\"registry.terraform.io/hashicorp/kubernetes\"]",
      "instances": [
        {
          "schema_version": 1,
          "attributes": {
            "id": "monitoring-staging/sonarqube",
            "metadata": [
              {
                "annotations": {},
                "generate_name": "",
                "generation": 0,
                "labels": {
                  "app": "healthcare-app",
                  "component": "sonarqube",
                  "environment": "staging",
                  "managed-by": "terraform"
                },
                "name": "sonarqube",
                "namespace": "monitoring-staging",
                "resource_version": "1211240",
                "uid": "16a4dc19-1441-4e22-a62b-e973b6b9f984"
              }
            ],
            "spec": [
              {
                "allocate_load_balancer_node_ports": true,
                "cluster_ip": "10.43.1.64",
                "cluster_ips": [
                  "10.43.1.64"
                ],
                "external_ips": [],
                "external_name": "",
                "external_traffic_policy": "",
                "health_check_node_port": 0,
                "internal_traffic_policy": "Cluster",
                "ip_families": [
                  "IPv4"
                ],
                "ip_family_policy": "SingleStack",
                "load_balancer_class": "",
                "load_balancer_ip": "",
                "load_balancer_source_ranges": [],
                "port": [
                  {
                    "app_protocol": "",
                    "name": "",
                    "node_port": 0,
                    "port": 9000,
                    "protocol": "TCP",
                    "target_port": "9000"
                  }
                ],
                "publish_not_ready_addresses": false,
                "selector": {
                  "app": "sonarqube"
                },
                "session_affinity": "None",
                "session_affinity_config": [],
                "type": "ClusterIP"
              }
            ],
            "status": [
              {
                "load_balancer": [
                  {
                    "ingress": []
                  }
                ]
              }
            ],
            "timeouts": {
              "create": null
            },
            "wait_for_load_balancer": null
          },
          "sensitive_attributes": [],
          "private": "eyJlMmJmYjczMC1lY2FhLTExZTYtOGY4OC0zNDM2M2JjN2M0YzAiOnsiY3JlYXRlIjo2MDAwMDAwMDAwMDB9LCJzY2hlbWFfdmVyc2lvbiI6IjEifQ=="
        }
      ]
    },
    {
      "mode": "managed",
      "type": "kubernetes_service",
      "name": "sonarqube_external",
      "provider": "provider[\"registry.terraform.io/hashicorp/kubernetes\"]",
      "instances": [
        {
          "schema_version": 1,
          "attributes": {
            "id": "monitoring-staging/sonarqube-external",
            "metadata": [
              {
                "annotations": {},
                "generate_name": "",
                "generation": 0,
                "labels": {
                  "app": "healthcare-app",
                  "component": "sonarqube",
                  "environment": "staging",
                  "managed-by": "terraform"
                },
                "name": "sonarqube-external",
                "namespace": "monitoring-staging",
                "resource_version": "1211249",
                "uid": "bfbe44a3-1749-438b-bb7f-819844eb07fa"
              }
            ],
            "spec": [
              {
                "allocate_load_balancer_node_ports": true,
                "cluster_ip": "10.43.172.109",
                "cluster_ips": [
                  "10.43.172.109"
                ],
                "external_ips": [],
                "external_name": "",
                "external_traffic_policy": "Cluster",
                "health_check_node_port": 0,
                "internal_traffic_policy": "Cluster",
                "ip_families": [
                  "IPv4"
                ],
                "ip_family_policy": "SingleStack",
                "load_balancer_class": "",
                "load_balancer_ip": "",
                "load_balancer_source_ranges": [],
                "port": [
                  {
                    "app_protocol": "",
                    "name": "",
                    "node_port": 32158,
                    "port": 9000,
                    "protocol": "TCP",
                    "target_port": "9000"
                  }
                ],
                "publish_not_ready_addresses": false,
                "selector": {
                  "app": "sonarqube"
                },
                "session_affinity": "None",
                "session_affinity_config": [],
                "type": "NodePort"
              }
            ],
            "status": [
              {
                "load_balancer": [
                  {
                    "ingress": []
                  }
                ]
              }
            ],
            "timeouts": {
              "create": null
            },
            "wait_for_load_balancer": null
          },
          "sensitive_attributes": [],
          "private": "eyJlMmJmYjczMC1lY2FhLTExZTYtOGY4OC0zNDM2M2JjN2M0YzAiOnsiY3JlYXRlIjo2MDAwMDAwMDAwMDB9LCJzY2hlbWFfdmVyc2lvbiI6IjEifQ=="
        }
      ]
    },
    {
      "mode": "managed",
      "type": "kubernetes_service",
      "name": "synthetic_monitoring",
      "provider": "provider[\"registry.terraform.io/hashicorp/kubernetes\"]",
      "instances": []
    },
    {
      "mode": "managed",
      "type": "kubernetes_service_account",
      "name": "fluent_bit",
      "provider": "provider[\"registry.terraform.io/hashicorp/kubernetes\"]",
      "instances": []
    },
    {
      "mode": "managed",
      "type": "kubernetes_service_account",
      "name": "ingress_controller",
      "provider": "provider[\"registry.terraform.io/hashicorp/kubernetes\"]",
      "instances": []
    },
    {
      "mode": "managed",
      "type": "kubernetes_stateful_set",
      "name": "elasticsearch",
      "provider": "provider[\"registry.terraform.io/hashicorp/kubernetes\"]",
      "instances": []
    },
    {
      "mode": "managed",
      "type": "random_password",
      "name": "encryption_key",
      "provider": "provider[\"registry.terraform.io/hashicorp/random\"]",
      "instances": []
    },
    {
      "mode": "managed",
      "type": "random_password",
      "name": "mongodb_password",
      "provider": "provider[\"registry.terraform.io/hashicorp/random\"]",
      "instances": []
    },
    {
      "module": "module.nginx_proxy_manager_monitoring[0]",
      "mode": "managed",
      "type": "kubernetes_config_map",
      "name": "nginx_proxy_manager_config",
      "provider": "provider[\"registry.terraform.io/hashicorp/kubernetes\"]",
      "instances": []
    },
    {
      "module": "module.nginx_proxy_manager_monitoring[0]",
      "mode": "managed",
      "type": "kubernetes_deployment",
      "name": "nginx_proxy_manager",
      "provider": "provider[\"registry.terraform.io/hashicorp/kubernetes\"]",
      "instances": []
    },
    {
      "module": "module.nginx_proxy_manager_monitoring[0]",
      "mode": "managed",
      "type": "kubernetes_service",
      "name": "nginx_proxy_manager",
      "provider": "provider[\"registry.terraform.io/hashicorp/kubernetes\"]",
      "instances": []
    }
  ],
  "check_results": null
}
