{
  "version": 4,
  "terraform_version": "1.5.7",
  "serial": 46,
  "lineage": "387820a1-65fe-446e-fbe8-ee77b80d85e4",
  "outputs": {
    "alertmanager_external_url": {
      "value": "http://localhost:30285/staging/alertmanager",
      "type": "string"
    },
    "alertmanager_service": {
      "value": null,
      "type": "string"
    },
    "alertmanager_url": {
      "value": null,
      "type": "string"
    },
    "app_ingress_host": {
      "value": "healthcare.local",
      "type": "string"
    },
    "backend_ingress_host": {
      "value": "healthcare.local",
      "type": "string"
    },
    "backend_ingress_name": {
      "value": null,
      "type": "string"
    },
    "backend_service": {
      "value": null,
      "type": "string"
    },
    "datadog_monitors_count": {
      "value": 10,
      "type": "number"
    },
    "datadog_synthetic_tests_count": {
      "value": 2,
      "type": "number"
    },
    "elasticsearch_external_url": {
      "value": "http://localhost:30285/staging/elasticsearch",
      "type": "string"
    },
    "enhanced_monitoring_features": {
      "value": {
        "distributed_tracing": true,
        "ingress_monitoring": false,
        "log_aggregation": false,
        "synthetic_monitoring": false
      },
      "type": [
        "object",
        {
          "distributed_tracing": "bool",
          "ingress_monitoring": "bool",
          "log_aggregation": "bool",
          "synthetic_monitoring": "bool"
        }
      ]
    },
    "frontend_ingress_host": {
      "value": "healthcare.local",
      "type": "string"
    },
    "frontend_ingress_name": {
      "value": null,
      "type": "string"
    },
    "frontend_service": {
      "value": null,
      "type": "string"
    },
    "grafana_external_url": {
      "value": "http://localhost/staging/grafana",
      "type": "string"
    },
    "grafana_service": {
      "value": null,
      "type": "string"
    },
    "grafana_url": {
      "value": null,
      "type": "string"
    },
    "jaeger_service": {
      "value": null,
      "type": "dynamic"
    },
    "mongodb_exporter_external_url": {
      "value": "http://localhost:30285/staging/mongodb-exporter",
      "type": "string"
    },
    "mongodb_exporter_service": {
      "value": null,
      "type": "string"
    },
    "mongodb_exporter_url": {
      "value": null,
      "type": "string"
    },
    "mongodb_password": {
      "value": "healthcare-staging-2024",
      "type": "string",
      "sensitive": true
    },
    "mongodb_service": {
      "value": null,
      "type": "string"
    },
    "monitoring_backup_cronjob": {
      "value": null,
      "type": "string"
    },
    "monitoring_ingress_host": {
      "value": "localhost",
      "type": "string"
    },
    "monitoring_namespace": {
      "value": "monitoring-staging",
      "type": "string"
    },
    "namespace": {
      "value": "healthcare-staging",
      "type": "string"
    },
    "prometheus_external_url": {
      "value": "http://localhost:30285/staging/prometheus",
      "type": "string"
    },
    "prometheus_service": {
      "value": null,
      "type": "string"
    },
    "prometheus_url": {
      "value": null,
      "type": "string"
    },
    "quick_access": {
      "value": "    \n🚀 Healthcare App Service Access\n================================\n    \n📱 Main Application:\n   Frontend: http://localhost:8082\n     (Container: nginx on port 80, Dev: React on port 3001)\n   Backend API: http://localhost:8083/api/\n     (Container: Node.js on port 5001)\n   Health Check: http://localhost:8083/api/health\n    \n📊 Monitoring Dashboards:\n   Grafana: http://localhost:3000\n   Prometheus: http://localhost:9090\n   Jaeger: http://localhost:16686\n    \n🔧 Management Commands:\n   Setup: /Users/arshdang/Documents/SIT223/7.3HD/healthcare-app/terraform/access-services.sh setup\n   Stop: /Users/arshdang/Documents/SIT223/7.3HD/healthcare-app/terraform/access-services.sh stop\n   Status: /Users/arshdang/Documents/SIT223/7.3HD/healthcare-app/terraform/access-services.sh status\n   Restart: /Users/arshdang/Documents/SIT223/7.3HD/healthcare-app/terraform/access-services.sh restart\n    \n📋 Kubernetes Commands:\n   View pods: kubectl get pods -n healthcare-staging\n   View logs: kubectl logs -n healthcare-staging -l app=healthcare-app\n   Restart: kubectl rollout restart -n healthcare-staging deployment/frontend\n    \n",
      "type": "string"
    },
    "service_access_info": {
      "value": {
        "backend_url": "http://localhost:8083/api/",
        "frontend_url": "http://localhost:8082",
        "health_check_url": "http://localhost:8083/api/health",
        "management_commands": {
          "check_status": "/Users/arshdang/Documents/SIT223/7.3HD/healthcare-app/terraform/access-services.sh status",
          "restart_access": "/Users/arshdang/Documents/SIT223/7.3HD/healthcare-app/terraform/access-services.sh restart",
          "setup_access": "/Users/arshdang/Documents/SIT223/7.3HD/healthcare-app/terraform/access-services.sh setup",
          "stop_access": "/Users/arshdang/Documents/SIT223/7.3HD/healthcare-app/terraform/access-services.sh stop"
        },
        "monitoring": {
          "grafana_url": "http://localhost:3000",
          "jaeger_url": "http://localhost:16686",
          "prometheus_url": "http://localhost:9090"
        },
        "monitoring_namespace": "monitoring-staging",
        "namespace": "healthcare-staging"
      },
      "type": [
        "object",
        {
          "backend_url": "string",
          "frontend_url": "string",
          "health_check_url": "string",
          "management_commands": [
            "object",
            {
              "check_status": "string",
              "restart_access": "string",
              "setup_access": "string",
              "stop_access": "string"
            }
          ],
          "monitoring": [
            "object",
            {
              "grafana_url": "string",
              "jaeger_url": "string",
              "prometheus_url": "string"
            }
          ],
          "monitoring_namespace": "string",
          "namespace": "string"
        }
      ]
    }
  },
  "resources": [
    {
      "mode": "managed",
      "type": "kubernetes_deployment",
      "name": "frontend",
      "provider": "provider[\"registry.terraform.io/hashicorp/kubernetes\"]",
      "instances": [
        {
          "schema_version": 1,
          "attributes": {
            "id": "healthcare-staging/frontend",
            "metadata": [
              {
                "annotations": {},
                "generate_name": "",
                "generation": 141,
                "labels": {
                  "app": "healthcare-app",
                  "component": "frontend",
                  "environment": "staging",
                  "managed-by": "terraform"
                },
                "name": "frontend",
                "namespace": "healthcare-staging",
                "resource_version": "1228777",
                "uid": "36d9bf1e-4bca-43fe-a09d-2b8226bcded9"
              }
            ],
            "spec": [
              {
                "min_ready_seconds": 0,
                "paused": false,
                "progress_deadline_seconds": 600,
                "replicas": "1",
                "revision_history_limit": 10,
                "selector": [
                  {
                    "match_expressions": [],
                    "match_labels": {
                      "app": "healthcare-app",
                      "component": "frontend",
                      "environment": "staging",
                      "managed-by": "terraform"
                    }
                  }
                ],
                "strategy": [
                  {
                    "rolling_update": [
                      {
                        "max_surge": "25%",
                        "max_unavailable": "25%"
                      }
                    ],
                    "type": "RollingUpdate"
                  }
                ],
                "template": [
                  {
                    "metadata": [
                      {
                        "annotations": {},
                        "generate_name": "",
                        "generation": 0,
                        "labels": {
                          "app": "healthcare-app",
                          "component": "frontend",
                          "environment": "staging",
                          "managed-by": "terraform"
                        },
                        "name": "",
                        "namespace": "",
                        "resource_version": "",
                        "uid": ""
                      }
                    ],
                    "spec": [
                      {
                        "active_deadline_seconds": 0,
                        "affinity": [],
                        "automount_service_account_token": true,
                        "container": [
                          {
                            "args": [],
                            "command": [],
                            "env": [
                              {
                                "name": "NODE_ENV",
                                "value": "production",
                                "value_from": []
                              },
                              {
                                "name": "REACT_APP_API_BASE_URL",
                                "value": "",
                                "value_from": []
                              },
                              {
                                "name": "REACT_APP_ENVIRONMENT",
                                "value": "staging",
                                "value_from": []
                              },
                              {
                                "name": "REACT_APP_VERSION",
                                "value": "507",
                                "value_from": []
                              }
                            ],
                            "env_from": [],
                            "image": "healthcare-app-frontend:fixed4",
                            "image_pull_policy": "IfNotPresent",
                            "lifecycle": [],
                            "liveness_probe": [
                              {
                                "exec": [],
                                "failure_threshold": 3,
                                "http_get": [
                                  {
                                    "host": "",
                                    "http_header": [],
                                    "path": "/",
                                    "port": "http",
                                    "scheme": "HTTP"
                                  }
                                ],
                                "initial_delay_seconds": 60,
                                "period_seconds": 15,
                                "success_threshold": 1,
                                "tcp_socket": [],
                                "timeout_seconds": 5
                              }
                            ],
                            "name": "frontend",
                            "port": [
                              {
                                "container_port": 80,
                                "host_ip": "",
                                "host_port": 0,
                                "name": "http",
                                "protocol": "TCP"
                              }
                            ],
                            "readiness_probe": [
                              {
                                "exec": [],
                                "failure_threshold": 6,
                                "http_get": [
                                  {
                                    "host": "",
                                    "http_header": [],
                                    "path": "/",
                                    "port": "http",
                                    "scheme": "HTTP"
                                  }
                                ],
                                "initial_delay_seconds": 30,
                                "period_seconds": 10,
                                "success_threshold": 1,
                                "tcp_socket": [],
                                "timeout_seconds": 5
                              }
                            ],
                            "resources": [
                              {
                                "limits": {
                                  "cpu": "500m",
                                  "memory": "512Mi"
                                },
                                "requests": {
                                  "cpu": "100m",
                                  "memory": "128Mi"
                                }
                              }
                            ],
                            "security_context": [
                              {
                                "allow_privilege_escalation": false,
                                "capabilities": [],
                                "privileged": false,
                                "read_only_root_filesystem": true,
                                "run_as_group": "",
                                "run_as_non_root": true,
                                "run_as_user": "101",
                                "se_linux_options": [],
                                "seccomp_profile": []
                              }
                            ],
                            "startup_probe": [],
                            "stdin": false,
                            "stdin_once": false,
                            "termination_message_path": "/dev/termination-log",
                            "termination_message_policy": "File",
                            "tty": false,
                            "volume_mount": [
                              {
                                "mount_path": "/tmp",
                                "mount_propagation": "None",
                                "name": "tmp",
                                "read_only": false,
                                "sub_path": ""
                              },
                              {
                                "mount_path": "/var/cache/nginx",
                                "mount_propagation": "None",
                                "name": "nginx-cache",
                                "read_only": false,
                                "sub_path": ""
                              },
                              {
                                "mount_path": "/var/run",
                                "mount_propagation": "None",
                                "name": "nginx-run",
                                "read_only": false,
                                "sub_path": ""
                              },
                              {
                                "mount_path": "/var/log/nginx",
                                "mount_propagation": "None",
                                "name": "nginx-log",
                                "read_only": false,
                                "sub_path": ""
                              }
                            ],
                            "working_dir": ""
                          }
                        ],
                        "dns_config": [],
                        "dns_policy": "ClusterFirst",
                        "enable_service_links": true,
                        "host_aliases": [],
                        "host_ipc": false,
                        "host_network": false,
                        "host_pid": false,
                        "hostname": "",
                        "image_pull_secrets": [],
                        "init_container": [],
                        "node_name": "",
                        "node_selector": {},
                        "priority_class_name": "",
                        "readiness_gate": [],
                        "restart_policy": "Always",
                        "runtime_class_name": "",
                        "security_context": [],
                        "service_account_name": "",
                        "share_process_namespace": false,
                        "subdomain": "",
                        "termination_grace_period_seconds": 30,
                        "toleration": [],
                        "topology_spread_constraint": [],
                        "volume": [
                          {
                            "aws_elastic_block_store": [],
                            "azure_disk": [],
                            "azure_file": [],
                            "ceph_fs": [],
                            "cinder": [],
                            "config_map": [],
                            "csi": [],
                            "downward_api": [],
                            "empty_dir": [
                              {
                                "medium": "",
                                "size_limit": ""
                              }
                            ],
                            "fc": [],
                            "flex_volume": [],
                            "flocker": [],
                            "gce_persistent_disk": [],
                            "git_repo": [],
                            "glusterfs": [],
                            "host_path": [],
                            "iscsi": [],
                            "local": [],
                            "name": "tmp",
                            "nfs": [],
                            "persistent_volume_claim": [],
                            "photon_persistent_disk": [],
                            "projected": [],
                            "quobyte": [],
                            "rbd": [],
                            "secret": [],
                            "vsphere_volume": []
                          },
                          {
                            "aws_elastic_block_store": [],
                            "azure_disk": [],
                            "azure_file": [],
                            "ceph_fs": [],
                            "cinder": [],
                            "config_map": [],
                            "csi": [],
                            "downward_api": [],
                            "empty_dir": [
                              {
                                "medium": "",
                                "size_limit": ""
                              }
                            ],
                            "fc": [],
                            "flex_volume": [],
                            "flocker": [],
                            "gce_persistent_disk": [],
                            "git_repo": [],
                            "glusterfs": [],
                            "host_path": [],
                            "iscsi": [],
                            "local": [],
                            "name": "nginx-cache",
                            "nfs": [],
                            "persistent_volume_claim": [],
                            "photon_persistent_disk": [],
                            "projected": [],
                            "quobyte": [],
                            "rbd": [],
                            "secret": [],
                            "vsphere_volume": []
                          },
                          {
                            "aws_elastic_block_store": [],
                            "azure_disk": [],
                            "azure_file": [],
                            "ceph_fs": [],
                            "cinder": [],
                            "config_map": [],
                            "csi": [],
                            "downward_api": [],
                            "empty_dir": [
                              {
                                "medium": "",
                                "size_limit": ""
                              }
                            ],
                            "fc": [],
                            "flex_volume": [],
                            "flocker": [],
                            "gce_persistent_disk": [],
                            "git_repo": [],
                            "glusterfs": [],
                            "host_path": [],
                            "iscsi": [],
                            "local": [],
                            "name": "nginx-run",
                            "nfs": [],
                            "persistent_volume_claim": [],
                            "photon_persistent_disk": [],
                            "projected": [],
                            "quobyte": [],
                            "rbd": [],
                            "secret": [],
                            "vsphere_volume": []
                          },
                          {
                            "aws_elastic_block_store": [],
                            "azure_disk": [],
                            "azure_file": [],
                            "ceph_fs": [],
                            "cinder": [],
                            "config_map": [],
                            "csi": [],
                            "downward_api": [],
                            "empty_dir": [
                              {
                                "medium": "",
                                "size_limit": ""
                              }
                            ],
                            "fc": [],
                            "flex_volume": [],
                            "flocker": [],
                            "gce_persistent_disk": [],
                            "git_repo": [],
                            "glusterfs": [],
                            "host_path": [],
                            "iscsi": [],
                            "local": [],
                            "name": "nginx-log",
                            "nfs": [],
                            "persistent_volume_claim": [],
                            "photon_persistent_disk": [],
                            "projected": [],
                            "quobyte": [],
                            "rbd": [],
                            "secret": [],
                            "vsphere_volume": []
                          }
                        ]
                      }
                    ]
                  }
                ]
              }
            ],
            "timeouts": {
              "create": null,
              "delete": null,
              "update": null
            },
            "wait_for_rollout": null
          },
          "sensitive_attributes": [],
          "private": "eyJlMmJmYjczMC1lY2FhLTExZTYtOGY4OC0zNDM2M2JjN2M0YzAiOnsiY3JlYXRlIjo2MDAwMDAwMDAwMDAsImRlbGV0ZSI6NjAwMDAwMDAwMDAwLCJ1cGRhdGUiOjYwMDAwMDAwMDAwMH0sInNjaGVtYV92ZXJzaW9uIjoiMSJ9"
        }
      ]
    },
    {
      "mode": "managed",
      "type": "kubernetes_namespace",
      "name": "healthcare",
      "provider": "provider[\"registry.terraform.io/hashicorp/kubernetes\"]",
      "instances": [
        {
          "schema_version": 0,
          "attributes": {
            "id": "healthcare-staging",
            "metadata": [
              {
                "annotations": {},
                "generate_name": "",
                "generation": 0,
                "labels": {
                  "app": "healthcare-app",
                  "component": "healthcare",
                  "environment": "staging",
                  "managed-by": "terraform",
                  "purpose": "application"
                },
                "name": "healthcare-staging",
                "resource_version": "1177288",
                "uid": "69de015a-34c2-4261-85d6-818365f9f534"
              }
            ],
            "timeouts": {
              "delete": null
            }
          },
          "sensitive_attributes": [],
          "private": "eyJlMmJmYjczMC1lY2FhLTExZTYtOGY4OC0zNDM2M2JjN2M0YzAiOnsiZGVsZXRlIjozMDAwMDAwMDAwMDB9LCJzY2hlbWFfdmVyc2lvbiI6IjAifQ=="
        }
      ]
    },
    {
      "mode": "managed",
      "type": "kubernetes_namespace",
      "name": "monitoring",
      "provider": "provider[\"registry.terraform.io/hashicorp/kubernetes\"]",
      "instances": [
        {
          "schema_version": 0,
          "attributes": {
            "id": "monitoring-staging",
            "metadata": [
              {
                "annotations": {},
                "generate_name": "",
                "generation": 0,
                "labels": {
                  "app": "healthcare-app",
                  "component": "monitoring",
                  "environment": "staging",
                  "managed-by": "terraform",
                  "purpose": "observability"
                },
                "name": "monitoring-staging",
                "resource_version": "1177123",
                "uid": "4cc80fff-4f6a-43bc-af03-764c07b3b895"
              }
            ],
            "timeouts": {
              "delete": null
            }
          },
          "sensitive_attributes": [],
          "private": "eyJlMmJmYjczMC1lY2FhLTExZTYtOGY4OC0zNDM2M2JjN2M0YzAiOnsiZGVsZXRlIjozMDAwMDAwMDAwMDB9LCJzY2hlbWFfdmVyc2lvbiI6IjAifQ=="
        }
      ]
    }
  ],
  "check_results": null
}
