{
  "version": 4,
  "terraform_version": "1.5.7",
  "serial": 1152,
  "lineage": "6fd34e42-1716-6263-aa4c-dac02c0f20cc",
  "outputs": {
    "alertmanager_external_url": {
      "value": "http://localhost:30285/staging/alertmanager",
      "type": "string"
    },
    "alertmanager_service": {
      "value": "alertmanager",
      "type": "string"
    },
    "alertmanager_url": {
      "value": "http://alertmanager.monitoring-staging.svc.cluster.local:9093",
      "type": "string"
    },
    "app_ingress_host": {
      "value": "healthcare.local",
      "type": "string"
    },
    "backend_ingress_host": {
      "value": "healthcare.local",
      "type": "string"
    },
    "backend_ingress_name": {
      "value": "backend-ingress",
      "type": "string"
    },
    "backend_service": {
      "value": "backend",
      "type": "string"
    },
    "datadog_monitors_count": {
      "value": 0,
      "type": "number"
    },
    "datadog_synthetic_tests_count": {
      "value": 0,
      "type": "number"
    },
    "elasticsearch_external_url": {
      "value": "http://localhost:30285/staging/elasticsearch",
      "type": "string"
    },
    "enhanced_monitoring_features": {
      "value": {
        "distributed_tracing": true,
        "ingress_monitoring": false,
        "log_aggregation": false,
        "synthetic_monitoring": false
      },
      "type": [
        "object",
        {
          "distributed_tracing": "bool",
          "ingress_monitoring": "bool",
          "log_aggregation": "bool",
          "synthetic_monitoring": "bool"
        }
      ]
    },
    "frontend_ingress_host": {
      "value": "healthcare.local",
      "type": "string"
    },
    "frontend_ingress_name": {
      "value": "frontend-ingress",
      "type": "string"
    },
    "frontend_service": {
      "value": "frontend",
      "type": "string"
    },
    "grafana_external_url": {
      "value": "http://localhost/staging/grafana",
      "type": "string"
    },
    "grafana_service": {
      "value": "grafana",
      "type": "string"
    },
    "grafana_url": {
      "value": "http://grafana.monitoring-staging.svc.cluster.local:3000",
      "type": "string"
    },
    "jaeger_service": {
      "value": "jaeger",
      "type": "string"
    },
    "mongodb_exporter_external_url": {
      "value": "http://localhost:30285/staging/mongodb-exporter",
      "type": "string"
    },
    "mongodb_exporter_service": {
      "value": "mongodb-exporter",
      "type": "string"
    },
    "mongodb_exporter_url": {
      "value": "http://mongodb-exporter.monitoring-staging.svc.cluster.local:9216",
      "type": "string"
    },
    "mongodb_password": {
      "value": "healthcare-staging-2024",
      "type": "string",
      "sensitive": true
    },
    "mongodb_service": {
      "value": "mongodb-staging",
      "type": "string"
    },
    "monitoring_backup_cronjob": {
      "value": "monitoring-backup",
      "type": "string"
    },
    "monitoring_ingress_host": {
      "value": "localhost",
      "type": "string"
    },
    "monitoring_namespace": {
      "value": "monitoring-staging",
      "type": "string"
    },
    "namespace": {
      "value": "healthcare-staging",
      "type": "string"
    },
    "prometheus_external_url": {
      "value": "http://localhost:30285/staging/prometheus",
      "type": "string"
    },
    "prometheus_service": {
      "value": "prometheus",
      "type": "string"
    },
    "prometheus_url": {
      "value": "http://prometheus.monitoring-staging.svc.cluster.local:9090",
      "type": "string"
    }
  },
  "resources": [
    {
      "mode": "managed",
      "type": "kubernetes_cluster_role",
      "name": "prometheus",
      "provider": "provider[\"registry.terraform.io/hashicorp/kubernetes\"]",
      "instances": [
        {
          "schema_version": 0,
          "attributes": {
            "aggregation_rule": [],
            "id": "prometheus-staging",
            "metadata": [
              {
                "annotations": {},
                "generation": 0,
                "labels": {
                  "app": "healthcare-app",
                  "component": "prometheus",
                  "environment": "staging",
                  "managed-by": "terraform"
                },
                "name": "prometheus-staging",
                "resource_version": "1104033",
                "uid": "b945e209-f656-4cf4-a894-ce2eae70b3f3"
              }
            ],
            "rule": [
              {
                "api_groups": [
                  ""
                ],
                "non_resource_urls": [],
                "resource_names": [],
                "resources": [
                  "nodes",
                  "nodes/proxy",
                  "services",
                  "endpoints",
                  "pods"
                ],
                "verbs": [
                  "get",
                  "list",
                  "watch"
                ]
              },
              {
                "api_groups": [
                  "extensions"
                ],
                "non_resource_urls": [],
                "resource_names": [],
                "resources": [
                  "ingresses"
                ],
                "verbs": [
                  "get",
                  "list",
                  "watch"
                ]
              },
              {
                "api_groups": [],
                "non_resource_urls": [
                  "/metrics"
                ],
                "resource_names": [],
                "resources": [],
                "verbs": [
                  "get"
                ]
              }
            ]
          },
          "sensitive_attributes": [],
          "private": "bnVsbA=="
        }
      ]
    },
    {
      "mode": "managed",
      "type": "kubernetes_cluster_role_binding",
      "name": "prometheus",
      "provider": "provider[\"registry.terraform.io/hashicorp/kubernetes\"]",
      "instances": [
        {
          "schema_version": 0,
          "attributes": {
            "id": "prometheus-staging",
            "metadata": [
              {
                "annotations": {},
                "generation": 0,
                "labels": {
                  "app": "healthcare-app",
                  "component": "prometheus",
                  "environment": "staging",
                  "managed-by": "terraform"
                },
                "name": "prometheus-staging",
                "resource_version": "1104185",
                "uid": "094f3e24-07f5-4098-9891-72d553448699"
              }
            ],
            "role_ref": [
              {
                "api_group": "rbac.authorization.k8s.io",
                "kind": "ClusterRole",
                "name": "prometheus-staging"
              }
            ],
            "subject": [
              {
                "api_group": "",
                "kind": "ServiceAccount",
                "name": "prometheus",
                "namespace": "monitoring-staging"
              }
            ]
          },
          "sensitive_attributes": [],
          "private": "bnVsbA==",
          "dependencies": [
            "kubernetes_cluster_role.prometheus",
            "kubernetes_namespace.monitoring",
            "kubernetes_service_account.prometheus"
          ]
        }
      ]
    },
    {
      "mode": "managed",
      "type": "kubernetes_config_map",
      "name": "alertmanager_config",
      "provider": "provider[\"registry.terraform.io/hashicorp/kubernetes\"]",
      "instances": [
        {
          "schema_version": 0,
          "attributes": {
            "binary_data": {},
            "data": {
              "alertmanager.yml": "\"global\":\n  \"smtp_auth_password\": \"your-smtp-password\"\n  \"smtp_auth_username\": \"alerts@healthcare.company.com\"\n  \"smtp_from\": \"alerts@healthcare.company.com\"\n  \"smtp_smarthost\": \"smtp.gmail.com:587\"\n\"receivers\":\n- \"email_configs\":\n  - \"send_resolved\": true\n    \"to\": \"platform-team@healthcare.company.com\"\n  \"name\": \"email\"\n\"route\":\n  \"group_by\":\n  - \"alertname\"\n  \"group_interval\": \"10s\"\n  \"group_wait\": \"10s\"\n  \"receiver\": \"email\"\n  \"repeat_interval\": \"1h\"\n"
            },
            "id": "monitoring-staging/alertmanager-config",
            "immutable": false,
            "metadata": [
              {
                "annotations": {},
                "generate_name": "",
                "generation": 0,
                "labels": {
                  "app": "healthcare-app",
                  "component": "alertmanager",
                  "environment": "staging",
                  "managed-by": "terraform"
                },
                "name": "alertmanager-config",
                "namespace": "monitoring-staging",
                "resource_version": "1104090",
                "uid": "20c1acee-e10d-4b0b-9fd2-3af5df2db3fe"
              }
            ]
          },
          "sensitive_attributes": [],
          "private": "bnVsbA==",
          "dependencies": [
            "kubernetes_namespace.monitoring"
          ]
        }
      ]
    },
    {
      "mode": "managed",
      "type": "kubernetes_config_map",
      "name": "app_config",
      "provider": "provider[\"registry.terraform.io/hashicorp/kubernetes\"]",
      "instances": [
        {
          "schema_version": 0,
          "attributes": {
            "binary_data": {},
            "data": {
              "API_RATE_LIMIT": "100",
              "API_TIMEOUT": "30000",
              "CORS_ORIGIN": "*",
              "HEALTH_CHECK_INTERVAL": "30",
              "LOG_LEVEL": "debug",
              "MAX_CONNECTIONS": "10",
              "MONGODB_DATABASE": "healthcare-app",
              "NODE_ENV": "staging",
              "PROMETHEUS_METRICS_PORT": "9090"
            },
            "id": "healthcare-staging/healthcare-app-config",
            "immutable": false,
            "metadata": [
              {
                "annotations": {},
                "generate_name": "",
                "generation": 0,
                "labels": {
                  "app": "healthcare-app",
                  "environment": "staging",
                  "managed-by": "terraform"
                },
                "name": "healthcare-app-config",
                "namespace": "healthcare-staging",
                "resource_version": "1104040",
                "uid": "805398d8-8da8-417d-9a87-346346d8dc3c"
              }
            ]
          },
          "sensitive_attributes": [],
          "private": "bnVsbA==",
          "dependencies": [
            "kubernetes_namespace.healthcare"
          ]
        }
      ]
    },
    {
      "mode": "managed",
      "type": "kubernetes_config_map",
      "name": "data_transfer_policy",
      "provider": "provider[\"registry.terraform.io/hashicorp/kubernetes\"]",
      "instances": [
        {
          "index_key": 0,
          "schema_version": 0,
          "attributes": {
            "binary_data": {},
            "data": {
              "transfer-policy.json": "{\"audit_trail\":{\"enabled\":true,\"log_transfers\":true,\"retention_days\":2555},\"data_transfer_rules\":[{\"approval_required\":false,\"legal_basis\":\"Standard Contractual Clauses\",\"purpose\":\"EU-US Data Transfers\",\"restricted_countries\":[],\"safeguards\":[\"SCCs implemented\",\"Data minimization\",\"Encryption in transit\",\"Regular audits\"]},{\"approval_required\":true,\"legal_basis\":\"Legitimate interest\",\"purpose\":\"Third-party processing\",\"restricted_countries\":[\"CN\",\"RU\",\"IR\",\"KP\"],\"safeguards\":[\"DPA executed\",\"Security assessments\",\"Incident notification\",\"Audit rights\"]}],\"organization\":\"Healthcare App Corporation\",\"version\":\"1.0\"}"
            },
            "id": "healthcare-staging/data-transfer-policy",
            "immutable": false,
            "metadata": [
              {
                "annotations": {},
                "generate_name": "",
                "generation": 0,
                "labels": {
                  "app": "healthcare-app",
                  "environment": "staging",
                  "managed-by": "terraform"
                },
                "name": "data-transfer-policy",
                "namespace": "healthcare-staging",
                "resource_version": "1104038",
                "uid": "db855834-6f3a-4594-8369-1969c393dbba"
              }
            ]
          },
          "sensitive_attributes": [],
          "private": "bnVsbA==",
          "dependencies": [
            "kubernetes_namespace.healthcare"
          ]
        }
      ]
    },
    {
      "mode": "managed",
      "type": "kubernetes_config_map",
      "name": "enhanced_grafana_dashboards",
      "provider": "provider[\"registry.terraform.io/hashicorp/kubernetes\"]",
      "instances": [
        {
          "schema_version": 0,
          "attributes": {
            "binary_data": {},
            "data": {
              "enhanced-dashboard.json": "{\"dashboard\":{\"id\":null,\"panels\":[{\"id\":1,\"targets\":[{\"expr\":\"rate(container_cpu_usage_seconds_total{namespace=\\\"healthcare-staging\\\"}[5m]) * 100\"}],\"title\":\"CPU Usage\",\"type\":\"graph\"},{\"id\":2,\"targets\":[{\"expr\":\"container_memory_usage_bytes{namespace=\\\"healthcare-staging\\\"} / 1024 / 1024\"}],\"title\":\"Memory Usage\",\"type\":\"graph\"},{\"id\":3,\"targets\":[{\"expr\":\"rate(nginx_ingress_controller_requests_total[5m])\"}],\"title\":\"Ingress Request Rate\",\"type\":\"graph\"},{\"id\":4,\"targets\":[{\"expr\":\"rate(nginx_ingress_controller_requests_total{status!~\\\"2..\\\"}[5m]) / rate(nginx_ingress_controller_requests_total[5m]) * 100\"}],\"title\":\"Ingress Error Rate\",\"type\":\"graph\"},{\"id\":5,\"targets\":[{\"expr\":\"synthetic_health_check_success\"}],\"title\":\"Synthetic Health Check Status\",\"type\":\"stat\"},{\"id\":6,\"targets\":[{\"expr\":\"synthetic_health_check_response_time\"}],\"title\":\"Synthetic Response Time\",\"type\":\"graph\"},{\"id\":7,\"targets\":[{\"expr\":\"rate(fluentbit_output_proc_records_total[5m])\"}],\"title\":\"Log Volume by Service\",\"type\":\"graph\"},{\"id\":8,\"targets\":[{\"expr\":\"rate(jaeger_tracer_reporter_spans_total[5m])\"}],\"title\":\"Tracing Spans per Second\",\"type\":\"graph\"}],\"refresh\":\"30s\",\"tags\":[\"healthcare\",\"monitoring\",\"enhanced\"],\"time\":{\"from\":\"now-1h\",\"to\":\"now\"},\"timezone\":\"browser\",\"title\":\"Enhanced Healthcare Monitoring Dashboard\"}}"
            },
            "id": "monitoring-staging/enhanced-grafana-dashboards",
            "immutable": false,
            "metadata": [
              {
                "annotations": {},
                "generate_name": "",
                "generation": 0,
                "labels": {
                  "app": "healthcare-app",
                  "component": "grafana",
                  "environment": "staging",
                  "managed-by": "terraform"
                },
                "name": "enhanced-grafana-dashboards",
                "namespace": "monitoring-staging",
                "resource_version": "1104111",
                "uid": "584cdfc1-c7a3-4aed-9acf-300e3f89b389"
              }
            ]
          },
          "sensitive_attributes": [],
          "private": "bnVsbA==",
          "dependencies": [
            "kubernetes_namespace.monitoring"
          ]
        }
      ]
    },
    {
      "mode": "managed",
      "type": "kubernetes_config_map",
      "name": "enhanced_prometheus_rules",
      "provider": "provider[\"registry.terraform.io/hashicorp/kubernetes\"]",
      "instances": [
        {
          "schema_version": 0,
          "attributes": {
            "binary_data": {},
            "data": {
              "enhanced-monitoring.yml": "\"groups\":\n- \"name\": \"enhanced-monitoring.rules\"\n  \"rules\":\n  - \"alert\": \"IngressDown\"\n    \"annotations\":\n      \"description\": \"Ingress error rate is above 5% for more than 5 minutes\"\n      \"runbook\": \"https://docs.company.com/runbooks/ingress-errors\"\n      \"summary\": \"High ingress error rate detected\"\n    \"expr\": \"nginx_ingress_controller_requests{status!~\\\"2..\\\"} / nginx_ingress_controller_requests\n      * 100 \u003e 5\"\n    \"for\": \"5m\"\n    \"labels\":\n      \"severity\": \"warning\"\n      \"team\": \"platform\"\n  - \"alert\": \"LogAggregationFailure\"\n    \"annotations\":\n      \"description\": \"Fluent Bit log aggregation is down\"\n      \"runbook\": \"https://docs.company.com/runbooks/log-aggregation\"\n      \"summary\": \"Log aggregation failure\"\n    \"expr\": \"up{job=\\\"fluent-bit\\\"} == 0\"\n    \"for\": \"5m\"\n    \"labels\":\n      \"severity\": \"warning\"\n      \"team\": \"platform\"\n  - \"alert\": \"SyntheticTestFailure\"\n    \"annotations\":\n      \"description\": \"Synthetic monitoring detected service unavailability\"\n      \"runbook\": \"https://docs.company.com/runbooks/synthetic-failure\"\n      \"summary\": \"Synthetic health check failed\"\n    \"expr\": \"synthetic_health_check_success == 0\"\n    \"for\": \"2m\"\n    \"labels\":\n      \"severity\": \"critical\"\n      \"team\": \"backend\"\n  - \"alert\": \"HighSyntheticResponseTime\"\n    \"annotations\":\n      \"description\": \"Synthetic monitoring detected slow response times (\u003e2s)\"\n      \"runbook\": \"https://docs.company.com/runbooks/high-response-time\"\n      \"summary\": \"High synthetic response time\"\n    \"expr\": \"synthetic_health_check_response_time \u003e 2000\"\n    \"for\": \"5m\"\n    \"labels\":\n      \"severity\": \"warning\"\n      \"team\": \"backend\"\n  - \"alert\": \"TracingServiceDown\"\n    \"annotations\":\n      \"description\": \"Jaeger tracing service is unavailable\"\n      \"runbook\": \"https://docs.company.com/runbooks/tracing-down\"\n      \"summary\": \"Distributed tracing service down\"\n    \"expr\": \"up{job=\\\"jaeger\\\"} == 0\"\n    \"for\": \"5m\"\n    \"labels\":\n      \"severity\": \"info\"\n      \"team\": \"platform\"\n"
            },
            "id": "monitoring-staging/enhanced-prometheus-rules",
            "immutable": false,
            "metadata": [
              {
                "annotations": {},
                "generate_name": "",
                "generation": 0,
                "labels": {
                  "app": "healthcare-app",
                  "component": "prometheus",
                  "environment": "staging",
                  "managed-by": "terraform"
                },
                "name": "enhanced-prometheus-rules",
                "namespace": "monitoring-staging",
                "resource_version": "1104073",
                "uid": "075c380d-2726-4577-ac27-6250d909f6cb"
              }
            ]
          },
          "sensitive_attributes": [],
          "private": "bnVsbA==",
          "dependencies": [
            "kubernetes_namespace.monitoring"
          ]
        }
      ]
    },
    {
      "mode": "managed",
      "type": "kubernetes_config_map",
      "name": "gdpr_rights_config",
      "provider": "provider[\"registry.terraform.io/hashicorp/kubernetes\"]",
      "instances": [
        {
          "schema_version": 0,
          "attributes": {
            "binary_data": {},
            "data": {
              "rights-implementation.json": "{\"breach_notification\":{\"affected_individuals_deadline_days\":1,\"automated_detection\":true,\"enabled\":true,\"supervisory_authority_deadline_hours\":72},\"consent_management\":{\"consent_log_retention\":2555,\"enabled\":true,\"granular_consent\":true,\"withdrawal_enabled\":true},\"data_subject_rights\":{\"access\":{\"automated_processing\":true,\"enabled\":true,\"max_response_days\":30},\"erasure\":{\"automated_processing\":true,\"enabled\":true,\"exceptions\":[\"legal-obligation\",\"public-interest\",\"research\"],\"max_response_days\":30},\"objection\":{\"automated_processing\":true,\"enabled\":true,\"max_response_days\":30},\"portability\":{\"automated_processing\":true,\"enabled\":true,\"formats\":[\"json\",\"xml\",\"csv\"],\"max_response_days\":30},\"rectification\":{\"automated_processing\":true,\"enabled\":true,\"max_response_days\":30},\"restriction\":{\"automated_processing\":true,\"enabled\":true,\"max_response_days\":30}}}"
            },
            "id": "healthcare-staging/gdpr-rights-config",
            "immutable": false,
            "metadata": [
              {
                "annotations": {},
                "generate_name": "",
                "generation": 0,
                "labels": {
                  "app": "healthcare-app",
                  "environment": "staging",
                  "managed-by": "terraform"
                },
                "name": "gdpr-rights-config",
                "namespace": "healthcare-staging",
                "resource_version": "1104039",
                "uid": "0df27a45-63f1-4347-8144-89c9d9b09f60"
              }
            ]
          },
          "sensitive_attributes": [],
          "private": "bnVsbA==",
          "dependencies": [
            "kubernetes_namespace.healthcare"
          ]
        }
      ]
    },
    {
      "mode": "managed",
      "type": "kubernetes_config_map",
      "name": "grafana_config",
      "provider": "provider[\"registry.terraform.io/hashicorp/kubernetes\"]",
      "instances": [
        {
          "schema_version": 0,
          "attributes": {
            "binary_data": {},
            "data": {
              "dashboard-providers.yml": "\"apiVersion\": 1\n\"providers\":\n- \"folder\": \"\"\n  \"name\": \"default\"\n  \"options\":\n    \"path\": \"/etc/grafana/provisioning/dashboards\"\n  \"orgId\": 1\n  \"type\": \"file\"\n",
              "datasources.yml": "\"apiVersion\": 1\n\"datasources\":\n- \"access\": \"proxy\"\n  \"isDefault\": true\n  \"name\": \"Prometheus\"\n  \"type\": \"prometheus\"\n  \"url\": \"http://prometheus:9090\"\n",
              "grafana.ini": "[server]\nhttp_port = 3000\nroot_url = http://localhost:30285/staging/grafana/\n\n[database]\ntype = sqlite3\npath = /var/lib/grafana/grafana.db\n\n[security]\nadmin_user = admin\nadmin_password = admin123\n\n[auth.anonymous]\nenabled = true\norg_role = Viewer\n\n[dashboards]\ndefault_home_dashboard_path = /etc/grafana/provisioning/dashboards/healthcare-dashboard.json\n",
              "healthcare-dashboard.json": "{\"id\":null,\"panels\":[{\"id\":1,\"targets\":[{\"expr\":\"rate(container_cpu_usage_seconds_total{namespace=\\\"healthcare-staging\\\"}[5m]) * 100\"}],\"title\":\"CPU Usage\",\"type\":\"graph\",\"yAxes\":[{\"label\":\"Percentage\",\"max\":100}]},{\"id\":2,\"targets\":[{\"expr\":\"container_memory_usage_bytes{namespace=\\\"healthcare-staging\\\"} / 1024 / 1024\"}],\"title\":\"Memory Usage\",\"type\":\"graph\",\"yAxes\":[{\"label\":\"MB\"}]},{\"id\":3,\"targets\":[{\"expr\":\"rate(http_requests_total{job=\\\"healthcare-backend\\\"}[5m])\"}],\"title\":\"HTTP Request Rate\",\"type\":\"graph\"},{\"id\":4,\"targets\":[{\"expr\":\"histogram_quantile(0.95, rate(http_request_duration_seconds_bucket{job=\\\"healthcare-backend\\\"}[5m]))\"}],\"title\":\"Response Time (95th percentile)\",\"type\":\"graph\"}],\"refresh\":\"30s\",\"tags\":[\"healthcare\",\"monitoring\"],\"time\":{\"from\":\"now-1h\",\"to\":\"now\"},\"timezone\":\"browser\",\"title\":\"Healthcare Application Dashboard\"}"
            },
            "id": "monitoring-staging/grafana-config",
            "immutable": false,
            "metadata": [
              {
                "annotations": {},
                "generate_name": "",
                "generation": 0,
                "labels": {
                  "app": "healthcare-app",
                  "component": "grafana",
                  "environment": "staging",
                  "managed-by": "terraform"
                },
                "name": "grafana-config",
                "namespace": "monitoring-staging",
                "resource_version": "1104081",
                "uid": "33237291-10f6-4836-86be-978d6e1d64a0"
              }
            ]
          },
          "sensitive_attributes": [],
          "private": "bnVsbA==",
          "dependencies": [
            "kubernetes_namespace.monitoring"
          ]
        }
      ]
    },
    {
      "mode": "managed",
      "type": "kubernetes_config_map",
      "name": "integration_test",
      "provider": "provider[\"registry.terraform.io/hashicorp/kubernetes\"]",
      "instances": [
        {
          "schema_version": 0,
          "attributes": {
            "binary_data": {},
            "data": {
              "test-integration.js": "const { execSync } = require('child_process');\nconst axios = require('axios');\n\n// Configuration\nconst API_BASE_URL = process.env.API_BASE_URL || 'http://backend:5001';\nconst FRONTEND_URL = process.env.FRONTEND_URL || 'http://frontend:80';\n\n// For Jenkins/CI environment, try host machine IP if localhost fails\nconst CI_API_BASE_URL = process.env.CI_API_BASE_URL || 'http://backend.healthcare-staging.svc.cluster.local:5001';\nconst CI_FRONTEND_URL = process.env.CI_FRONTEND_URL || 'http://frontend.healthcare-staging.svc.cluster.local:80';\n\n// Test results\nlet testResults = {\n  passed: 0,\n  failed: 0,\n  total: 0,\n  details: []\n};\n\nasync function runTest(testName, testFunction) {\n  try {\n    console.log(`Running ${testName}...`);\n    await testFunction();\n    testResults.passed++;\n    testResults.details.push({ name: testName, status: 'PASSED' });\n    console.log(`[SUCCESS] ${testName} - PASSED`);\n  } catch (error) {\n    testResults.failed++;\n    const errorDetails = {\n      name: testName,\n      status: 'FAILED',\n      error: error.message,\n      stack: error.stack,\n      config: error.config ? {\n        url: error.config.url,\n        method: error.config.method,\n        timeout: error.config.timeout\n      } : undefined,\n      response: error.response ? {\n        status: error.response.status,\n        statusText: error.response.statusText,\n        data: error.response.data\n      } : undefined\n    };\n    testResults.details.push(errorDetails);\n    console.log(`[ERROR] ${testName} - FAILED: ${error.message}`);\n    if (error.response) {\n      console.log(`   Response Status: ${error.response.status}`);\n      console.log(`   Response Data:`, error.response.data);\n    }\n    if (error.config) {\n      console.log(`   Request URL: ${error.config.url}`);\n    }\n  }\n  testResults.total++;\n}\n\nasync function testHealthEndpoint() {\n  let apiUrl = API_BASE_URL;\n  \n  // Try CI URL first if we're in a CI environment\n  if (process.env.CI || process.env.JENKINS_URL) {\n    try {\n      const response = await axios.get(`${CI_API_BASE_URL}/health`, { timeout: 5000 });\n      if (response.status === 200 \u0026\u0026 response.data.status === 'ok') {\n        return; // Success with CI URL\n      }\n    } catch (error) {\n      console.log('CI URL failed, trying localhost...');\n      apiUrl = API_BASE_URL;\n    }\n  }\n  \n  const response = await axios.get(`${apiUrl}/health`);\n  if (response.status !== 200 || response.data.status !== 'ok') {\n    throw new Error('Health check failed');\n  }\n}\n\nasync function testAppointmentsAPI() {\n  let apiUrl = API_BASE_URL;\n  \n  // Try CI URL first if we're in a CI environment\n  if (process.env.CI || process.env.JENKINS_URL) {\n    try {\n      const testResponse = await axios.get(`${CI_API_BASE_URL}/appointments`, { timeout: 5000 });\n      if (testResponse.status === 200) {\n        apiUrl = CI_API_BASE_URL; // Use CI URL for the rest of the test\n      }\n    } catch (error) {\n      console.log('CI API URL failed, trying localhost...');\n      apiUrl = API_BASE_URL;\n    }\n  }\n  \n  // Test GET /api/appointments\n  const response = await axios.get(`${apiUrl}/api/appointments`);\n  if (response.status !== 200) {\n    throw new Error(`GET appointments failed with status ${response.status}`);\n  }\n  \n  // Test POST /appointments\n  const newAppointment = {\n    title: 'Integration Test Appointment',\n    description: 'Automated integration test appointment',\n    dateTime: new Date().toISOString(),\n    clinic: 'test-clinic',\n    clinicName: 'Test Clinic',\n    image: 'test-image.jpg',\n    address: '123 Test Street, Test City',\n    doctor: 'Dr. Test',\n    doctorSpecialty: 'General Practice'\n  };\n  \n  const createResponse = await axios.post(`${apiUrl}/api/appointments`, newAppointment);\n  if (createResponse.status !== 201) {\n    throw new Error(`POST appointment failed with status ${createResponse.status}`);\n  }\n  \n  // Clean up - delete the test appointment\n  if (createResponse.data._id) {\n    await axios.delete(`${apiUrl}/api/appointments/${createResponse.data._id}`);\n  }\n}\n\nasync function testFrontendAvailability() {\n  let frontendUrl = FRONTEND_URL;\n  \n  // Try CI URL first if we're in a CI environment\n  if (process.env.CI || process.env.JENKINS_URL) {\n    try {\n      const response = await axios.get(CI_FRONTEND_URL, { timeout: 5000 });\n      if (response.status === 200) {\n        return; // Success with CI URL\n      }\n    } catch (error) {\n      console.log('CI Frontend URL failed, trying localhost...');\n      frontendUrl = FRONTEND_URL;\n    }\n  }\n  \n  const response = await axios.get(frontendUrl);\n  if (response.status !== 200) {\n    throw new Error(`Frontend not accessible, status: ${response.status}`);\n  }\n}\n\nasync function testDatabaseConnection() {\n  let apiUrl = API_BASE_URL;\n  \n  // Try CI URL first if we're in a CI environment  \n  if (process.env.CI || process.env.JENKINS_URL) {\n    try {\n      const response = await axios.get(`${CI_API_BASE_URL}/appointments`, { timeout: 5000 });\n      if (response.status === 200) {\n        return; // Success with CI URL\n      }\n    } catch (error) {\n      console.log('CI Database test failed, trying localhost...');\n      apiUrl = API_BASE_URL;\n    }\n  }\n  \n  // This test assumes the backend has a specific endpoint for DB health\n  // If not available, this will test through the appointments endpoint\n  try {\n    const response = await axios.get(`${apiUrl}/api/appointments`);\n    if (response.status !== 200) {\n      throw new Error('Database connection test failed');\n    }\n  } catch (error) {\n    throw new Error(`Database connection test failed: ${error.message}`);\n  }\n}\n\nasync function runIntegrationTests() {\n  console.log('Starting Integration Tests...');\n  console.log(`API Base URL: ${API_BASE_URL}`);\n  console.log(`Frontend URL: ${FRONTEND_URL}`);\n  \n  // Show CI environment URLs if available\n  if (process.env.CI || process.env.JENKINS_URL) {\n    console.log(`CI API Base URL: ${CI_API_BASE_URL}`);\n    console.log(`CI Frontend URL: ${CI_FRONTEND_URL}`);\n    console.log('Running in CI environment - will try CI URLs first');\n  }\n  \n  // Wait for services to be ready\n  console.log('Waiting for services to be ready...');\n  await new Promise(resolve =\u003e setTimeout(resolve, 10000));\n  \n  // Run all tests\n  await runTest('Health Endpoint Test', testHealthEndpoint);\n  await runTest('Database Connection Test', testDatabaseConnection);\n  await runTest('Appointments API Test', testAppointmentsAPI);\n  await runTest('Frontend Availability Test', testFrontendAvailability);\n  \n  // Print summary\n  console.log('\\nIntegration Test Summary:');\n  console.log(`Total Tests: ${testResults.total}`);\n  console.log(`Passed: ${testResults.passed}`);\n  console.log(`Failed: ${testResults.failed}`);\n  console.log(`Success Rate: ${((testResults.passed / testResults.total) * 100).toFixed(2)}%`);\n  \n  if (testResults.failed \u003e 0) {\n    console.log('\\n[ERROR] Failed Tests:');\n    testResults.details\n      .filter(test =\u003e test.status === 'FAILED')\n      .forEach(test =\u003e {\n        console.log(`  - ${test.name}: ${test.error}`);\n      });\n  }\n  \n  // Exit with appropriate code\n  process.exit(testResults.failed \u003e 0 ? 1 : 0);\n}\n\n// Run the tests\nrunIntegrationTests().catch(error =\u003e {\n  console.error('Integration tests crashed:', error);\n  process.exit(1);\n});\n"
            },
            "id": "healthcare-staging/integration-test",
            "immutable": false,
            "metadata": [
              {
                "annotations": {},
                "generate_name": "",
                "generation": 0,
                "labels": {
                  "app": "healthcare-app",
                  "environment": "staging",
                  "managed-by": "terraform"
                },
                "name": "integration-test",
                "namespace": "healthcare-staging",
                "resource_version": "1105410",
                "uid": "29328a9a-9d54-4526-9f51-a7e2f8a1a430"
              }
            ]
          },
          "sensitive_attributes": [],
          "private": "bnVsbA==",
          "dependencies": [
            "kubernetes_namespace.healthcare"
          ]
        }
      ]
    },
    {
      "mode": "managed",
      "type": "kubernetes_config_map",
      "name": "jaeger_config",
      "provider": "provider[\"registry.terraform.io/hashicorp/kubernetes\"]",
      "instances": [
        {
          "index_key": 0,
          "schema_version": 0,
          "attributes": {
            "binary_data": {},
            "data": {
              "jaeger.yml": "\"baggage_restrictions\":\n  \"deny_baggage_on_initialization_failure\": false\n  \"host_port\": \"jaeger-agent:5778\"\n  \"refresh_interval\": 60000\n\"disabled\": false\n\"headers\":\n  \"jaeger_baggage_header\": \"baggage\"\n  \"jaeger_debug_header\": \"debug-id\"\n  \"trace_context_header_name\": \"traceparent\"\n\"reporter\":\n  \"local_agent_host_port\": \"jaeger-agent:6831\"\n  \"log_spans\": true\n\"sampler\":\n  \"param\": 1\n  \"type\": \"const\"\n\"service_name\": \"healthcare-app\"\n"
            },
            "id": "monitoring-staging/jaeger-config",
            "immutable": false,
            "metadata": [
              {
                "annotations": {},
                "generate_name": "",
                "generation": 0,
                "labels": {
                  "app": "healthcare-app",
                  "component": "jaeger",
                  "environment": "staging",
                  "managed-by": "terraform"
                },
                "name": "jaeger-config",
                "namespace": "monitoring-staging",
                "resource_version": "1104097",
                "uid": "426ede73-57af-4c17-be12-be75ada7c987"
              }
            ]
          },
          "sensitive_attributes": [],
          "private": "bnVsbA==",
          "dependencies": [
            "kubernetes_namespace.monitoring"
          ]
        }
      ]
    },
    {
      "mode": "managed",
      "type": "kubernetes_config_map",
      "name": "mongodb_exporter_config",
      "provider": "provider[\"registry.terraform.io/hashicorp/kubernetes\"]",
      "instances": [
        {
          "schema_version": 0,
          "attributes": {
            "binary_data": {},
            "data": {
              "mongodb-exporter.env": "MONGODB_URI=mongodb://admin:$(cat /secrets/mongodb-password)@mongodb.healthcare-staging.svc.cluster.local:27017/healthcare-app?authSource=admin\nMONGODB_COLLECTOR=diagnosticdata,top,collections,indexusage,dbstats\n"
            },
            "id": "monitoring-staging/mongodb-exporter-config",
            "immutable": false,
            "metadata": [
              {
                "annotations": {},
                "generate_name": "",
                "generation": 0,
                "labels": {
                  "app": "healthcare-app",
                  "component": "mongodb-exporter",
                  "environment": "staging",
                  "managed-by": "terraform"
                },
                "name": "mongodb-exporter-config",
                "namespace": "monitoring-staging",
                "resource_version": "1104077",
                "uid": "e8c7a2b1-32fc-47b9-b2aa-266b7ae8ce0d"
              }
            ]
          },
          "sensitive_attributes": [],
          "private": "bnVsbA==",
          "dependencies": [
            "kubernetes_namespace.monitoring"
          ]
        }
      ]
    },
    {
      "mode": "managed",
      "type": "kubernetes_config_map",
      "name": "prometheus_config",
      "provider": "provider[\"registry.terraform.io/hashicorp/kubernetes\"]",
      "instances": [
        {
          "schema_version": 0,
          "attributes": {
            "binary_data": {},
            "data": {
              "prometheus.yml": "\"alerting\":\n  \"alertmanagers\":\n  - \"static_configs\":\n    - \"targets\":\n      - \"alertmanager:9093\"\n\"global\":\n  \"evaluation_interval\": \"15s\"\n  \"scrape_interval\": \"15s\"\n\"rule_files\":\n- \"/etc/prometheus/rules/*.yml\"\n\"scrape_configs\":\n- \"job_name\": \"prometheus\"\n  \"static_configs\":\n  - \"targets\":\n    - \"localhost:9090\"\n- \"job_name\": \"healthcare-backend\"\n  \"kubernetes_sd_configs\":\n  - \"namespaces\":\n      \"names\":\n      - \"healthcare-staging\"\n    \"role\": \"endpoints\"\n  \"relabel_configs\":\n  - \"action\": \"keep\"\n    \"regex\": true\n    \"source_labels\":\n    - \"__meta_kubernetes_service_annotation_prometheus_io_scrape\"\n  - \"action\": \"replace\"\n    \"regex\": \"(.+)\"\n    \"source_labels\":\n    - \"__meta_kubernetes_service_annotation_prometheus_io_path\"\n    \"target_label\": \"__metrics_path__\"\n  - \"action\": \"replace\"\n    \"regex\": \"([^:]+)(?::\\\\d+)?(\\\\d+)\"\n    \"replacement\": \"$1:$2\"\n    \"source_labels\":\n    - \"__address__\"\n    - \"__meta_kubernetes_service_annotation_prometheus_io_port\"\n    \"target_label\": \"__address__\"\n- \"job_name\": \"kubernetes-nodes\"\n  \"kubernetes_sd_configs\":\n  - \"role\": \"node\"\n  \"relabel_configs\":\n  - \"action\": \"labelmap\"\n    \"regex\": \"__meta_kubernetes_node_label_(.+)\"\n- \"job_name\": \"mongodb-exporter\"\n  \"kubernetes_sd_configs\":\n  - \"namespaces\":\n      \"names\":\n      - \"monitoring-staging\"\n    \"role\": \"endpoints\"\n  \"relabel_configs\":\n  - \"action\": \"keep\"\n    \"regex\": \"mongodb-exporter\"\n    \"source_labels\":\n    - \"__meta_kubernetes_service_name\"\n  - \"action\": \"keep\"\n    \"regex\": \"metrics\"\n    \"source_labels\":\n    - \"__meta_kubernetes_endpoint_port_name\"\n- \"job_name\": \"nginx-ingress-controller\"\n  \"kubernetes_sd_configs\":\n  - \"namespaces\":\n      \"names\":\n      - \"monitoring-staging\"\n    \"role\": \"endpoints\"\n  \"relabel_configs\":\n  - \"action\": \"keep\"\n    \"regex\": \"ingress-nginx-controller\"\n    \"source_labels\":\n    - \"__meta_kubernetes_service_name\"\n  - \"action\": \"keep\"\n    \"regex\": \"metrics\"\n    \"source_labels\":\n    - \"__meta_kubernetes_endpoint_port_name\"\n- \"job_name\": \"fluent-bit\"\n  \"kubernetes_sd_configs\":\n  - \"namespaces\":\n      \"names\":\n      - \"monitoring-staging\"\n    \"role\": \"endpoints\"\n  \"relabel_configs\":\n  - \"action\": \"keep\"\n    \"regex\": \"fluent-bit\"\n    \"source_labels\":\n    - \"__meta_kubernetes_service_name\"\n  - \"action\": \"keep\"\n    \"regex\": \"metrics\"\n    \"source_labels\":\n    - \"__meta_kubernetes_endpoint_port_name\"\n- \"job_name\": \"synthetic-monitoring\"\n  \"kubernetes_sd_configs\":\n  - \"namespaces\":\n      \"names\":\n      - \"monitoring-staging\"\n    \"role\": \"endpoints\"\n  \"relabel_configs\":\n  - \"action\": \"keep\"\n    \"regex\": \"synthetic-monitoring\"\n    \"source_labels\":\n    - \"__meta_kubernetes_service_name\"\n  - \"action\": \"keep\"\n    \"regex\": \"metrics\"\n    \"source_labels\":\n    - \"__meta_kubernetes_endpoint_port_name\"\n- \"job_name\": \"jaeger\"\n  \"kubernetes_sd_configs\":\n  - \"namespaces\":\n      \"names\":\n      - \"monitoring-staging\"\n    \"role\": \"endpoints\"\n  \"metrics_path\": \"/metrics\"\n  \"relabel_configs\":\n  - \"action\": \"keep\"\n    \"regex\": \"jaeger\"\n    \"source_labels\":\n    - \"__meta_kubernetes_service_name\"\n  - \"action\": \"keep\"\n    \"regex\": \"query\"\n    \"source_labels\":\n    - \"__meta_kubernetes_endpoint_port_name\"\n"
            },
            "id": "monitoring-staging/prometheus-config",
            "immutable": false,
            "metadata": [
              {
                "annotations": {},
                "generate_name": "",
                "generation": 0,
                "labels": {
                  "app": "healthcare-app",
                  "component": "prometheus",
                  "environment": "staging",
                  "managed-by": "terraform"
                },
                "name": "prometheus-config",
                "namespace": "monitoring-staging",
                "resource_version": "1104110",
                "uid": "f95c2894-675a-4f2f-9bd7-4f746c891d61"
              }
            ]
          },
          "sensitive_attributes": [],
          "private": "bnVsbA==",
          "dependencies": [
            "kubernetes_namespace.monitoring"
          ]
        }
      ]
    },
    {
      "mode": "managed",
      "type": "kubernetes_config_map",
      "name": "prometheus_rules",
      "provider": "provider[\"registry.terraform.io/hashicorp/kubernetes\"]",
      "instances": [
        {
          "schema_version": 0,
          "attributes": {
            "binary_data": {},
            "data": {
              "healthcare-app.yml": "\"groups\":\n- \"name\": \"healthcare-app.rules\"\n  \"rules\":\n  - \"alert\": \"HighCPUUsage\"\n    \"annotations\":\n      \"description\": \"CPU usage is above 80% for more than 5 minutes in {{ $labels.namespace\n        }}\"\n      \"runbook\": \"https://docs.company.com/runbooks/high-cpu\"\n      \"summary\": \"High CPU usage detected\"\n    \"expr\": \"rate(container_cpu_usage_seconds_total{namespace=\\\"healthcare-staging\\\"}[5m])\n      * 100 \u003e 80\"\n    \"for\": \"5m\"\n    \"labels\":\n      \"severity\": \"warning\"\n      \"team\": \"platform\"\n  - \"alert\": \"HighMemoryUsage\"\n    \"annotations\":\n      \"description\": \"Memory usage is above 90% for more than 5 minutes in {{ $labels.namespace\n        }}\"\n      \"runbook\": \"https://docs.company.com/runbooks/high-memory\"\n      \"summary\": \"High memory usage detected\"\n    \"expr\": \"container_memory_usage_bytes{namespace=\\\"healthcare-staging\\\"} / container_spec_memory_limit_bytes\n      * 100 \u003e 90\"\n    \"for\": \"5m\"\n    \"labels\":\n      \"severity\": \"critical\"\n      \"team\": \"platform\"\n  - \"alert\": \"ServiceDown\"\n    \"annotations\":\n      \"description\": \"The healthcare backend service has been down for more than 1\n        minute\"\n      \"runbook\": \"https://docs.company.com/runbooks/service-down\"\n      \"summary\": \"Healthcare backend service is down\"\n    \"expr\": \"up{job=\\\"healthcare-backend\\\"} == 0\"\n    \"for\": \"1m\"\n    \"labels\":\n      \"severity\": \"critical\"\n      \"team\": \"backend\"\n  - \"alert\": \"HighResponseTime\"\n    \"annotations\":\n      \"description\": \"95th percentile response time is above 1 second for more than\n        5 minutes\"\n      \"runbook\": \"https://docs.company.com/runbooks/high-response-time\"\n      \"summary\": \"High response time detected\"\n    \"expr\": \"histogram_quantile(0.95, rate(http_request_duration_seconds_bucket{job=\\\"healthcare-backend\\\"}[5m]))\n      \u003e 1\"\n    \"for\": \"5m\"\n    \"labels\":\n      \"severity\": \"warning\"\n      \"team\": \"backend\"\n  - \"alert\": \"DatabaseConnectionFailure\"\n    \"annotations\":\n      \"description\": \"MongoDB has no active connections for more than 2 minutes\"\n      \"runbook\": \"https://docs.company.com/runbooks/mongodb-connection\"\n      \"summary\": \"MongoDB connection failure\"\n    \"expr\": \"mongodb_connections_current{namespace=\\\"healthcare-staging\\\"} \u003c 1\"\n    \"for\": \"2m\"\n    \"labels\":\n      \"severity\": \"critical\"\n      \"team\": \"database\"\n  - \"alert\": \"DiskSpaceLow\"\n    \"annotations\":\n      \"description\": \"Disk usage is above 85% for more than 5 minutes\"\n      \"runbook\": \"https://docs.company.com/runbooks/low-disk-space\"\n      \"summary\": \"Low disk space\"\n    \"expr\": \"(1 - node_filesystem_avail_bytes / node_filesystem_size_bytes) * 100\n      \u003e 85\"\n    \"for\": \"5m\"\n    \"labels\":\n      \"severity\": \"warning\"\n      \"team\": \"platform\"\n  - \"alert\": \"PodRestartRateHigh\"\n    \"annotations\":\n      \"description\": \"Pods are restarting at a rate \u003e 0.5 per minute for more than\n        5 minutes\"\n      \"runbook\": \"https://docs.company.com/runbooks/pod-restarts\"\n      \"summary\": \"High pod restart rate\"\n    \"expr\": \"rate(kube_pod_container_status_restarts_total{namespace=\\\"healthcare-staging\\\"}[10m])\n      \u003e 0.5\"\n    \"for\": \"5m\"\n    \"labels\":\n      \"severity\": \"warning\"\n      \"team\": \"platform\"\n  - \"alert\": \"SecurityVulnerabilityDetected\"\n    \"annotations\":\n      \"description\": \"Critical security vulnerabilities found in the application\"\n      \"runbook\": \"https://docs.company.com/runbooks/security-vulnerability\"\n      \"summary\": \"Critical security vulnerability detected\"\n    \"expr\": \"healthcare_security_vulnerabilities_total{severity=\\\"critical\\\"} \u003e 0\"\n    \"for\": \"1m\"\n    \"labels\":\n      \"severity\": \"critical\"\n      \"team\": \"security\"\n  - \"alert\": \"APITimeoutRateHigh\"\n    \"annotations\":\n      \"description\": \"API timeout rate is above 5% for more than 3 minutes\"\n      \"runbook\": \"https://docs.company.com/runbooks/api-timeouts\"\n      \"summary\": \"High API timeout rate\"\n    \"expr\": \"rate(http_request_duration_seconds_count{job=\\\"healthcare-backend\\\",\n      status_code=\\\"408\\\"}[5m]) / rate(http_request_duration_seconds_count{job=\\\"healthcare-backend\\\"}[5m])\n      * 100 \u003e 5\"\n    \"for\": \"3m\"\n    \"labels\":\n      \"severity\": \"warning\"\n      \"team\": \"backend\"\n  - \"alert\": \"DatabaseSlowQuery\"\n    \"annotations\":\n      \"description\": \"Database query rate is unusually high (\u003e1000 queries/minute)\"\n      \"runbook\": \"https://docs.company.com/runbooks/database-performance\"\n      \"summary\": \"High database query rate\"\n    \"expr\": \"rate(mongodb_op_counters_total{type=\\\"query\\\"}[5m]) \u003e 1000\"\n    \"for\": \"5m\"\n    \"labels\":\n      \"severity\": \"info\"\n      \"team\": \"database\"\n- \"name\": \"ingress-monitoring.rules\"\n  \"rules\":\n  - \"alert\": \"IngressDown\"\n    \"annotations\":\n      \"description\": \"Ingress error rate is above 5% for more than 5 minutes\"\n      \"runbook\": \"https://docs.company.com/runbooks/ingress-errors\"\n      \"summary\": \"High ingress error rate detected\"\n    \"expr\": \"nginx_ingress_controller_requests_total{status!~\\\"2..\\\"} / nginx_ingress_controller_requests_total\n      * 100 \u003e 5\"\n    \"for\": \"5m\"\n    \"labels\":\n      \"severity\": \"warning\"\n      \"team\": \"platform\"\n  - \"alert\": \"IngressHighLatency\"\n    \"annotations\":\n      \"description\": \"95th percentile ingress response time is above 2 seconds\"\n      \"runbook\": \"https://docs.company.com/runbooks/ingress-latency\"\n      \"summary\": \"High ingress latency detected\"\n    \"expr\": \"histogram_quantile(0.95, rate(nginx_ingress_controller_request_duration_seconds_bucket[5m]))\n      \u003e 2\"\n    \"for\": \"5m\"\n    \"labels\":\n      \"severity\": \"warning\"\n      \"team\": \"platform\"\n- \"name\": \"log-aggregation.rules\"\n  \"rules\":\n  - \"alert\": \"LogAggregationFailure\"\n    \"annotations\":\n      \"description\": \"Fluent Bit log aggregation is down\"\n      \"runbook\": \"https://docs.company.com/runbooks/log-aggregation\"\n      \"summary\": \"Log aggregation failure\"\n    \"expr\": \"up{job=\\\"fluent-bit\\\"} == 0\"\n    \"for\": \"5m\"\n    \"labels\":\n      \"severity\": \"warning\"\n      \"team\": \"platform\"\n  - \"alert\": \"HighLogVolume\"\n    \"annotations\":\n      \"description\": \"Log processing rate is unusually high (\u003e10,000 logs/minute)\"\n      \"runbook\": \"https://docs.company.com/runbooks/high-log-volume\"\n      \"summary\": \"High log volume detected\"\n    \"expr\": \"rate(fluentbit_output_proc_records_total[10m]) \u003e 10000\"\n    \"for\": \"5m\"\n    \"labels\":\n      \"severity\": \"info\"\n      \"team\": \"platform\"\n- \"name\": \"synthetic-monitoring.rules\"\n  \"rules\":\n  - \"alert\": \"SyntheticTestFailure\"\n    \"annotations\":\n      \"description\": \"Synthetic monitoring detected service unavailability\"\n      \"runbook\": \"https://docs.company.com/runbooks/synthetic-failure\"\n      \"summary\": \"Synthetic health check failed\"\n    \"expr\": \"synthetic_health_check_success == 0\"\n    \"for\": \"2m\"\n    \"labels\":\n      \"severity\": \"critical\"\n      \"team\": \"backend\"\n  - \"alert\": \"HighSyntheticResponseTime\"\n    \"annotations\":\n      \"description\": \"Synthetic monitoring detected slow response times (\u003e2s)\"\n      \"runbook\": \"https://docs.company.com/runbooks/high-response-time\"\n      \"summary\": \"High synthetic response time\"\n    \"expr\": \"synthetic_health_check_response_time \u003e 2000\"\n    \"for\": \"5m\"\n    \"labels\":\n      \"severity\": \"warning\"\n      \"team\": \"backend\"\n- \"name\": \"distributed-tracing.rules\"\n  \"rules\":\n  - \"alert\": \"TracingServiceDown\"\n    \"annotations\":\n      \"description\": \"Jaeger tracing service is unavailable\"\n      \"runbook\": \"https://docs.company.com/runbooks/tracing-down\"\n      \"summary\": \"Distributed tracing service down\"\n    \"expr\": \"up{job=\\\"jaeger\\\"} == 0\"\n    \"for\": \"5m\"\n    \"labels\":\n      \"severity\": \"info\"\n      \"team\": \"platform\"\n  - \"alert\": \"HighTracingErrorRate\"\n    \"annotations\":\n      \"description\": \"Tracing spans error rate is above 10%\"\n      \"runbook\": \"https://docs.company.com/runbooks/tracing-errors\"\n      \"summary\": \"High tracing error rate\"\n    \"expr\": \"rate(jaeger_tracer_reporter_spans_total{state=\\\"error\\\"}[5m]) / rate(jaeger_tracer_reporter_spans_total[5m])\n      * 100 \u003e 10\"\n    \"for\": \"5m\"\n    \"labels\":\n      \"severity\": \"warning\"\n      \"team\": \"platform\"\n"
            },
            "id": "monitoring-staging/prometheus-rules",
            "immutable": false,
            "metadata": [
              {
                "annotations": {},
                "generate_name": "",
                "generation": 0,
                "labels": {
                  "app": "healthcare-app",
                  "component": "prometheus",
                  "environment": "staging",
                  "managed-by": "terraform"
                },
                "name": "prometheus-rules",
                "namespace": "monitoring-staging",
                "resource_version": "1104109",
                "uid": "d97f177d-ba19-4830-bd17-dbdeb8b1e251"
              }
            ]
          },
          "sensitive_attributes": [],
          "private": "bnVsbA==",
          "dependencies": [
            "kubernetes_namespace.monitoring"
          ]
        }
      ]
    },
    {
      "mode": "managed",
      "type": "kubernetes_cron_job_v1",
      "name": "mongodb_backup",
      "provider": "provider[\"registry.terraform.io/hashicorp/kubernetes\"]",
      "instances": [
        {
          "schema_version": 0,
          "attributes": {
            "id": "healthcare-staging/mongodb-backup",
            "metadata": [
              {
                "annotations": {},
                "generate_name": "",
                "generation": 1,
                "labels": {
                  "app": "healthcare-app",
                  "component": "mongodb",
                  "environment": "staging",
                  "managed-by": "terraform"
                },
                "name": "mongodb-backup",
                "namespace": "healthcare-staging",
                "resource_version": "1104138",
                "uid": "131e08ab-2c6f-4468-9eb8-ef18538ea3ae"
              }
            ],
            "spec": [
              {
                "concurrency_policy": "Allow",
                "failed_jobs_history_limit": 1,
                "job_template": [
                  {
                    "metadata": [
                      {
                        "annotations": {},
                        "generate_name": "",
                        "generation": 0,
                        "labels": {
                          "app": "healthcare-app",
                          "component": "mongodb",
                          "environment": "staging",
                          "managed-by": "terraform"
                        },
                        "name": "",
                        "resource_version": "",
                        "uid": ""
                      }
                    ],
                    "spec": [
                      {
                        "active_deadline_seconds": 0,
                        "backoff_limit": 0,
                        "completion_mode": "",
                        "completions": 1,
                        "manual_selector": false,
                        "parallelism": 1,
                        "selector": [],
                        "template": [
                          {
                            "metadata": [
                              {
                                "annotations": {},
                                "generate_name": "",
                                "generation": 0,
                                "labels": {
                                  "app": "healthcare-app",
                                  "component": "mongodb",
                                  "environment": "staging",
                                  "managed-by": "terraform"
                                },
                                "name": "",
                                "resource_version": "",
                                "uid": ""
                              }
                            ],
                            "spec": [
                              {
                                "active_deadline_seconds": 0,
                                "affinity": [],
                                "automount_service_account_token": true,
                                "container": [
                                  {
                                    "args": [
                                      "mongodump --host mongodb-staging --username admin --password $MONGO_PASSWORD --authenticationDatabase admin --db healthcare-app --out /backup/backup_$(date +%Y%m%d_%H%M%S)"
                                    ],
                                    "command": [
                                      "sh",
                                      "-c"
                                    ],
                                    "env": [
                                      {
                                        "name": "MONGO_USERNAME",
                                        "value": "admin",
                                        "value_from": []
                                      },
                                      {
                                        "name": "MONGO_PASSWORD",
                                        "value": "",
                                        "value_from": [
                                          {
                                            "config_map_key_ref": [],
                                            "field_ref": [],
                                            "resource_field_ref": [],
                                            "secret_key_ref": [
                                              {
                                                "key": "mongodb-root-password",
                                                "name": "healthcare-app-secrets",
                                                "optional": false
                                              }
                                            ]
                                          }
                                        ]
                                      }
                                    ],
                                    "env_from": [],
                                    "image": "mongo:7.0.1",
                                    "image_pull_policy": "IfNotPresent",
                                    "lifecycle": [],
                                    "liveness_probe": [],
                                    "name": "mongodb-backup",
                                    "port": [],
                                    "readiness_probe": [],
                                    "resources": [
                                      {
                                        "limits": {},
                                        "requests": {}
                                      }
                                    ],
                                    "security_context": [],
                                    "startup_probe": [],
                                    "stdin": false,
                                    "stdin_once": false,
                                    "termination_message_path": "/dev/termination-log",
                                    "termination_message_policy": "File",
                                    "tty": false,
                                    "volume_mount": [
                                      {
                                        "mount_path": "/backup",
                                        "mount_propagation": "None",
                                        "name": "backup-storage",
                                        "read_only": false,
                                        "sub_path": ""
                                      }
                                    ],
                                    "working_dir": ""
                                  }
                                ],
                                "dns_config": [],
                                "dns_policy": "ClusterFirst",
                                "enable_service_links": true,
                                "host_aliases": [],
                                "host_ipc": false,
                                "host_network": false,
                                "host_pid": false,
                                "hostname": "",
                                "image_pull_secrets": [],
                                "init_container": [],
                                "node_name": "",
                                "node_selector": {},
                                "priority_class_name": "",
                                "readiness_gate": [],
                                "restart_policy": "OnFailure",
                                "runtime_class_name": "",
                                "security_context": [],
                                "service_account_name": "",
                                "share_process_namespace": false,
                                "subdomain": "",
                                "termination_grace_period_seconds": 30,
                                "toleration": [],
                                "topology_spread_constraint": [],
                                "volume": [
                                  {
                                    "aws_elastic_block_store": [],
                                    "azure_disk": [],
                                    "azure_file": [],
                                    "ceph_fs": [],
                                    "cinder": [],
                                    "config_map": [],
                                    "csi": [],
                                    "downward_api": [],
                                    "empty_dir": [
                                      {
                                        "medium": "",
                                        "size_limit": ""
                                      }
                                    ],
                                    "fc": [],
                                    "flex_volume": [],
                                    "flocker": [],
                                    "gce_persistent_disk": [],
                                    "git_repo": [],
                                    "glusterfs": [],
                                    "host_path": [],
                                    "iscsi": [],
                                    "local": [],
                                    "name": "backup-storage",
                                    "nfs": [],
                                    "persistent_volume_claim": [],
                                    "photon_persistent_disk": [],
                                    "projected": [],
                                    "quobyte": [],
                                    "rbd": [],
                                    "secret": [],
                                    "vsphere_volume": []
                                  }
                                ]
                              }
                            ]
                          }
                        ],
                        "ttl_seconds_after_finished": ""
                      }
                    ]
                  }
                ],
                "schedule": "0 2 * * *",
                "starting_deadline_seconds": 0,
                "successful_jobs_history_limit": 3,
                "suspend": false
              }
            ],
            "timeouts": null
          },
          "sensitive_attributes": [],
          "private": "eyJlMmJmYjczMC1lY2FhLTExZTYtOGY4OC0zNDM2M2JjN2M0YzAiOnsiZGVsZXRlIjo2MDAwMDAwMDAwMH19",
          "dependencies": [
            "kubernetes_namespace.healthcare",
            "kubernetes_secret.app_secrets",
            "random_password.mongodb_password"
          ]
        }
      ]
    },
    {
      "mode": "managed",
      "type": "kubernetes_cron_job_v1",
      "name": "monitoring_backup",
      "provider": "provider[\"registry.terraform.io/hashicorp/kubernetes\"]",
      "instances": [
        {
          "schema_version": 0,
          "attributes": {
            "id": "monitoring-staging/monitoring-backup",
            "metadata": [
              {
                "annotations": {},
                "generate_name": "",
                "generation": 1,
                "labels": {
                  "app": "healthcare-app",
                  "component": "monitoring",
                  "environment": "staging",
                  "managed-by": "terraform",
                  "purpose": "backup"
                },
                "name": "monitoring-backup",
                "namespace": "monitoring-staging",
                "resource_version": "1104178",
                "uid": "7d795af9-ea06-4c86-9a2d-d696156d75c9"
              }
            ],
            "spec": [
              {
                "concurrency_policy": "Allow",
                "failed_jobs_history_limit": 1,
                "job_template": [
                  {
                    "metadata": [
                      {
                        "annotations": {},
                        "generate_name": "",
                        "generation": 0,
                        "labels": {
                          "app": "healthcare-app",
                          "component": "monitoring",
                          "environment": "staging",
                          "managed-by": "terraform",
                          "purpose": "backup"
                        },
                        "name": "",
                        "resource_version": "",
                        "uid": ""
                      }
                    ],
                    "spec": [
                      {
                        "active_deadline_seconds": 0,
                        "backoff_limit": 0,
                        "completion_mode": "",
                        "completions": 1,
                        "manual_selector": false,
                        "parallelism": 1,
                        "selector": [],
                        "template": [
                          {
                            "metadata": [
                              {
                                "annotations": {},
                                "generate_name": "",
                                "generation": 0,
                                "labels": {
                                  "app": "healthcare-app",
                                  "component": "monitoring",
                                  "environment": "staging",
                                  "managed-by": "terraform",
                                  "purpose": "backup"
                                },
                                "name": "",
                                "resource_version": "",
                                "uid": ""
                              }
                            ],
                            "spec": [
                              {
                                "active_deadline_seconds": 0,
                                "affinity": [],
                                "automount_service_account_token": true,
                                "container": [
                                  {
                                    "args": [
                                      "# Create backup directory\nmkdir -p /backup/monitoring-$(date +%Y%m%d_%H%M%S)\ncd /backup/monitoring-$(date +%Y%m%d_%H%M%S)\n                \n# Backup Prometheus data\necho \"Backing up Prometheus data...\"\ncurl -s http://prometheus:9090/api/v1/query?query=up \u003e prometheus_metrics.json\n                \n# Backup Grafana dashboards\necho \"Backing up Grafana dashboards...\"\ncurl -s -H \"Authorization: Bearer YOUR_GRAFANA_API_TOKEN\" \\\n  http://grafana:3000/api/search?query=% \u003e grafana_dashboards.json\n                \n# Backup Alertmanager configuration\necho \"Backing up Alertmanager configuration...\"\ncp /etc/alertmanager/alertmanager.yml alertmanager_config.yml\n                \n# Create backup archive\ntar -czf ../monitoring-backup-$(date +%Y%m%d_%H%M%S).tar.gz .\n                \necho \"Monitoring backup completed successfully\"\n"
                                    ],
                                    "command": [
                                      "/bin/sh",
                                      "-c"
                                    ],
                                    "env": [],
                                    "env_from": [],
                                    "image": "alpine:3.18",
                                    "image_pull_policy": "IfNotPresent",
                                    "lifecycle": [],
                                    "liveness_probe": [],
                                    "name": "monitoring-backup",
                                    "port": [],
                                    "readiness_probe": [],
                                    "resources": [
                                      {
                                        "limits": {
                                          "cpu": "200m",
                                          "memory": "256Mi"
                                        },
                                        "requests": {
                                          "cpu": "100m",
                                          "memory": "128Mi"
                                        }
                                      }
                                    ],
                                    "security_context": [],
                                    "startup_probe": [],
                                    "stdin": false,
                                    "stdin_once": false,
                                    "termination_message_path": "/dev/termination-log",
                                    "termination_message_policy": "File",
                                    "tty": false,
                                    "volume_mount": [
                                      {
                                        "mount_path": "/backup",
                                        "mount_propagation": "None",
                                        "name": "backup-storage",
                                        "read_only": false,
                                        "sub_path": ""
                                      },
                                      {
                                        "mount_path": "/etc/alertmanager",
                                        "mount_propagation": "None",
                                        "name": "alertmanager-config",
                                        "read_only": true,
                                        "sub_path": ""
                                      }
                                    ],
                                    "working_dir": ""
                                  }
                                ],
                                "dns_config": [],
                                "dns_policy": "ClusterFirst",
                                "enable_service_links": true,
                                "host_aliases": [],
                                "host_ipc": false,
                                "host_network": false,
                                "host_pid": false,
                                "hostname": "",
                                "image_pull_secrets": [],
                                "init_container": [],
                                "node_name": "",
                                "node_selector": {},
                                "priority_class_name": "",
                                "readiness_gate": [],
                                "restart_policy": "OnFailure",
                                "runtime_class_name": "",
                                "security_context": [],
                                "service_account_name": "",
                                "share_process_namespace": false,
                                "subdomain": "",
                                "termination_grace_period_seconds": 30,
                                "toleration": [],
                                "topology_spread_constraint": [],
                                "volume": [
                                  {
                                    "aws_elastic_block_store": [],
                                    "azure_disk": [],
                                    "azure_file": [],
                                    "ceph_fs": [],
                                    "cinder": [],
                                    "config_map": [],
                                    "csi": [],
                                    "downward_api": [],
                                    "empty_dir": [
                                      {
                                        "medium": "",
                                        "size_limit": ""
                                      }
                                    ],
                                    "fc": [],
                                    "flex_volume": [],
                                    "flocker": [],
                                    "gce_persistent_disk": [],
                                    "git_repo": [],
                                    "glusterfs": [],
                                    "host_path": [],
                                    "iscsi": [],
                                    "local": [],
                                    "name": "backup-storage",
                                    "nfs": [],
                                    "persistent_volume_claim": [],
                                    "photon_persistent_disk": [],
                                    "projected": [],
                                    "quobyte": [],
                                    "rbd": [],
                                    "secret": [],
                                    "vsphere_volume": []
                                  },
                                  {
                                    "aws_elastic_block_store": [],
                                    "azure_disk": [],
                                    "azure_file": [],
                                    "ceph_fs": [],
                                    "cinder": [],
                                    "config_map": [
                                      {
                                        "default_mode": "0644",
                                        "items": [],
                                        "name": "alertmanager-config",
                                        "optional": false
                                      }
                                    ],
                                    "csi": [],
                                    "downward_api": [],
                                    "empty_dir": [],
                                    "fc": [],
                                    "flex_volume": [],
                                    "flocker": [],
                                    "gce_persistent_disk": [],
                                    "git_repo": [],
                                    "glusterfs": [],
                                    "host_path": [],
                                    "iscsi": [],
                                    "local": [],
                                    "name": "alertmanager-config",
                                    "nfs": [],
                                    "persistent_volume_claim": [],
                                    "photon_persistent_disk": [],
                                    "projected": [],
                                    "quobyte": [],
                                    "rbd": [],
                                    "secret": [],
                                    "vsphere_volume": []
                                  }
                                ]
                              }
                            ]
                          }
                        ],
                        "ttl_seconds_after_finished": ""
                      }
                    ]
                  }
                ],
                "schedule": "0 2 * * *",
                "starting_deadline_seconds": 0,
                "successful_jobs_history_limit": 3,
                "suspend": false
              }
            ],
            "timeouts": null
          },
          "sensitive_attributes": [],
          "private": "eyJlMmJmYjczMC1lY2FhLTExZTYtOGY4OC0zNDM2M2JjN2M0YzAiOnsiZGVsZXRlIjo2MDAwMDAwMDAwMH19",
          "dependencies": [
            "kubernetes_config_map.alertmanager_config",
            "kubernetes_namespace.monitoring"
          ]
        }
      ]
    },
    {
      "mode": "managed",
      "type": "kubernetes_daemonset",
      "name": "node_exporter",
      "provider": "provider[\"registry.terraform.io/hashicorp/kubernetes\"]",
      "instances": [
        {
          "schema_version": 1,
          "attributes": {
            "id": "monitoring-staging/node-exporter",
            "metadata": [
              {
                "annotations": {},
                "generate_name": "",
                "generation": 1,
                "labels": {
                  "app": "healthcare-app",
                  "component": "node-exporter",
                  "environment": "staging",
                  "managed-by": "terraform"
                },
                "name": "node-exporter",
                "namespace": "monitoring-staging",
                "resource_version": "1105348",
                "uid": "26b76564-2089-46cb-9704-1af2d7239652"
              }
            ],
            "spec": [
              {
                "min_ready_seconds": 0,
                "revision_history_limit": 10,
                "selector": [
                  {
                    "match_expressions": [],
                    "match_labels": {
                      "app": "healthcare-app",
                      "component": "node-exporter",
                      "environment": "staging",
                      "managed-by": "terraform"
                    }
                  }
                ],
                "strategy": [
                  {
                    "rolling_update": [
                      {
                        "max_unavailable": "1"
                      }
                    ],
                    "type": "RollingUpdate"
                  }
                ],
                "template": [
                  {
                    "metadata": [
                      {
                        "annotations": {
                          "prometheus.io/port": "9100",
                          "prometheus.io/scrape": "true"
                        },
                        "generate_name": "",
                        "generation": 0,
                        "labels": {
                          "app": "healthcare-app",
                          "component": "node-exporter",
                          "environment": "staging",
                          "managed-by": "terraform"
                        },
                        "name": "",
                        "resource_version": "",
                        "uid": ""
                      }
                    ],
                    "spec": [
                      {
                        "active_deadline_seconds": 0,
                        "affinity": [],
                        "automount_service_account_token": true,
                        "container": [
                          {
                            "args": [
                              "--path.rootfs=/host",
                              "--web.listen-address=0.0.0.0:9100"
                            ],
                            "command": [],
                            "env": [],
                            "env_from": [],
                            "image": "prom/node-exporter:v1.6.0",
                            "image_pull_policy": "IfNotPresent",
                            "lifecycle": [],
                            "liveness_probe": [],
                            "name": "node-exporter",
                            "port": [
                              {
                                "container_port": 9100,
                                "host_ip": "",
                                "host_port": 9100,
                                "name": "metrics",
                                "protocol": "TCP"
                              }
                            ],
                            "readiness_probe": [],
                            "resources": [
                              {
                                "limits": {
                                  "cpu": "200m",
                                  "memory": "256Mi"
                                },
                                "requests": {
                                  "cpu": "100m",
                                  "memory": "128Mi"
                                }
                              }
                            ],
                            "security_context": [],
                            "startup_probe": [],
                            "stdin": false,
                            "stdin_once": false,
                            "termination_message_path": "/dev/termination-log",
                            "termination_message_policy": "File",
                            "tty": false,
                            "volume_mount": [
                              {
                                "mount_path": "/host",
                                "mount_propagation": "None",
                                "name": "root",
                                "read_only": true,
                                "sub_path": ""
                              }
                            ],
                            "working_dir": ""
                          }
                        ],
                        "dns_config": [],
                        "dns_policy": "ClusterFirst",
                        "enable_service_links": true,
                        "host_aliases": [],
                        "host_ipc": false,
                        "host_network": true,
                        "host_pid": true,
                        "hostname": "",
                        "image_pull_secrets": [],
                        "init_container": [],
                        "node_name": "",
                        "node_selector": {},
                        "priority_class_name": "",
                        "readiness_gate": [],
                        "restart_policy": "Always",
                        "runtime_class_name": "",
                        "security_context": [],
                        "service_account_name": "",
                        "share_process_namespace": false,
                        "subdomain": "",
                        "termination_grace_period_seconds": 30,
                        "toleration": [
                          {
                            "effect": "",
                            "key": "",
                            "operator": "Exists",
                            "toleration_seconds": "",
                            "value": ""
                          }
                        ],
                        "topology_spread_constraint": [],
                        "volume": [
                          {
                            "aws_elastic_block_store": [],
                            "azure_disk": [],
                            "azure_file": [],
                            "ceph_fs": [],
                            "cinder": [],
                            "config_map": [],
                            "csi": [],
                            "downward_api": [],
                            "empty_dir": [],
                            "fc": [],
                            "flex_volume": [],
                            "flocker": [],
                            "gce_persistent_disk": [],
                            "git_repo": [],
                            "glusterfs": [],
                            "host_path": [
                              {
                                "path": "/",
                                "type": ""
                              }
                            ],
                            "iscsi": [],
                            "local": [],
                            "name": "root",
                            "nfs": [],
                            "persistent_volume_claim": [],
                            "photon_persistent_disk": [],
                            "projected": [],
                            "quobyte": [],
                            "rbd": [],
                            "secret": [],
                            "vsphere_volume": []
                          }
                        ]
                      }
                    ]
                  }
                ]
              }
            ],
            "timeouts": null,
            "wait_for_rollout": true
          },
          "sensitive_attributes": [],
          "private": "eyJlMmJmYjczMC1lY2FhLTExZTYtOGY4OC0zNDM2M2JjN2M0YzAiOnsiY3JlYXRlIjo2MDAwMDAwMDAwMDAsImRlbGV0ZSI6NjAwMDAwMDAwMDAwLCJ1cGRhdGUiOjYwMDAwMDAwMDAwMH0sInNjaGVtYV92ZXJzaW9uIjoiMSJ9",
          "dependencies": [
            "kubernetes_namespace.monitoring"
          ]
        }
      ]
    },
    {
      "mode": "managed",
      "type": "kubernetes_deployment",
      "name": "alertmanager",
      "provider": "provider[\"registry.terraform.io/hashicorp/kubernetes\"]",
      "instances": [
        {
          "schema_version": 1,
          "attributes": {
            "id": "monitoring-staging/alertmanager",
            "metadata": [
              {
                "annotations": {},
                "generate_name": "",
                "generation": 1,
                "labels": {
                  "app": "healthcare-app",
                  "component": "alertmanager",
                  "environment": "staging",
                  "managed-by": "terraform"
                },
                "name": "alertmanager",
                "namespace": "monitoring-staging",
                "resource_version": "1105570",
                "uid": "466f8f5a-00cd-4550-ba0c-42757d78a9f3"
              }
            ],
            "spec": [
              {
                "min_ready_seconds": 0,
                "paused": false,
                "progress_deadline_seconds": 900,
                "replicas": "1",
                "revision_history_limit": 10,
                "selector": [
                  {
                    "match_expressions": [],
                    "match_labels": {
                      "app": "healthcare-app",
                      "component": "alertmanager",
                      "environment": "staging",
                      "managed-by": "terraform"
                    }
                  }
                ],
                "strategy": [
                  {
                    "rolling_update": [
                      {
                        "max_surge": "25%",
                        "max_unavailable": "25%"
                      }
                    ],
                    "type": "RollingUpdate"
                  }
                ],
                "template": [
                  {
                    "metadata": [
                      {
                        "annotations": {},
                        "generate_name": "",
                        "generation": 0,
                        "labels": {
                          "app": "healthcare-app",
                          "component": "alertmanager",
                          "environment": "staging",
                          "managed-by": "terraform"
                        },
                        "name": "",
                        "namespace": "",
                        "resource_version": "",
                        "uid": ""
                      }
                    ],
                    "spec": [
                      {
                        "active_deadline_seconds": 0,
                        "affinity": [],
                        "automount_service_account_token": true,
                        "container": [
                          {
                            "args": [
                              "--config.file=/etc/alertmanager/alertmanager.yml",
                              "--storage.path=/alertmanager",
                              "--web.listen-address=0.0.0.0:9093"
                            ],
                            "command": [],
                            "env": [],
                            "env_from": [],
                            "image": "prom/alertmanager:v0.26.0",
                            "image_pull_policy": "IfNotPresent",
                            "lifecycle": [],
                            "liveness_probe": [
                              {
                                "exec": [],
                                "failure_threshold": 3,
                                "http_get": [
                                  {
                                    "host": "",
                                    "http_header": [],
                                    "path": "/-/healthy",
                                    "port": "alertmanager",
                                    "scheme": "HTTP"
                                  }
                                ],
                                "initial_delay_seconds": 30,
                                "period_seconds": 10,
                                "success_threshold": 1,
                                "tcp_socket": [],
                                "timeout_seconds": 1
                              }
                            ],
                            "name": "alertmanager",
                            "port": [
                              {
                                "container_port": 9093,
                                "host_ip": "",
                                "host_port": 0,
                                "name": "alertmanager",
                                "protocol": "TCP"
                              }
                            ],
                            "readiness_probe": [
                              {
                                "exec": [],
                                "failure_threshold": 3,
                                "http_get": [
                                  {
                                    "host": "",
                                    "http_header": [],
                                    "path": "/-/ready",
                                    "port": "alertmanager",
                                    "scheme": "HTTP"
                                  }
                                ],
                                "initial_delay_seconds": 5,
                                "period_seconds": 5,
                                "success_threshold": 1,
                                "tcp_socket": [],
                                "timeout_seconds": 1
                              }
                            ],
                            "resources": [
                              {
                                "limits": {
                                  "cpu": "200m",
                                  "memory": "512Mi"
                                },
                                "requests": {
                                  "cpu": "100m",
                                  "memory": "256Mi"
                                }
                              }
                            ],
                            "security_context": [],
                            "startup_probe": [],
                            "stdin": false,
                            "stdin_once": false,
                            "termination_message_path": "/dev/termination-log",
                            "termination_message_policy": "File",
                            "tty": false,
                            "volume_mount": [
                              {
                                "mount_path": "/etc/alertmanager",
                                "mount_propagation": "None",
                                "name": "alertmanager-config",
                                "read_only": false,
                                "sub_path": ""
                              },
                              {
                                "mount_path": "/alertmanager",
                                "mount_propagation": "None",
                                "name": "alertmanager-storage",
                                "read_only": false,
                                "sub_path": ""
                              }
                            ],
                            "working_dir": ""
                          }
                        ],
                        "dns_config": [],
                        "dns_policy": "ClusterFirst",
                        "enable_service_links": true,
                        "host_aliases": [],
                        "host_ipc": false,
                        "host_network": false,
                        "host_pid": false,
                        "hostname": "",
                        "image_pull_secrets": [],
                        "init_container": [],
                        "node_name": "",
                        "node_selector": {},
                        "priority_class_name": "",
                        "readiness_gate": [],
                        "restart_policy": "Always",
                        "runtime_class_name": "",
                        "security_context": [],
                        "service_account_name": "",
                        "share_process_namespace": false,
                        "subdomain": "",
                        "termination_grace_period_seconds": 30,
                        "toleration": [],
                        "topology_spread_constraint": [],
                        "volume": [
                          {
                            "aws_elastic_block_store": [],
                            "azure_disk": [],
                            "azure_file": [],
                            "ceph_fs": [],
                            "cinder": [],
                            "config_map": [
                              {
                                "default_mode": "0644",
                                "items": [],
                                "name": "alertmanager-config",
                                "optional": false
                              }
                            ],
                            "csi": [],
                            "downward_api": [],
                            "empty_dir": [],
                            "fc": [],
                            "flex_volume": [],
                            "flocker": [],
                            "gce_persistent_disk": [],
                            "git_repo": [],
                            "glusterfs": [],
                            "host_path": [],
                            "iscsi": [],
                            "local": [],
                            "name": "alertmanager-config",
                            "nfs": [],
                            "persistent_volume_claim": [],
                            "photon_persistent_disk": [],
                            "projected": [],
                            "quobyte": [],
                            "rbd": [],
                            "secret": [],
                            "vsphere_volume": []
                          },
                          {
                            "aws_elastic_block_store": [],
                            "azure_disk": [],
                            "azure_file": [],
                            "ceph_fs": [],
                            "cinder": [],
                            "config_map": [],
                            "csi": [],
                            "downward_api": [],
                            "empty_dir": [],
                            "fc": [],
                            "flex_volume": [],
                            "flocker": [],
                            "gce_persistent_disk": [],
                            "git_repo": [],
                            "glusterfs": [],
                            "host_path": [],
                            "iscsi": [],
                            "local": [],
                            "name": "alertmanager-storage",
                            "nfs": [],
                            "persistent_volume_claim": [
                              {
                                "claim_name": "alertmanager-storage",
                                "read_only": false
                              }
                            ],
                            "photon_persistent_disk": [],
                            "projected": [],
                            "quobyte": [],
                            "rbd": [],
                            "secret": [],
                            "vsphere_volume": []
                          }
                        ]
                      }
                    ]
                  }
                ]
              }
            ],
            "timeouts": null,
            "wait_for_rollout": true
          },
          "sensitive_attributes": [],
          "private": "eyJlMmJmYjczMC1lY2FhLTExZTYtOGY4OC0zNDM2M2JjN2M0YzAiOnsiY3JlYXRlIjo2MDAwMDAwMDAwMDAsImRlbGV0ZSI6NjAwMDAwMDAwMDAwLCJ1cGRhdGUiOjYwMDAwMDAwMDAwMH0sInNjaGVtYV92ZXJzaW9uIjoiMSJ9",
          "dependencies": [
            "kubernetes_config_map.alertmanager_config",
            "kubernetes_namespace.monitoring",
            "kubernetes_persistent_volume_claim.alertmanager_storage"
          ]
        }
      ]
    },
    {
      "mode": "managed",
      "type": "kubernetes_deployment",
      "name": "frontend",
      "provider": "provider[\"registry.terraform.io/hashicorp/kubernetes\"]",
      "instances": [
        {
          "schema_version": 1,
          "attributes": {
            "id": "healthcare-staging/frontend",
            "metadata": [
              {
                "annotations": {},
                "generate_name": "",
                "generation": 2,
                "labels": {
                  "app": "healthcare-app",
                  "component": "frontend",
                  "environment": "staging",
                  "managed-by": "terraform"
                },
                "name": "frontend",
                "namespace": "healthcare-staging",
                "resource_version": "1105458",
                "uid": "5099d14b-9ce4-4e8a-b4bf-dbc5a2b44152"
              }
            ],
            "spec": [
              {
                "min_ready_seconds": 0,
                "paused": false,
                "progress_deadline_seconds": 600,
                "replicas": "1",
                "revision_history_limit": 10,
                "selector": [
                  {
                    "match_expressions": [],
                    "match_labels": {
                      "app": "healthcare-app",
                      "component": "frontend",
                      "environment": "staging",
                      "managed-by": "terraform"
                    }
                  }
                ],
                "strategy": [
                  {
                    "rolling_update": [
                      {
                        "max_surge": "25%",
                        "max_unavailable": "25%"
                      }
                    ],
                    "type": "RollingUpdate"
                  }
                ],
                "template": [
                  {
                    "metadata": [
                      {
                        "annotations": {},
                        "generate_name": "",
                        "generation": 0,
                        "labels": {
                          "app": "healthcare-app",
                          "component": "frontend",
                          "environment": "staging",
                          "managed-by": "terraform"
                        },
                        "name": "",
                        "namespace": "",
                        "resource_version": "",
                        "uid": ""
                      }
                    ],
                    "spec": [
                      {
                        "active_deadline_seconds": 0,
                        "affinity": [],
                        "automount_service_account_token": true,
                        "container": [
                          {
                            "args": [],
                            "command": [],
                            "env": [],
                            "env_from": [],
                            "image": "healthcare-app-frontend:latest",
                            "image_pull_policy": "IfNotPresent",
                            "lifecycle": [],
                            "liveness_probe": [
                              {
                                "exec": [],
                                "failure_threshold": 3,
                                "http_get": [
                                  {
                                    "host": "",
                                    "http_header": [],
                                    "path": "/",
                                    "port": "http",
                                    "scheme": "HTTP"
                                  }
                                ],
                                "initial_delay_seconds": 60,
                                "period_seconds": 15,
                                "success_threshold": 1,
                                "tcp_socket": [],
                                "timeout_seconds": 5
                              }
                            ],
                            "name": "frontend",
                            "port": [
                              {
                                "container_port": 80,
                                "host_ip": "",
                                "host_port": 0,
                                "name": "http",
                                "protocol": "TCP"
                              }
                            ],
                            "readiness_probe": [
                              {
                                "exec": [],
                                "failure_threshold": 6,
                                "http_get": [
                                  {
                                    "host": "",
                                    "http_header": [],
                                    "path": "/",
                                    "port": "http",
                                    "scheme": "HTTP"
                                  }
                                ],
                                "initial_delay_seconds": 30,
                                "period_seconds": 10,
                                "success_threshold": 1,
                                "tcp_socket": [],
                                "timeout_seconds": 5
                              }
                            ],
                            "resources": [
                              {
                                "limits": {
                                  "cpu": "500m",
                                  "memory": "512Mi"
                                },
                                "requests": {
                                  "cpu": "100m",
                                  "memory": "128Mi"
                                }
                              }
                            ],
                            "security_context": [
                              {
                                "allow_privilege_escalation": false,
                                "capabilities": [],
                                "privileged": false,
                                "read_only_root_filesystem": true,
                                "run_as_group": "",
                                "run_as_non_root": true,
                                "run_as_user": "101",
                                "se_linux_options": [],
                                "seccomp_profile": []
                              }
                            ],
                            "startup_probe": [],
                            "stdin": false,
                            "stdin_once": false,
                            "termination_message_path": "/dev/termination-log",
                            "termination_message_policy": "File",
                            "tty": false,
                            "volume_mount": [
                              {
                                "mount_path": "/tmp",
                                "mount_propagation": "None",
                                "name": "tmp",
                                "read_only": false,
                                "sub_path": ""
                              },
                              {
                                "mount_path": "/var/cache/nginx",
                                "mount_propagation": "None",
                                "name": "nginx-cache",
                                "read_only": false,
                                "sub_path": ""
                              },
                              {
                                "mount_path": "/var/run",
                                "mount_propagation": "None",
                                "name": "nginx-run",
                                "read_only": false,
                                "sub_path": ""
                              },
                              {
                                "mount_path": "/var/log/nginx",
                                "mount_propagation": "None",
                                "name": "nginx-log",
                                "read_only": false,
                                "sub_path": ""
                              }
                            ],
                            "working_dir": ""
                          }
                        ],
                        "dns_config": [],
                        "dns_policy": "ClusterFirst",
                        "enable_service_links": true,
                        "host_aliases": [],
                        "host_ipc": false,
                        "host_network": false,
                        "host_pid": false,
                        "hostname": "",
                        "image_pull_secrets": [],
                        "init_container": [],
                        "node_name": "",
                        "node_selector": {},
                        "priority_class_name": "",
                        "readiness_gate": [],
                        "restart_policy": "Always",
                        "runtime_class_name": "",
                        "security_context": [],
                        "service_account_name": "",
                        "share_process_namespace": false,
                        "subdomain": "",
                        "termination_grace_period_seconds": 30,
                        "toleration": [],
                        "topology_spread_constraint": [],
                        "volume": [
                          {
                            "aws_elastic_block_store": [],
                            "azure_disk": [],
                            "azure_file": [],
                            "ceph_fs": [],
                            "cinder": [],
                            "config_map": [],
                            "csi": [],
                            "downward_api": [],
                            "empty_dir": [
                              {
                                "medium": "",
                                "size_limit": ""
                              }
                            ],
                            "fc": [],
                            "flex_volume": [],
                            "flocker": [],
                            "gce_persistent_disk": [],
                            "git_repo": [],
                            "glusterfs": [],
                            "host_path": [],
                            "iscsi": [],
                            "local": [],
                            "name": "tmp",
                            "nfs": [],
                            "persistent_volume_claim": [],
                            "photon_persistent_disk": [],
                            "projected": [],
                            "quobyte": [],
                            "rbd": [],
                            "secret": [],
                            "vsphere_volume": []
                          },
                          {
                            "aws_elastic_block_store": [],
                            "azure_disk": [],
                            "azure_file": [],
                            "ceph_fs": [],
                            "cinder": [],
                            "config_map": [],
                            "csi": [],
                            "downward_api": [],
                            "empty_dir": [
                              {
                                "medium": "",
                                "size_limit": ""
                              }
                            ],
                            "fc": [],
                            "flex_volume": [],
                            "flocker": [],
                            "gce_persistent_disk": [],
                            "git_repo": [],
                            "glusterfs": [],
                            "host_path": [],
                            "iscsi": [],
                            "local": [],
                            "name": "nginx-cache",
                            "nfs": [],
                            "persistent_volume_claim": [],
                            "photon_persistent_disk": [],
                            "projected": [],
                            "quobyte": [],
                            "rbd": [],
                            "secret": [],
                            "vsphere_volume": []
                          },
                          {
                            "aws_elastic_block_store": [],
                            "azure_disk": [],
                            "azure_file": [],
                            "ceph_fs": [],
                            "cinder": [],
                            "config_map": [],
                            "csi": [],
                            "downward_api": [],
                            "empty_dir": [
                              {
                                "medium": "",
                                "size_limit": ""
                              }
                            ],
                            "fc": [],
                            "flex_volume": [],
                            "flocker": [],
                            "gce_persistent_disk": [],
                            "git_repo": [],
                            "glusterfs": [],
                            "host_path": [],
                            "iscsi": [],
                            "local": [],
                            "name": "nginx-run",
                            "nfs": [],
                            "persistent_volume_claim": [],
                            "photon_persistent_disk": [],
                            "projected": [],
                            "quobyte": [],
                            "rbd": [],
                            "secret": [],
                            "vsphere_volume": []
                          },
                          {
                            "aws_elastic_block_store": [],
                            "azure_disk": [],
                            "azure_file": [],
                            "ceph_fs": [],
                            "cinder": [],
                            "config_map": [],
                            "csi": [],
                            "downward_api": [],
                            "empty_dir": [
                              {
                                "medium": "",
                                "size_limit": ""
                              }
                            ],
                            "fc": [],
                            "flex_volume": [],
                            "flocker": [],
                            "gce_persistent_disk": [],
                            "git_repo": [],
                            "glusterfs": [],
                            "host_path": [],
                            "iscsi": [],
                            "local": [],
                            "name": "nginx-log",
                            "nfs": [],
                            "persistent_volume_claim": [],
                            "photon_persistent_disk": [],
                            "projected": [],
                            "quobyte": [],
                            "rbd": [],
                            "secret": [],
                            "vsphere_volume": []
                          }
                        ]
                      }
                    ]
                  }
                ]
              }
            ],
            "timeouts": null,
            "wait_for_rollout": false
          },
          "sensitive_attributes": [],
          "private": "eyJlMmJmYjczMC1lY2FhLTExZTYtOGY4OC0zNDM2M2JjN2M0YzAiOnsiY3JlYXRlIjo2MDAwMDAwMDAwMDAsImRlbGV0ZSI6NjAwMDAwMDAwMDAwLCJ1cGRhdGUiOjYwMDAwMDAwMDAwMH0sInNjaGVtYV92ZXJzaW9uIjoiMSJ9",
          "dependencies": [
            "kubernetes_namespace.healthcare"
          ]
        }
      ]
    },
    {
      "mode": "managed",
      "type": "kubernetes_deployment",
      "name": "grafana",
      "provider": "provider[\"registry.terraform.io/hashicorp/kubernetes\"]",
      "instances": [
        {
          "schema_version": 1,
          "attributes": {
            "id": "monitoring-staging/grafana",
            "metadata": [
              {
                "annotations": {},
                "generate_name": "",
                "generation": 1,
                "labels": {
                  "app": "healthcare-app",
                  "component": "grafana",
                  "environment": "staging",
                  "managed-by": "terraform"
                },
                "name": "grafana",
                "namespace": "monitoring-staging",
                "resource_version": "1105578",
                "uid": "7e49764c-da2f-4c0a-912f-2f15c6a9b8c6"
              }
            ],
            "spec": [
              {
                "min_ready_seconds": 0,
                "paused": false,
                "progress_deadline_seconds": 600,
                "replicas": "1",
                "revision_history_limit": 10,
                "selector": [
                  {
                    "match_expressions": [],
                    "match_labels": {
                      "app": "healthcare-app",
                      "component": "grafana",
                      "environment": "staging",
                      "managed-by": "terraform"
                    }
                  }
                ],
                "strategy": [
                  {
                    "rolling_update": [
                      {
                        "max_surge": "25%",
                        "max_unavailable": "25%"
                      }
                    ],
                    "type": "RollingUpdate"
                  }
                ],
                "template": [
                  {
                    "metadata": [
                      {
                        "annotations": {},
                        "generate_name": "",
                        "generation": 0,
                        "labels": {
                          "app": "healthcare-app",
                          "component": "grafana",
                          "environment": "staging",
                          "managed-by": "terraform"
                        },
                        "name": "",
                        "namespace": "",
                        "resource_version": "",
                        "uid": ""
                      }
                    ],
                    "spec": [
                      {
                        "active_deadline_seconds": 0,
                        "affinity": [],
                        "automount_service_account_token": true,
                        "container": [
                          {
                            "args": [],
                            "command": [],
                            "env": [
                              {
                                "name": "GF_SECURITY_ADMIN_PASSWORD",
                                "value": "admin123",
                                "value_from": []
                              }
                            ],
                            "env_from": [],
                            "image": "grafana/grafana:10.0.0",
                            "image_pull_policy": "IfNotPresent",
                            "lifecycle": [],
                            "liveness_probe": [
                              {
                                "exec": [],
                                "failure_threshold": 3,
                                "http_get": [
                                  {
                                    "host": "",
                                    "http_header": [],
                                    "path": "/api/health",
                                    "port": "grafana",
                                    "scheme": "HTTP"
                                  }
                                ],
                                "initial_delay_seconds": 30,
                                "period_seconds": 10,
                                "success_threshold": 1,
                                "tcp_socket": [],
                                "timeout_seconds": 1
                              }
                            ],
                            "name": "grafana",
                            "port": [
                              {
                                "container_port": 3000,
                                "host_ip": "",
                                "host_port": 0,
                                "name": "grafana",
                                "protocol": "TCP"
                              }
                            ],
                            "readiness_probe": [
                              {
                                "exec": [],
                                "failure_threshold": 3,
                                "http_get": [
                                  {
                                    "host": "",
                                    "http_header": [],
                                    "path": "/api/health",
                                    "port": "grafana",
                                    "scheme": "HTTP"
                                  }
                                ],
                                "initial_delay_seconds": 5,
                                "period_seconds": 5,
                                "success_threshold": 1,
                                "tcp_socket": [],
                                "timeout_seconds": 1
                              }
                            ],
                            "resources": [
                              {
                                "limits": {
                                  "cpu": "500m",
                                  "memory": "128Mi"
                                },
                                "requests": {
                                  "cpu": "200m",
                                  "memory": "64Mi"
                                }
                              }
                            ],
                            "security_context": [],
                            "startup_probe": [],
                            "stdin": false,
                            "stdin_once": false,
                            "termination_message_path": "/dev/termination-log",
                            "termination_message_policy": "File",
                            "tty": false,
                            "volume_mount": [
                              {
                                "mount_path": "/etc/grafana",
                                "mount_propagation": "None",
                                "name": "grafana-config",
                                "read_only": false,
                                "sub_path": ""
                              },
                              {
                                "mount_path": "/etc/grafana/provisioning/dashboards",
                                "mount_propagation": "None",
                                "name": "grafana-dashboards",
                                "read_only": false,
                                "sub_path": ""
                              },
                              {
                                "mount_path": "/etc/grafana/provisioning/datasources",
                                "mount_propagation": "None",
                                "name": "grafana-datasources",
                                "read_only": false,
                                "sub_path": ""
                              },
                              {
                                "mount_path": "/var/lib/grafana",
                                "mount_propagation": "None",
                                "name": "grafana-storage",
                                "read_only": false,
                                "sub_path": ""
                              }
                            ],
                            "working_dir": ""
                          }
                        ],
                        "dns_config": [],
                        "dns_policy": "ClusterFirst",
                        "enable_service_links": true,
                        "host_aliases": [],
                        "host_ipc": false,
                        "host_network": false,
                        "host_pid": false,
                        "hostname": "",
                        "image_pull_secrets": [],
                        "init_container": [],
                        "node_name": "",
                        "node_selector": {},
                        "priority_class_name": "",
                        "readiness_gate": [],
                        "restart_policy": "Always",
                        "runtime_class_name": "",
                        "security_context": [],
                        "service_account_name": "",
                        "share_process_namespace": false,
                        "subdomain": "",
                        "termination_grace_period_seconds": 30,
                        "toleration": [],
                        "topology_spread_constraint": [],
                        "volume": [
                          {
                            "aws_elastic_block_store": [],
                            "azure_disk": [],
                            "azure_file": [],
                            "ceph_fs": [],
                            "cinder": [],
                            "config_map": [
                              {
                                "default_mode": "0644",
                                "items": [
                                  {
                                    "key": "grafana.ini",
                                    "mode": "",
                                    "path": "grafana.ini"
                                  }
                                ],
                                "name": "grafana-config",
                                "optional": false
                              }
                            ],
                            "csi": [],
                            "downward_api": [],
                            "empty_dir": [],
                            "fc": [],
                            "flex_volume": [],
                            "flocker": [],
                            "gce_persistent_disk": [],
                            "git_repo": [],
                            "glusterfs": [],
                            "host_path": [],
                            "iscsi": [],
                            "local": [],
                            "name": "grafana-config",
                            "nfs": [],
                            "persistent_volume_claim": [],
                            "photon_persistent_disk": [],
                            "projected": [],
                            "quobyte": [],
                            "rbd": [],
                            "secret": [],
                            "vsphere_volume": []
                          },
                          {
                            "aws_elastic_block_store": [],
                            "azure_disk": [],
                            "azure_file": [],
                            "ceph_fs": [],
                            "cinder": [],
                            "config_map": [
                              {
                                "default_mode": "0644",
                                "items": [
                                  {
                                    "key": "healthcare-dashboard.json",
                                    "mode": "",
                                    "path": "healthcare-dashboard.json"
                                  },
                                  {
                                    "key": "dashboard-providers.yml",
                                    "mode": "",
                                    "path": "dashboard-providers.yml"
                                  }
                                ],
                                "name": "grafana-config",
                                "optional": false
                              }
                            ],
                            "csi": [],
                            "downward_api": [],
                            "empty_dir": [],
                            "fc": [],
                            "flex_volume": [],
                            "flocker": [],
                            "gce_persistent_disk": [],
                            "git_repo": [],
                            "glusterfs": [],
                            "host_path": [],
                            "iscsi": [],
                            "local": [],
                            "name": "grafana-dashboards",
                            "nfs": [],
                            "persistent_volume_claim": [],
                            "photon_persistent_disk": [],
                            "projected": [],
                            "quobyte": [],
                            "rbd": [],
                            "secret": [],
                            "vsphere_volume": []
                          },
                          {
                            "aws_elastic_block_store": [],
                            "azure_disk": [],
                            "azure_file": [],
                            "ceph_fs": [],
                            "cinder": [],
                            "config_map": [
                              {
                                "default_mode": "0644",
                                "items": [
                                  {
                                    "key": "datasources.yml",
                                    "mode": "",
                                    "path": "datasources.yml"
                                  }
                                ],
                                "name": "grafana-config",
                                "optional": false
                              }
                            ],
                            "csi": [],
                            "downward_api": [],
                            "empty_dir": [],
                            "fc": [],
                            "flex_volume": [],
                            "flocker": [],
                            "gce_persistent_disk": [],
                            "git_repo": [],
                            "glusterfs": [],
                            "host_path": [],
                            "iscsi": [],
                            "local": [],
                            "name": "grafana-datasources",
                            "nfs": [],
                            "persistent_volume_claim": [],
                            "photon_persistent_disk": [],
                            "projected": [],
                            "quobyte": [],
                            "rbd": [],
                            "secret": [],
                            "vsphere_volume": []
                          },
                          {
                            "aws_elastic_block_store": [],
                            "azure_disk": [],
                            "azure_file": [],
                            "ceph_fs": [],
                            "cinder": [],
                            "config_map": [],
                            "csi": [],
                            "downward_api": [],
                            "empty_dir": [],
                            "fc": [],
                            "flex_volume": [],
                            "flocker": [],
                            "gce_persistent_disk": [],
                            "git_repo": [],
                            "glusterfs": [],
                            "host_path": [],
                            "iscsi": [],
                            "local": [],
                            "name": "grafana-storage",
                            "nfs": [],
                            "persistent_volume_claim": [
                              {
                                "claim_name": "grafana-storage",
                                "read_only": false
                              }
                            ],
                            "photon_persistent_disk": [],
                            "projected": [],
                            "quobyte": [],
                            "rbd": [],
                            "secret": [],
                            "vsphere_volume": []
                          }
                        ]
                      }
                    ]
                  }
                ]
              }
            ],
            "timeouts": null,
            "wait_for_rollout": true
          },
          "sensitive_attributes": [],
          "private": "eyJlMmJmYjczMC1lY2FhLTExZTYtOGY4OC0zNDM2M2JjN2M0YzAiOnsiY3JlYXRlIjo2MDAwMDAwMDAwMDAsImRlbGV0ZSI6NjAwMDAwMDAwMDAwLCJ1cGRhdGUiOjYwMDAwMDAwMDAwMH0sInNjaGVtYV92ZXJzaW9uIjoiMSJ9",
          "dependencies": [
            "kubernetes_config_map.grafana_config",
            "kubernetes_namespace.monitoring",
            "kubernetes_persistent_volume_claim.grafana_storage"
          ]
        }
      ]
    },
    {
      "mode": "managed",
      "type": "kubernetes_deployment",
      "name": "jaeger",
      "provider": "provider[\"registry.terraform.io/hashicorp/kubernetes\"]",
      "instances": [
        {
          "index_key": 0,
          "schema_version": 1,
          "attributes": {
            "id": "monitoring-staging/jaeger",
            "metadata": [
              {
                "annotations": {},
                "generate_name": "",
                "generation": 1,
                "labels": {
                  "app": "healthcare-app",
                  "component": "jaeger",
                  "environment": "staging",
                  "managed-by": "terraform"
                },
                "name": "jaeger",
                "namespace": "monitoring-staging",
                "resource_version": "1105389",
                "uid": "e38822a6-18b0-48d1-a296-2699f9b041b5"
              }
            ],
            "spec": [
              {
                "min_ready_seconds": 0,
                "paused": false,
                "progress_deadline_seconds": 600,
                "replicas": "1",
                "revision_history_limit": 10,
                "selector": [
                  {
                    "match_expressions": [],
                    "match_labels": {
                      "app": "healthcare-app",
                      "component": "jaeger",
                      "environment": "staging",
                      "managed-by": "terraform"
                    }
                  }
                ],
                "strategy": [
                  {
                    "rolling_update": [
                      {
                        "max_surge": "25%",
                        "max_unavailable": "25%"
                      }
                    ],
                    "type": "RollingUpdate"
                  }
                ],
                "template": [
                  {
                    "metadata": [
                      {
                        "annotations": {},
                        "generate_name": "",
                        "generation": 0,
                        "labels": {
                          "app": "healthcare-app",
                          "component": "jaeger",
                          "environment": "staging",
                          "managed-by": "terraform"
                        },
                        "name": "",
                        "namespace": "",
                        "resource_version": "",
                        "uid": ""
                      }
                    ],
                    "spec": [
                      {
                        "active_deadline_seconds": 0,
                        "affinity": [],
                        "automount_service_account_token": true,
                        "container": [
                          {
                            "args": [],
                            "command": [],
                            "env": [
                              {
                                "name": "COLLECTOR_OTLP_ENABLED",
                                "value": "true",
                                "value_from": []
                              },
                              {
                                "name": "COLLECTOR_ZIPKIN_HOST_PORT",
                                "value": ":9411",
                                "value_from": []
                              }
                            ],
                            "env_from": [],
                            "image": "jaegertracing/all-in-one:1.42.0",
                            "image_pull_policy": "IfNotPresent",
                            "lifecycle": [],
                            "liveness_probe": [
                              {
                                "exec": [],
                                "failure_threshold": 3,
                                "http_get": [
                                  {
                                    "host": "",
                                    "http_header": [],
                                    "path": "/",
                                    "port": "query",
                                    "scheme": "HTTP"
                                  }
                                ],
                                "initial_delay_seconds": 30,
                                "period_seconds": 10,
                                "success_threshold": 1,
                                "tcp_socket": [],
                                "timeout_seconds": 1
                              }
                            ],
                            "name": "jaeger",
                            "port": [
                              {
                                "container_port": 16686,
                                "host_ip": "",
                                "host_port": 0,
                                "name": "query",
                                "protocol": "TCP"
                              },
                              {
                                "container_port": 14268,
                                "host_ip": "",
                                "host_port": 0,
                                "name": "collect",
                                "protocol": "TCP"
                              },
                              {
                                "container_port": 14250,
                                "host_ip": "",
                                "host_port": 0,
                                "name": "grpc",
                                "protocol": "TCP"
                              }
                            ],
                            "readiness_probe": [
                              {
                                "exec": [],
                                "failure_threshold": 3,
                                "http_get": [
                                  {
                                    "host": "",
                                    "http_header": [],
                                    "path": "/",
                                    "port": "query",
                                    "scheme": "HTTP"
                                  }
                                ],
                                "initial_delay_seconds": 5,
                                "period_seconds": 5,
                                "success_threshold": 1,
                                "tcp_socket": [],
                                "timeout_seconds": 1
                              }
                            ],
                            "resources": [
                              {
                                "limits": {
                                  "cpu": "200m",
                                  "memory": "256Mi"
                                },
                                "requests": {
                                  "cpu": "100m",
                                  "memory": "128Mi"
                                }
                              }
                            ],
                            "security_context": [],
                            "startup_probe": [],
                            "stdin": false,
                            "stdin_once": false,
                            "termination_message_path": "/dev/termination-log",
                            "termination_message_policy": "File",
                            "tty": false,
                            "volume_mount": [],
                            "working_dir": ""
                          }
                        ],
                        "dns_config": [],
                        "dns_policy": "ClusterFirst",
                        "enable_service_links": true,
                        "host_aliases": [],
                        "host_ipc": false,
                        "host_network": false,
                        "host_pid": false,
                        "hostname": "",
                        "image_pull_secrets": [],
                        "init_container": [],
                        "node_name": "",
                        "node_selector": {},
                        "priority_class_name": "",
                        "readiness_gate": [],
                        "restart_policy": "Always",
                        "runtime_class_name": "",
                        "security_context": [],
                        "service_account_name": "",
                        "share_process_namespace": false,
                        "subdomain": "",
                        "termination_grace_period_seconds": 30,
                        "toleration": [],
                        "topology_spread_constraint": [],
                        "volume": []
                      }
                    ]
                  }
                ]
              }
            ],
            "timeouts": null,
            "wait_for_rollout": true
          },
          "sensitive_attributes": [],
          "private": "eyJlMmJmYjczMC1lY2FhLTExZTYtOGY4OC0zNDM2M2JjN2M0YzAiOnsiY3JlYXRlIjo2MDAwMDAwMDAwMDAsImRlbGV0ZSI6NjAwMDAwMDAwMDAwLCJ1cGRhdGUiOjYwMDAwMDAwMDAwMH0sInNjaGVtYV92ZXJzaW9uIjoiMSJ9",
          "dependencies": [
            "kubernetes_namespace.monitoring"
          ]
        }
      ]
    },
    {
      "mode": "managed",
      "type": "kubernetes_deployment",
      "name": "mongodb_exporter",
      "provider": "provider[\"registry.terraform.io/hashicorp/kubernetes\"]",
      "instances": [
        {
          "schema_version": 1,
          "attributes": {
            "id": "monitoring-staging/mongodb-exporter",
            "metadata": [
              {
                "annotations": {},
                "generate_name": "",
                "generation": 1,
                "labels": {
                  "app": "healthcare-app",
                  "component": "mongodb-exporter",
                  "environment": "staging",
                  "managed-by": "terraform"
                },
                "name": "mongodb-exporter",
                "namespace": "monitoring-staging",
                "resource_version": "1105394",
                "uid": "ba60b9fc-9a0d-48ce-96bc-834a689b1cfe"
              }
            ],
            "spec": [
              {
                "min_ready_seconds": 0,
                "paused": false,
                "progress_deadline_seconds": 900,
                "replicas": "1",
                "revision_history_limit": 10,
                "selector": [
                  {
                    "match_expressions": [],
                    "match_labels": {
                      "app": "healthcare-app",
                      "component": "mongodb-exporter",
                      "environment": "staging",
                      "managed-by": "terraform"
                    }
                  }
                ],
                "strategy": [
                  {
                    "rolling_update": [
                      {
                        "max_surge": "25%",
                        "max_unavailable": "25%"
                      }
                    ],
                    "type": "RollingUpdate"
                  }
                ],
                "template": [
                  {
                    "metadata": [
                      {
                        "annotations": {
                          "prometheus.io/port": "9216",
                          "prometheus.io/scrape": "true"
                        },
                        "generate_name": "",
                        "generation": 0,
                        "labels": {
                          "app": "healthcare-app",
                          "component": "mongodb-exporter",
                          "environment": "staging",
                          "managed-by": "terraform"
                        },
                        "name": "",
                        "namespace": "",
                        "resource_version": "",
                        "uid": ""
                      }
                    ],
                    "spec": [
                      {
                        "active_deadline_seconds": 0,
                        "affinity": [],
                        "automount_service_account_token": true,
                        "container": [
                          {
                            "args": [],
                            "command": [],
                            "env": [
                              {
                                "name": "MONGODB_PASSWORD",
                                "value": "",
                                "value_from": [
                                  {
                                    "config_map_key_ref": [],
                                    "field_ref": [],
                                    "resource_field_ref": [],
                                    "secret_key_ref": [
                                      {
                                        "key": "mongodb-root-password",
                                        "name": "mongodb-exporter-secrets",
                                        "optional": false
                                      }
                                    ]
                                  }
                                ]
                              }
                            ],
                            "env_from": [
                              {
                                "config_map_ref": [
                                  {
                                    "name": "mongodb-exporter-config",
                                    "optional": false
                                  }
                                ],
                                "prefix": "",
                                "secret_ref": []
                              }
                            ],
                            "image": "percona/mongodb_exporter:0.39",
                            "image_pull_policy": "IfNotPresent",
                            "lifecycle": [],
                            "liveness_probe": [
                              {
                                "exec": [],
                                "failure_threshold": 3,
                                "http_get": [
                                  {
                                    "host": "",
                                    "http_header": [],
                                    "path": "/metrics",
                                    "port": "metrics",
                                    "scheme": "HTTP"
                                  }
                                ],
                                "initial_delay_seconds": 30,
                                "period_seconds": 10,
                                "success_threshold": 1,
                                "tcp_socket": [],
                                "timeout_seconds": 1
                              }
                            ],
                            "name": "mongodb-exporter",
                            "port": [
                              {
                                "container_port": 9216,
                                "host_ip": "",
                                "host_port": 0,
                                "name": "metrics",
                                "protocol": "TCP"
                              }
                            ],
                            "readiness_probe": [
                              {
                                "exec": [],
                                "failure_threshold": 3,
                                "http_get": [
                                  {
                                    "host": "",
                                    "http_header": [],
                                    "path": "/metrics",
                                    "port": "metrics",
                                    "scheme": "HTTP"
                                  }
                                ],
                                "initial_delay_seconds": 5,
                                "period_seconds": 5,
                                "success_threshold": 1,
                                "tcp_socket": [],
                                "timeout_seconds": 1
                              }
                            ],
                            "resources": [
                              {
                                "limits": {
                                  "cpu": "100m",
                                  "memory": "256Mi"
                                },
                                "requests": {
                                  "cpu": "50m",
                                  "memory": "128Mi"
                                }
                              }
                            ],
                            "security_context": [],
                            "startup_probe": [],
                            "stdin": false,
                            "stdin_once": false,
                            "termination_message_path": "/dev/termination-log",
                            "termination_message_policy": "File",
                            "tty": false,
                            "volume_mount": [],
                            "working_dir": ""
                          }
                        ],
                        "dns_config": [],
                        "dns_policy": "ClusterFirst",
                        "enable_service_links": true,
                        "host_aliases": [],
                        "host_ipc": false,
                        "host_network": false,
                        "host_pid": false,
                        "hostname": "",
                        "image_pull_secrets": [],
                        "init_container": [],
                        "node_name": "",
                        "node_selector": {},
                        "priority_class_name": "",
                        "readiness_gate": [],
                        "restart_policy": "Always",
                        "runtime_class_name": "",
                        "security_context": [],
                        "service_account_name": "",
                        "share_process_namespace": false,
                        "subdomain": "",
                        "termination_grace_period_seconds": 30,
                        "toleration": [],
                        "topology_spread_constraint": [],
                        "volume": []
                      }
                    ]
                  }
                ]
              }
            ],
            "timeouts": null,
            "wait_for_rollout": true
          },
          "sensitive_attributes": [],
          "private": "eyJlMmJmYjczMC1lY2FhLTExZTYtOGY4OC0zNDM2M2JjN2M0YzAiOnsiY3JlYXRlIjo2MDAwMDAwMDAwMDAsImRlbGV0ZSI6NjAwMDAwMDAwMDAwLCJ1cGRhdGUiOjYwMDAwMDAwMDAwMH0sInNjaGVtYV92ZXJzaW9uIjoiMSJ9",
          "dependencies": [
            "kubernetes_config_map.mongodb_exporter_config",
            "kubernetes_namespace.healthcare",
            "kubernetes_namespace.monitoring",
            "kubernetes_secret.app_secrets",
            "kubernetes_secret.mongodb_exporter_secret",
            "random_password.mongodb_password"
          ]
        }
      ]
    },
    {
      "mode": "managed",
      "type": "kubernetes_deployment",
      "name": "prometheus",
      "provider": "provider[\"registry.terraform.io/hashicorp/kubernetes\"]",
      "instances": [
        {
          "schema_version": 1,
          "attributes": {
            "id": "monitoring-staging/prometheus",
            "metadata": [
              {
                "annotations": {},
                "generate_name": "",
                "generation": 1,
                "labels": {
                  "app": "healthcare-app",
                  "component": "prometheus",
                  "environment": "staging",
                  "managed-by": "terraform"
                },
                "name": "prometheus",
                "namespace": "monitoring-staging",
                "resource_version": "1105584",
                "uid": "a116e122-9cab-460d-aeb9-9ddcb60971e8"
              }
            ],
            "spec": [
              {
                "min_ready_seconds": 0,
                "paused": false,
                "progress_deadline_seconds": 600,
                "replicas": "1",
                "revision_history_limit": 10,
                "selector": [
                  {
                    "match_expressions": [],
                    "match_labels": {
                      "app": "healthcare-app",
                      "component": "prometheus",
                      "environment": "staging",
                      "managed-by": "terraform"
                    }
                  }
                ],
                "strategy": [
                  {
                    "rolling_update": [
                      {
                        "max_surge": "25%",
                        "max_unavailable": "25%"
                      }
                    ],
                    "type": "RollingUpdate"
                  }
                ],
                "template": [
                  {
                    "metadata": [
                      {
                        "annotations": {},
                        "generate_name": "",
                        "generation": 0,
                        "labels": {
                          "app": "healthcare-app",
                          "component": "prometheus",
                          "environment": "staging",
                          "managed-by": "terraform"
                        },
                        "name": "",
                        "namespace": "",
                        "resource_version": "",
                        "uid": ""
                      }
                    ],
                    "spec": [
                      {
                        "active_deadline_seconds": 0,
                        "affinity": [],
                        "automount_service_account_token": true,
                        "container": [
                          {
                            "args": [
                              "--config.file=/etc/prometheus/prometheus.yml",
                              "--storage.tsdb.path=/prometheus/",
                              "--web.console.libraries=/etc/prometheus/console_libraries",
                              "--web.console.templates=/etc/prometheus/consoles",
                              "--storage.tsdb.retention.time=15d",
                              "--web.enable-lifecycle"
                            ],
                            "command": [],
                            "env": [],
                            "env_from": [],
                            "image": "prom/prometheus:v2.45.0",
                            "image_pull_policy": "IfNotPresent",
                            "lifecycle": [],
                            "liveness_probe": [
                              {
                                "exec": [],
                                "failure_threshold": 3,
                                "http_get": [
                                  {
                                    "host": "",
                                    "http_header": [],
                                    "path": "/-/healthy",
                                    "port": "prometheus",
                                    "scheme": "HTTP"
                                  }
                                ],
                                "initial_delay_seconds": 30,
                                "period_seconds": 10,
                                "success_threshold": 1,
                                "tcp_socket": [],
                                "timeout_seconds": 1
                              }
                            ],
                            "name": "prometheus",
                            "port": [
                              {
                                "container_port": 9090,
                                "host_ip": "",
                                "host_port": 0,
                                "name": "prometheus",
                                "protocol": "TCP"
                              }
                            ],
                            "readiness_probe": [
                              {
                                "exec": [],
                                "failure_threshold": 3,
                                "http_get": [
                                  {
                                    "host": "",
                                    "http_header": [],
                                    "path": "/-/ready",
                                    "port": "prometheus",
                                    "scheme": "HTTP"
                                  }
                                ],
                                "initial_delay_seconds": 5,
                                "period_seconds": 5,
                                "success_threshold": 1,
                                "tcp_socket": [],
                                "timeout_seconds": 1
                              }
                            ],
                            "resources": [
                              {
                                "limits": {
                                  "cpu": "1",
                                  "memory": "128Mi"
                                },
                                "requests": {
                                  "cpu": "500m",
                                  "memory": "64Mi"
                                }
                              }
                            ],
                            "security_context": [],
                            "startup_probe": [],
                            "stdin": false,
                            "stdin_once": false,
                            "termination_message_path": "/dev/termination-log",
                            "termination_message_policy": "File",
                            "tty": false,
                            "volume_mount": [
                              {
                                "mount_path": "/etc/prometheus",
                                "mount_propagation": "None",
                                "name": "prometheus-config",
                                "read_only": false,
                                "sub_path": ""
                              },
                              {
                                "mount_path": "/etc/prometheus/rules",
                                "mount_propagation": "None",
                                "name": "prometheus-rules",
                                "read_only": false,
                                "sub_path": ""
                              },
                              {
                                "mount_path": "/prometheus",
                                "mount_propagation": "None",
                                "name": "prometheus-storage",
                                "read_only": false,
                                "sub_path": ""
                              }
                            ],
                            "working_dir": ""
                          }
                        ],
                        "dns_config": [],
                        "dns_policy": "ClusterFirst",
                        "enable_service_links": true,
                        "host_aliases": [],
                        "host_ipc": false,
                        "host_network": false,
                        "host_pid": false,
                        "hostname": "",
                        "image_pull_secrets": [],
                        "init_container": [],
                        "node_name": "",
                        "node_selector": {},
                        "priority_class_name": "",
                        "readiness_gate": [],
                        "restart_policy": "Always",
                        "runtime_class_name": "",
                        "security_context": [],
                        "service_account_name": "prometheus",
                        "share_process_namespace": false,
                        "subdomain": "",
                        "termination_grace_period_seconds": 30,
                        "toleration": [],
                        "topology_spread_constraint": [],
                        "volume": [
                          {
                            "aws_elastic_block_store": [],
                            "azure_disk": [],
                            "azure_file": [],
                            "ceph_fs": [],
                            "cinder": [],
                            "config_map": [
                              {
                                "default_mode": "0644",
                                "items": [],
                                "name": "prometheus-config",
                                "optional": false
                              }
                            ],
                            "csi": [],
                            "downward_api": [],
                            "empty_dir": [],
                            "fc": [],
                            "flex_volume": [],
                            "flocker": [],
                            "gce_persistent_disk": [],
                            "git_repo": [],
                            "glusterfs": [],
                            "host_path": [],
                            "iscsi": [],
                            "local": [],
                            "name": "prometheus-config",
                            "nfs": [],
                            "persistent_volume_claim": [],
                            "photon_persistent_disk": [],
                            "projected": [],
                            "quobyte": [],
                            "rbd": [],
                            "secret": [],
                            "vsphere_volume": []
                          },
                          {
                            "aws_elastic_block_store": [],
                            "azure_disk": [],
                            "azure_file": [],
                            "ceph_fs": [],
                            "cinder": [],
                            "config_map": [
                              {
                                "default_mode": "0644",
                                "items": [],
                                "name": "prometheus-rules",
                                "optional": false
                              }
                            ],
                            "csi": [],
                            "downward_api": [],
                            "empty_dir": [],
                            "fc": [],
                            "flex_volume": [],
                            "flocker": [],
                            "gce_persistent_disk": [],
                            "git_repo": [],
                            "glusterfs": [],
                            "host_path": [],
                            "iscsi": [],
                            "local": [],
                            "name": "prometheus-rules",
                            "nfs": [],
                            "persistent_volume_claim": [],
                            "photon_persistent_disk": [],
                            "projected": [],
                            "quobyte": [],
                            "rbd": [],
                            "secret": [],
                            "vsphere_volume": []
                          },
                          {
                            "aws_elastic_block_store": [],
                            "azure_disk": [],
                            "azure_file": [],
                            "ceph_fs": [],
                            "cinder": [],
                            "config_map": [],
                            "csi": [],
                            "downward_api": [],
                            "empty_dir": [],
                            "fc": [],
                            "flex_volume": [],
                            "flocker": [],
                            "gce_persistent_disk": [],
                            "git_repo": [],
                            "glusterfs": [],
                            "host_path": [],
                            "iscsi": [],
                            "local": [],
                            "name": "prometheus-storage",
                            "nfs": [],
                            "persistent_volume_claim": [
                              {
                                "claim_name": "prometheus-storage",
                                "read_only": false
                              }
                            ],
                            "photon_persistent_disk": [],
                            "projected": [],
                            "quobyte": [],
                            "rbd": [],
                            "secret": [],
                            "vsphere_volume": []
                          }
                        ]
                      }
                    ]
                  }
                ]
              }
            ],
            "timeouts": null,
            "wait_for_rollout": true
          },
          "sensitive_attributes": [],
          "private": "eyJlMmJmYjczMC1lY2FhLTExZTYtOGY4OC0zNDM2M2JjN2M0YzAiOnsiY3JlYXRlIjo2MDAwMDAwMDAwMDAsImRlbGV0ZSI6NjAwMDAwMDAwMDAwLCJ1cGRhdGUiOjYwMDAwMDAwMDAwMH0sInNjaGVtYV92ZXJzaW9uIjoiMSJ9",
          "dependencies": [
            "kubernetes_config_map.prometheus_config",
            "kubernetes_config_map.prometheus_rules",
            "kubernetes_namespace.monitoring",
            "kubernetes_persistent_volume_claim.prometheus_storage",
            "kubernetes_service_account.prometheus"
          ]
        }
      ]
    },
    {
      "mode": "managed",
      "type": "kubernetes_ingress_v1",
      "name": "backend",
      "provider": "provider[\"registry.terraform.io/hashicorp/kubernetes\"]",
      "instances": [
        {
          "schema_version": 0,
          "attributes": {
            "id": "healthcare-staging/backend-ingress",
            "metadata": [
              {
                "annotations": {
                  "cert-manager.io/cluster-issuer": "letsencrypt-staging",
                  "nginx.ingress.kubernetes.io/rewrite-target": "/api/$2",
                  "nginx.ingress.kubernetes.io/ssl-redirect": "false"
                },
                "generate_name": "",
                "generation": 1,
                "labels": {
                  "app": "healthcare-app",
                  "component": "backend",
                  "environment": "staging",
                  "managed-by": "terraform"
                },
                "name": "backend-ingress",
                "namespace": "healthcare-staging",
                "resource_version": "1104137",
                "uid": "fcef8f16-d20c-4190-820c-6a378edc1ae9"
              }
            ],
            "spec": [
              {
                "default_backend": [],
                "ingress_class_name": "",
                "rule": [
                  {
                    "host": "localhost",
                    "http": [
                      {
                        "path": [
                          {
                            "backend": [
                              {
                                "resource": [],
                                "service": [
                                  {
                                    "name": "backend",
                                    "port": [
                                      {
                                        "name": "",
                                        "number": 5001
                                      }
                                    ]
                                  }
                                ]
                              }
                            ],
                            "path": "/staging/api(/|$)(.*)",
                            "path_type": "ImplementationSpecific"
                          }
                        ]
                      }
                    ]
                  }
                ],
                "tls": []
              }
            ],
            "status": [
              {
                "load_balancer": [
                  {
                    "ingress": []
                  }
                ]
              }
            ],
            "wait_for_load_balancer": null
          },
          "sensitive_attributes": [],
          "private": "bnVsbA==",
          "dependencies": [
            "kubernetes_namespace.healthcare",
            "kubernetes_service.backend"
          ]
        }
      ]
    },
    {
      "mode": "managed",
      "type": "kubernetes_ingress_v1",
      "name": "frontend",
      "provider": "provider[\"registry.terraform.io/hashicorp/kubernetes\"]",
      "instances": [
        {
          "schema_version": 0,
          "attributes": {
            "id": "healthcare-staging/frontend-ingress",
            "metadata": [
              {
                "annotations": {
                  "cert-manager.io/cluster-issuer": "letsencrypt-staging",
                  "nginx.ingress.kubernetes.io/rewrite-target": "/",
                  "nginx.ingress.kubernetes.io/ssl-redirect": "false"
                },
                "generate_name": "",
                "generation": 1,
                "labels": {
                  "app": "healthcare-app",
                  "component": "frontend",
                  "environment": "staging",
                  "managed-by": "terraform"
                },
                "name": "frontend-ingress",
                "namespace": "healthcare-staging",
                "resource_version": "1104134",
                "uid": "1744f83b-41aa-4ae8-8ab5-fd0e62bd48d8"
              }
            ],
            "spec": [
              {
                "default_backend": [],
                "ingress_class_name": "",
                "rule": [
                  {
                    "host": "localhost",
                    "http": [
                      {
                        "path": [
                          {
                            "backend": [
                              {
                                "resource": [],
                                "service": [
                                  {
                                    "name": "frontend",
                                    "port": [
                                      {
                                        "name": "",
                                        "number": 3001
                                      }
                                    ]
                                  }
                                ]
                              }
                            ],
                            "path": "/staging/",
                            "path_type": "Prefix"
                          }
                        ]
                      }
                    ]
                  }
                ],
                "tls": []
              }
            ],
            "status": [
              {
                "load_balancer": [
                  {
                    "ingress": []
                  }
                ]
              }
            ],
            "wait_for_load_balancer": null
          },
          "sensitive_attributes": [],
          "private": "bnVsbA==",
          "dependencies": [
            "kubernetes_namespace.healthcare",
            "kubernetes_service.frontend"
          ]
        }
      ]
    },
    {
      "mode": "managed",
      "type": "kubernetes_job",
      "name": "integration_test",
      "provider": "provider[\"registry.terraform.io/hashicorp/kubernetes\"]",
      "instances": [
        {
          "schema_version": 1,
          "attributes": {
            "id": "healthcare-staging/integration-test",
            "metadata": [
              {
                "annotations": null,
                "generate_name": "",
                "generation": 1,
                "labels": {
                  "app": "healthcare-app",
                  "environment": "staging",
                  "managed-by": "terraform"
                },
                "name": "integration-test",
                "namespace": "healthcare-staging",
                "resource_version": "1106143",
                "uid": "0dbd8a64-0323-4ae9-b19f-89cb6abb0f94"
              }
            ],
            "spec": [
              {
                "active_deadline_seconds": 0,
                "backoff_limit": 1,
                "completion_mode": "NonIndexed",
                "completions": 1,
                "manual_selector": false,
                "parallelism": 1,
                "selector": [
                  {
                    "match_expressions": [],
                    "match_labels": {
                      "batch.kubernetes.io/controller-uid": "0dbd8a64-0323-4ae9-b19f-89cb6abb0f94"
                    }
                  }
                ],
                "template": [
                  {
                    "metadata": [
                      {
                        "annotations": null,
                        "generate_name": "",
                        "generation": 0,
                        "labels": {
                          "app": "healthcare-app",
                          "environment": "staging",
                          "managed-by": "terraform"
                        },
                        "name": "",
                        "resource_version": "",
                        "uid": ""
                      }
                    ],
                    "spec": [
                      {
                        "active_deadline_seconds": 0,
                        "affinity": [],
                        "automount_service_account_token": true,
                        "container": [
                          {
                            "args": null,
                            "command": [
                              "sh",
                              "-c",
                              "cp /test/test-integration.js /tmp/test-integration.js \u0026\u0026 node /tmp/test-integration.js"
                            ],
                            "env": [
                              {
                                "name": "NODE_PATH",
                                "value": "/app/node_modules",
                                "value_from": []
                              }
                            ],
                            "env_from": [],
                            "image": "healthcare-app-backend:latest",
                            "image_pull_policy": "IfNotPresent",
                            "lifecycle": [],
                            "liveness_probe": [],
                            "name": "integration-test",
                            "port": [],
                            "readiness_probe": [],
                            "resources": [
                              {
                                "limits": {},
                                "requests": {}
                              }
                            ],
                            "security_context": [],
                            "startup_probe": [],
                            "stdin": false,
                            "stdin_once": false,
                            "termination_message_path": "/dev/termination-log",
                            "termination_message_policy": "File",
                            "tty": false,
                            "volume_mount": [
                              {
                                "mount_path": "/test",
                                "mount_propagation": "None",
                                "name": "test-script",
                                "read_only": false,
                                "sub_path": ""
                              }
                            ],
                            "working_dir": "/app"
                          }
                        ],
                        "dns_config": [],
                        "dns_policy": "ClusterFirst",
                        "enable_service_links": true,
                        "host_aliases": [],
                        "host_ipc": false,
                        "host_network": false,
                        "host_pid": false,
                        "hostname": "",
                        "image_pull_secrets": [],
                        "init_container": [],
                        "node_name": "",
                        "node_selector": null,
                        "priority_class_name": "",
                        "readiness_gate": [],
                        "restart_policy": "Never",
                        "runtime_class_name": "",
                        "security_context": [],
                        "service_account_name": "",
                        "share_process_namespace": false,
                        "subdomain": "",
                        "termination_grace_period_seconds": 30,
                        "toleration": [],
                        "topology_spread_constraint": [],
                        "volume": [
                          {
                            "aws_elastic_block_store": [],
                            "azure_disk": [],
                            "azure_file": [],
                            "ceph_fs": [],
                            "cinder": [],
                            "config_map": [
                              {
                                "default_mode": "0644",
                                "items": [],
                                "name": "integration-test",
                                "optional": false
                              }
                            ],
                            "csi": [],
                            "downward_api": [],
                            "empty_dir": [],
                            "fc": [],
                            "flex_volume": [],
                            "flocker": [],
                            "gce_persistent_disk": [],
                            "git_repo": [],
                            "glusterfs": [],
                            "host_path": [],
                            "iscsi": [],
                            "local": [],
                            "name": "test-script",
                            "nfs": [],
                            "persistent_volume_claim": [],
                            "photon_persistent_disk": [],
                            "projected": [],
                            "quobyte": [],
                            "rbd": [],
                            "secret": [],
                            "vsphere_volume": []
                          }
                        ]
                      }
                    ]
                  }
                ],
                "ttl_seconds_after_finished": ""
              }
            ],
            "timeouts": null,
            "wait_for_completion": false
          },
          "sensitive_attributes": [],
          "private": "eyJlMmJmYjczMC1lY2FhLTExZTYtOGY4OC0zNDM2M2JjN2M0YzAiOnsiY3JlYXRlIjo2MDAwMDAwMDAwMCwiZGVsZXRlIjo2MDAwMDAwMDAwMCwidXBkYXRlIjo2MDAwMDAwMDAwMH0sInNjaGVtYV92ZXJzaW9uIjoiMSJ9",
          "dependencies": [
            "kubernetes_config_map.integration_test",
            "kubernetes_namespace.healthcare"
          ]
        }
      ]
    },
    {
      "mode": "managed",
      "type": "kubernetes_namespace",
      "name": "healthcare",
      "provider": "provider[\"registry.terraform.io/hashicorp/kubernetes\"]",
      "instances": [
        {
          "schema_version": 0,
          "attributes": {
            "id": "healthcare-staging",
            "metadata": [
              {
                "annotations": {},
                "generate_name": "",
                "generation": 0,
                "labels": {
                  "app": "healthcare-app",
                  "component": "healthcare",
                  "environment": "staging",
                  "managed-by": "terraform",
                  "purpose": "application"
                },
                "name": "healthcare-staging",
                "resource_version": "1104034",
                "uid": "582a5349-770d-4b70-b6be-6fd8776727bc"
              }
            ],
            "timeouts": null
          },
          "sensitive_attributes": [],
          "private": "eyJlMmJmYjczMC1lY2FhLTExZTYtOGY4OC0zNDM2M2JjN2M0YzAiOnsiZGVsZXRlIjozMDAwMDAwMDAwMDB9fQ=="
        }
      ]
    },
    {
      "mode": "managed",
      "type": "kubernetes_namespace",
      "name": "monitoring",
      "provider": "provider[\"registry.terraform.io/hashicorp/kubernetes\"]",
      "instances": [
        {
          "schema_version": 0,
          "attributes": {
            "id": "monitoring-staging",
            "metadata": [
              {
                "annotations": {},
                "generate_name": "",
                "generation": 0,
                "labels": {
                  "app": "healthcare-app",
                  "component": "monitoring",
                  "environment": "staging",
                  "managed-by": "terraform",
                  "purpose": "observability"
                },
                "name": "monitoring-staging",
                "resource_version": "1104035",
                "uid": "8cf956e4-df0a-4714-96b3-f9623234c5f1"
              }
            ],
            "timeouts": null
          },
          "sensitive_attributes": [],
          "private": "eyJlMmJmYjczMC1lY2FhLTExZTYtOGY4OC0zNDM2M2JjN2M0YzAiOnsiZGVsZXRlIjozMDAwMDAwMDAwMDB9fQ=="
        }
      ]
    },
    {
      "mode": "managed",
      "type": "kubernetes_network_policy",
      "name": "allow_frontend_ingress",
      "provider": "provider[\"registry.terraform.io/hashicorp/kubernetes\"]",
      "instances": [
        {
          "schema_version": 0,
          "attributes": {
            "id": "healthcare-staging/allow-frontend-ingress",
            "metadata": [
              {
                "annotations": {},
                "generate_name": "",
                "generation": 1,
                "labels": {},
                "name": "allow-frontend-ingress",
                "namespace": "healthcare-staging",
                "resource_version": "1104041",
                "uid": "122e50b4-273e-4476-bde1-1c1fbe7688bd"
              }
            ],
            "spec": [
              {
                "egress": [],
                "ingress": [
                  {
                    "from": [
                      {
                        "ip_block": [
                          {
                            "cidr": "0.0.0.0/0",
                            "except": []
                          }
                        ],
                        "namespace_selector": [],
                        "pod_selector": []
                      }
                    ],
                    "ports": [
                      {
                        "port": "80",
                        "protocol": "TCP"
                      }
                    ]
                  }
                ],
                "pod_selector": [
                  {
                    "match_expressions": [],
                    "match_labels": {
                      "app": "healthcare-app",
                      "component": "frontend",
                      "environment": "staging",
                      "managed-by": "terraform"
                    }
                  }
                ],
                "policy_types": [
                  "Ingress"
                ]
              }
            ]
          },
          "sensitive_attributes": [],
          "private": "bnVsbA==",
          "dependencies": [
            "kubernetes_namespace.healthcare"
          ]
        }
      ]
    },
    {
      "mode": "managed",
      "type": "kubernetes_network_policy",
      "name": "allow_frontend_to_backend",
      "provider": "provider[\"registry.terraform.io/hashicorp/kubernetes\"]",
      "instances": [
        {
          "schema_version": 0,
          "attributes": {
            "id": "healthcare-staging/allow-frontend-to-backend",
            "metadata": [
              {
                "annotations": {},
                "generate_name": "",
                "generation": 1,
                "labels": {},
                "name": "allow-frontend-to-backend",
                "namespace": "healthcare-staging",
                "resource_version": "1104045",
                "uid": "d8689139-6677-4357-a879-2df961867356"
              }
            ],
            "spec": [
              {
                "egress": [
                  {
                    "ports": [
                      {
                        "port": "53",
                        "protocol": "UDP"
                      },
                      {
                        "port": "53",
                        "protocol": "TCP"
                      }
                    ],
                    "to": [
                      {
                        "ip_block": [],
                        "namespace_selector": [
                          {
                            "match_expressions": [],
                            "match_labels": {
                              "kubernetes.io/metadata.name": "kube-system"
                            }
                          }
                        ],
                        "pod_selector": []
                      }
                    ]
                  },
                  {
                    "ports": [],
                    "to": [
                      {
                        "ip_block": [],
                        "namespace_selector": [
                          {
                            "match_expressions": [],
                            "match_labels": {
                              "kubernetes.io/metadata.name": "healthcare-staging"
                            }
                          }
                        ],
                        "pod_selector": []
                      }
                    ]
                  },
                  {
                    "ports": [
                      {
                        "port": "80",
                        "protocol": "TCP"
                      },
                      {
                        "port": "443",
                        "protocol": "TCP"
                      }
                    ],
                    "to": [
                      {
                        "ip_block": [
                          {
                            "cidr": "0.0.0.0/0",
                            "except": []
                          }
                        ],
                        "namespace_selector": [],
                        "pod_selector": []
                      }
                    ]
                  }
                ],
                "ingress": [],
                "pod_selector": [
                  {
                    "match_expressions": [],
                    "match_labels": {
                      "app": "healthcare-app",
                      "component": "frontend",
                      "environment": "staging",
                      "managed-by": "terraform"
                    }
                  }
                ],
                "policy_types": [
                  "Egress"
                ]
              }
            ]
          },
          "sensitive_attributes": [],
          "private": "bnVsbA==",
          "dependencies": [
            "kubernetes_namespace.healthcare"
          ]
        }
      ]
    },
    {
      "mode": "managed",
      "type": "kubernetes_network_policy",
      "name": "allow_internal",
      "provider": "provider[\"registry.terraform.io/hashicorp/kubernetes\"]",
      "instances": [
        {
          "index_key": 0,
          "schema_version": 0,
          "attributes": {
            "id": "healthcare-staging/allow-internal-communication",
            "metadata": [
              {
                "annotations": {},
                "generate_name": "",
                "generation": 1,
                "labels": {},
                "name": "allow-internal-communication",
                "namespace": "healthcare-staging",
                "resource_version": "1104053",
                "uid": "b5a9ee46-339b-46f3-b3ac-cdd346ac9e48"
              }
            ],
            "spec": [
              {
                "egress": [
                  {
                    "ports": [],
                    "to": [
                      {
                        "ip_block": [],
                        "namespace_selector": [],
                        "pod_selector": [
                          {
                            "match_expressions": [],
                            "match_labels": null
                          }
                        ]
                      }
                    ]
                  },
                  {
                    "ports": [
                      {
                        "port": "53",
                        "protocol": "UDP"
                      },
                      {
                        "port": "53",
                        "protocol": "TCP"
                      }
                    ],
                    "to": [
                      {
                        "ip_block": [],
                        "namespace_selector": [
                          {
                            "match_expressions": [],
                            "match_labels": {
                              "kubernetes.io/metadata.name": "kube-system"
                            }
                          }
                        ],
                        "pod_selector": []
                      }
                    ]
                  }
                ],
                "ingress": [
                  {
                    "from": [
                      {
                        "ip_block": [],
                        "namespace_selector": [],
                        "pod_selector": [
                          {
                            "match_expressions": [],
                            "match_labels": null
                          }
                        ]
                      }
                    ],
                    "ports": []
                  }
                ],
                "pod_selector": [
                  {
                    "match_expressions": [],
                    "match_labels": null
                  }
                ],
                "policy_types": [
                  "Ingress",
                  "Egress"
                ]
              }
            ]
          },
          "sensitive_attributes": [],
          "private": "bnVsbA==",
          "dependencies": [
            "kubernetes_namespace.healthcare"
          ]
        }
      ]
    },
    {
      "mode": "managed",
      "type": "kubernetes_network_policy",
      "name": "backend_security",
      "provider": "provider[\"registry.terraform.io/hashicorp/kubernetes\"]",
      "instances": [
        {
          "index_key": 0,
          "schema_version": 0,
          "attributes": {
            "id": "healthcare-staging/backend-security-policy",
            "metadata": [
              {
                "annotations": {},
                "generate_name": "",
                "generation": 1,
                "labels": {},
                "name": "backend-security-policy",
                "namespace": "healthcare-staging",
                "resource_version": "1104067",
                "uid": "cb24a653-2d12-4928-93f8-2c83798e12f7"
              }
            ],
            "spec": [
              {
                "egress": [],
                "ingress": [
                  {
                    "from": [
                      {
                        "ip_block": [],
                        "namespace_selector": [],
                        "pod_selector": [
                          {
                            "match_expressions": [],
                            "match_labels": {
                              "app": "healthcare-app",
                              "component": "frontend",
                              "environment": "staging",
                              "managed-by": "terraform"
                            }
                          }
                        ]
                      }
                    ],
                    "ports": [
                      {
                        "port": "5001",
                        "protocol": "TCP"
                      }
                    ]
                  },
                  {
                    "from": [
                      {
                        "ip_block": [],
                        "namespace_selector": [],
                        "pod_selector": [
                          {
                            "match_expressions": [],
                            "match_labels": {
                              "app": "healthcare-app",
                              "environment": "staging",
                              "managed-by": "terraform"
                            }
                          }
                        ]
                      }
                    ],
                    "ports": [
                      {
                        "port": "5001",
                        "protocol": "TCP"
                      }
                    ]
                  },
                  {
                    "from": [
                      {
                        "ip_block": [],
                        "namespace_selector": [
                          {
                            "match_expressions": [],
                            "match_labels": {
                              "kubernetes.io/metadata.name": "kube-system"
                            }
                          }
                        ],
                        "pod_selector": []
                      }
                    ],
                    "ports": [
                      {
                        "port": "5001",
                        "protocol": "TCP"
                      }
                    ]
                  },
                  {
                    "from": [
                      {
                        "ip_block": [],
                        "namespace_selector": [
                          {
                            "match_expressions": [],
                            "match_labels": {
                              "kubernetes.io/metadata.name": "ingress-nginx"
                            }
                          }
                        ],
                        "pod_selector": []
                      }
                    ],
                    "ports": [
                      {
                        "port": "5001",
                        "protocol": "TCP"
                      }
                    ]
                  }
                ],
                "pod_selector": [
                  {
                    "match_expressions": [],
                    "match_labels": {
                      "app": "healthcare-app",
                      "component": "mongodb",
                      "environment": "staging",
                      "managed-by": "terraform"
                    }
                  }
                ],
                "policy_types": [
                  "Ingress"
                ]
              }
            ]
          },
          "sensitive_attributes": [],
          "private": "bnVsbA==",
          "dependencies": [
            "kubernetes_namespace.healthcare"
          ]
        }
      ]
    },
    {
      "mode": "managed",
      "type": "kubernetes_network_policy",
      "name": "default_deny",
      "provider": "provider[\"registry.terraform.io/hashicorp/kubernetes\"]",
      "instances": [
        {
          "index_key": 0,
          "schema_version": 0,
          "attributes": {
            "id": "healthcare-staging/default-deny-all",
            "metadata": [
              {
                "annotations": {},
                "generate_name": "",
                "generation": 1,
                "labels": {},
                "name": "default-deny-all",
                "namespace": "healthcare-staging",
                "resource_version": "1104062",
                "uid": "929af1f6-8feb-408d-8d8e-5f6a1e9e7f1c"
              }
            ],
            "spec": [
              {
                "egress": [],
                "ingress": [],
                "pod_selector": [
                  {
                    "match_expressions": [],
                    "match_labels": null
                  }
                ],
                "policy_types": [
                  "Ingress",
                  "Egress"
                ]
              }
            ]
          },
          "sensitive_attributes": [],
          "private": "bnVsbA==",
          "dependencies": [
            "kubernetes_namespace.healthcare"
          ]
        }
      ]
    },
    {
      "mode": "managed",
      "type": "kubernetes_network_policy",
      "name": "mongodb_security",
      "provider": "provider[\"registry.terraform.io/hashicorp/kubernetes\"]",
      "instances": [
        {
          "index_key": 0,
          "schema_version": 0,
          "attributes": {
            "id": "healthcare-staging/mongodb-security-policy",
            "metadata": [
              {
                "annotations": {},
                "generate_name": "",
                "generation": 1,
                "labels": {},
                "name": "mongodb-security-policy",
                "namespace": "healthcare-staging",
                "resource_version": "1104046",
                "uid": "a2140457-a5a0-4b98-9cf4-456b3b016733"
              }
            ],
            "spec": [
              {
                "egress": [],
                "ingress": [
                  {
                    "from": [
                      {
                        "ip_block": [],
                        "namespace_selector": [],
                        "pod_selector": [
                          {
                            "match_expressions": [],
                            "match_labels": {
                              "app": "healthcare-app",
                              "component": "backend",
                              "environment": "staging",
                              "managed-by": "terraform"
                            }
                          }
                        ]
                      }
                    ],
                    "ports": [
                      {
                        "port": "27017",
                        "protocol": "TCP"
                      }
                    ]
                  },
                  {
                    "from": [
                      {
                        "ip_block": [],
                        "namespace_selector": [
                          {
                            "match_expressions": [],
                            "match_labels": {
                              "kubernetes.io/metadata.name": "kube-system"
                            }
                          }
                        ],
                        "pod_selector": []
                      }
                    ],
                    "ports": [
                      {
                        "port": "27017",
                        "protocol": "TCP"
                      }
                    ]
                  }
                ],
                "pod_selector": [
                  {
                    "match_expressions": [],
                    "match_labels": {
                      "app": "healthcare-app",
                      "component": "mongodb",
                      "environment": "staging",
                      "managed-by": "terraform"
                    }
                  }
                ],
                "policy_types": [
                  "Ingress"
                ]
              }
            ]
          },
          "sensitive_attributes": [],
          "private": "bnVsbA==",
          "dependencies": [
            "kubernetes_namespace.healthcare"
          ]
        }
      ]
    },
    {
      "mode": "managed",
      "type": "kubernetes_network_policy",
      "name": "waf_frontend",
      "provider": "provider[\"registry.terraform.io/hashicorp/kubernetes\"]",
      "instances": [
        {
          "index_key": 0,
          "schema_version": 0,
          "attributes": {
            "id": "healthcare-staging/frontend-waf-policy",
            "metadata": [
              {
                "annotations": {},
                "generate_name": "",
                "generation": 1,
                "labels": {},
                "name": "frontend-waf-policy",
                "namespace": "healthcare-staging",
                "resource_version": "1104042",
                "uid": "b6b29bca-4f80-4e00-8218-4379a20c10d0"
              }
            ],
            "spec": [
              {
                "egress": [],
                "ingress": [
                  {
                    "from": [
                      {
                        "ip_block": [
                          {
                            "cidr": "0.0.0.0/0",
                            "except": [
                              "10.0.0.0/8",
                              "172.16.0.0/12",
                              "192.168.0.0/16"
                            ]
                          }
                        ],
                        "namespace_selector": [],
                        "pod_selector": []
                      }
                    ],
                    "ports": [
                      {
                        "port": "80",
                        "protocol": "TCP"
                      }
                    ]
                  }
                ],
                "pod_selector": [
                  {
                    "match_expressions": [],
                    "match_labels": {
                      "app": "healthcare-app",
                      "component": "frontend",
                      "environment": "staging",
                      "managed-by": "terraform"
                    }
                  }
                ],
                "policy_types": [
                  "Ingress"
                ]
              }
            ]
          },
          "sensitive_attributes": [],
          "private": "bnVsbA==",
          "dependencies": [
            "kubernetes_namespace.healthcare"
          ]
        }
      ]
    },
    {
      "mode": "managed",
      "type": "kubernetes_persistent_volume_claim",
      "name": "alertmanager_storage",
      "provider": "provider[\"registry.terraform.io/hashicorp/kubernetes\"]",
      "instances": [
        {
          "index_key": 0,
          "schema_version": 0,
          "attributes": {
            "id": "monitoring-staging/alertmanager-storage",
            "metadata": [
              {
                "annotations": {},
                "generate_name": "",
                "generation": 0,
                "labels": {
                  "app": "healthcare-app",
                  "component": "alertmanager",
                  "environment": "staging",
                  "managed-by": "terraform"
                },
                "name": "alertmanager-storage",
                "namespace": "monitoring-staging",
                "resource_version": "1105511",
                "uid": "44f3b568-bf58-41a8-9a5d-6fe33d6470db"
              }
            ],
            "spec": [
              {
                "access_modes": [
                  "ReadWriteOnce"
                ],
                "resources": [
                  {
                    "limits": {},
                    "requests": {
                      "storage": "2Gi"
                    }
                  }
                ],
                "selector": [],
                "storage_class_name": "local-path",
                "volume_name": "pvc-44f3b568-bf58-41a8-9a5d-6fe33d6470db"
              }
            ],
            "timeouts": {
              "create": "120s"
            },
            "wait_until_bound": false
          },
          "sensitive_attributes": [],
          "private": "eyJlMmJmYjczMC1lY2FhLTExZTYtOGY4OC0zNDM2M2JjN2M0YzAiOnsiY3JlYXRlIjoxMjAwMDAwMDAwMDB9fQ==",
          "dependencies": [
            "kubernetes_namespace.monitoring"
          ]
        }
      ]
    },
    {
      "mode": "managed",
      "type": "kubernetes_persistent_volume_claim",
      "name": "grafana_storage",
      "provider": "provider[\"registry.terraform.io/hashicorp/kubernetes\"]",
      "instances": [
        {
          "index_key": 0,
          "schema_version": 0,
          "attributes": {
            "id": "monitoring-staging/grafana-storage",
            "metadata": [
              {
                "annotations": {},
                "generate_name": "",
                "generation": 0,
                "labels": {
                  "app": "healthcare-app",
                  "component": "grafana",
                  "environment": "staging",
                  "managed-by": "terraform"
                },
                "name": "grafana-storage",
                "namespace": "monitoring-staging",
                "resource_version": "1105521",
                "uid": "7e07a9cb-08c2-425f-a345-34849e167049"
              }
            ],
            "spec": [
              {
                "access_modes": [
                  "ReadWriteOnce"
                ],
                "resources": [
                  {
                    "limits": {},
                    "requests": {
                      "storage": "1Gi"
                    }
                  }
                ],
                "selector": [],
                "storage_class_name": "local-path",
                "volume_name": "pvc-7e07a9cb-08c2-425f-a345-34849e167049"
              }
            ],
            "timeouts": {
              "create": "120s"
            },
            "wait_until_bound": false
          },
          "sensitive_attributes": [],
          "private": "eyJlMmJmYjczMC1lY2FhLTExZTYtOGY4OC0zNDM2M2JjN2M0YzAiOnsiY3JlYXRlIjoxMjAwMDAwMDAwMDB9fQ==",
          "dependencies": [
            "kubernetes_namespace.monitoring"
          ]
        }
      ]
    },
    {
      "mode": "managed",
      "type": "kubernetes_persistent_volume_claim",
      "name": "prometheus_storage",
      "provider": "provider[\"registry.terraform.io/hashicorp/kubernetes\"]",
      "instances": [
        {
          "index_key": 0,
          "schema_version": 0,
          "attributes": {
            "id": "monitoring-staging/prometheus-storage",
            "metadata": [
              {
                "annotations": {},
                "generate_name": "",
                "generation": 0,
                "labels": {
                  "app": "healthcare-app",
                  "component": "prometheus",
                  "environment": "staging",
                  "managed-by": "terraform"
                },
                "name": "prometheus-storage",
                "namespace": "monitoring-staging",
                "resource_version": "1105532",
                "uid": "b420ccd6-afcc-4e39-896e-32bd1e500352"
              }
            ],
            "spec": [
              {
                "access_modes": [
                  "ReadWriteOnce"
                ],
                "resources": [
                  {
                    "limits": {},
                    "requests": {
                      "storage": "2Gi"
                    }
                  }
                ],
                "selector": [],
                "storage_class_name": "local-path",
                "volume_name": "pvc-b420ccd6-afcc-4e39-896e-32bd1e500352"
              }
            ],
            "timeouts": {
              "create": "120s"
            },
            "wait_until_bound": false
          },
          "sensitive_attributes": [],
          "private": "eyJlMmJmYjczMC1lY2FhLTExZTYtOGY4OC0zNDM2M2JjN2M0YzAiOnsiY3JlYXRlIjoxMjAwMDAwMDAwMDB9fQ==",
          "dependencies": [
            "kubernetes_namespace.monitoring"
          ]
        }
      ]
    },
    {
      "mode": "managed",
      "type": "kubernetes_secret",
      "name": "app_secrets",
      "provider": "provider[\"registry.terraform.io/hashicorp/kubernetes\"]",
      "instances": [
        {
          "schema_version": 0,
          "attributes": {
            "binary_data": null,
            "data": {
              "mongodb-root-password": "healthcare-staging-2024"
            },
            "id": "healthcare-staging/healthcare-app-secrets",
            "immutable": false,
            "metadata": [
              {
                "annotations": {},
                "generate_name": "",
                "generation": 0,
                "labels": {
                  "app": "healthcare-app",
                  "environment": "staging",
                  "managed-by": "terraform"
                },
                "name": "healthcare-app-secrets",
                "namespace": "healthcare-staging",
                "resource_version": "1104057",
                "uid": "a167c3ce-ca98-48d1-9a3a-7e0db9034d05"
              }
            ],
            "timeouts": null,
            "type": "Opaque",
            "wait_for_service_account_token": true
          },
          "sensitive_attributes": [
            [
              {
                "type": "get_attr",
                "value": "data"
              },
              {
                "type": "index",
                "value": {
                  "value": "mongodb-root-password",
                  "type": "string"
                }
              }
            ]
          ],
          "private": "eyJlMmJmYjczMC1lY2FhLTExZTYtOGY4OC0zNDM2M2JjN2M0YzAiOnsiY3JlYXRlIjo2MDAwMDAwMDAwMH19",
          "dependencies": [
            "kubernetes_namespace.healthcare",
            "random_password.mongodb_password"
          ]
        }
      ]
    },
    {
      "mode": "managed",
      "type": "kubernetes_secret",
      "name": "mongodb_exporter_secret",
      "provider": "provider[\"registry.terraform.io/hashicorp/kubernetes\"]",
      "instances": [
        {
          "schema_version": 0,
          "attributes": {
            "binary_data": null,
            "data": {
              "mongodb-root-password": "healthcare-staging-2024"
            },
            "id": "monitoring-staging/mongodb-exporter-secrets",
            "immutable": false,
            "metadata": [
              {
                "annotations": {},
                "generate_name": "",
                "generation": 0,
                "labels": {
                  "app": "healthcare-app",
                  "component": "mongodb-exporter",
                  "environment": "staging",
                  "managed-by": "terraform"
                },
                "name": "mongodb-exporter-secrets",
                "namespace": "monitoring-staging",
                "resource_version": "1104136",
                "uid": "eb39b335-c8f9-4df9-a30e-5d0db9d038d5"
              }
            ],
            "timeouts": null,
            "type": "Opaque",
            "wait_for_service_account_token": true
          },
          "sensitive_attributes": [
            [
              {
                "type": "get_attr",
                "value": "data"
              },
              {
                "type": "index",
                "value": {
                  "value": "mongodb-root-password",
                  "type": "string"
                }
              }
            ]
          ],
          "private": "eyJlMmJmYjczMC1lY2FhLTExZTYtOGY4OC0zNDM2M2JjN2M0YzAiOnsiY3JlYXRlIjo2MDAwMDAwMDAwMH19",
          "dependencies": [
            "kubernetes_namespace.healthcare",
            "kubernetes_namespace.monitoring",
            "kubernetes_secret.app_secrets",
            "random_password.mongodb_password"
          ]
        }
      ]
    },
    {
      "mode": "managed",
      "type": "kubernetes_service",
      "name": "alertmanager",
      "provider": "provider[\"registry.terraform.io/hashicorp/kubernetes\"]",
      "instances": [
        {
          "schema_version": 1,
          "attributes": {
            "id": "monitoring-staging/alertmanager",
            "metadata": [
              {
                "annotations": {},
                "generate_name": "",
                "generation": 0,
                "labels": {
                  "app": "healthcare-app",
                  "component": "alertmanager",
                  "environment": "staging",
                  "managed-by": "terraform"
                },
                "name": "alertmanager",
                "namespace": "monitoring-staging",
                "resource_version": "1104080",
                "uid": "5e3e4b2c-7c79-4f29-809e-764bac54ac05"
              }
            ],
            "spec": [
              {
                "allocate_load_balancer_node_ports": true,
                "cluster_ip": "10.43.215.168",
                "cluster_ips": [
                  "10.43.215.168"
                ],
                "external_ips": [],
                "external_name": "",
                "external_traffic_policy": "",
                "health_check_node_port": 0,
                "internal_traffic_policy": "Cluster",
                "ip_families": [
                  "IPv4"
                ],
                "ip_family_policy": "SingleStack",
                "load_balancer_class": "",
                "load_balancer_ip": "",
                "load_balancer_source_ranges": [],
                "port": [
                  {
                    "app_protocol": "",
                    "name": "",
                    "node_port": 0,
                    "port": 9093,
                    "protocol": "TCP",
                    "target_port": "alertmanager"
                  }
                ],
                "publish_not_ready_addresses": false,
                "selector": {
                  "app": "healthcare-app",
                  "component": "alertmanager",
                  "environment": "staging",
                  "managed-by": "terraform"
                },
                "session_affinity": "None",
                "session_affinity_config": [],
                "type": "ClusterIP"
              }
            ],
            "status": [
              {
                "load_balancer": [
                  {
                    "ingress": []
                  }
                ]
              }
            ],
            "timeouts": null,
            "wait_for_load_balancer": true
          },
          "sensitive_attributes": [],
          "private": "eyJlMmJmYjczMC1lY2FhLTExZTYtOGY4OC0zNDM2M2JjN2M0YzAiOnsiY3JlYXRlIjo2MDAwMDAwMDAwMDB9LCJzY2hlbWFfdmVyc2lvbiI6IjEifQ==",
          "dependencies": [
            "kubernetes_namespace.monitoring"
          ]
        }
      ]
    },
    {
      "mode": "managed",
      "type": "kubernetes_service",
      "name": "backend",
      "provider": "provider[\"registry.terraform.io/hashicorp/kubernetes\"]",
      "instances": [
        {
          "schema_version": 1,
          "attributes": {
            "id": "healthcare-staging/backend",
            "metadata": [
              {
                "annotations": {},
                "generate_name": "",
                "generation": 0,
                "labels": {
                  "app": "healthcare-app",
                  "component": "backend",
                  "environment": "staging",
                  "managed-by": "terraform"
                },
                "name": "backend",
                "namespace": "healthcare-staging",
                "resource_version": "1104074",
                "uid": "fb3ef13b-f38c-4aff-9b93-9a21d86a90e6"
              }
            ],
            "spec": [
              {
                "allocate_load_balancer_node_ports": true,
                "cluster_ip": "10.43.133.11",
                "cluster_ips": [
                  "10.43.133.11"
                ],
                "external_ips": [],
                "external_name": "",
                "external_traffic_policy": "",
                "health_check_node_port": 0,
                "internal_traffic_policy": "Cluster",
                "ip_families": [
                  "IPv4"
                ],
                "ip_family_policy": "SingleStack",
                "load_balancer_class": "",
                "load_balancer_ip": "",
                "load_balancer_source_ranges": [],
                "port": [
                  {
                    "app_protocol": "",
                    "name": "",
                    "node_port": 0,
                    "port": 5001,
                    "protocol": "TCP",
                    "target_port": "http"
                  }
                ],
                "publish_not_ready_addresses": false,
                "selector": {
                  "app": "healthcare-app",
                  "component": "mongodb",
                  "environment": "staging",
                  "managed-by": "terraform"
                },
                "session_affinity": "None",
                "session_affinity_config": [],
                "type": "ClusterIP"
              }
            ],
            "status": [
              {
                "load_balancer": [
                  {
                    "ingress": []
                  }
                ]
              }
            ],
            "timeouts": null,
            "wait_for_load_balancer": true
          },
          "sensitive_attributes": [],
          "private": "eyJlMmJmYjczMC1lY2FhLTExZTYtOGY4OC0zNDM2M2JjN2M0YzAiOnsiY3JlYXRlIjo2MDAwMDAwMDAwMDB9LCJzY2hlbWFfdmVyc2lvbiI6IjEifQ==",
          "dependencies": [
            "kubernetes_namespace.healthcare"
          ]
        }
      ]
    },
    {
      "mode": "managed",
      "type": "kubernetes_service",
      "name": "frontend",
      "provider": "provider[\"registry.terraform.io/hashicorp/kubernetes\"]",
      "instances": [
        {
          "schema_version": 1,
          "attributes": {
            "id": "healthcare-staging/frontend",
            "metadata": [
              {
                "annotations": {},
                "generate_name": "",
                "generation": 0,
                "labels": {
                  "app": "healthcare-app",
                  "component": "frontend",
                  "environment": "staging",
                  "managed-by": "terraform"
                },
                "name": "frontend",
                "namespace": "healthcare-staging",
                "resource_version": "1104050",
                "uid": "add09d57-e40d-4868-ab26-928d7acd46c6"
              }
            ],
            "spec": [
              {
                "allocate_load_balancer_node_ports": true,
                "cluster_ip": "10.43.108.227",
                "cluster_ips": [
                  "10.43.108.227"
                ],
                "external_ips": [],
                "external_name": "",
                "external_traffic_policy": "",
                "health_check_node_port": 0,
                "internal_traffic_policy": "Cluster",
                "ip_families": [
                  "IPv4"
                ],
                "ip_family_policy": "SingleStack",
                "load_balancer_class": "",
                "load_balancer_ip": "",
                "load_balancer_source_ranges": [],
                "port": [
                  {
                    "app_protocol": "",
                    "name": "",
                    "node_port": 0,
                    "port": 80,
                    "protocol": "TCP",
                    "target_port": "80"
                  }
                ],
                "publish_not_ready_addresses": false,
                "selector": {
                  "app": "healthcare-app",
                  "component": "frontend",
                  "environment": "staging",
                  "managed-by": "terraform"
                },
                "session_affinity": "None",
                "session_affinity_config": [],
                "type": "ClusterIP"
              }
            ],
            "status": [
              {
                "load_balancer": [
                  {
                    "ingress": []
                  }
                ]
              }
            ],
            "timeouts": null,
            "wait_for_load_balancer": true
          },
          "sensitive_attributes": [],
          "private": "eyJlMmJmYjczMC1lY2FhLTExZTYtOGY4OC0zNDM2M2JjN2M0YzAiOnsiY3JlYXRlIjo2MDAwMDAwMDAwMDB9LCJzY2hlbWFfdmVyc2lvbiI6IjEifQ==",
          "dependencies": [
            "kubernetes_namespace.healthcare"
          ]
        }
      ]
    },
    {
      "mode": "managed",
      "type": "kubernetes_service",
      "name": "grafana",
      "provider": "provider[\"registry.terraform.io/hashicorp/kubernetes\"]",
      "instances": [
        {
          "schema_version": 1,
          "attributes": {
            "id": "monitoring-staging/grafana",
            "metadata": [
              {
                "annotations": {},
                "generate_name": "",
                "generation": 0,
                "labels": {
                  "app": "healthcare-app",
                  "component": "grafana",
                  "environment": "staging",
                  "managed-by": "terraform"
                },
                "name": "grafana",
                "namespace": "monitoring-staging",
                "resource_version": "1104101",
                "uid": "36055538-229a-419c-8a57-b0aaee4f44e8"
              }
            ],
            "spec": [
              {
                "allocate_load_balancer_node_ports": true,
                "cluster_ip": "10.43.231.13",
                "cluster_ips": [
                  "10.43.231.13"
                ],
                "external_ips": [],
                "external_name": "",
                "external_traffic_policy": "Cluster",
                "health_check_node_port": 0,
                "internal_traffic_policy": "Cluster",
                "ip_families": [
                  "IPv4"
                ],
                "ip_family_policy": "SingleStack",
                "load_balancer_class": "",
                "load_balancer_ip": "",
                "load_balancer_source_ranges": [],
                "port": [
                  {
                    "app_protocol": "",
                    "name": "",
                    "node_port": 31102,
                    "port": 3000,
                    "protocol": "TCP",
                    "target_port": "grafana"
                  }
                ],
                "publish_not_ready_addresses": false,
                "selector": {
                  "app": "healthcare-app",
                  "component": "grafana",
                  "environment": "staging",
                  "managed-by": "terraform"
                },
                "session_affinity": "None",
                "session_affinity_config": [],
                "type": "NodePort"
              }
            ],
            "status": [
              {
                "load_balancer": [
                  {
                    "ingress": []
                  }
                ]
              }
            ],
            "timeouts": null,
            "wait_for_load_balancer": true
          },
          "sensitive_attributes": [],
          "private": "eyJlMmJmYjczMC1lY2FhLTExZTYtOGY4OC0zNDM2M2JjN2M0YzAiOnsiY3JlYXRlIjo2MDAwMDAwMDAwMDB9LCJzY2hlbWFfdmVyc2lvbiI6IjEifQ==",
          "dependencies": [
            "kubernetes_namespace.monitoring"
          ]
        }
      ]
    },
    {
      "mode": "managed",
      "type": "kubernetes_service",
      "name": "jaeger",
      "provider": "provider[\"registry.terraform.io/hashicorp/kubernetes\"]",
      "instances": [
        {
          "index_key": 0,
          "schema_version": 1,
          "attributes": {
            "id": "monitoring-staging/jaeger",
            "metadata": [
              {
                "annotations": {},
                "generate_name": "",
                "generation": 0,
                "labels": {
                  "app": "healthcare-app",
                  "component": "jaeger",
                  "environment": "staging",
                  "managed-by": "terraform"
                },
                "name": "jaeger",
                "namespace": "monitoring-staging",
                "resource_version": "1104102",
                "uid": "e54edf8a-ce67-4543-8f46-3a744f0fc386"
              }
            ],
            "spec": [
              {
                "allocate_load_balancer_node_ports": true,
                "cluster_ip": "10.43.159.76",
                "cluster_ips": [
                  "10.43.159.76"
                ],
                "external_ips": [],
                "external_name": "",
                "external_traffic_policy": "",
                "health_check_node_port": 0,
                "internal_traffic_policy": "Cluster",
                "ip_families": [
                  "IPv4"
                ],
                "ip_family_policy": "SingleStack",
                "load_balancer_class": "",
                "load_balancer_ip": "",
                "load_balancer_source_ranges": [],
                "port": [
                  {
                    "app_protocol": "",
                    "name": "query",
                    "node_port": 0,
                    "port": 16686,
                    "protocol": "TCP",
                    "target_port": "query"
                  },
                  {
                    "app_protocol": "",
                    "name": "collect",
                    "node_port": 0,
                    "port": 14268,
                    "protocol": "TCP",
                    "target_port": "collect"
                  },
                  {
                    "app_protocol": "",
                    "name": "grpc",
                    "node_port": 0,
                    "port": 14250,
                    "protocol": "TCP",
                    "target_port": "grpc"
                  }
                ],
                "publish_not_ready_addresses": false,
                "selector": {
                  "app": "healthcare-app",
                  "component": "jaeger",
                  "environment": "staging",
                  "managed-by": "terraform"
                },
                "session_affinity": "None",
                "session_affinity_config": [],
                "type": "ClusterIP"
              }
            ],
            "status": [
              {
                "load_balancer": [
                  {
                    "ingress": []
                  }
                ]
              }
            ],
            "timeouts": null,
            "wait_for_load_balancer": true
          },
          "sensitive_attributes": [],
          "private": "eyJlMmJmYjczMC1lY2FhLTExZTYtOGY4OC0zNDM2M2JjN2M0YzAiOnsiY3JlYXRlIjo2MDAwMDAwMDAwMDB9LCJzY2hlbWFfdmVyc2lvbiI6IjEifQ==",
          "dependencies": [
            "kubernetes_namespace.monitoring"
          ]
        }
      ]
    },
    {
      "mode": "managed",
      "type": "kubernetes_service",
      "name": "mongodb",
      "provider": "provider[\"registry.terraform.io/hashicorp/kubernetes\"]",
      "instances": [
        {
          "schema_version": 1,
          "attributes": {
            "id": "healthcare-staging/mongodb-staging",
            "metadata": [
              {
                "annotations": {},
                "generate_name": "",
                "generation": 0,
                "labels": {
                  "app": "healthcare-app",
                  "component": "mongodb",
                  "environment": "staging",
                  "managed-by": "terraform"
                },
                "name": "mongodb-staging",
                "namespace": "healthcare-staging",
                "resource_version": "1104044",
                "uid": "3e817429-7a3c-487d-bdae-7182f98b0a05"
              }
            ],
            "spec": [
              {
                "allocate_load_balancer_node_ports": true,
                "cluster_ip": "10.43.136.216",
                "cluster_ips": [
                  "10.43.136.216"
                ],
                "external_ips": [],
                "external_name": "",
                "external_traffic_policy": "",
                "health_check_node_port": 0,
                "internal_traffic_policy": "Cluster",
                "ip_families": [
                  "IPv4"
                ],
                "ip_family_policy": "SingleStack",
                "load_balancer_class": "",
                "load_balancer_ip": "",
                "load_balancer_source_ranges": [],
                "port": [
                  {
                    "app_protocol": "",
                    "name": "",
                    "node_port": 0,
                    "port": 27017,
                    "protocol": "TCP",
                    "target_port": "mongodb"
                  }
                ],
                "publish_not_ready_addresses": false,
                "selector": {
                  "app": "healthcare-app",
                  "component": "mongodb",
                  "environment": "staging",
                  "managed-by": "terraform"
                },
                "session_affinity": "None",
                "session_affinity_config": [],
                "type": "ClusterIP"
              }
            ],
            "status": [
              {
                "load_balancer": [
                  {
                    "ingress": []
                  }
                ]
              }
            ],
            "timeouts": null,
            "wait_for_load_balancer": true
          },
          "sensitive_attributes": [],
          "private": "eyJlMmJmYjczMC1lY2FhLTExZTYtOGY4OC0zNDM2M2JjN2M0YzAiOnsiY3JlYXRlIjo2MDAwMDAwMDAwMDB9LCJzY2hlbWFfdmVyc2lvbiI6IjEifQ==",
          "dependencies": [
            "kubernetes_namespace.healthcare"
          ]
        }
      ]
    },
    {
      "mode": "managed",
      "type": "kubernetes_service",
      "name": "mongodb_exporter",
      "provider": "provider[\"registry.terraform.io/hashicorp/kubernetes\"]",
      "instances": [
        {
          "schema_version": 1,
          "attributes": {
            "id": "monitoring-staging/mongodb-exporter",
            "metadata": [
              {
                "annotations": {},
                "generate_name": "",
                "generation": 0,
                "labels": {
                  "app": "healthcare-app",
                  "component": "mongodb-exporter",
                  "environment": "staging",
                  "managed-by": "terraform"
                },
                "name": "mongodb-exporter",
                "namespace": "monitoring-staging",
                "resource_version": "1104087",
                "uid": "d8ae9918-b035-456f-81e9-57ab8bb10412"
              }
            ],
            "spec": [
              {
                "allocate_load_balancer_node_ports": true,
                "cluster_ip": "10.43.246.70",
                "cluster_ips": [
                  "10.43.246.70"
                ],
                "external_ips": [],
                "external_name": "",
                "external_traffic_policy": "",
                "health_check_node_port": 0,
                "internal_traffic_policy": "Cluster",
                "ip_families": [
                  "IPv4"
                ],
                "ip_family_policy": "SingleStack",
                "load_balancer_class": "",
                "load_balancer_ip": "",
                "load_balancer_source_ranges": [],
                "port": [
                  {
                    "app_protocol": "",
                    "name": "",
                    "node_port": 0,
                    "port": 9216,
                    "protocol": "TCP",
                    "target_port": "metrics"
                  }
                ],
                "publish_not_ready_addresses": false,
                "selector": {
                  "app": "healthcare-app",
                  "component": "mongodb-exporter",
                  "environment": "staging",
                  "managed-by": "terraform"
                },
                "session_affinity": "None",
                "session_affinity_config": [],
                "type": "ClusterIP"
              }
            ],
            "status": [
              {
                "load_balancer": [
                  {
                    "ingress": []
                  }
                ]
              }
            ],
            "timeouts": null,
            "wait_for_load_balancer": true
          },
          "sensitive_attributes": [],
          "private": "eyJlMmJmYjczMC1lY2FhLTExZTYtOGY4OC0zNDM2M2JjN2M0YzAiOnsiY3JlYXRlIjo2MDAwMDAwMDAwMDB9LCJzY2hlbWFfdmVyc2lvbiI6IjEifQ==",
          "dependencies": [
            "kubernetes_namespace.monitoring"
          ]
        }
      ]
    },
    {
      "mode": "managed",
      "type": "kubernetes_service",
      "name": "prometheus",
      "provider": "provider[\"registry.terraform.io/hashicorp/kubernetes\"]",
      "instances": [
        {
          "schema_version": 1,
          "attributes": {
            "id": "monitoring-staging/prometheus",
            "metadata": [
              {
                "annotations": {},
                "generate_name": "",
                "generation": 0,
                "labels": {
                  "app": "healthcare-app",
                  "component": "prometheus",
                  "environment": "staging",
                  "managed-by": "terraform"
                },
                "name": "prometheus",
                "namespace": "monitoring-staging",
                "resource_version": "1104094",
                "uid": "dbaeb354-b65c-4168-9a27-949501a2cf30"
              }
            ],
            "spec": [
              {
                "allocate_load_balancer_node_ports": true,
                "cluster_ip": "10.43.209.42",
                "cluster_ips": [
                  "10.43.209.42"
                ],
                "external_ips": [],
                "external_name": "",
                "external_traffic_policy": "",
                "health_check_node_port": 0,
                "internal_traffic_policy": "Cluster",
                "ip_families": [
                  "IPv4"
                ],
                "ip_family_policy": "SingleStack",
                "load_balancer_class": "",
                "load_balancer_ip": "",
                "load_balancer_source_ranges": [],
                "port": [
                  {
                    "app_protocol": "",
                    "name": "",
                    "node_port": 0,
                    "port": 9090,
                    "protocol": "TCP",
                    "target_port": "prometheus"
                  }
                ],
                "publish_not_ready_addresses": false,
                "selector": {
                  "app": "healthcare-app",
                  "component": "prometheus",
                  "environment": "staging",
                  "managed-by": "terraform"
                },
                "session_affinity": "None",
                "session_affinity_config": [],
                "type": "ClusterIP"
              }
            ],
            "status": [
              {
                "load_balancer": [
                  {
                    "ingress": []
                  }
                ]
              }
            ],
            "timeouts": null,
            "wait_for_load_balancer": true
          },
          "sensitive_attributes": [],
          "private": "eyJlMmJmYjczMC1lY2FhLTExZTYtOGY4OC0zNDM2M2JjN2M0YzAiOnsiY3JlYXRlIjo2MDAwMDAwMDAwMDB9LCJzY2hlbWFfdmVyc2lvbiI6IjEifQ==",
          "dependencies": [
            "kubernetes_namespace.monitoring"
          ]
        }
      ]
    },
    {
      "mode": "managed",
      "type": "kubernetes_service_account",
      "name": "jaeger_operator",
      "provider": "provider[\"registry.terraform.io/hashicorp/kubernetes\"]",
      "instances": [
        {
          "index_key": 0,
          "schema_version": 0,
          "attributes": {
            "automount_service_account_token": true,
            "default_secret_name": "",
            "id": "monitoring-staging/jaeger-operator",
            "image_pull_secret": [],
            "metadata": [
              {
                "annotations": {},
                "generate_name": "",
                "generation": 0,
                "labels": {
                  "app": "healthcare-app",
                  "component": "jaeger",
                  "environment": "staging",
                  "managed-by": "terraform"
                },
                "name": "jaeger-operator",
                "namespace": "monitoring-staging",
                "resource_version": "1104079",
                "uid": "bba6d94c-4f15-4458-88c8-ca2a1d9b2c74"
              }
            ],
            "secret": [],
            "timeouts": null
          },
          "sensitive_attributes": [],
          "private": "eyJlMmJmYjczMC1lY2FhLTExZTYtOGY4OC0zNDM2M2JjN2M0YzAiOnsiY3JlYXRlIjozMDAwMDAwMDAwMH19",
          "dependencies": [
            "kubernetes_namespace.monitoring"
          ]
        }
      ]
    },
    {
      "mode": "managed",
      "type": "kubernetes_service_account",
      "name": "prometheus",
      "provider": "provider[\"registry.terraform.io/hashicorp/kubernetes\"]",
      "instances": [
        {
          "schema_version": 0,
          "attributes": {
            "automount_service_account_token": true,
            "default_secret_name": "",
            "id": "monitoring-staging/prometheus",
            "image_pull_secret": [],
            "metadata": [
              {
                "annotations": {},
                "generate_name": "",
                "generation": 0,
                "labels": {
                  "app": "healthcare-app",
                  "component": "prometheus",
                  "environment": "staging",
                  "managed-by": "terraform"
                },
                "name": "prometheus",
                "namespace": "monitoring-staging",
                "resource_version": "1104113",
                "uid": "195fecbd-dfee-4916-b343-56e806197be2"
              }
            ],
            "secret": [],
            "timeouts": null
          },
          "sensitive_attributes": [],
          "private": "eyJlMmJmYjczMC1lY2FhLTExZTYtOGY4OC0zNDM2M2JjN2M0YzAiOnsiY3JlYXRlIjozMDAwMDAwMDAwMH19",
          "dependencies": [
            "kubernetes_namespace.monitoring"
          ]
        }
      ]
    },
    {
      "mode": "managed",
      "type": "kubernetes_stateful_set",
      "name": "mongodb",
      "provider": "provider[\"registry.terraform.io/hashicorp/kubernetes\"]",
      "instances": [
        {
          "schema_version": 1,
          "attributes": {
            "id": "healthcare-staging/mongodb-staging",
            "metadata": [
              {
                "annotations": {},
                "generate_name": "",
                "generation": 2,
                "labels": {
                  "app": "healthcare-app",
                  "component": "mongodb",
                  "environment": "staging",
                  "managed-by": "terraform"
                },
                "name": "mongodb-staging",
                "namespace": "healthcare-staging",
                "resource_version": "1105684",
                "uid": "44afb82f-e41d-44cc-a797-22a4637f7f6d"
              }
            ],
            "spec": [
              {
                "pod_management_policy": "OrderedReady",
                "replicas": "1",
                "revision_history_limit": 0,
                "selector": [
                  {
                    "match_expressions": [],
                    "match_labels": {
                      "app": "healthcare-app",
                      "component": "mongodb",
                      "environment": "staging",
                      "managed-by": "terraform"
                    }
                  }
                ],
                "service_name": "mongodb-staging",
                "template": [
                  {
                    "metadata": [
                      {
                        "annotations": {},
                        "generate_name": "",
                        "generation": 0,
                        "labels": {
                          "app": "healthcare-app",
                          "component": "mongodb",
                          "environment": "staging",
                          "managed-by": "terraform"
                        },
                        "name": "",
                        "resource_version": "",
                        "uid": ""
                      }
                    ],
                    "spec": [
                      {
                        "active_deadline_seconds": 0,
                        "affinity": [],
                        "automount_service_account_token": true,
                        "container": [
                          {
                            "args": [],
                            "command": [],
                            "env": [
                              {
                                "name": "MONGO_INITDB_ROOT_PASSWORD",
                                "value": "",
                                "value_from": [
                                  {
                                    "config_map_key_ref": [],
                                    "field_ref": [],
                                    "resource_field_ref": [],
                                    "secret_key_ref": [
                                      {
                                        "key": "mongodb-root-password",
                                        "name": "healthcare-app-secrets",
                                        "optional": false
                                      }
                                    ]
                                  }
                                ]
                              },
                              {
                                "name": "MONGO_INITDB_ROOT_USERNAME",
                                "value": "admin",
                                "value_from": []
                              }
                            ],
                            "env_from": [],
                            "image": "mongo:7.0.1",
                            "image_pull_policy": "IfNotPresent",
                            "lifecycle": [],
                            "liveness_probe": [
                              {
                                "exec": [],
                                "failure_threshold": 3,
                                "http_get": [],
                                "initial_delay_seconds": 60,
                                "period_seconds": 15,
                                "success_threshold": 1,
                                "tcp_socket": [
                                  {
                                    "port": "mongodb"
                                  }
                                ],
                                "timeout_seconds": 5
                              }
                            ],
                            "name": "mongodb",
                            "port": [
                              {
                                "container_port": 27017,
                                "host_ip": "",
                                "host_port": 0,
                                "name": "mongodb",
                                "protocol": "TCP"
                              }
                            ],
                            "readiness_probe": [
                              {
                                "exec": [],
                                "failure_threshold": 3,
                                "http_get": [],
                                "initial_delay_seconds": 30,
                                "period_seconds": 10,
                                "success_threshold": 1,
                                "tcp_socket": [
                                  {
                                    "port": "mongodb"
                                  }
                                ],
                                "timeout_seconds": 3
                              }
                            ],
                            "resources": [
                              {
                                "limits": {
                                  "cpu": "2",
                                  "memory": "4Gi"
                                },
                                "requests": {
                                  "cpu": "10m",
                                  "memory": "256Mi"
                                }
                              }
                            ],
                            "security_context": [
                              {
                                "allow_privilege_escalation": false,
                                "capabilities": [],
                                "privileged": false,
                                "read_only_root_filesystem": false,
                                "run_as_group": "999",
                                "run_as_non_root": false,
                                "run_as_user": "999",
                                "se_linux_options": [],
                                "seccomp_profile": []
                              }
                            ],
                            "startup_probe": [
                              {
                                "exec": [],
                                "failure_threshold": 12,
                                "http_get": [],
                                "initial_delay_seconds": 30,
                                "period_seconds": 5,
                                "success_threshold": 1,
                                "tcp_socket": [
                                  {
                                    "port": "mongodb"
                                  }
                                ],
                                "timeout_seconds": 3
                              }
                            ],
                            "stdin": false,
                            "stdin_once": false,
                            "termination_message_path": "/dev/termination-log",
                            "termination_message_policy": "File",
                            "tty": false,
                            "volume_mount": [
                              {
                                "mount_path": "/data/db",
                                "mount_propagation": "None",
                                "name": "mongodb-data",
                                "read_only": false,
                                "sub_path": ""
                              },
                              {
                                "mount_path": "/var/log/mongodb",
                                "mount_propagation": "None",
                                "name": "mongodb-logs",
                                "read_only": false,
                                "sub_path": ""
                              }
                            ],
                            "working_dir": ""
                          },
                          {
                            "args": [],
                            "command": [],
                            "env": [
                              {
                                "name": "MONGODB_HOST",
                                "value": "localhost",
                                "value_from": []
                              },
                              {
                                "name": "MONGODB_PORT",
                                "value": "27017",
                                "value_from": []
                              },
                              {
                                "name": "MONGODB_USERNAME",
                                "value": "admin",
                                "value_from": []
                              },
                              {
                                "name": "MONGODB_PASSWORD",
                                "value": "",
                                "value_from": [
                                  {
                                    "config_map_key_ref": [],
                                    "field_ref": [],
                                    "resource_field_ref": [],
                                    "secret_key_ref": [
                                      {
                                        "key": "mongodb-root-password",
                                        "name": "healthcare-app-secrets",
                                        "optional": false
                                      }
                                    ]
                                  }
                                ]
                              },
                              {
                                "name": "MONGODB_DATABASE",
                                "value": "healthcare-app",
                                "value_from": []
                              }
                            ],
                            "env_from": [
                              {
                                "config_map_ref": [
                                  {
                                    "name": "healthcare-app-config",
                                    "optional": false
                                  }
                                ],
                                "prefix": "",
                                "secret_ref": []
                              }
                            ],
                            "image": "healthcare-app-backend:latest",
                            "image_pull_policy": "IfNotPresent",
                            "lifecycle": [],
                            "liveness_probe": [
                              {
                                "exec": [],
                                "failure_threshold": 3,
                                "http_get": [
                                  {
                                    "host": "",
                                    "http_header": [],
                                    "path": "/health",
                                    "port": "http",
                                    "scheme": "HTTP"
                                  }
                                ],
                                "initial_delay_seconds": 60,
                                "period_seconds": 15,
                                "success_threshold": 1,
                                "tcp_socket": [],
                                "timeout_seconds": 5
                              }
                            ],
                            "name": "backend",
                            "port": [
                              {
                                "container_port": 5001,
                                "host_ip": "",
                                "host_port": 0,
                                "name": "http",
                                "protocol": "TCP"
                              }
                            ],
                            "readiness_probe": [
                              {
                                "exec": [],
                                "failure_threshold": 3,
                                "http_get": [
                                  {
                                    "host": "",
                                    "http_header": [],
                                    "path": "/health",
                                    "port": "http",
                                    "scheme": "HTTP"
                                  }
                                ],
                                "initial_delay_seconds": 30,
                                "period_seconds": 10,
                                "success_threshold": 1,
                                "tcp_socket": [],
                                "timeout_seconds": 5
                              }
                            ],
                            "resources": [
                              {
                                "limits": {
                                  "cpu": "1",
                                  "memory": "1Gi"
                                },
                                "requests": {
                                  "cpu": "20m",
                                  "memory": "256Mi"
                                }
                              }
                            ],
                            "security_context": [
                              {
                                "allow_privilege_escalation": false,
                                "capabilities": [],
                                "privileged": false,
                                "read_only_root_filesystem": false,
                                "run_as_group": "",
                                "run_as_non_root": true,
                                "run_as_user": "1000",
                                "se_linux_options": [],
                                "seccomp_profile": []
                              }
                            ],
                            "startup_probe": [],
                            "stdin": false,
                            "stdin_once": false,
                            "termination_message_path": "/dev/termination-log",
                            "termination_message_policy": "File",
                            "tty": false,
                            "volume_mount": [],
                            "working_dir": ""
                          }
                        ],
                        "dns_config": [],
                        "dns_policy": "ClusterFirst",
                        "enable_service_links": true,
                        "host_aliases": [],
                        "host_ipc": false,
                        "host_network": false,
                        "host_pid": false,
                        "hostname": "",
                        "image_pull_secrets": [],
                        "init_container": [],
                        "node_name": "",
                        "node_selector": {},
                        "priority_class_name": "",
                        "readiness_gate": [],
                        "restart_policy": "Always",
                        "runtime_class_name": "",
                        "security_context": [],
                        "service_account_name": "",
                        "share_process_namespace": false,
                        "subdomain": "",
                        "termination_grace_period_seconds": 30,
                        "toleration": [],
                        "topology_spread_constraint": [],
                        "volume": []
                      }
                    ]
                  }
                ],
                "update_strategy": [],
                "volume_claim_template": [
                  {
                    "metadata": [
                      {
                        "annotations": {},
                        "generate_name": "",
                        "generation": 0,
                        "labels": {
                          "app": "healthcare-app",
                          "component": "mongodb",
                          "environment": "staging",
                          "managed-by": "terraform"
                        },
                        "name": "mongodb-data",
                        "namespace": "default",
                        "resource_version": "",
                        "uid": ""
                      }
                    ],
                    "spec": [
                      {
                        "access_modes": [
                          "ReadWriteOnce"
                        ],
                        "resources": [
                          {
                            "limits": {},
                            "requests": {
                              "storage": "10Gi"
                            }
                          }
                        ],
                        "selector": [],
                        "storage_class_name": "local-path",
                        "volume_name": ""
                      }
                    ]
                  },
                  {
                    "metadata": [
                      {
                        "annotations": {},
                        "generate_name": "",
                        "generation": 0,
                        "labels": {
                          "app": "healthcare-app",
                          "component": "mongodb",
                          "environment": "staging",
                          "managed-by": "terraform"
                        },
                        "name": "mongodb-logs",
                        "namespace": "default",
                        "resource_version": "",
                        "uid": ""
                      }
                    ],
                    "spec": [
                      {
                        "access_modes": [
                          "ReadWriteOnce"
                        ],
                        "resources": [
                          {
                            "limits": {},
                            "requests": {
                              "storage": "1Gi"
                            }
                          }
                        ],
                        "selector": [],
                        "storage_class_name": "local-path",
                        "volume_name": ""
                      }
                    ]
                  }
                ]
              }
            ],
            "timeouts": {
              "create": "300s",
              "delete": null,
              "read": null,
              "update": "300s"
            },
            "wait_for_rollout": true
          },
          "sensitive_attributes": [],
          "private": "eyJlMmJmYjczMC1lY2FhLTExZTYtOGY4OC0zNDM2M2JjN2M0YzAiOnsiY3JlYXRlIjozMDAwMDAwMDAwMDAsImRlbGV0ZSI6NjAwMDAwMDAwMDAwLCJyZWFkIjo2MDAwMDAwMDAwMDAsInVwZGF0ZSI6MzAwMDAwMDAwMDAwfSwic2NoZW1hX3ZlcnNpb24iOiIxIn0=",
          "dependencies": [
            "kubernetes_config_map.app_config",
            "kubernetes_namespace.healthcare",
            "kubernetes_secret.app_secrets",
            "random_password.mongodb_password"
          ]
        }
      ]
    },
    {
      "module": "module.nginx_proxy_manager_monitoring[0]",
      "mode": "managed",
      "type": "kubernetes_service",
      "name": "alertmanager_external",
      "provider": "provider[\"registry.terraform.io/hashicorp/kubernetes\"]",
      "instances": [
        {
          "index_key": 0,
          "schema_version": 1,
          "attributes": {
            "id": "monitoring-staging/alertmanager-external",
            "metadata": [
              {
                "annotations": {},
                "generate_name": "",
                "generation": 0,
                "labels": {
                  "app": "alertmanager"
                },
                "name": "alertmanager-external",
                "namespace": "monitoring-staging",
                "resource_version": "1104203",
                "uid": "8a429b18-5ae9-4463-870f-46072326ec92"
              }
            ],
            "spec": [
              {
                "allocate_load_balancer_node_ports": true,
                "cluster_ip": "10.43.14.19",
                "cluster_ips": [
                  "10.43.14.19"
                ],
                "external_ips": [],
                "external_name": "",
                "external_traffic_policy": "Cluster",
                "health_check_node_port": 0,
                "internal_traffic_policy": "Cluster",
                "ip_families": [
                  "IPv4"
                ],
                "ip_family_policy": "SingleStack",
                "load_balancer_class": "",
                "load_balancer_ip": "",
                "load_balancer_source_ranges": [],
                "port": [
                  {
                    "app_protocol": "",
                    "name": "",
                    "node_port": 32714,
                    "port": 9093,
                    "protocol": "TCP",
                    "target_port": "9093"
                  }
                ],
                "publish_not_ready_addresses": false,
                "selector": {
                  "app": "healthcare-app",
                  "component": "alertmanager",
                  "environment": "staging",
                  "managed-by": "terraform"
                },
                "session_affinity": "None",
                "session_affinity_config": [],
                "type": "NodePort"
              }
            ],
            "status": [
              {
                "load_balancer": [
                  {
                    "ingress": []
                  }
                ]
              }
            ],
            "timeouts": null,
            "wait_for_load_balancer": true
          },
          "sensitive_attributes": [],
          "private": "eyJlMmJmYjczMC1lY2FhLTExZTYtOGY4OC0zNDM2M2JjN2M0YzAiOnsiY3JlYXRlIjo2MDAwMDAwMDAwMDB9LCJzY2hlbWFfdmVyc2lvbiI6IjEifQ==",
          "dependencies": [
            "kubernetes_namespace.monitoring"
          ]
        }
      ]
    },
    {
      "module": "module.nginx_proxy_manager_monitoring[0]",
      "mode": "managed",
      "type": "kubernetes_service",
      "name": "backend_external",
      "provider": "provider[\"registry.terraform.io/hashicorp/kubernetes\"]",
      "instances": [
        {
          "schema_version": 1,
          "attributes": {
            "id": "healthcare-staging/backend-external",
            "metadata": [
              {
                "annotations": {},
                "generate_name": "",
                "generation": 0,
                "labels": {},
                "name": "backend-external",
                "namespace": "healthcare-staging",
                "resource_version": "1104145",
                "uid": "7d2352af-ba19-48db-9958-f94563e1384c"
              }
            ],
            "spec": [
              {
                "allocate_load_balancer_node_ports": true,
                "cluster_ip": "10.43.59.249",
                "cluster_ips": [
                  "10.43.59.249"
                ],
                "external_ips": [],
                "external_name": "",
                "external_traffic_policy": "Cluster",
                "health_check_node_port": 0,
                "internal_traffic_policy": "Cluster",
                "ip_families": [
                  "IPv4"
                ],
                "ip_family_policy": "SingleStack",
                "load_balancer_class": "",
                "load_balancer_ip": "",
                "load_balancer_source_ranges": [],
                "port": [
                  {
                    "app_protocol": "",
                    "name": "",
                    "node_port": 32711,
                    "port": 5001,
                    "protocol": "TCP",
                    "target_port": "5001"
                  }
                ],
                "publish_not_ready_addresses": false,
                "selector": {},
                "session_affinity": "None",
                "session_affinity_config": [],
                "type": "NodePort"
              }
            ],
            "status": [
              {
                "load_balancer": [
                  {
                    "ingress": []
                  }
                ]
              }
            ],
            "timeouts": null,
            "wait_for_load_balancer": true
          },
          "sensitive_attributes": [],
          "private": "eyJlMmJmYjczMC1lY2FhLTExZTYtOGY4OC0zNDM2M2JjN2M0YzAiOnsiY3JlYXRlIjo2MDAwMDAwMDAwMDB9LCJzY2hlbWFfdmVyc2lvbiI6IjEifQ==",
          "dependencies": [
            "kubernetes_namespace.healthcare",
            "kubernetes_namespace.monitoring"
          ]
        }
      ]
    },
    {
      "module": "module.nginx_proxy_manager_monitoring[0]",
      "mode": "managed",
      "type": "kubernetes_service",
      "name": "elasticsearch_external",
      "provider": "provider[\"registry.terraform.io/hashicorp/kubernetes\"]",
      "instances": [
        {
          "index_key": 0,
          "schema_version": 1,
          "attributes": {
            "id": "monitoring-staging/elasticsearch-external",
            "metadata": [
              {
                "annotations": {},
                "generate_name": "",
                "generation": 0,
                "labels": {
                  "app": "elasticsearch"
                },
                "name": "elasticsearch-external",
                "namespace": "monitoring-staging",
                "resource_version": "1104189",
                "uid": "d910a98d-e0f5-42e8-90ce-fb1255bed62e"
              }
            ],
            "spec": [
              {
                "allocate_load_balancer_node_ports": true,
                "cluster_ip": "10.43.245.167",
                "cluster_ips": [
                  "10.43.245.167"
                ],
                "external_ips": [],
                "external_name": "",
                "external_traffic_policy": "Cluster",
                "health_check_node_port": 0,
                "internal_traffic_policy": "Cluster",
                "ip_families": [
                  "IPv4"
                ],
                "ip_family_policy": "SingleStack",
                "load_balancer_class": "",
                "load_balancer_ip": "",
                "load_balancer_source_ranges": [],
                "port": [
                  {
                    "app_protocol": "",
                    "name": "",
                    "node_port": 32716,
                    "port": 9200,
                    "protocol": "TCP",
                    "target_port": "9200"
                  }
                ],
                "publish_not_ready_addresses": false,
                "selector": {
                  "app": "healthcare-app",
                  "component": "elasticsearch",
                  "environment": "staging",
                  "managed-by": "terraform"
                },
                "session_affinity": "None",
                "session_affinity_config": [],
                "type": "NodePort"
              }
            ],
            "status": [
              {
                "load_balancer": [
                  {
                    "ingress": []
                  }
                ]
              }
            ],
            "timeouts": null,
            "wait_for_load_balancer": true
          },
          "sensitive_attributes": [],
          "private": "eyJlMmJmYjczMC1lY2FhLTExZTYtOGY4OC0zNDM2M2JjN2M0YzAiOnsiY3JlYXRlIjo2MDAwMDAwMDAwMDB9LCJzY2hlbWFfdmVyc2lvbiI6IjEifQ==",
          "dependencies": [
            "kubernetes_namespace.monitoring"
          ]
        }
      ]
    },
    {
      "module": "module.nginx_proxy_manager_monitoring[0]",
      "mode": "managed",
      "type": "kubernetes_service",
      "name": "frontend_external",
      "provider": "provider[\"registry.terraform.io/hashicorp/kubernetes\"]",
      "instances": [
        {
          "schema_version": 1,
          "attributes": {
            "id": "healthcare-staging/frontend-external",
            "metadata": [
              {
                "annotations": {},
                "generate_name": "",
                "generation": 0,
                "labels": {},
                "name": "frontend-external",
                "namespace": "healthcare-staging",
                "resource_version": "1104142",
                "uid": "c640e625-7cce-4cdf-a9f7-c4c2df9dc7e8"
              }
            ],
            "spec": [
              {
                "allocate_load_balancer_node_ports": true,
                "cluster_ip": "10.43.54.233",
                "cluster_ips": [
                  "10.43.54.233"
                ],
                "external_ips": [],
                "external_name": "",
                "external_traffic_policy": "Cluster",
                "health_check_node_port": 0,
                "internal_traffic_policy": "Cluster",
                "ip_families": [
                  "IPv4"
                ],
                "ip_family_policy": "SingleStack",
                "load_balancer_class": "",
                "load_balancer_ip": "",
                "load_balancer_source_ranges": [],
                "port": [
                  {
                    "app_protocol": "",
                    "name": "",
                    "node_port": 32710,
                    "port": 80,
                    "protocol": "TCP",
                    "target_port": "80"
                  }
                ],
                "publish_not_ready_addresses": false,
                "selector": {},
                "session_affinity": "None",
                "session_affinity_config": [],
                "type": "NodePort"
              }
            ],
            "status": [
              {
                "load_balancer": [
                  {
                    "ingress": []
                  }
                ]
              }
            ],
            "timeouts": null,
            "wait_for_load_balancer": true
          },
          "sensitive_attributes": [],
          "private": "eyJlMmJmYjczMC1lY2FhLTExZTYtOGY4OC0zNDM2M2JjN2M0YzAiOnsiY3JlYXRlIjo2MDAwMDAwMDAwMDB9LCJzY2hlbWFfdmVyc2lvbiI6IjEifQ==",
          "dependencies": [
            "kubernetes_namespace.healthcare",
            "kubernetes_namespace.monitoring"
          ]
        }
      ]
    },
    {
      "module": "module.nginx_proxy_manager_monitoring[0]",
      "mode": "managed",
      "type": "kubernetes_service",
      "name": "grafana_external",
      "provider": "provider[\"registry.terraform.io/hashicorp/kubernetes\"]",
      "instances": [
        {
          "index_key": 0,
          "schema_version": 1,
          "attributes": {
            "id": "monitoring-staging/grafana-external",
            "metadata": [
              {
                "annotations": {},
                "generate_name": "",
                "generation": 0,
                "labels": {
                  "app": "grafana"
                },
                "name": "grafana-external",
                "namespace": "monitoring-staging",
                "resource_version": "1104147",
                "uid": "9af6b0a4-331d-4538-84b2-9d33ca486d6b"
              }
            ],
            "spec": [
              {
                "allocate_load_balancer_node_ports": true,
                "cluster_ip": "10.43.92.79",
                "cluster_ips": [
                  "10.43.92.79"
                ],
                "external_ips": [],
                "external_name": "",
                "external_traffic_policy": "Cluster",
                "health_check_node_port": 0,
                "internal_traffic_policy": "Cluster",
                "ip_families": [
                  "IPv4"
                ],
                "ip_family_policy": "SingleStack",
                "load_balancer_class": "",
                "load_balancer_ip": "",
                "load_balancer_source_ranges": [],
                "port": [
                  {
                    "app_protocol": "",
                    "name": "",
                    "node_port": 32712,
                    "port": 3000,
                    "protocol": "TCP",
                    "target_port": "3000"
                  }
                ],
                "publish_not_ready_addresses": false,
                "selector": {
                  "app": "healthcare-app",
                  "component": "grafana",
                  "environment": "staging",
                  "managed-by": "terraform"
                },
                "session_affinity": "None",
                "session_affinity_config": [],
                "type": "NodePort"
              }
            ],
            "status": [
              {
                "load_balancer": [
                  {
                    "ingress": []
                  }
                ]
              }
            ],
            "timeouts": null,
            "wait_for_load_balancer": true
          },
          "sensitive_attributes": [],
          "private": "eyJlMmJmYjczMC1lY2FhLTExZTYtOGY4OC0zNDM2M2JjN2M0YzAiOnsiY3JlYXRlIjo2MDAwMDAwMDAwMDB9LCJzY2hlbWFfdmVyc2lvbiI6IjEifQ==",
          "dependencies": [
            "kubernetes_namespace.monitoring"
          ]
        }
      ]
    },
    {
      "module": "module.nginx_proxy_manager_monitoring[0]",
      "mode": "managed",
      "type": "kubernetes_service",
      "name": "jaeger_external",
      "provider": "provider[\"registry.terraform.io/hashicorp/kubernetes\"]",
      "instances": [
        {
          "index_key": 0,
          "schema_version": 1,
          "attributes": {
            "id": "monitoring-staging/jaeger-external",
            "metadata": [
              {
                "annotations": {},
                "generate_name": "",
                "generation": 0,
                "labels": {
                  "app": "jaeger"
                },
                "name": "jaeger-external",
                "namespace": "monitoring-staging",
                "resource_version": "1104156",
                "uid": "d47f129c-42d0-4c00-b64b-b1ed3edbb7aa"
              }
            ],
            "spec": [
              {
                "allocate_load_balancer_node_ports": true,
                "cluster_ip": "10.43.65.151",
                "cluster_ips": [
                  "10.43.65.151"
                ],
                "external_ips": [],
                "external_name": "",
                "external_traffic_policy": "Cluster",
                "health_check_node_port": 0,
                "internal_traffic_policy": "Cluster",
                "ip_families": [
                  "IPv4"
                ],
                "ip_family_policy": "SingleStack",
                "load_balancer_class": "",
                "load_balancer_ip": "",
                "load_balancer_source_ranges": [],
                "port": [
                  {
                    "app_protocol": "",
                    "name": "",
                    "node_port": 32715,
                    "port": 16686,
                    "protocol": "TCP",
                    "target_port": "16686"
                  }
                ],
                "publish_not_ready_addresses": false,
                "selector": {
                  "app": "healthcare-app",
                  "component": "jaeger",
                  "environment": "staging",
                  "managed-by": "terraform"
                },
                "session_affinity": "None",
                "session_affinity_config": [],
                "type": "NodePort"
              }
            ],
            "status": [
              {
                "load_balancer": [
                  {
                    "ingress": []
                  }
                ]
              }
            ],
            "timeouts": null,
            "wait_for_load_balancer": true
          },
          "sensitive_attributes": [],
          "private": "eyJlMmJmYjczMC1lY2FhLTExZTYtOGY4OC0zNDM2M2JjN2M0YzAiOnsiY3JlYXRlIjo2MDAwMDAwMDAwMDB9LCJzY2hlbWFfdmVyc2lvbiI6IjEifQ==",
          "dependencies": [
            "kubernetes_namespace.monitoring"
          ]
        }
      ]
    },
    {
      "module": "module.nginx_proxy_manager_monitoring[0]",
      "mode": "managed",
      "type": "kubernetes_service",
      "name": "prometheus_external",
      "provider": "provider[\"registry.terraform.io/hashicorp/kubernetes\"]",
      "instances": [
        {
          "index_key": 0,
          "schema_version": 1,
          "attributes": {
            "id": "monitoring-staging/prometheus-external",
            "metadata": [
              {
                "annotations": {},
                "generate_name": "",
                "generation": 0,
                "labels": {
                  "app": "prometheus"
                },
                "name": "prometheus-external",
                "namespace": "monitoring-staging",
                "resource_version": "1104220",
                "uid": "53e66490-f200-4c33-8936-baff632927fc"
              }
            ],
            "spec": [
              {
                "allocate_load_balancer_node_ports": true,
                "cluster_ip": "10.43.54.168",
                "cluster_ips": [
                  "10.43.54.168"
                ],
                "external_ips": [],
                "external_name": "",
                "external_traffic_policy": "Cluster",
                "health_check_node_port": 0,
                "internal_traffic_policy": "Cluster",
                "ip_families": [
                  "IPv4"
                ],
                "ip_family_policy": "SingleStack",
                "load_balancer_class": "",
                "load_balancer_ip": "",
                "load_balancer_source_ranges": [],
                "port": [
                  {
                    "app_protocol": "",
                    "name": "",
                    "node_port": 32713,
                    "port": 9090,
                    "protocol": "TCP",
                    "target_port": "9090"
                  }
                ],
                "publish_not_ready_addresses": false,
                "selector": {
                  "app": "healthcare-app",
                  "component": "prometheus",
                  "environment": "staging",
                  "managed-by": "terraform"
                },
                "session_affinity": "None",
                "session_affinity_config": [],
                "type": "NodePort"
              }
            ],
            "status": [
              {
                "load_balancer": [
                  {
                    "ingress": []
                  }
                ]
              }
            ],
            "timeouts": null,
            "wait_for_load_balancer": true
          },
          "sensitive_attributes": [],
          "private": "eyJlMmJmYjczMC1lY2FhLTExZTYtOGY4OC0zNDM2M2JjN2M0YzAiOnsiY3JlYXRlIjo2MDAwMDAwMDAwMDB9LCJzY2hlbWFfdmVyc2lvbiI6IjEifQ==",
          "dependencies": [
            "kubernetes_namespace.monitoring"
          ]
        }
      ]
    }
  ],
  "check_results": null
}
