{
  "version": 4,
  "terraform_version": "1.5.7",
  "serial": 1286,
  "lineage": "6fd34e42-1716-6263-aa4c-dac02c0f20cc",
  "outputs": {
    "alertmanager_external_url": {
      "value": "http://localhost:30285/staging/alertmanager",
      "type": "string"
    },
    "alertmanager_service": {
      "value": "alertmanager",
      "type": "string"
    },
    "alertmanager_url": {
      "value": "http://alertmanager.monitoring-staging.svc.cluster.local:9093",
      "type": "string"
    },
    "app_ingress_host": {
      "value": "healthcare.local",
      "type": "string"
    },
    "backend_ingress_host": {
      "value": "healthcare.local",
      "type": "string"
    },
    "backend_ingress_name": {
      "value": "backend-ingress",
      "type": "string"
    },
    "backend_service": {
      "value": "backend",
      "type": "string"
    },
    "datadog_monitors_count": {
      "value": 0,
      "type": "number"
    },
    "datadog_synthetic_tests_count": {
      "value": 0,
      "type": "number"
    },
    "elasticsearch_external_url": {
      "value": "http://localhost:30285/staging/elasticsearch",
      "type": "string"
    },
    "enhanced_monitoring_features": {
      "value": {
        "distributed_tracing": true,
        "ingress_monitoring": false,
        "log_aggregation": false,
        "synthetic_monitoring": false
      },
      "type": [
        "object",
        {
          "distributed_tracing": "bool",
          "ingress_monitoring": "bool",
          "log_aggregation": "bool",
          "synthetic_monitoring": "bool"
        }
      ]
    },
    "frontend_ingress_host": {
      "value": "healthcare.local",
      "type": "string"
    },
    "frontend_ingress_name": {
      "value": "frontend-ingress",
      "type": "string"
    },
    "frontend_service": {
      "value": "frontend",
      "type": "string"
    },
    "grafana_external_url": {
      "value": "http://localhost/staging/grafana",
      "type": "string"
    },
    "grafana_service": {
      "value": "grafana",
      "type": "string"
    },
    "grafana_url": {
      "value": "http://grafana.monitoring-staging.svc.cluster.local:3000",
      "type": "string"
    },
    "jaeger_service": {
      "value": "jaeger",
      "type": "string"
    },
    "mongodb_exporter_external_url": {
      "value": "http://localhost:30285/staging/mongodb-exporter",
      "type": "string"
    },
    "mongodb_exporter_service": {
      "value": "mongodb-exporter",
      "type": "string"
    },
    "mongodb_exporter_url": {
      "value": "http://mongodb-exporter.monitoring-staging.svc.cluster.local:9216",
      "type": "string"
    },
    "mongodb_password": {
      "value": "healthcare-staging-2024",
      "type": "string",
      "sensitive": true
    },
    "mongodb_service": {
      "value": "mongodb-staging",
      "type": "string"
    },
    "monitoring_backup_cronjob": {
      "value": "monitoring-backup",
      "type": "string"
    },
    "monitoring_ingress_host": {
      "value": "localhost",
      "type": "string"
    },
    "monitoring_namespace": {
      "value": "monitoring-staging",
      "type": "string"
    },
    "namespace": {
      "value": "healthcare-staging",
      "type": "string"
    },
    "prometheus_external_url": {
      "value": "http://localhost:30285/staging/prometheus",
      "type": "string"
    },
    "prometheus_service": {
      "value": "prometheus",
      "type": "string"
    },
    "prometheus_url": {
      "value": "http://prometheus.monitoring-staging.svc.cluster.local:9090",
      "type": "string"
    },
    "quick_access": {
      "value": "    \n🚀 Healthcare App Service Access\n================================\n    \n📱 Main Application:\n   Frontend: http://localhost:8082\n     (Container: nginx on port 80, Dev: React on port 3001)\n   Backend API: http://localhost:8083/api/\n     (Container: Node.js on port 5001)\n   Health Check: http://localhost:8083/api/health\n    \n📊 Monitoring Dashboards:\n   Grafana: http://localhost:3000\n   Prometheus: http://localhost:9090\n   Jaeger: http://localhost:16686\n    \n🔧 Management Commands:\n   Setup: ./access-services.sh setup\n   Stop: ./access-services.sh stop\n   Status: ./access-services.sh status\n   Restart: ./access-services.sh restart\n    \n📋 Kubernetes Commands:\n   View pods: kubectl get pods -n healthcare-staging\n   View logs: kubectl logs -n healthcare-staging -l app=healthcare-app\n   Restart: kubectl rollout restart -n healthcare-staging deployment/frontend\n    \n",
      "type": "string"
    },
    "service_access_info": {
      "value": {
        "backend_url": "http://localhost:8083/api/",
        "frontend_url": "http://localhost:8082",
        "health_check_url": "http://localhost:8083/api/health",
        "management_commands": {
          "check_status": "./access-services.sh status",
          "restart_access": "./access-services.sh restart",
          "setup_access": "./access-services.sh setup",
          "stop_access": "./access-services.sh stop"
        },
        "monitoring": {
          "grafana_url": "http://localhost:3000",
          "jaeger_url": "http://localhost:16686",
          "prometheus_url": "http://localhost:9090"
        },
        "monitoring_namespace": "monitoring-staging",
        "namespace": "healthcare-staging"
      },
      "type": [
        "object",
        {
          "backend_url": "string",
          "frontend_url": "string",
          "health_check_url": "string",
          "management_commands": [
            "object",
            {
              "check_status": "string",
              "restart_access": "string",
              "setup_access": "string",
              "stop_access": "string"
            }
          ],
          "monitoring": [
            "object",
            {
              "grafana_url": "string",
              "jaeger_url": "string",
              "prometheus_url": "string"
            }
          ],
          "monitoring_namespace": "string",
          "namespace": "string"
        }
      ]
    }
  },
  "resources": [
    {
      "mode": "managed",
      "type": "kubernetes_cluster_role",
      "name": "prometheus",
      "provider": "provider[\"registry.terraform.io/hashicorp/kubernetes\"]",
      "instances": [
        {
          "schema_version": 0,
          "attributes": {
            "aggregation_rule": [],
            "id": "prometheus-staging",
            "metadata": [
              {
                "annotations": {},
                "generation": 0,
                "labels": {
                  "app": "healthcare-app",
                  "component": "prometheus",
                  "environment": "staging",
                  "managed-by": "terraform"
                },
                "name": "prometheus-staging",
                "resource_version": "1177122",
                "uid": "0750c515-ed7b-4a64-8981-5d8ac54b75b7"
              }
            ],
            "rule": [
              {
                "api_groups": [
                  ""
                ],
                "non_resource_urls": [],
                "resource_names": [],
                "resources": [
                  "nodes",
                  "nodes/proxy",
                  "services",
                  "endpoints",
                  "pods"
                ],
                "verbs": [
                  "get",
                  "list",
                  "watch"
                ]
              },
              {
                "api_groups": [
                  "extensions"
                ],
                "non_resource_urls": [],
                "resource_names": [],
                "resources": [
                  "ingresses"
                ],
                "verbs": [
                  "get",
                  "list",
                  "watch"
                ]
              },
              {
                "api_groups": [],
                "non_resource_urls": [
                  "/metrics"
                ],
                "resource_names": [],
                "resources": [],
                "verbs": [
                  "get"
                ]
              }
            ]
          },
          "sensitive_attributes": [],
          "private": "bnVsbA=="
        }
      ]
    },
    {
      "mode": "managed",
      "type": "kubernetes_cluster_role_binding",
      "name": "prometheus",
      "provider": "provider[\"registry.terraform.io/hashicorp/kubernetes\"]",
      "instances": [
        {
          "schema_version": 0,
          "attributes": {
            "id": "prometheus-staging",
            "metadata": [
              {
                "annotations": {},
                "generation": 0,
                "labels": {
                  "app": "healthcare-app",
                  "component": "prometheus",
                  "environment": "staging",
                  "managed-by": "terraform"
                },
                "name": "prometheus-staging",
                "resource_version": "1177171",
                "uid": "4d2b0a02-fec0-47dc-8a4c-3beb16c7dc1e"
              }
            ],
            "role_ref": [
              {
                "api_group": "rbac.authorization.k8s.io",
                "kind": "ClusterRole",
                "name": "prometheus-staging"
              }
            ],
            "subject": [
              {
                "api_group": "",
                "kind": "ServiceAccount",
                "name": "prometheus",
                "namespace": "monitoring-staging"
              }
            ]
          },
          "sensitive_attributes": [],
          "private": "bnVsbA==",
          "dependencies": [
            "kubernetes_cluster_role.prometheus",
            "kubernetes_namespace.monitoring",
            "kubernetes_service_account.prometheus"
          ]
        }
      ]
    },
    {
      "mode": "managed",
      "type": "kubernetes_config_map",
      "name": "alertmanager_config",
      "provider": "provider[\"registry.terraform.io/hashicorp/kubernetes\"]",
      "instances": [
        {
          "schema_version": 0,
          "attributes": {
            "binary_data": {},
            "data": {
              "alertmanager.yml": "\"global\":\n  \"smtp_auth_password\": \"\"\n  \"smtp_auth_username\": \"\"\n  \"smtp_from\": \"\"\n  \"smtp_smarthost\": \"smtp.gmail.com:587\"\n\"receivers\":\n- \"email_configs\": []\n  \"name\": \"default\"\n  \"webhook_configs\":\n  - \"url\": \"http://localhost:9093\"\n\"route\":\n  \"group_by\":\n  - \"alertname\"\n  \"group_interval\": \"10s\"\n  \"group_wait\": \"10s\"\n  \"receiver\": \"default\"\n  \"repeat_interval\": \"1h\"\n"
            },
            "id": "monitoring-staging/alertmanager-config",
            "immutable": false,
            "metadata": [
              {
                "annotations": {},
                "generate_name": "",
                "generation": 0,
                "labels": {
                  "app": "healthcare-app",
                  "component": "alertmanager",
                  "environment": "staging",
                  "managed-by": "terraform"
                },
                "name": "alertmanager-config",
                "namespace": "monitoring-staging",
                "resource_version": "1204369",
                "uid": "e2959b5e-111b-4ee0-9388-9eebbad3d168"
              }
            ]
          },
          "sensitive_attributes": [
            [
              {
                "type": "get_attr",
                "value": "data"
              },
              {
                "type": "index",
                "value": {
                  "value": "alertmanager.yml",
                  "type": "string"
                }
              }
            ]
          ],
          "private": "bnVsbA==",
          "dependencies": [
            "kubernetes_namespace.monitoring"
          ]
        }
      ]
    },
    {
      "mode": "managed",
      "type": "kubernetes_config_map",
      "name": "app_config",
      "provider": "provider[\"registry.terraform.io/hashicorp/kubernetes\"]",
      "instances": [
        {
          "schema_version": 0,
          "attributes": {
            "binary_data": {},
            "data": {
              "API_RATE_LIMIT": "100",
              "API_TIMEOUT": "30000",
              "CORS_ORIGIN": "*",
              "HEALTH_CHECK_INTERVAL": "30",
              "LOG_LEVEL": "debug",
              "MAX_CONNECTIONS": "10",
              "MONGODB_DATABASE": "healthcare-app",
              "NODE_ENV": "staging",
              "PROMETHEUS_METRICS_PORT": "9090"
            },
            "id": "healthcare-staging/healthcare-app-config",
            "immutable": false,
            "metadata": [
              {
                "annotations": {},
                "generate_name": "",
                "generation": 0,
                "labels": {
                  "app": "healthcare-app",
                  "environment": "staging",
                  "managed-by": "terraform"
                },
                "name": "healthcare-app-config",
                "namespace": "healthcare-staging",
                "resource_version": "1177291",
                "uid": "0d194cdc-2b9c-4913-a308-e1c9712c33bb"
              }
            ]
          },
          "sensitive_attributes": [],
          "private": "bnVsbA==",
          "dependencies": [
            "kubernetes_namespace.healthcare"
          ]
        }
      ]
    },
    {
      "mode": "managed",
      "type": "kubernetes_config_map",
      "name": "data_transfer_policy",
      "provider": "provider[\"registry.terraform.io/hashicorp/kubernetes\"]",
      "instances": [
        {
          "index_key": 0,
          "schema_version": 0,
          "attributes": {
            "binary_data": {},
            "data": {
              "transfer-policy.json": "{\"audit_trail\":{\"enabled\":true,\"log_transfers\":true,\"retention_days\":2555},\"data_transfer_rules\":[{\"approval_required\":false,\"legal_basis\":\"Standard Contractual Clauses\",\"purpose\":\"EU-US Data Transfers\",\"restricted_countries\":[],\"safeguards\":[\"SCCs implemented\",\"Data minimization\",\"Encryption in transit\",\"Regular audits\"]},{\"approval_required\":true,\"legal_basis\":\"Legitimate interest\",\"purpose\":\"Third-party processing\",\"restricted_countries\":[\"CN\",\"RU\",\"IR\",\"KP\"],\"safeguards\":[\"DPA executed\",\"Security assessments\",\"Incident notification\",\"Audit rights\"]}],\"organization\":\"Healthcare App Corporation\",\"version\":\"1.0\"}"
            },
            "id": "healthcare-staging/data-transfer-policy",
            "immutable": false,
            "metadata": [
              {
                "annotations": {},
                "generate_name": "",
                "generation": 0,
                "labels": {
                  "app": "healthcare-app",
                  "environment": "staging",
                  "managed-by": "terraform"
                },
                "name": "data-transfer-policy",
                "namespace": "healthcare-staging",
                "resource_version": "1177292",
                "uid": "90fcb544-d9d0-4c47-9a00-6d2bd0c6413a"
              }
            ]
          },
          "sensitive_attributes": [],
          "private": "bnVsbA==",
          "dependencies": [
            "kubernetes_namespace.healthcare"
          ]
        }
      ]
    },
    {
      "mode": "managed",
      "type": "kubernetes_config_map",
      "name": "enhanced_grafana_dashboards",
      "provider": "provider[\"registry.terraform.io/hashicorp/kubernetes\"]",
      "instances": [
        {
          "schema_version": 0,
          "attributes": {
            "binary_data": {},
            "data": {
              "enhanced-dashboard.json": "{\"dashboard\":{\"id\":null,\"panels\":[{\"id\":1,\"targets\":[{\"expr\":\"rate(container_cpu_usage_seconds_total{namespace=\\\"healthcare-staging\\\"}[5m]) * 100\"}],\"title\":\"CPU Usage\",\"type\":\"graph\"},{\"id\":2,\"targets\":[{\"expr\":\"container_memory_usage_bytes{namespace=\\\"healthcare-staging\\\"} / 1024 / 1024\"}],\"title\":\"Memory Usage\",\"type\":\"graph\"},{\"id\":3,\"targets\":[{\"expr\":\"rate(nginx_ingress_controller_requests_total[5m])\"}],\"title\":\"Ingress Request Rate\",\"type\":\"graph\"},{\"id\":4,\"targets\":[{\"expr\":\"rate(nginx_ingress_controller_requests_total{status!~\\\"2..\\\"}[5m]) / rate(nginx_ingress_controller_requests_total[5m]) * 100\"}],\"title\":\"Ingress Error Rate\",\"type\":\"graph\"},{\"id\":5,\"targets\":[{\"expr\":\"synthetic_health_check_success\"}],\"title\":\"Synthetic Health Check Status\",\"type\":\"stat\"},{\"id\":6,\"targets\":[{\"expr\":\"synthetic_health_check_response_time\"}],\"title\":\"Synthetic Response Time\",\"type\":\"graph\"},{\"id\":7,\"targets\":[{\"expr\":\"rate(fluentbit_output_proc_records_total[5m])\"}],\"title\":\"Log Volume by Service\",\"type\":\"graph\"},{\"id\":8,\"targets\":[{\"expr\":\"rate(jaeger_tracer_reporter_spans_total[5m])\"}],\"title\":\"Tracing Spans per Second\",\"type\":\"graph\"}],\"refresh\":\"30s\",\"tags\":[\"healthcare\",\"monitoring\",\"enhanced\"],\"time\":{\"from\":\"now-1h\",\"to\":\"now\"},\"timezone\":\"browser\",\"title\":\"Enhanced Healthcare Monitoring Dashboard\"}}"
            },
            "id": "monitoring-staging/enhanced-grafana-dashboards",
            "immutable": false,
            "metadata": [
              {
                "annotations": {},
                "generate_name": "",
                "generation": 0,
                "labels": {
                  "app": "healthcare-app",
                  "component": "grafana",
                  "environment": "staging",
                  "managed-by": "terraform"
                },
                "name": "enhanced-grafana-dashboards",
                "namespace": "monitoring-staging",
                "resource_version": "1177129",
                "uid": "16dda221-f75a-4c5e-9814-77efffd4b3a2"
              }
            ]
          },
          "sensitive_attributes": [],
          "private": "bnVsbA==",
          "dependencies": [
            "kubernetes_namespace.monitoring"
          ]
        }
      ]
    },
    {
      "mode": "managed",
      "type": "kubernetes_config_map",
      "name": "enhanced_prometheus_rules",
      "provider": "provider[\"registry.terraform.io/hashicorp/kubernetes\"]",
      "instances": [
        {
          "schema_version": 0,
          "attributes": {
            "binary_data": {},
            "data": {
              "enhanced-monitoring.yml": "\"groups\":\n- \"name\": \"enhanced-monitoring.rules\"\n  \"rules\":\n  - \"alert\": \"IngressDown\"\n    \"annotations\":\n      \"description\": \"Ingress error rate is above 5% for more than 5 minutes\"\n      \"runbook\": \"https://docs.company.com/runbooks/ingress-errors\"\n      \"summary\": \"High ingress error rate detected\"\n    \"expr\": \"nginx_ingress_controller_requests{status!~\\\"2..\\\"} / nginx_ingress_controller_requests\n      * 100 \u003e 5\"\n    \"for\": \"5m\"\n    \"labels\":\n      \"severity\": \"warning\"\n      \"team\": \"platform\"\n  - \"alert\": \"LogAggregationFailure\"\n    \"annotations\":\n      \"description\": \"Fluent Bit log aggregation is down\"\n      \"runbook\": \"https://docs.company.com/runbooks/log-aggregation\"\n      \"summary\": \"Log aggregation failure\"\n    \"expr\": \"up{job=\\\"fluent-bit\\\"} == 0\"\n    \"for\": \"5m\"\n    \"labels\":\n      \"severity\": \"warning\"\n      \"team\": \"platform\"\n  - \"alert\": \"SyntheticTestFailure\"\n    \"annotations\":\n      \"description\": \"Synthetic monitoring detected service unavailability\"\n      \"runbook\": \"https://docs.company.com/runbooks/synthetic-failure\"\n      \"summary\": \"Synthetic health check failed\"\n    \"expr\": \"synthetic_health_check_success == 0\"\n    \"for\": \"2m\"\n    \"labels\":\n      \"severity\": \"critical\"\n      \"team\": \"backend\"\n  - \"alert\": \"HighSyntheticResponseTime\"\n    \"annotations\":\n      \"description\": \"Synthetic monitoring detected slow response times (\u003e2s)\"\n      \"runbook\": \"https://docs.company.com/runbooks/high-response-time\"\n      \"summary\": \"High synthetic response time\"\n    \"expr\": \"synthetic_health_check_response_time \u003e 2000\"\n    \"for\": \"5m\"\n    \"labels\":\n      \"severity\": \"warning\"\n      \"team\": \"backend\"\n  - \"alert\": \"TracingServiceDown\"\n    \"annotations\":\n      \"description\": \"Jaeger tracing service is unavailable\"\n      \"runbook\": \"https://docs.company.com/runbooks/tracing-down\"\n      \"summary\": \"Distributed tracing service down\"\n    \"expr\": \"up{job=\\\"jaeger\\\"} == 0\"\n    \"for\": \"5m\"\n    \"labels\":\n      \"severity\": \"info\"\n      \"team\": \"platform\"\n"
            },
            "id": "monitoring-staging/enhanced-prometheus-rules",
            "immutable": false,
            "metadata": [
              {
                "annotations": {},
                "generate_name": "",
                "generation": 0,
                "labels": {
                  "app": "healthcare-app",
                  "component": "prometheus",
                  "environment": "staging",
                  "managed-by": "terraform"
                },
                "name": "enhanced-prometheus-rules",
                "namespace": "monitoring-staging",
                "resource_version": "1177172",
                "uid": "cbb8d14a-ccbf-4780-9c08-00b3ee921022"
              }
            ]
          },
          "sensitive_attributes": [],
          "private": "bnVsbA==",
          "dependencies": [
            "kubernetes_namespace.monitoring"
          ]
        }
      ]
    },
    {
      "mode": "managed",
      "type": "kubernetes_config_map",
      "name": "gdpr_rights_config",
      "provider": "provider[\"registry.terraform.io/hashicorp/kubernetes\"]",
      "instances": [
        {
          "schema_version": 0,
          "attributes": {
            "binary_data": {},
            "data": {
              "rights-implementation.json": "{\"breach_notification\":{\"affected_individuals_deadline_days\":1,\"automated_detection\":true,\"enabled\":true,\"supervisory_authority_deadline_hours\":72},\"consent_management\":{\"consent_log_retention\":2555,\"enabled\":true,\"granular_consent\":true,\"withdrawal_enabled\":true},\"data_subject_rights\":{\"access\":{\"automated_processing\":true,\"enabled\":true,\"max_response_days\":30},\"erasure\":{\"automated_processing\":true,\"enabled\":true,\"exceptions\":[\"legal-obligation\",\"public-interest\",\"research\"],\"max_response_days\":30},\"objection\":{\"automated_processing\":true,\"enabled\":true,\"max_response_days\":30},\"portability\":{\"automated_processing\":true,\"enabled\":true,\"formats\":[\"json\",\"xml\",\"csv\"],\"max_response_days\":30},\"rectification\":{\"automated_processing\":true,\"enabled\":true,\"max_response_days\":30},\"restriction\":{\"automated_processing\":true,\"enabled\":true,\"max_response_days\":30}}}"
            },
            "id": "healthcare-staging/gdpr-rights-config",
            "immutable": false,
            "metadata": [
              {
                "annotations": {},
                "generate_name": "",
                "generation": 0,
                "labels": {
                  "app": "healthcare-app",
                  "environment": "staging",
                  "managed-by": "terraform"
                },
                "name": "gdpr-rights-config",
                "namespace": "healthcare-staging",
                "resource_version": "1177312",
                "uid": "a728ea8c-39f3-43ae-b823-9ad3ab636bb2"
              }
            ]
          },
          "sensitive_attributes": [],
          "private": "bnVsbA==",
          "dependencies": [
            "kubernetes_namespace.healthcare"
          ]
        }
      ]
    },
    {
      "mode": "managed",
      "type": "kubernetes_config_map",
      "name": "grafana_config",
      "provider": "provider[\"registry.terraform.io/hashicorp/kubernetes\"]",
      "instances": [
        {
          "schema_version": 0,
          "attributes": {
            "binary_data": {},
            "data": {
              "dashboard-providers.yml": "\"apiVersion\": 1\n\"providers\":\n- \"folder\": \"\"\n  \"name\": \"default\"\n  \"options\":\n    \"path\": \"/etc/grafana/provisioning/dashboards\"\n  \"orgId\": 1\n  \"type\": \"file\"\n",
              "datasources.yml": "\"apiVersion\": 1\n\"datasources\":\n- \"access\": \"proxy\"\n  \"isDefault\": true\n  \"name\": \"Prometheus\"\n  \"type\": \"prometheus\"\n  \"url\": \"http://prometheus:9090\"\n",
              "grafana.ini": "[server]\nhttp_port = 3000\nroot_url = http://localhost:3000/\n\n[database]\ntype = sqlite3\npath = /var/lib/grafana/grafana.db\n\n[security]\nadmin_user = admin\nadmin_password = admin123\n\n[auth.anonymous]\nenabled = true\norg_role = Viewer\n\n[dashboards]\ndefault_home_dashboard_path = /etc/grafana/provisioning/dashboards/healthcare-dashboard.json\n",
              "healthcare-dashboard.json": "{\"id\":null,\"panels\":[{\"id\":1,\"targets\":[{\"expr\":\"rate(container_cpu_usage_seconds_total{namespace=\\\"healthcare-staging\\\"}[5m]) * 100\"}],\"title\":\"CPU Usage\",\"type\":\"graph\",\"yAxes\":[{\"label\":\"Percentage\",\"max\":100}]},{\"id\":2,\"targets\":[{\"expr\":\"container_memory_usage_bytes{namespace=\\\"healthcare-staging\\\"} / 1024 / 1024\"}],\"title\":\"Memory Usage\",\"type\":\"graph\",\"yAxes\":[{\"label\":\"MB\"}]},{\"id\":3,\"targets\":[{\"expr\":\"rate(http_requests_total{job=\\\"healthcare-backend\\\"}[5m])\"}],\"title\":\"HTTP Request Rate\",\"type\":\"graph\"},{\"id\":4,\"targets\":[{\"expr\":\"histogram_quantile(0.95, rate(http_request_duration_seconds_bucket{job=\\\"healthcare-backend\\\"}[5m]))\"}],\"title\":\"Response Time (95th percentile)\",\"type\":\"graph\"}],\"refresh\":\"30s\",\"tags\":[\"healthcare\",\"monitoring\"],\"time\":{\"from\":\"now-1h\",\"to\":\"now\"},\"timezone\":\"browser\",\"title\":\"Healthcare Application Dashboard\"}"
            },
            "id": "monitoring-staging/grafana-config",
            "immutable": false,
            "metadata": [
              {
                "annotations": {},
                "generate_name": "",
                "generation": 0,
                "labels": {
                  "app": "healthcare-app",
                  "component": "grafana",
                  "environment": "staging",
                  "managed-by": "terraform"
                },
                "name": "grafana-config",
                "namespace": "monitoring-staging",
                "resource_version": "1177127",
                "uid": "82b62c6c-4a3c-4fca-9fa1-d5a7d94f10f7"
              }
            ]
          },
          "sensitive_attributes": [],
          "private": "bnVsbA==",
          "dependencies": [
            "kubernetes_namespace.monitoring"
          ]
        }
      ]
    },
    {
      "mode": "managed",
      "type": "kubernetes_config_map",
      "name": "integration_test",
      "provider": "provider[\"registry.terraform.io/hashicorp/kubernetes\"]",
      "instances": [
        {
          "schema_version": 0,
          "attributes": {
            "binary_data": {},
            "data": {
              "test-integration.js": "const { execSync } = require('child_process');\nconst axios = require('axios');\n\n// Configuration\nconst API_BASE_URL = process.env.API_BASE_URL || 'http://backend:5001';\nconst FRONTEND_URL = process.env.FRONTEND_URL || 'http://frontend:80';\n\n// For Jenkins/CI environment, use localhost with port forwarding\nconst CI_API_BASE_URL = process.env.CI_API_BASE_URL || 'http://localhost:8083';\nconst CI_FRONTEND_URL = process.env.CI_FRONTEND_URL || 'http://localhost:8082';\n\n// For nginx proxy testing (relative URLs)\nconst NGINX_API_BASE_URL = process.env.NGINX_API_BASE_URL || 'http://localhost:8082/api';\n\n// Test results\nlet testResults = {\n  passed: 0,\n  failed: 0,\n  total: 0,\n  details: []\n};\n\nasync function runTest(testName, testFunction) {\n  try {\n    console.log(`Running ${testName}...`);\n    await testFunction();\n    testResults.passed++;\n    testResults.details.push({ name: testName, status: 'PASSED' });\n    console.log(`[SUCCESS] ${testName} - PASSED`);\n  } catch (error) {\n    testResults.failed++;\n    const errorDetails = {\n      name: testName,\n      status: 'FAILED',\n      error: error.message,\n      stack: error.stack,\n      config: error.config ? {\n        url: error.config.url,\n        method: error.config.method,\n        timeout: error.config.timeout\n      } : undefined,\n      response: error.response ? {\n        status: error.response.status,\n        statusText: error.response.statusText,\n        data: error.response.data\n      } : undefined\n    };\n    testResults.details.push(errorDetails);\n    console.log(`[ERROR] ${testName} - FAILED: ${error.message}`);\n    if (error.response) {\n      console.log(`   Response Status: ${error.response.status}`);\n      console.log(`   Response Data:`, error.response.data);\n    }\n    if (error.config) {\n      console.log(`   Request URL: ${error.config.url}`);\n    }\n  }\n  testResults.total++;\n}\n\nasync function testHealthEndpoint() {\n  let apiUrl = API_BASE_URL;\n  \n  // Try CI URL first if we're in a CI environment\n  if (process.env.CI || process.env.JENKINS_URL) {\n    try {\n      const response = await axios.get(`${CI_API_BASE_URL}/health`, { timeout: 5000 });\n      if (response.status === 200 \u0026\u0026 response.data.status === 'ok') {\n        return; // Success with CI URL\n      }\n    } catch (error) {\n      console.log('CI URL failed, trying localhost...');\n      apiUrl = API_BASE_URL;\n    }\n  }\n  \n  const response = await axios.get(`${apiUrl}/health`);\n  if (response.status !== 200 || response.data.status !== 'ok') {\n    throw new Error('Health check failed');\n  }\n}\n\nasync function testAppointmentsAPI() {\n  let apiUrl = API_BASE_URL;\n  \n  // Try CI URL first if we're in a CI environment\n  if (process.env.CI || process.env.JENKINS_URL) {\n    try {\n      const testResponse = await axios.get(`${CI_API_BASE_URL}/appointments`, { timeout: 5000 });\n      if (testResponse.status === 200) {\n        apiUrl = CI_API_BASE_URL; // Use CI URL for the rest of the test\n      }\n    } catch (error) {\n      console.log('CI API URL failed, trying localhost...');\n      apiUrl = API_BASE_URL;\n    }\n  }\n  \n  // Test GET /api/appointments\n  const response = await axios.get(`${apiUrl}/api/appointments`);\n  if (response.status !== 200) {\n    throw new Error(`GET appointments failed with status ${response.status}`);\n  }\n  \n  // Test POST /appointments\n  const newAppointment = {\n    title: 'Integration Test Appointment',\n    description: 'Automated integration test appointment',\n    dateTime: new Date().toISOString(),\n    clinic: 'test-clinic',\n    clinicName: 'Test Clinic',\n    image: 'test-image.jpg',\n    address: '123 Test Street, Test City',\n    doctor: 'Dr. Test',\n    doctorSpecialty: 'General Practice'\n  };\n  \n  const createResponse = await axios.post(`${apiUrl}/api/appointments`, newAppointment);\n  if (createResponse.status !== 201) {\n    throw new Error(`POST appointment failed with status ${createResponse.status}`);\n  }\n  \n  // Clean up - delete the test appointment\n  if (createResponse.data._id) {\n    await axios.delete(`${apiUrl}/api/appointments/${createResponse.data._id}`);\n  }\n}\n\nasync function testFrontendAvailability() {\n  let frontendUrl = FRONTEND_URL;\n  \n  // Try CI URL first if we're in a CI environment\n  if (process.env.CI || process.env.JENKINS_URL) {\n    try {\n      const response = await axios.get(CI_FRONTEND_URL, { timeout: 5000 });\n      if (response.status === 200) {\n        return; // Success with CI URL\n      }\n    } catch (error) {\n      console.log('CI Frontend URL failed, trying localhost...');\n      frontendUrl = FRONTEND_URL;\n    }\n  }\n  \n  const response = await axios.get(frontendUrl);\n  if (response.status !== 200) {\n    throw new Error(`Frontend not accessible, status: ${response.status}`);\n  }\n}\n\nasync function testNginxProxyRouting() {\n  console.log('Testing nginx proxy routing for API calls...');\n  \n  try {\n    // Test direct API call through nginx proxy\n    const response = await axios.get(`${NGINX_API_BASE_URL}/health`, { timeout: 10000 });\n    \n    if (response.status === 200 \u0026\u0026 response.data.status === 'ok') {\n      console.log('✅ Nginx proxy routing working correctly');\n      console.log(`   API accessible via nginx proxy: ${NGINX_API_BASE_URL}/health`);\n    } else {\n      throw new Error(`Unexpected response: ${response.status} - ${JSON.stringify(response.data)}`);\n    }\n  } catch (error) {\n    throw new Error(`Nginx proxy routing failed: ${error.message}`);\n  }\n}\n\nasync function testDatabaseConnection() {\n  let apiUrl = API_BASE_URL;\n  \n  // Try CI URL first if we're in a CI environment  \n  if (process.env.CI || process.env.JENKINS_URL) {\n    try {\n      const response = await axios.get(`${CI_API_BASE_URL}/appointments`, { timeout: 5000 });\n      if (response.status === 200) {\n        return; // Success with CI URL\n      }\n    } catch (error) {\n      console.log('CI Database test failed, trying localhost...');\n      apiUrl = API_BASE_URL;\n    }\n  }\n  \n  // This test assumes the backend has a specific endpoint for DB health\n  // If not available, this will test through the appointments endpoint\n  try {\n    const response = await axios.get(`${apiUrl}/api/appointments`);\n    if (response.status !== 200) {\n      throw new Error('Database connection test failed');\n    }\n  } catch (error) {\n    throw new Error(`Database connection test failed: ${error.message}`);\n  }\n}\n\nasync function runIntegrationTests() {\n  console.log('Starting Integration Tests...');\n  console.log(`API Base URL: ${API_BASE_URL}`);\n  console.log(`Frontend URL: ${FRONTEND_URL}`);\n  \n  // Show CI environment URLs if available\n  if (process.env.CI || process.env.JENKINS_URL) {\n    console.log(`CI API Base URL: ${CI_API_BASE_URL}`);\n    console.log(`CI Frontend URL: ${CI_FRONTEND_URL}`);\n    console.log('Running in CI environment - will try CI URLs first');\n  }\n  \n  // Wait for services to be ready\n  console.log('Waiting for services to be ready...');\n  await new Promise(resolve =\u003e setTimeout(resolve, 10000));\n  \n  // Run all tests\n  await runTest('Health Endpoint Test', testHealthEndpoint);\n  await runTest('Database Connection Test', testDatabaseConnection);\n  await runTest('Appointments API Test', testAppointmentsAPI);\n  await runTest('Frontend Availability Test', testFrontendAvailability);\n  await runTest('Nginx Proxy Routing Test', testNginxProxyRouting);\n  \n  // Print summary\n  console.log('\\nIntegration Test Summary:');\n  console.log(`Total Tests: ${testResults.total}`);\n  console.log(`Passed: ${testResults.passed}`);\n  console.log(`Failed: ${testResults.failed}`);\n  console.log(`Success Rate: ${((testResults.passed / testResults.total) * 100).toFixed(2)}%`);\n  \n  if (testResults.failed \u003e 0) {\n    console.log('\\n[ERROR] Failed Tests:');\n    testResults.details\n      .filter(test =\u003e test.status === 'FAILED')\n      .forEach(test =\u003e {\n        console.log(`  - ${test.name}: ${test.error}`);\n      });\n  }\n  \n  // Exit with appropriate code\n  process.exit(testResults.failed \u003e 0 ? 1 : 0);\n}\n\n// Run the tests\nrunIntegrationTests().catch(error =\u003e {\n  console.error('Integration tests crashed:', error);\n  process.exit(1);\n});\n"
            },
            "id": "healthcare-staging/integration-test",
            "immutable": false,
            "metadata": [
              {
                "annotations": {},
                "generate_name": "",
                "generation": 0,
                "labels": {
                  "app": "healthcare-app",
                  "environment": "staging",
                  "managed-by": "terraform"
                },
                "name": "integration-test",
                "namespace": "healthcare-staging",
                "resource_version": "1177321",
                "uid": "0cc23673-69f2-45ca-b2c5-9f79ca4a9e54"
              }
            ]
          },
          "sensitive_attributes": [],
          "private": "bnVsbA==",
          "dependencies": [
            "kubernetes_namespace.healthcare"
          ]
        }
      ]
    },
    {
      "mode": "managed",
      "type": "kubernetes_config_map",
      "name": "jaeger_config",
      "provider": "provider[\"registry.terraform.io/hashicorp/kubernetes\"]",
      "instances": [
        {
          "index_key": 0,
          "schema_version": 0,
          "attributes": {
            "binary_data": {},
            "data": {
              "jaeger.yml": "\"baggage_restrictions\":\n  \"deny_baggage_on_initialization_failure\": false\n  \"host_port\": \"jaeger-agent:5778\"\n  \"refresh_interval\": 60000\n\"disabled\": false\n\"headers\":\n  \"jaeger_baggage_header\": \"baggage\"\n  \"jaeger_debug_header\": \"debug-id\"\n  \"trace_context_header_name\": \"traceparent\"\n\"reporter\":\n  \"local_agent_host_port\": \"jaeger-agent:6831\"\n  \"log_spans\": true\n\"sampler\":\n  \"param\": 1\n  \"type\": \"const\"\n\"service_name\": \"healthcare-app\"\n"
            },
            "id": "monitoring-staging/jaeger-config",
            "immutable": false,
            "metadata": [
              {
                "annotations": {},
                "generate_name": "",
                "generation": 0,
                "labels": {
                  "app": "healthcare-app",
                  "component": "jaeger",
                  "environment": "staging",
                  "managed-by": "terraform"
                },
                "name": "jaeger-config",
                "namespace": "monitoring-staging",
                "resource_version": "1177126",
                "uid": "aa7a655c-2f27-4712-970d-cb8c3acaf072"
              }
            ]
          },
          "sensitive_attributes": [],
          "private": "bnVsbA==",
          "dependencies": [
            "kubernetes_namespace.monitoring"
          ]
        }
      ]
    },
    {
      "mode": "managed",
      "type": "kubernetes_config_map",
      "name": "mongodb_exporter_config",
      "provider": "provider[\"registry.terraform.io/hashicorp/kubernetes\"]",
      "instances": [
        {
          "schema_version": 0,
          "attributes": {
            "binary_data": {},
            "data": {
              "mongodb-exporter.env": "MONGODB_URI=mongodb://admin:$(cat /secrets/mongodb-password)@mongodb.healthcare-staging.svc.cluster.local:27017/healthcare-app?authSource=admin\nMONGODB_COLLECTOR=diagnosticdata,top,collections,indexusage,dbstats\n"
            },
            "id": "monitoring-staging/mongodb-exporter-config",
            "immutable": false,
            "metadata": [
              {
                "annotations": {},
                "generate_name": "",
                "generation": 0,
                "labels": {
                  "app": "healthcare-app",
                  "component": "mongodb-exporter",
                  "environment": "staging",
                  "managed-by": "terraform"
                },
                "name": "mongodb-exporter-config",
                "namespace": "monitoring-staging",
                "resource_version": "1177163",
                "uid": "ec8f6442-49e0-4b01-a390-cdbc700b25d9"
              }
            ]
          },
          "sensitive_attributes": [],
          "private": "bnVsbA==",
          "dependencies": [
            "kubernetes_namespace.monitoring"
          ]
        }
      ]
    },
    {
      "mode": "managed",
      "type": "kubernetes_config_map",
      "name": "prometheus_config",
      "provider": "provider[\"registry.terraform.io/hashicorp/kubernetes\"]",
      "instances": [
        {
          "schema_version": 0,
          "attributes": {
            "binary_data": {},
            "data": {
              "prometheus.yml": "\"alerting\":\n  \"alertmanagers\":\n  - \"static_configs\":\n    - \"targets\":\n      - \"alertmanager:9093\"\n\"global\":\n  \"evaluation_interval\": \"15s\"\n  \"scrape_interval\": \"15s\"\n\"rule_files\":\n- \"/etc/prometheus/rules/*.yml\"\n\"scrape_configs\":\n- \"job_name\": \"prometheus\"\n  \"static_configs\":\n  - \"targets\":\n    - \"localhost:9090\"\n- \"job_name\": \"healthcare-backend\"\n  \"kubernetes_sd_configs\":\n  - \"namespaces\":\n      \"names\":\n      - \"healthcare-staging\"\n    \"role\": \"endpoints\"\n  \"relabel_configs\":\n  - \"action\": \"keep\"\n    \"regex\": true\n    \"source_labels\":\n    - \"__meta_kubernetes_service_annotation_prometheus_io_scrape\"\n  - \"action\": \"replace\"\n    \"regex\": \"(.+)\"\n    \"source_labels\":\n    - \"__meta_kubernetes_service_annotation_prometheus_io_path\"\n    \"target_label\": \"__metrics_path__\"\n  - \"action\": \"replace\"\n    \"regex\": \"([^:]+)(?::\\\\d+)?(\\\\d+)\"\n    \"replacement\": \"$1:$2\"\n    \"source_labels\":\n    - \"__address__\"\n    - \"__meta_kubernetes_service_annotation_prometheus_io_port\"\n    \"target_label\": \"__address__\"\n- \"job_name\": \"kubernetes-nodes\"\n  \"kubernetes_sd_configs\":\n  - \"role\": \"node\"\n  \"relabel_configs\":\n  - \"action\": \"labelmap\"\n    \"regex\": \"__meta_kubernetes_node_label_(.+)\"\n- \"job_name\": \"mongodb-exporter\"\n  \"kubernetes_sd_configs\":\n  - \"namespaces\":\n      \"names\":\n      - \"monitoring-staging\"\n    \"role\": \"endpoints\"\n  \"relabel_configs\":\n  - \"action\": \"keep\"\n    \"regex\": \"mongodb-exporter\"\n    \"source_labels\":\n    - \"__meta_kubernetes_service_name\"\n  - \"action\": \"keep\"\n    \"regex\": \"metrics\"\n    \"source_labels\":\n    - \"__meta_kubernetes_endpoint_port_name\"\n- \"job_name\": \"jaeger\"\n  \"kubernetes_sd_configs\":\n  - \"namespaces\":\n      \"names\":\n      - \"monitoring-staging\"\n    \"role\": \"endpoints\"\n  \"metrics_path\": \"/metrics\"\n  \"relabel_configs\":\n  - \"action\": \"keep\"\n    \"regex\": \"jaeger\"\n    \"source_labels\":\n    - \"__meta_kubernetes_service_name\"\n  - \"action\": \"keep\"\n    \"regex\": \"query\"\n    \"source_labels\":\n    - \"__meta_kubernetes_endpoint_port_name\"\n- \"job_name\": \"nginx-ingress-controller\"\n  \"kubernetes_sd_configs\":\n  - \"namespaces\":\n      \"names\":\n      - \"monitoring-staging\"\n    \"role\": \"endpoints\"\n  \"relabel_configs\":\n  - \"action\": \"keep\"\n    \"regex\": \"ingress-nginx-controller\"\n    \"source_labels\":\n    - \"__meta_kubernetes_service_name\"\n  - \"action\": \"keep\"\n    \"regex\": \"metrics\"\n    \"source_labels\":\n    - \"__meta_kubernetes_endpoint_port_name\"\n- \"job_name\": \"fluent-bit\"\n  \"kubernetes_sd_configs\":\n  - \"namespaces\":\n      \"names\":\n      - \"monitoring-staging\"\n    \"role\": \"endpoints\"\n  \"relabel_configs\":\n  - \"action\": \"keep\"\n    \"regex\": \"fluent-bit\"\n    \"source_labels\":\n    - \"__meta_kubernetes_service_name\"\n  - \"action\": \"keep\"\n    \"regex\": \"metrics\"\n    \"source_labels\":\n    - \"__meta_kubernetes_endpoint_port_name\"\n- \"job_name\": \"synthetic-monitoring\"\n  \"kubernetes_sd_configs\":\n  - \"namespaces\":\n      \"names\":\n      - \"monitoring-staging\"\n    \"role\": \"endpoints\"\n  \"relabel_configs\":\n  - \"action\": \"keep\"\n    \"regex\": \"synthetic-monitoring\"\n    \"source_labels\":\n    - \"__meta_kubernetes_service_name\"\n  - \"action\": \"keep\"\n    \"regex\": \"metrics\"\n    \"source_labels\":\n    - \"__meta_kubernetes_endpoint_port_name\"\n- \"job_name\": \"jaeger-metrics\"\n  \"kubernetes_sd_configs\":\n  - \"namespaces\":\n      \"names\":\n      - \"monitoring-staging\"\n    \"role\": \"endpoints\"\n  \"metrics_path\": \"/metrics\"\n  \"relabel_configs\":\n  - \"action\": \"keep\"\n    \"regex\": \"jaeger\"\n    \"source_labels\":\n    - \"__meta_kubernetes_service_name\"\n  - \"action\": \"keep\"\n    \"regex\": \"query\"\n    \"source_labels\":\n    - \"__meta_kubernetes_endpoint_port_name\"\n"
            },
            "id": "monitoring-staging/prometheus-config",
            "immutable": false,
            "metadata": [
              {
                "annotations": {},
                "generate_name": "",
                "generation": 0,
                "labels": {
                  "app": "healthcare-app",
                  "component": "prometheus",
                  "environment": "staging",
                  "managed-by": "terraform"
                },
                "name": "prometheus-config",
                "namespace": "monitoring-staging",
                "resource_version": "1177128",
                "uid": "dbffaf26-404c-4e3d-ae2f-861610892462"
              }
            ]
          },
          "sensitive_attributes": [],
          "private": "bnVsbA==",
          "dependencies": [
            "kubernetes_namespace.monitoring"
          ]
        }
      ]
    },
    {
      "mode": "managed",
      "type": "kubernetes_config_map",
      "name": "prometheus_rules",
      "provider": "provider[\"registry.terraform.io/hashicorp/kubernetes\"]",
      "instances": [
        {
          "schema_version": 0,
          "attributes": {
            "binary_data": {},
            "data": {
              "healthcare-app.yml": "\"groups\":\n- \"name\": \"healthcare-app.rules\"\n  \"rules\":\n  - \"alert\": \"HighCPUUsage\"\n    \"annotations\":\n      \"description\": \"CPU usage is above 80% for more than 5 minutes in {{ $labels.namespace\n        }}\"\n      \"runbook\": \"https://docs.company.com/runbooks/high-cpu\"\n      \"summary\": \"High CPU usage detected\"\n    \"expr\": \"rate(container_cpu_usage_seconds_total{namespace=\\\"healthcare-staging\\\"}[5m])\n      * 100 \u003e 80\"\n    \"for\": \"5m\"\n    \"labels\":\n      \"severity\": \"warning\"\n      \"team\": \"platform\"\n  - \"alert\": \"HighMemoryUsage\"\n    \"annotations\":\n      \"description\": \"Memory usage is above 90% for more than 5 minutes in {{ $labels.namespace\n        }}\"\n      \"runbook\": \"https://docs.company.com/runbooks/high-memory\"\n      \"summary\": \"High memory usage detected\"\n    \"expr\": \"container_memory_usage_bytes{namespace=\\\"healthcare-staging\\\"} / container_spec_memory_limit_bytes\n      * 100 \u003e 90\"\n    \"for\": \"5m\"\n    \"labels\":\n      \"severity\": \"critical\"\n      \"team\": \"platform\"\n  - \"alert\": \"ServiceDown\"\n    \"annotations\":\n      \"description\": \"The healthcare backend service has been down for more than 1\n        minute\"\n      \"runbook\": \"https://docs.company.com/runbooks/service-down\"\n      \"summary\": \"Healthcare backend service is down\"\n    \"expr\": \"up{job=\\\"healthcare-backend\\\"} == 0\"\n    \"for\": \"1m\"\n    \"labels\":\n      \"severity\": \"critical\"\n      \"team\": \"backend\"\n  - \"alert\": \"HighResponseTime\"\n    \"annotations\":\n      \"description\": \"95th percentile response time is above 1 second for more than\n        5 minutes\"\n      \"runbook\": \"https://docs.company.com/runbooks/high-response-time\"\n      \"summary\": \"High response time detected\"\n    \"expr\": \"histogram_quantile(0.95, rate(http_request_duration_seconds_bucket{job=\\\"healthcare-backend\\\"}[5m]))\n      \u003e 1\"\n    \"for\": \"5m\"\n    \"labels\":\n      \"severity\": \"warning\"\n      \"team\": \"backend\"\n  - \"alert\": \"DatabaseConnectionFailure\"\n    \"annotations\":\n      \"description\": \"MongoDB has no active connections for more than 2 minutes\"\n      \"runbook\": \"https://docs.company.com/runbooks/mongodb-connection\"\n      \"summary\": \"MongoDB connection failure\"\n    \"expr\": \"mongodb_connections_current{namespace=\\\"healthcare-staging\\\"} \u003c 1\"\n    \"for\": \"2m\"\n    \"labels\":\n      \"severity\": \"critical\"\n      \"team\": \"database\"\n  - \"alert\": \"DiskSpaceLow\"\n    \"annotations\":\n      \"description\": \"Disk usage is above 85% for more than 5 minutes\"\n      \"runbook\": \"https://docs.company.com/runbooks/low-disk-space\"\n      \"summary\": \"Low disk space\"\n    \"expr\": \"(1 - node_filesystem_avail_bytes / node_filesystem_size_bytes) * 100\n      \u003e 85\"\n    \"for\": \"5m\"\n    \"labels\":\n      \"severity\": \"warning\"\n      \"team\": \"platform\"\n  - \"alert\": \"PodRestartRateHigh\"\n    \"annotations\":\n      \"description\": \"Pods are restarting at a rate \u003e 0.5 per minute for more than\n        5 minutes\"\n      \"runbook\": \"https://docs.company.com/runbooks/pod-restarts\"\n      \"summary\": \"High pod restart rate\"\n    \"expr\": \"rate(kube_pod_container_status_restarts_total{namespace=\\\"healthcare-staging\\\"}[10m])\n      \u003e 0.5\"\n    \"for\": \"5m\"\n    \"labels\":\n      \"severity\": \"warning\"\n      \"team\": \"platform\"\n  - \"alert\": \"SecurityVulnerabilityDetected\"\n    \"annotations\":\n      \"description\": \"Critical security vulnerabilities found in the application\"\n      \"runbook\": \"https://docs.company.com/runbooks/security-vulnerability\"\n      \"summary\": \"Critical security vulnerability detected\"\n    \"expr\": \"healthcare_security_vulnerabilities_total{severity=\\\"critical\\\"} \u003e 0\"\n    \"for\": \"1m\"\n    \"labels\":\n      \"severity\": \"critical\"\n      \"team\": \"security\"\n  - \"alert\": \"APITimeoutRateHigh\"\n    \"annotations\":\n      \"description\": \"API timeout rate is above 5% for more than 3 minutes\"\n      \"runbook\": \"https://docs.company.com/runbooks/api-timeouts\"\n      \"summary\": \"High API timeout rate\"\n    \"expr\": \"rate(http_request_duration_seconds_count{job=\\\"healthcare-backend\\\",\n      status_code=\\\"408\\\"}[5m]) / rate(http_request_duration_seconds_count{job=\\\"healthcare-backend\\\"}[5m])\n      * 100 \u003e 5\"\n    \"for\": \"3m\"\n    \"labels\":\n      \"severity\": \"warning\"\n      \"team\": \"backend\"\n  - \"alert\": \"DatabaseSlowQuery\"\n    \"annotations\":\n      \"description\": \"Database query rate is unusually high (\u003e1000 queries/minute)\"\n      \"runbook\": \"https://docs.company.com/runbooks/database-performance\"\n      \"summary\": \"High database query rate\"\n    \"expr\": \"rate(mongodb_op_counters_total{type=\\\"query\\\"}[5m]) \u003e 1000\"\n    \"for\": \"5m\"\n    \"labels\":\n      \"severity\": \"info\"\n      \"team\": \"database\"\n- \"name\": \"ingress-monitoring.rules\"\n  \"rules\":\n  - \"alert\": \"IngressDown\"\n    \"annotations\":\n      \"description\": \"Ingress error rate is above 5% for more than 5 minutes\"\n      \"runbook\": \"https://docs.company.com/runbooks/ingress-errors\"\n      \"summary\": \"High ingress error rate detected\"\n    \"expr\": \"nginx_ingress_controller_requests_total{status!~\\\"2..\\\"} / nginx_ingress_controller_requests_total\n      * 100 \u003e 5\"\n    \"for\": \"5m\"\n    \"labels\":\n      \"severity\": \"warning\"\n      \"team\": \"platform\"\n  - \"alert\": \"IngressHighLatency\"\n    \"annotations\":\n      \"description\": \"95th percentile ingress response time is above 2 seconds\"\n      \"runbook\": \"https://docs.company.com/runbooks/ingress-latency\"\n      \"summary\": \"High ingress latency detected\"\n    \"expr\": \"histogram_quantile(0.95, rate(nginx_ingress_controller_request_duration_seconds_bucket[5m]))\n      \u003e 2\"\n    \"for\": \"5m\"\n    \"labels\":\n      \"severity\": \"warning\"\n      \"team\": \"platform\"\n- \"name\": \"log-aggregation.rules\"\n  \"rules\":\n  - \"alert\": \"LogAggregationFailure\"\n    \"annotations\":\n      \"description\": \"Fluent Bit log aggregation is down\"\n      \"runbook\": \"https://docs.company.com/runbooks/log-aggregation\"\n      \"summary\": \"Log aggregation failure\"\n    \"expr\": \"up{job=\\\"fluent-bit\\\"} == 0\"\n    \"for\": \"5m\"\n    \"labels\":\n      \"severity\": \"warning\"\n      \"team\": \"platform\"\n  - \"alert\": \"HighLogVolume\"\n    \"annotations\":\n      \"description\": \"Log processing rate is unusually high (\u003e10,000 logs/minute)\"\n      \"runbook\": \"https://docs.company.com/runbooks/high-log-volume\"\n      \"summary\": \"High log volume detected\"\n    \"expr\": \"rate(fluentbit_output_proc_records_total[10m]) \u003e 10000\"\n    \"for\": \"5m\"\n    \"labels\":\n      \"severity\": \"info\"\n      \"team\": \"platform\"\n- \"name\": \"synthetic-monitoring.rules\"\n  \"rules\":\n  - \"alert\": \"SyntheticTestFailure\"\n    \"annotations\":\n      \"description\": \"Synthetic monitoring detected service unavailability\"\n      \"runbook\": \"https://docs.company.com/runbooks/synthetic-failure\"\n      \"summary\": \"Synthetic health check failed\"\n    \"expr\": \"synthetic_health_check_success == 0\"\n    \"for\": \"2m\"\n    \"labels\":\n      \"severity\": \"critical\"\n      \"team\": \"backend\"\n  - \"alert\": \"HighSyntheticResponseTime\"\n    \"annotations\":\n      \"description\": \"Synthetic monitoring detected slow response times (\u003e2s)\"\n      \"runbook\": \"https://docs.company.com/runbooks/high-response-time\"\n      \"summary\": \"High synthetic response time\"\n    \"expr\": \"synthetic_health_check_response_time \u003e 2000\"\n    \"for\": \"5m\"\n    \"labels\":\n      \"severity\": \"warning\"\n      \"team\": \"backend\"\n- \"name\": \"distributed-tracing.rules\"\n  \"rules\":\n  - \"alert\": \"TracingServiceDown\"\n    \"annotations\":\n      \"description\": \"Jaeger tracing service is unavailable\"\n      \"runbook\": \"https://docs.company.com/runbooks/tracing-down\"\n      \"summary\": \"Distributed tracing service down\"\n    \"expr\": \"up{job=\\\"jaeger\\\"} == 0\"\n    \"for\": \"5m\"\n    \"labels\":\n      \"severity\": \"info\"\n      \"team\": \"platform\"\n  - \"alert\": \"HighTracingErrorRate\"\n    \"annotations\":\n      \"description\": \"Tracing spans error rate is above 10%\"\n      \"runbook\": \"https://docs.company.com/runbooks/tracing-errors\"\n      \"summary\": \"High tracing error rate\"\n    \"expr\": \"rate(jaeger_tracer_reporter_spans_total{state=\\\"error\\\"}[5m]) / rate(jaeger_tracer_reporter_spans_total[5m])\n      * 100 \u003e 10\"\n    \"for\": \"5m\"\n    \"labels\":\n      \"severity\": \"warning\"\n      \"team\": \"platform\"\n"
            },
            "id": "monitoring-staging/prometheus-rules",
            "immutable": false,
            "metadata": [
              {
                "annotations": {},
                "generate_name": "",
                "generation": 0,
                "labels": {
                  "app": "healthcare-app",
                  "component": "prometheus",
                  "environment": "staging",
                  "managed-by": "terraform"
                },
                "name": "prometheus-rules",
                "namespace": "monitoring-staging",
                "resource_version": "1177143",
                "uid": "058dcf44-dcc3-4dc6-9f76-385260201fc1"
              }
            ]
          },
          "sensitive_attributes": [],
          "private": "bnVsbA==",
          "dependencies": [
            "kubernetes_namespace.monitoring"
          ]
        }
      ]
    },
    {
      "mode": "managed",
      "type": "kubernetes_cron_job_v1",
      "name": "mongodb_backup",
      "provider": "provider[\"registry.terraform.io/hashicorp/kubernetes\"]",
      "instances": [
        {
          "schema_version": 0,
          "attributes": {
            "id": "healthcare-staging/mongodb-backup",
            "metadata": [
              {
                "annotations": {},
                "generate_name": "",
                "generation": 1,
                "labels": {
                  "app": "healthcare-app",
                  "component": "mongodb",
                  "environment": "staging",
                  "managed-by": "terraform"
                },
                "name": "mongodb-backup",
                "namespace": "healthcare-staging",
                "resource_version": "1177339",
                "uid": "a5dcc617-b6c7-4d52-92d4-ead43b42dfdf"
              }
            ],
            "spec": [
              {
                "concurrency_policy": "Allow",
                "failed_jobs_history_limit": 1,
                "job_template": [
                  {
                    "metadata": [
                      {
                        "annotations": {},
                        "generate_name": "",
                        "generation": 0,
                        "labels": {
                          "app": "healthcare-app",
                          "component": "mongodb",
                          "environment": "staging",
                          "managed-by": "terraform"
                        },
                        "name": "",
                        "resource_version": "",
                        "uid": ""
                      }
                    ],
                    "spec": [
                      {
                        "active_deadline_seconds": 0,
                        "backoff_limit": 0,
                        "completion_mode": "",
                        "completions": 1,
                        "manual_selector": false,
                        "parallelism": 1,
                        "selector": [],
                        "template": [
                          {
                            "metadata": [
                              {
                                "annotations": {},
                                "generate_name": "",
                                "generation": 0,
                                "labels": {
                                  "app": "healthcare-app",
                                  "component": "mongodb",
                                  "environment": "staging",
                                  "managed-by": "terraform"
                                },
                                "name": "",
                                "resource_version": "",
                                "uid": ""
                              }
                            ],
                            "spec": [
                              {
                                "active_deadline_seconds": 0,
                                "affinity": [],
                                "automount_service_account_token": true,
                                "container": [
                                  {
                                    "args": [
                                      "mongodump --host mongodb-staging --username admin --password $MONGO_PASSWORD --authenticationDatabase admin --db healthcare-app --out /backup/backup_$(date +%Y%m%d_%H%M%S)"
                                    ],
                                    "command": [
                                      "sh",
                                      "-c"
                                    ],
                                    "env": [
                                      {
                                        "name": "MONGO_USERNAME",
                                        "value": "admin",
                                        "value_from": []
                                      },
                                      {
                                        "name": "MONGO_PASSWORD",
                                        "value": "",
                                        "value_from": [
                                          {
                                            "config_map_key_ref": [],
                                            "field_ref": [],
                                            "resource_field_ref": [],
                                            "secret_key_ref": [
                                              {
                                                "key": "mongodb-root-password",
                                                "name": "healthcare-app-secrets",
                                                "optional": false
                                              }
                                            ]
                                          }
                                        ]
                                      }
                                    ],
                                    "env_from": [],
                                    "image": "mongo:7.0.1",
                                    "image_pull_policy": "IfNotPresent",
                                    "lifecycle": [],
                                    "liveness_probe": [],
                                    "name": "mongodb-backup",
                                    "port": [],
                                    "readiness_probe": [],
                                    "resources": [
                                      {
                                        "limits": {},
                                        "requests": {}
                                      }
                                    ],
                                    "security_context": [],
                                    "startup_probe": [],
                                    "stdin": false,
                                    "stdin_once": false,
                                    "termination_message_path": "/dev/termination-log",
                                    "termination_message_policy": "File",
                                    "tty": false,
                                    "volume_mount": [
                                      {
                                        "mount_path": "/backup",
                                        "mount_propagation": "None",
                                        "name": "backup-storage",
                                        "read_only": false,
                                        "sub_path": ""
                                      }
                                    ],
                                    "working_dir": ""
                                  }
                                ],
                                "dns_config": [],
                                "dns_policy": "ClusterFirst",
                                "enable_service_links": true,
                                "host_aliases": [],
                                "host_ipc": false,
                                "host_network": false,
                                "host_pid": false,
                                "hostname": "",
                                "image_pull_secrets": [],
                                "init_container": [],
                                "node_name": "",
                                "node_selector": {},
                                "priority_class_name": "",
                                "readiness_gate": [],
                                "restart_policy": "OnFailure",
                                "runtime_class_name": "",
                                "security_context": [],
                                "service_account_name": "",
                                "share_process_namespace": false,
                                "subdomain": "",
                                "termination_grace_period_seconds": 30,
                                "toleration": [],
                                "topology_spread_constraint": [],
                                "volume": [
                                  {
                                    "aws_elastic_block_store": [],
                                    "azure_disk": [],
                                    "azure_file": [],
                                    "ceph_fs": [],
                                    "cinder": [],
                                    "config_map": [],
                                    "csi": [],
                                    "downward_api": [],
                                    "empty_dir": [
                                      {
                                        "medium": "",
                                        "size_limit": ""
                                      }
                                    ],
                                    "fc": [],
                                    "flex_volume": [],
                                    "flocker": [],
                                    "gce_persistent_disk": [],
                                    "git_repo": [],
                                    "glusterfs": [],
                                    "host_path": [],
                                    "iscsi": [],
                                    "local": [],
                                    "name": "backup-storage",
                                    "nfs": [],
                                    "persistent_volume_claim": [],
                                    "photon_persistent_disk": [],
                                    "projected": [],
                                    "quobyte": [],
                                    "rbd": [],
                                    "secret": [],
                                    "vsphere_volume": []
                                  }
                                ]
                              }
                            ]
                          }
                        ],
                        "ttl_seconds_after_finished": ""
                      }
                    ]
                  }
                ],
                "schedule": "0 2 * * *",
                "starting_deadline_seconds": 0,
                "successful_jobs_history_limit": 3,
                "suspend": false
              }
            ],
            "timeouts": null
          },
          "sensitive_attributes": [],
          "private": "eyJlMmJmYjczMC1lY2FhLTExZTYtOGY4OC0zNDM2M2JjN2M0YzAiOnsiZGVsZXRlIjo2MDAwMDAwMDAwMH19",
          "dependencies": [
            "kubernetes_namespace.healthcare",
            "kubernetes_secret.app_secrets",
            "random_password.mongodb_password"
          ]
        }
      ]
    },
    {
      "mode": "managed",
      "type": "kubernetes_cron_job_v1",
      "name": "monitoring_backup",
      "provider": "provider[\"registry.terraform.io/hashicorp/kubernetes\"]",
      "instances": [
        {
          "schema_version": 0,
          "attributes": {
            "id": "monitoring-staging/monitoring-backup",
            "metadata": [
              {
                "annotations": {},
                "generate_name": "",
                "generation": 1,
                "labels": {
                  "app": "healthcare-app",
                  "component": "monitoring",
                  "environment": "staging",
                  "managed-by": "terraform",
                  "purpose": "backup"
                },
                "name": "monitoring-backup",
                "namespace": "monitoring-staging",
                "resource_version": "1177195",
                "uid": "a9bca1e1-ee1a-4eb4-8cfc-65a6594ba704"
              }
            ],
            "spec": [
              {
                "concurrency_policy": "Allow",
                "failed_jobs_history_limit": 1,
                "job_template": [
                  {
                    "metadata": [
                      {
                        "annotations": {},
                        "generate_name": "",
                        "generation": 0,
                        "labels": {
                          "app": "healthcare-app",
                          "component": "monitoring",
                          "environment": "staging",
                          "managed-by": "terraform",
                          "purpose": "backup"
                        },
                        "name": "",
                        "resource_version": "",
                        "uid": ""
                      }
                    ],
                    "spec": [
                      {
                        "active_deadline_seconds": 0,
                        "backoff_limit": 0,
                        "completion_mode": "",
                        "completions": 1,
                        "manual_selector": false,
                        "parallelism": 1,
                        "selector": [],
                        "template": [
                          {
                            "metadata": [
                              {
                                "annotations": {},
                                "generate_name": "",
                                "generation": 0,
                                "labels": {
                                  "app": "healthcare-app",
                                  "component": "monitoring",
                                  "environment": "staging",
                                  "managed-by": "terraform",
                                  "purpose": "backup"
                                },
                                "name": "",
                                "resource_version": "",
                                "uid": ""
                              }
                            ],
                            "spec": [
                              {
                                "active_deadline_seconds": 0,
                                "affinity": [],
                                "automount_service_account_token": true,
                                "container": [
                                  {
                                    "args": [
                                      "# Create backup directory\nmkdir -p /backup/monitoring-$(date +%Y%m%d_%H%M%S)\ncd /backup/monitoring-$(date +%Y%m%d_%H%M%S)\n                \n# Backup Prometheus data\necho \"Backing up Prometheus data...\"\ncurl -s http://prometheus:9090/api/v1/query?query=up \u003e prometheus_metrics.json\n                \n# Backup Grafana dashboards\necho \"Backing up Grafana dashboards...\"\ncurl -s -H \"Authorization: Bearer YOUR_GRAFANA_API_TOKEN\" \\\n  http://grafana:3000/api/search?query=% \u003e grafana_dashboards.json\n                \n# Backup Alertmanager configuration\necho \"Backing up Alertmanager configuration...\"\ncp /etc/alertmanager/alertmanager.yml alertmanager_config.yml\n                \n# Create backup archive\ntar -czf ../monitoring-backup-$(date +%Y%m%d_%H%M%S).tar.gz .\n                \necho \"Monitoring backup completed successfully\"\n"
                                    ],
                                    "command": [
                                      "/bin/sh",
                                      "-c"
                                    ],
                                    "env": [],
                                    "env_from": [],
                                    "image": "alpine:3.18",
                                    "image_pull_policy": "IfNotPresent",
                                    "lifecycle": [],
                                    "liveness_probe": [],
                                    "name": "monitoring-backup",
                                    "port": [],
                                    "readiness_probe": [],
                                    "resources": [
                                      {
                                        "limits": {
                                          "cpu": "200m",
                                          "memory": "256Mi"
                                        },
                                        "requests": {
                                          "cpu": "100m",
                                          "memory": "128Mi"
                                        }
                                      }
                                    ],
                                    "security_context": [],
                                    "startup_probe": [],
                                    "stdin": false,
                                    "stdin_once": false,
                                    "termination_message_path": "/dev/termination-log",
                                    "termination_message_policy": "File",
                                    "tty": false,
                                    "volume_mount": [
                                      {
                                        "mount_path": "/backup",
                                        "mount_propagation": "None",
                                        "name": "backup-storage",
                                        "read_only": false,
                                        "sub_path": ""
                                      },
                                      {
                                        "mount_path": "/etc/alertmanager",
                                        "mount_propagation": "None",
                                        "name": "alertmanager-config",
                                        "read_only": true,
                                        "sub_path": ""
                                      }
                                    ],
                                    "working_dir": ""
                                  }
                                ],
                                "dns_config": [],
                                "dns_policy": "ClusterFirst",
                                "enable_service_links": true,
                                "host_aliases": [],
                                "host_ipc": false,
                                "host_network": false,
                                "host_pid": false,
                                "hostname": "",
                                "image_pull_secrets": [],
                                "init_container": [],
                                "node_name": "",
                                "node_selector": {},
                                "priority_class_name": "",
                                "readiness_gate": [],
                                "restart_policy": "OnFailure",
                                "runtime_class_name": "",
                                "security_context": [],
                                "service_account_name": "",
                                "share_process_namespace": false,
                                "subdomain": "",
                                "termination_grace_period_seconds": 30,
                                "toleration": [],
                                "topology_spread_constraint": [],
                                "volume": [
                                  {
                                    "aws_elastic_block_store": [],
                                    "azure_disk": [],
                                    "azure_file": [],
                                    "ceph_fs": [],
                                    "cinder": [],
                                    "config_map": [],
                                    "csi": [],
                                    "downward_api": [],
                                    "empty_dir": [
                                      {
                                        "medium": "",
                                        "size_limit": ""
                                      }
                                    ],
                                    "fc": [],
                                    "flex_volume": [],
                                    "flocker": [],
                                    "gce_persistent_disk": [],
                                    "git_repo": [],
                                    "glusterfs": [],
                                    "host_path": [],
                                    "iscsi": [],
                                    "local": [],
                                    "name": "backup-storage",
                                    "nfs": [],
                                    "persistent_volume_claim": [],
                                    "photon_persistent_disk": [],
                                    "projected": [],
                                    "quobyte": [],
                                    "rbd": [],
                                    "secret": [],
                                    "vsphere_volume": []
                                  },
                                  {
                                    "aws_elastic_block_store": [],
                                    "azure_disk": [],
                                    "azure_file": [],
                                    "ceph_fs": [],
                                    "cinder": [],
                                    "config_map": [
                                      {
                                        "default_mode": "0644",
                                        "items": [],
                                        "name": "alertmanager-config",
                                        "optional": false
                                      }
                                    ],
                                    "csi": [],
                                    "downward_api": [],
                                    "empty_dir": [],
                                    "fc": [],
                                    "flex_volume": [],
                                    "flocker": [],
                                    "gce_persistent_disk": [],
                                    "git_repo": [],
                                    "glusterfs": [],
                                    "host_path": [],
                                    "iscsi": [],
                                    "local": [],
                                    "name": "alertmanager-config",
                                    "nfs": [],
                                    "persistent_volume_claim": [],
                                    "photon_persistent_disk": [],
                                    "projected": [],
                                    "quobyte": [],
                                    "rbd": [],
                                    "secret": [],
                                    "vsphere_volume": []
                                  }
                                ]
                              }
                            ]
                          }
                        ],
                        "ttl_seconds_after_finished": ""
                      }
                    ]
                  }
                ],
                "schedule": "0 2 * * *",
                "starting_deadline_seconds": 0,
                "successful_jobs_history_limit": 3,
                "suspend": false
              }
            ],
            "timeouts": null
          },
          "sensitive_attributes": [],
          "private": "eyJlMmJmYjczMC1lY2FhLTExZTYtOGY4OC0zNDM2M2JjN2M0YzAiOnsiZGVsZXRlIjo2MDAwMDAwMDAwMH19",
          "dependencies": [
            "kubernetes_config_map.alertmanager_config",
            "kubernetes_namespace.monitoring"
          ]
        }
      ]
    },
    {
      "mode": "managed",
      "type": "kubernetes_daemonset",
      "name": "node_exporter",
      "provider": "provider[\"registry.terraform.io/hashicorp/kubernetes\"]",
      "instances": [
        {
          "schema_version": 1,
          "attributes": {
            "id": "monitoring-staging/node-exporter",
            "metadata": [
              {
                "annotations": {},
                "generate_name": "",
                "generation": 1,
                "labels": {
                  "app": "healthcare-app",
                  "component": "node-exporter",
                  "environment": "staging",
                  "managed-by": "terraform"
                },
                "name": "node-exporter",
                "namespace": "monitoring-staging",
                "resource_version": "1186996",
                "uid": "2829ea12-7dfd-4435-ac4e-2d8893924de9"
              }
            ],
            "spec": [
              {
                "min_ready_seconds": 0,
                "revision_history_limit": 10,
                "selector": [
                  {
                    "match_expressions": [],
                    "match_labels": {
                      "app": "healthcare-app",
                      "component": "node-exporter",
                      "environment": "staging",
                      "managed-by": "terraform"
                    }
                  }
                ],
                "strategy": [
                  {
                    "rolling_update": [
                      {
                        "max_unavailable": "1"
                      }
                    ],
                    "type": "RollingUpdate"
                  }
                ],
                "template": [
                  {
                    "metadata": [
                      {
                        "annotations": {
                          "prometheus.io/port": "9100",
                          "prometheus.io/scrape": "true"
                        },
                        "generate_name": "",
                        "generation": 0,
                        "labels": {
                          "app": "healthcare-app",
                          "component": "node-exporter",
                          "environment": "staging",
                          "managed-by": "terraform"
                        },
                        "name": "",
                        "resource_version": "",
                        "uid": ""
                      }
                    ],
                    "spec": [
                      {
                        "active_deadline_seconds": 0,
                        "affinity": [],
                        "automount_service_account_token": true,
                        "container": [
                          {
                            "args": [
                              "--path.rootfs=/host",
                              "--web.listen-address=0.0.0.0:9100"
                            ],
                            "command": [],
                            "env": [],
                            "env_from": [],
                            "image": "prom/node-exporter:v1.6.0",
                            "image_pull_policy": "IfNotPresent",
                            "lifecycle": [],
                            "liveness_probe": [],
                            "name": "node-exporter",
                            "port": [
                              {
                                "container_port": 9100,
                                "host_ip": "",
                                "host_port": 9100,
                                "name": "metrics",
                                "protocol": "TCP"
                              }
                            ],
                            "readiness_probe": [],
                            "resources": [
                              {
                                "limits": {
                                  "cpu": "200m",
                                  "memory": "256Mi"
                                },
                                "requests": {
                                  "cpu": "100m",
                                  "memory": "128Mi"
                                }
                              }
                            ],
                            "security_context": [],
                            "startup_probe": [],
                            "stdin": false,
                            "stdin_once": false,
                            "termination_message_path": "/dev/termination-log",
                            "termination_message_policy": "File",
                            "tty": false,
                            "volume_mount": [
                              {
                                "mount_path": "/host",
                                "mount_propagation": "None",
                                "name": "root",
                                "read_only": true,
                                "sub_path": ""
                              }
                            ],
                            "working_dir": ""
                          }
                        ],
                        "dns_config": [],
                        "dns_policy": "ClusterFirst",
                        "enable_service_links": true,
                        "host_aliases": [],
                        "host_ipc": false,
                        "host_network": true,
                        "host_pid": true,
                        "hostname": "",
                        "image_pull_secrets": [],
                        "init_container": [],
                        "node_name": "",
                        "node_selector": {},
                        "priority_class_name": "",
                        "readiness_gate": [],
                        "restart_policy": "Always",
                        "runtime_class_name": "",
                        "security_context": [],
                        "service_account_name": "",
                        "share_process_namespace": false,
                        "subdomain": "",
                        "termination_grace_period_seconds": 30,
                        "toleration": [
                          {
                            "effect": "",
                            "key": "",
                            "operator": "Exists",
                            "toleration_seconds": "",
                            "value": ""
                          }
                        ],
                        "topology_spread_constraint": [],
                        "volume": [
                          {
                            "aws_elastic_block_store": [],
                            "azure_disk": [],
                            "azure_file": [],
                            "ceph_fs": [],
                            "cinder": [],
                            "config_map": [],
                            "csi": [],
                            "downward_api": [],
                            "empty_dir": [],
                            "fc": [],
                            "flex_volume": [],
                            "flocker": [],
                            "gce_persistent_disk": [],
                            "git_repo": [],
                            "glusterfs": [],
                            "host_path": [
                              {
                                "path": "/",
                                "type": ""
                              }
                            ],
                            "iscsi": [],
                            "local": [],
                            "name": "root",
                            "nfs": [],
                            "persistent_volume_claim": [],
                            "photon_persistent_disk": [],
                            "projected": [],
                            "quobyte": [],
                            "rbd": [],
                            "secret": [],
                            "vsphere_volume": []
                          }
                        ]
                      }
                    ]
                  }
                ]
              }
            ],
            "timeouts": null,
            "wait_for_rollout": true
          },
          "sensitive_attributes": [],
          "private": "eyJlMmJmYjczMC1lY2FhLTExZTYtOGY4OC0zNDM2M2JjN2M0YzAiOnsiY3JlYXRlIjo2MDAwMDAwMDAwMDAsImRlbGV0ZSI6NjAwMDAwMDAwMDAwLCJ1cGRhdGUiOjYwMDAwMDAwMDAwMH0sInNjaGVtYV92ZXJzaW9uIjoiMSJ9",
          "dependencies": [
            "kubernetes_namespace.monitoring"
          ]
        }
      ]
    },
    {
      "mode": "managed",
      "type": "kubernetes_deployment",
      "name": "alertmanager",
      "provider": "provider[\"registry.terraform.io/hashicorp/kubernetes\"]",
      "instances": [
        {
          "schema_version": 1,
          "attributes": {
            "id": "monitoring-staging/alertmanager",
            "metadata": [
              {
                "annotations": {},
                "generate_name": "",
                "generation": 1,
                "labels": {
                  "app": "healthcare-app",
                  "component": "alertmanager",
                  "environment": "staging",
                  "managed-by": "terraform"
                },
                "name": "alertmanager",
                "namespace": "monitoring-staging",
                "resource_version": "1189717",
                "uid": "25ee782f-5192-4bff-94bc-8aa9dfd56a15"
              }
            ],
            "spec": [
              {
                "min_ready_seconds": 0,
                "paused": false,
                "progress_deadline_seconds": 120,
                "replicas": "1",
                "revision_history_limit": 10,
                "selector": [
                  {
                    "match_expressions": [],
                    "match_labels": {
                      "app": "healthcare-app",
                      "component": "alertmanager",
                      "environment": "staging",
                      "managed-by": "terraform"
                    }
                  }
                ],
                "strategy": [
                  {
                    "rolling_update": [
                      {
                        "max_surge": "25%",
                        "max_unavailable": "25%"
                      }
                    ],
                    "type": "RollingUpdate"
                  }
                ],
                "template": [
                  {
                    "metadata": [
                      {
                        "annotations": {},
                        "generate_name": "",
                        "generation": 0,
                        "labels": {
                          "app": "healthcare-app",
                          "component": "alertmanager",
                          "environment": "staging",
                          "managed-by": "terraform"
                        },
                        "name": "",
                        "namespace": "",
                        "resource_version": "",
                        "uid": ""
                      }
                    ],
                    "spec": [
                      {
                        "active_deadline_seconds": 0,
                        "affinity": [],
                        "automount_service_account_token": true,
                        "container": [
                          {
                            "args": [
                              "--config.file=/etc/alertmanager/alertmanager.yml",
                              "--storage.path=/alertmanager",
                              "--web.listen-address=0.0.0.0:9093"
                            ],
                            "command": [],
                            "env": [],
                            "env_from": [],
                            "image": "prom/alertmanager:v0.26.0",
                            "image_pull_policy": "IfNotPresent",
                            "lifecycle": [],
                            "liveness_probe": [
                              {
                                "exec": [],
                                "failure_threshold": 3,
                                "http_get": [
                                  {
                                    "host": "",
                                    "http_header": [],
                                    "path": "/-/healthy",
                                    "port": "alertmanager",
                                    "scheme": "HTTP"
                                  }
                                ],
                                "initial_delay_seconds": 30,
                                "period_seconds": 10,
                                "success_threshold": 1,
                                "tcp_socket": [],
                                "timeout_seconds": 1
                              }
                            ],
                            "name": "alertmanager",
                            "port": [
                              {
                                "container_port": 9093,
                                "host_ip": "",
                                "host_port": 0,
                                "name": "alertmanager",
                                "protocol": "TCP"
                              }
                            ],
                            "readiness_probe": [
                              {
                                "exec": [],
                                "failure_threshold": 3,
                                "http_get": [
                                  {
                                    "host": "",
                                    "http_header": [],
                                    "path": "/-/ready",
                                    "port": "alertmanager",
                                    "scheme": "HTTP"
                                  }
                                ],
                                "initial_delay_seconds": 5,
                                "period_seconds": 5,
                                "success_threshold": 1,
                                "tcp_socket": [],
                                "timeout_seconds": 1
                              }
                            ],
                            "resources": [
                              {
                                "limits": {
                                  "cpu": "200m",
                                  "memory": "512Mi"
                                },
                                "requests": {
                                  "cpu": "100m",
                                  "memory": "256Mi"
                                }
                              }
                            ],
                            "security_context": [],
                            "startup_probe": [],
                            "stdin": false,
                            "stdin_once": false,
                            "termination_message_path": "/dev/termination-log",
                            "termination_message_policy": "File",
                            "tty": false,
                            "volume_mount": [
                              {
                                "mount_path": "/etc/alertmanager",
                                "mount_propagation": "None",
                                "name": "alertmanager-config",
                                "read_only": false,
                                "sub_path": ""
                              },
                              {
                                "mount_path": "/alertmanager",
                                "mount_propagation": "None",
                                "name": "alertmanager-storage",
                                "read_only": false,
                                "sub_path": ""
                              }
                            ],
                            "working_dir": ""
                          }
                        ],
                        "dns_config": [],
                        "dns_policy": "ClusterFirst",
                        "enable_service_links": true,
                        "host_aliases": [],
                        "host_ipc": false,
                        "host_network": false,
                        "host_pid": false,
                        "hostname": "",
                        "image_pull_secrets": [],
                        "init_container": [],
                        "node_name": "",
                        "node_selector": {},
                        "priority_class_name": "",
                        "readiness_gate": [],
                        "restart_policy": "Always",
                        "runtime_class_name": "",
                        "security_context": [],
                        "service_account_name": "",
                        "share_process_namespace": false,
                        "subdomain": "",
                        "termination_grace_period_seconds": 30,
                        "toleration": [],
                        "topology_spread_constraint": [],
                        "volume": [
                          {
                            "aws_elastic_block_store": [],
                            "azure_disk": [],
                            "azure_file": [],
                            "ceph_fs": [],
                            "cinder": [],
                            "config_map": [
                              {
                                "default_mode": "0644",
                                "items": [],
                                "name": "alertmanager-config",
                                "optional": false
                              }
                            ],
                            "csi": [],
                            "downward_api": [],
                            "empty_dir": [],
                            "fc": [],
                            "flex_volume": [],
                            "flocker": [],
                            "gce_persistent_disk": [],
                            "git_repo": [],
                            "glusterfs": [],
                            "host_path": [],
                            "iscsi": [],
                            "local": [],
                            "name": "alertmanager-config",
                            "nfs": [],
                            "persistent_volume_claim": [],
                            "photon_persistent_disk": [],
                            "projected": [],
                            "quobyte": [],
                            "rbd": [],
                            "secret": [],
                            "vsphere_volume": []
                          },
                          {
                            "aws_elastic_block_store": [],
                            "azure_disk": [],
                            "azure_file": [],
                            "ceph_fs": [],
                            "cinder": [],
                            "config_map": [],
                            "csi": [],
                            "downward_api": [],
                            "empty_dir": [],
                            "fc": [],
                            "flex_volume": [],
                            "flocker": [],
                            "gce_persistent_disk": [],
                            "git_repo": [],
                            "glusterfs": [],
                            "host_path": [],
                            "iscsi": [],
                            "local": [],
                            "name": "alertmanager-storage",
                            "nfs": [],
                            "persistent_volume_claim": [
                              {
                                "claim_name": "alertmanager-storage",
                                "read_only": false
                              }
                            ],
                            "photon_persistent_disk": [],
                            "projected": [],
                            "quobyte": [],
                            "rbd": [],
                            "secret": [],
                            "vsphere_volume": []
                          }
                        ]
                      }
                    ]
                  }
                ]
              }
            ],
            "timeouts": {
              "create": "120s",
              "delete": null,
              "update": "120s"
            },
            "wait_for_rollout": false
          },
          "sensitive_attributes": [],
          "private": "eyJlMmJmYjczMC1lY2FhLTExZTYtOGY4OC0zNDM2M2JjN2M0YzAiOnsiY3JlYXRlIjoxMjAwMDAwMDAwMDAsImRlbGV0ZSI6NjAwMDAwMDAwMDAwLCJ1cGRhdGUiOjEyMDAwMDAwMDAwMH0sInNjaGVtYV92ZXJzaW9uIjoiMSJ9",
          "dependencies": [
            "kubernetes_config_map.alertmanager_config",
            "kubernetes_namespace.monitoring",
            "kubernetes_persistent_volume_claim.alertmanager_storage"
          ]
        }
      ]
    },
    {
      "mode": "managed",
      "type": "kubernetes_deployment",
      "name": "frontend",
      "provider": "provider[\"registry.terraform.io/hashicorp/kubernetes\"]",
      "instances": [
        {
          "schema_version": 1,
          "attributes": {
            "id": "healthcare-staging/frontend",
            "metadata": [
              {
                "annotations": {},
                "generate_name": "",
                "generation": 81,
                "labels": {
                  "app": "healthcare-app",
                  "component": "frontend",
                  "environment": "staging",
                  "managed-by": "terraform"
                },
                "name": "frontend",
                "namespace": "healthcare-staging",
                "resource_version": "1204933",
                "uid": "36d9bf1e-4bca-43fe-a09d-2b8226bcded9"
              }
            ],
            "spec": [
              {
                "min_ready_seconds": 0,
                "paused": false,
                "progress_deadline_seconds": 600,
                "replicas": "1",
                "revision_history_limit": 10,
                "selector": [
                  {
                    "match_expressions": [],
                    "match_labels": {
                      "app": "healthcare-app",
                      "component": "frontend",
                      "environment": "staging",
                      "managed-by": "terraform"
                    }
                  }
                ],
                "strategy": [
                  {
                    "rolling_update": [
                      {
                        "max_surge": "25%",
                        "max_unavailable": "25%"
                      }
                    ],
                    "type": "RollingUpdate"
                  }
                ],
                "template": [
                  {
                    "metadata": [
                      {
                        "annotations": {},
                        "generate_name": "",
                        "generation": 0,
                        "labels": {
                          "app": "healthcare-app",
                          "component": "frontend",
                          "environment": "staging",
                          "managed-by": "terraform"
                        },
                        "name": "",
                        "namespace": "",
                        "resource_version": "",
                        "uid": ""
                      }
                    ],
                    "spec": [
                      {
                        "active_deadline_seconds": 0,
                        "affinity": [],
                        "automount_service_account_token": true,
                        "container": [
                          {
                            "args": [],
                            "command": [],
                            "env": [
                              {
                                "name": "NODE_ENV",
                                "value": "production",
                                "value_from": []
                              },
                              {
                                "name": "REACT_APP_API_BASE_URL",
                                "value": "",
                                "value_from": []
                              },
                              {
                                "name": "REACT_APP_ENVIRONMENT",
                                "value": "staging",
                                "value_from": []
                              },
                              {
                                "name": "REACT_APP_VERSION",
                                "value": "477",
                                "value_from": []
                              }
                            ],
                            "env_from": [],
                            "image": "healthcare-app-frontend:477",
                            "image_pull_policy": "IfNotPresent",
                            "lifecycle": [],
                            "liveness_probe": [
                              {
                                "exec": [],
                                "failure_threshold": 3,
                                "http_get": [
                                  {
                                    "host": "",
                                    "http_header": [],
                                    "path": "/",
                                    "port": "http",
                                    "scheme": "HTTP"
                                  }
                                ],
                                "initial_delay_seconds": 60,
                                "period_seconds": 15,
                                "success_threshold": 1,
                                "tcp_socket": [],
                                "timeout_seconds": 5
                              }
                            ],
                            "name": "frontend",
                            "port": [
                              {
                                "container_port": 80,
                                "host_ip": "",
                                "host_port": 0,
                                "name": "http",
                                "protocol": "TCP"
                              }
                            ],
                            "readiness_probe": [
                              {
                                "exec": [],
                                "failure_threshold": 6,
                                "http_get": [
                                  {
                                    "host": "",
                                    "http_header": [],
                                    "path": "/",
                                    "port": "http",
                                    "scheme": "HTTP"
                                  }
                                ],
                                "initial_delay_seconds": 30,
                                "period_seconds": 10,
                                "success_threshold": 1,
                                "tcp_socket": [],
                                "timeout_seconds": 5
                              }
                            ],
                            "resources": [
                              {
                                "limits": {
                                  "cpu": "500m",
                                  "memory": "512Mi"
                                },
                                "requests": {
                                  "cpu": "100m",
                                  "memory": "128Mi"
                                }
                              }
                            ],
                            "security_context": [
                              {
                                "allow_privilege_escalation": false,
                                "capabilities": [],
                                "privileged": false,
                                "read_only_root_filesystem": true,
                                "run_as_group": "",
                                "run_as_non_root": true,
                                "run_as_user": "101",
                                "se_linux_options": [],
                                "seccomp_profile": []
                              }
                            ],
                            "startup_probe": [],
                            "stdin": false,
                            "stdin_once": false,
                            "termination_message_path": "/dev/termination-log",
                            "termination_message_policy": "File",
                            "tty": false,
                            "volume_mount": [
                              {
                                "mount_path": "/tmp",
                                "mount_propagation": "None",
                                "name": "tmp",
                                "read_only": false,
                                "sub_path": ""
                              },
                              {
                                "mount_path": "/var/cache/nginx",
                                "mount_propagation": "None",
                                "name": "nginx-cache",
                                "read_only": false,
                                "sub_path": ""
                              },
                              {
                                "mount_path": "/var/run",
                                "mount_propagation": "None",
                                "name": "nginx-run",
                                "read_only": false,
                                "sub_path": ""
                              },
                              {
                                "mount_path": "/var/log/nginx",
                                "mount_propagation": "None",
                                "name": "nginx-log",
                                "read_only": false,
                                "sub_path": ""
                              }
                            ],
                            "working_dir": ""
                          }
                        ],
                        "dns_config": [],
                        "dns_policy": "ClusterFirst",
                        "enable_service_links": true,
                        "host_aliases": [],
                        "host_ipc": false,
                        "host_network": false,
                        "host_pid": false,
                        "hostname": "",
                        "image_pull_secrets": [],
                        "init_container": [],
                        "node_name": "",
                        "node_selector": {},
                        "priority_class_name": "",
                        "readiness_gate": [],
                        "restart_policy": "Always",
                        "runtime_class_name": "",
                        "security_context": [],
                        "service_account_name": "",
                        "share_process_namespace": false,
                        "subdomain": "",
                        "termination_grace_period_seconds": 30,
                        "toleration": [],
                        "topology_spread_constraint": [],
                        "volume": [
                          {
                            "aws_elastic_block_store": [],
                            "azure_disk": [],
                            "azure_file": [],
                            "ceph_fs": [],
                            "cinder": [],
                            "config_map": [],
                            "csi": [],
                            "downward_api": [],
                            "empty_dir": [
                              {
                                "medium": "",
                                "size_limit": ""
                              }
                            ],
                            "fc": [],
                            "flex_volume": [],
                            "flocker": [],
                            "gce_persistent_disk": [],
                            "git_repo": [],
                            "glusterfs": [],
                            "host_path": [],
                            "iscsi": [],
                            "local": [],
                            "name": "tmp",
                            "nfs": [],
                            "persistent_volume_claim": [],
                            "photon_persistent_disk": [],
                            "projected": [],
                            "quobyte": [],
                            "rbd": [],
                            "secret": [],
                            "vsphere_volume": []
                          },
                          {
                            "aws_elastic_block_store": [],
                            "azure_disk": [],
                            "azure_file": [],
                            "ceph_fs": [],
                            "cinder": [],
                            "config_map": [],
                            "csi": [],
                            "downward_api": [],
                            "empty_dir": [
                              {
                                "medium": "",
                                "size_limit": ""
                              }
                            ],
                            "fc": [],
                            "flex_volume": [],
                            "flocker": [],
                            "gce_persistent_disk": [],
                            "git_repo": [],
                            "glusterfs": [],
                            "host_path": [],
                            "iscsi": [],
                            "local": [],
                            "name": "nginx-cache",
                            "nfs": [],
                            "persistent_volume_claim": [],
                            "photon_persistent_disk": [],
                            "projected": [],
                            "quobyte": [],
                            "rbd": [],
                            "secret": [],
                            "vsphere_volume": []
                          },
                          {
                            "aws_elastic_block_store": [],
                            "azure_disk": [],
                            "azure_file": [],
                            "ceph_fs": [],
                            "cinder": [],
                            "config_map": [],
                            "csi": [],
                            "downward_api": [],
                            "empty_dir": [
                              {
                                "medium": "",
                                "size_limit": ""
                              }
                            ],
                            "fc": [],
                            "flex_volume": [],
                            "flocker": [],
                            "gce_persistent_disk": [],
                            "git_repo": [],
                            "glusterfs": [],
                            "host_path": [],
                            "iscsi": [],
                            "local": [],
                            "name": "nginx-run",
                            "nfs": [],
                            "persistent_volume_claim": [],
                            "photon_persistent_disk": [],
                            "projected": [],
                            "quobyte": [],
                            "rbd": [],
                            "secret": [],
                            "vsphere_volume": []
                          },
                          {
                            "aws_elastic_block_store": [],
                            "azure_disk": [],
                            "azure_file": [],
                            "ceph_fs": [],
                            "cinder": [],
                            "config_map": [],
                            "csi": [],
                            "downward_api": [],
                            "empty_dir": [
                              {
                                "medium": "",
                                "size_limit": ""
                              }
                            ],
                            "fc": [],
                            "flex_volume": [],
                            "flocker": [],
                            "gce_persistent_disk": [],
                            "git_repo": [],
                            "glusterfs": [],
                            "host_path": [],
                            "iscsi": [],
                            "local": [],
                            "name": "nginx-log",
                            "nfs": [],
                            "persistent_volume_claim": [],
                            "photon_persistent_disk": [],
                            "projected": [],
                            "quobyte": [],
                            "rbd": [],
                            "secret": [],
                            "vsphere_volume": []
                          }
                        ]
                      }
                    ]
                  }
                ]
              }
            ],
            "timeouts": {
              "create": "120s",
              "delete": null,
              "update": "120s"
            },
            "wait_for_rollout": false
          },
          "sensitive_attributes": [],
          "private": "eyJlMmJmYjczMC1lY2FhLTExZTYtOGY4OC0zNDM2M2JjN2M0YzAiOnsiY3JlYXRlIjoxMjAwMDAwMDAwMDAsImRlbGV0ZSI6NjAwMDAwMDAwMDAwLCJ1cGRhdGUiOjEyMDAwMDAwMDAwMH0sInNjaGVtYV92ZXJzaW9uIjoiMSJ9",
          "dependencies": [
            "kubernetes_namespace.healthcare"
          ]
        }
      ]
    },
    {
      "mode": "managed",
      "type": "kubernetes_deployment",
      "name": "grafana",
      "provider": "provider[\"registry.terraform.io/hashicorp/kubernetes\"]",
      "instances": [
        {
          "schema_version": 1,
          "attributes": {
            "id": "monitoring-staging/grafana",
            "metadata": [
              {
                "annotations": {},
                "generate_name": "",
                "generation": 1,
                "labels": {
                  "app": "healthcare-app",
                  "component": "grafana",
                  "environment": "staging",
                  "managed-by": "terraform"
                },
                "name": "grafana",
                "namespace": "monitoring-staging",
                "resource_version": "1189770",
                "uid": "f2a38baf-3a2a-4255-ba39-3c6abf7cebcc"
              }
            ],
            "spec": [
              {
                "min_ready_seconds": 0,
                "paused": false,
                "progress_deadline_seconds": 600,
                "replicas": "1",
                "revision_history_limit": 10,
                "selector": [
                  {
                    "match_expressions": [],
                    "match_labels": {
                      "app": "healthcare-app",
                      "component": "grafana",
                      "environment": "staging",
                      "managed-by": "terraform"
                    }
                  }
                ],
                "strategy": [
                  {
                    "rolling_update": [
                      {
                        "max_surge": "25%",
                        "max_unavailable": "25%"
                      }
                    ],
                    "type": "RollingUpdate"
                  }
                ],
                "template": [
                  {
                    "metadata": [
                      {
                        "annotations": {},
                        "generate_name": "",
                        "generation": 0,
                        "labels": {
                          "app": "healthcare-app",
                          "component": "grafana",
                          "environment": "staging",
                          "managed-by": "terraform"
                        },
                        "name": "",
                        "namespace": "",
                        "resource_version": "",
                        "uid": ""
                      }
                    ],
                    "spec": [
                      {
                        "active_deadline_seconds": 0,
                        "affinity": [],
                        "automount_service_account_token": true,
                        "container": [
                          {
                            "args": [],
                            "command": [],
                            "env": [
                              {
                                "name": "GF_SECURITY_ADMIN_PASSWORD",
                                "value": "admin123",
                                "value_from": []
                              }
                            ],
                            "env_from": [],
                            "image": "grafana/grafana:10.0.0",
                            "image_pull_policy": "IfNotPresent",
                            "lifecycle": [],
                            "liveness_probe": [
                              {
                                "exec": [],
                                "failure_threshold": 3,
                                "http_get": [
                                  {
                                    "host": "",
                                    "http_header": [],
                                    "path": "/api/health",
                                    "port": "grafana",
                                    "scheme": "HTTP"
                                  }
                                ],
                                "initial_delay_seconds": 30,
                                "period_seconds": 10,
                                "success_threshold": 1,
                                "tcp_socket": [],
                                "timeout_seconds": 1
                              }
                            ],
                            "name": "grafana",
                            "port": [
                              {
                                "container_port": 3000,
                                "host_ip": "",
                                "host_port": 0,
                                "name": "grafana",
                                "protocol": "TCP"
                              }
                            ],
                            "readiness_probe": [
                              {
                                "exec": [],
                                "failure_threshold": 3,
                                "http_get": [
                                  {
                                    "host": "",
                                    "http_header": [],
                                    "path": "/api/health",
                                    "port": "grafana",
                                    "scheme": "HTTP"
                                  }
                                ],
                                "initial_delay_seconds": 5,
                                "period_seconds": 5,
                                "success_threshold": 1,
                                "tcp_socket": [],
                                "timeout_seconds": 1
                              }
                            ],
                            "resources": [
                              {
                                "limits": {
                                  "cpu": "500m",
                                  "memory": "128Mi"
                                },
                                "requests": {
                                  "cpu": "200m",
                                  "memory": "64Mi"
                                }
                              }
                            ],
                            "security_context": [],
                            "startup_probe": [],
                            "stdin": false,
                            "stdin_once": false,
                            "termination_message_path": "/dev/termination-log",
                            "termination_message_policy": "File",
                            "tty": false,
                            "volume_mount": [
                              {
                                "mount_path": "/etc/grafana",
                                "mount_propagation": "None",
                                "name": "grafana-config",
                                "read_only": false,
                                "sub_path": ""
                              },
                              {
                                "mount_path": "/etc/grafana/provisioning/dashboards",
                                "mount_propagation": "None",
                                "name": "grafana-dashboards",
                                "read_only": false,
                                "sub_path": ""
                              },
                              {
                                "mount_path": "/etc/grafana/provisioning/datasources",
                                "mount_propagation": "None",
                                "name": "grafana-datasources",
                                "read_only": false,
                                "sub_path": ""
                              },
                              {
                                "mount_path": "/var/lib/grafana",
                                "mount_propagation": "None",
                                "name": "grafana-storage",
                                "read_only": false,
                                "sub_path": ""
                              }
                            ],
                            "working_dir": ""
                          }
                        ],
                        "dns_config": [],
                        "dns_policy": "ClusterFirst",
                        "enable_service_links": true,
                        "host_aliases": [],
                        "host_ipc": false,
                        "host_network": false,
                        "host_pid": false,
                        "hostname": "",
                        "image_pull_secrets": [],
                        "init_container": [],
                        "node_name": "",
                        "node_selector": {},
                        "priority_class_name": "",
                        "readiness_gate": [],
                        "restart_policy": "Always",
                        "runtime_class_name": "",
                        "security_context": [],
                        "service_account_name": "",
                        "share_process_namespace": false,
                        "subdomain": "",
                        "termination_grace_period_seconds": 30,
                        "toleration": [],
                        "topology_spread_constraint": [],
                        "volume": [
                          {
                            "aws_elastic_block_store": [],
                            "azure_disk": [],
                            "azure_file": [],
                            "ceph_fs": [],
                            "cinder": [],
                            "config_map": [
                              {
                                "default_mode": "0644",
                                "items": [
                                  {
                                    "key": "grafana.ini",
                                    "mode": "",
                                    "path": "grafana.ini"
                                  }
                                ],
                                "name": "grafana-config",
                                "optional": false
                              }
                            ],
                            "csi": [],
                            "downward_api": [],
                            "empty_dir": [],
                            "fc": [],
                            "flex_volume": [],
                            "flocker": [],
                            "gce_persistent_disk": [],
                            "git_repo": [],
                            "glusterfs": [],
                            "host_path": [],
                            "iscsi": [],
                            "local": [],
                            "name": "grafana-config",
                            "nfs": [],
                            "persistent_volume_claim": [],
                            "photon_persistent_disk": [],
                            "projected": [],
                            "quobyte": [],
                            "rbd": [],
                            "secret": [],
                            "vsphere_volume": []
                          },
                          {
                            "aws_elastic_block_store": [],
                            "azure_disk": [],
                            "azure_file": [],
                            "ceph_fs": [],
                            "cinder": [],
                            "config_map": [
                              {
                                "default_mode": "0644",
                                "items": [
                                  {
                                    "key": "healthcare-dashboard.json",
                                    "mode": "",
                                    "path": "healthcare-dashboard.json"
                                  },
                                  {
                                    "key": "dashboard-providers.yml",
                                    "mode": "",
                                    "path": "dashboard-providers.yml"
                                  }
                                ],
                                "name": "grafana-config",
                                "optional": false
                              }
                            ],
                            "csi": [],
                            "downward_api": [],
                            "empty_dir": [],
                            "fc": [],
                            "flex_volume": [],
                            "flocker": [],
                            "gce_persistent_disk": [],
                            "git_repo": [],
                            "glusterfs": [],
                            "host_path": [],
                            "iscsi": [],
                            "local": [],
                            "name": "grafana-dashboards",
                            "nfs": [],
                            "persistent_volume_claim": [],
                            "photon_persistent_disk": [],
                            "projected": [],
                            "quobyte": [],
                            "rbd": [],
                            "secret": [],
                            "vsphere_volume": []
                          },
                          {
                            "aws_elastic_block_store": [],
                            "azure_disk": [],
                            "azure_file": [],
                            "ceph_fs": [],
                            "cinder": [],
                            "config_map": [
                              {
                                "default_mode": "0644",
                                "items": [
                                  {
                                    "key": "datasources.yml",
                                    "mode": "",
                                    "path": "datasources.yml"
                                  }
                                ],
                                "name": "grafana-config",
                                "optional": false
                              }
                            ],
                            "csi": [],
                            "downward_api": [],
                            "empty_dir": [],
                            "fc": [],
                            "flex_volume": [],
                            "flocker": [],
                            "gce_persistent_disk": [],
                            "git_repo": [],
                            "glusterfs": [],
                            "host_path": [],
                            "iscsi": [],
                            "local": [],
                            "name": "grafana-datasources",
                            "nfs": [],
                            "persistent_volume_claim": [],
                            "photon_persistent_disk": [],
                            "projected": [],
                            "quobyte": [],
                            "rbd": [],
                            "secret": [],
                            "vsphere_volume": []
                          },
                          {
                            "aws_elastic_block_store": [],
                            "azure_disk": [],
                            "azure_file": [],
                            "ceph_fs": [],
                            "cinder": [],
                            "config_map": [],
                            "csi": [],
                            "downward_api": [],
                            "empty_dir": [],
                            "fc": [],
                            "flex_volume": [],
                            "flocker": [],
                            "gce_persistent_disk": [],
                            "git_repo": [],
                            "glusterfs": [],
                            "host_path": [],
                            "iscsi": [],
                            "local": [],
                            "name": "grafana-storage",
                            "nfs": [],
                            "persistent_volume_claim": [
                              {
                                "claim_name": "grafana-storage",
                                "read_only": false
                              }
                            ],
                            "photon_persistent_disk": [],
                            "projected": [],
                            "quobyte": [],
                            "rbd": [],
                            "secret": [],
                            "vsphere_volume": []
                          }
                        ]
                      }
                    ]
                  }
                ]
              }
            ],
            "timeouts": {
              "create": "120s",
              "delete": null,
              "update": "120s"
            },
            "wait_for_rollout": false
          },
          "sensitive_attributes": [],
          "private": "eyJlMmJmYjczMC1lY2FhLTExZTYtOGY4OC0zNDM2M2JjN2M0YzAiOnsiY3JlYXRlIjoxMjAwMDAwMDAwMDAsImRlbGV0ZSI6NjAwMDAwMDAwMDAwLCJ1cGRhdGUiOjEyMDAwMDAwMDAwMH0sInNjaGVtYV92ZXJzaW9uIjoiMSJ9",
          "dependencies": [
            "kubernetes_config_map.grafana_config",
            "kubernetes_namespace.monitoring",
            "kubernetes_persistent_volume_claim.grafana_storage"
          ]
        }
      ]
    },
    {
      "mode": "managed",
      "type": "kubernetes_deployment",
      "name": "jaeger",
      "provider": "provider[\"registry.terraform.io/hashicorp/kubernetes\"]",
      "instances": [
        {
          "index_key": 0,
          "schema_version": 1,
          "attributes": {
            "id": "monitoring-staging/jaeger",
            "metadata": [
              {
                "annotations": {},
                "generate_name": "",
                "generation": 1,
                "labels": {
                  "app": "healthcare-app",
                  "component": "jaeger",
                  "environment": "staging",
                  "managed-by": "terraform"
                },
                "name": "jaeger",
                "namespace": "monitoring-staging",
                "resource_version": "1187163",
                "uid": "85d2b446-720a-48b9-ba58-bdeee5d08c16"
              }
            ],
            "spec": [
              {
                "min_ready_seconds": 0,
                "paused": false,
                "progress_deadline_seconds": 600,
                "replicas": "1",
                "revision_history_limit": 10,
                "selector": [
                  {
                    "match_expressions": [],
                    "match_labels": {
                      "app": "healthcare-app",
                      "component": "jaeger",
                      "environment": "staging",
                      "managed-by": "terraform"
                    }
                  }
                ],
                "strategy": [
                  {
                    "rolling_update": [
                      {
                        "max_surge": "25%",
                        "max_unavailable": "25%"
                      }
                    ],
                    "type": "RollingUpdate"
                  }
                ],
                "template": [
                  {
                    "metadata": [
                      {
                        "annotations": {},
                        "generate_name": "",
                        "generation": 0,
                        "labels": {
                          "app": "healthcare-app",
                          "component": "jaeger",
                          "environment": "staging",
                          "managed-by": "terraform"
                        },
                        "name": "",
                        "namespace": "",
                        "resource_version": "",
                        "uid": ""
                      }
                    ],
                    "spec": [
                      {
                        "active_deadline_seconds": 0,
                        "affinity": [],
                        "automount_service_account_token": true,
                        "container": [
                          {
                            "args": [],
                            "command": [],
                            "env": [
                              {
                                "name": "COLLECTOR_OTLP_ENABLED",
                                "value": "true",
                                "value_from": []
                              },
                              {
                                "name": "COLLECTOR_ZIPKIN_HOST_PORT",
                                "value": ":9411",
                                "value_from": []
                              }
                            ],
                            "env_from": [],
                            "image": "jaegertracing/all-in-one:1.42.0",
                            "image_pull_policy": "IfNotPresent",
                            "lifecycle": [],
                            "liveness_probe": [
                              {
                                "exec": [],
                                "failure_threshold": 3,
                                "http_get": [
                                  {
                                    "host": "",
                                    "http_header": [],
                                    "path": "/",
                                    "port": "query",
                                    "scheme": "HTTP"
                                  }
                                ],
                                "initial_delay_seconds": 30,
                                "period_seconds": 10,
                                "success_threshold": 1,
                                "tcp_socket": [],
                                "timeout_seconds": 1
                              }
                            ],
                            "name": "jaeger",
                            "port": [
                              {
                                "container_port": 16686,
                                "host_ip": "",
                                "host_port": 0,
                                "name": "query",
                                "protocol": "TCP"
                              },
                              {
                                "container_port": 14268,
                                "host_ip": "",
                                "host_port": 0,
                                "name": "collect",
                                "protocol": "TCP"
                              },
                              {
                                "container_port": 14250,
                                "host_ip": "",
                                "host_port": 0,
                                "name": "grpc",
                                "protocol": "TCP"
                              }
                            ],
                            "readiness_probe": [
                              {
                                "exec": [],
                                "failure_threshold": 3,
                                "http_get": [
                                  {
                                    "host": "",
                                    "http_header": [],
                                    "path": "/",
                                    "port": "query",
                                    "scheme": "HTTP"
                                  }
                                ],
                                "initial_delay_seconds": 5,
                                "period_seconds": 5,
                                "success_threshold": 1,
                                "tcp_socket": [],
                                "timeout_seconds": 1
                              }
                            ],
                            "resources": [
                              {
                                "limits": {
                                  "cpu": "200m",
                                  "memory": "256Mi"
                                },
                                "requests": {
                                  "cpu": "100m",
                                  "memory": "128Mi"
                                }
                              }
                            ],
                            "security_context": [],
                            "startup_probe": [],
                            "stdin": false,
                            "stdin_once": false,
                            "termination_message_path": "/dev/termination-log",
                            "termination_message_policy": "File",
                            "tty": false,
                            "volume_mount": [],
                            "working_dir": ""
                          }
                        ],
                        "dns_config": [],
                        "dns_policy": "ClusterFirst",
                        "enable_service_links": true,
                        "host_aliases": [],
                        "host_ipc": false,
                        "host_network": false,
                        "host_pid": false,
                        "hostname": "",
                        "image_pull_secrets": [],
                        "init_container": [],
                        "node_name": "",
                        "node_selector": {},
                        "priority_class_name": "",
                        "readiness_gate": [],
                        "restart_policy": "Always",
                        "runtime_class_name": "",
                        "security_context": [],
                        "service_account_name": "",
                        "share_process_namespace": false,
                        "subdomain": "",
                        "termination_grace_period_seconds": 30,
                        "toleration": [],
                        "topology_spread_constraint": [],
                        "volume": []
                      }
                    ]
                  }
                ]
              }
            ],
            "timeouts": null,
            "wait_for_rollout": true
          },
          "sensitive_attributes": [],
          "private": "eyJlMmJmYjczMC1lY2FhLTExZTYtOGY4OC0zNDM2M2JjN2M0YzAiOnsiY3JlYXRlIjo2MDAwMDAwMDAwMDAsImRlbGV0ZSI6NjAwMDAwMDAwMDAwLCJ1cGRhdGUiOjYwMDAwMDAwMDAwMH0sInNjaGVtYV92ZXJzaW9uIjoiMSJ9",
          "dependencies": [
            "kubernetes_namespace.monitoring"
          ]
        }
      ]
    },
    {
      "mode": "managed",
      "type": "kubernetes_deployment",
      "name": "mongodb_exporter",
      "provider": "provider[\"registry.terraform.io/hashicorp/kubernetes\"]",
      "instances": [
        {
          "schema_version": 1,
          "attributes": {
            "id": "monitoring-staging/mongodb-exporter",
            "metadata": [
              {
                "annotations": {},
                "generate_name": "",
                "generation": 1,
                "labels": {
                  "app": "healthcare-app",
                  "component": "mongodb-exporter",
                  "environment": "staging",
                  "managed-by": "terraform"
                },
                "name": "mongodb-exporter",
                "namespace": "monitoring-staging",
                "resource_version": "1187156",
                "uid": "07da54c1-8f41-462c-a47b-428943d3125e"
              }
            ],
            "spec": [
              {
                "min_ready_seconds": 0,
                "paused": false,
                "progress_deadline_seconds": 120,
                "replicas": "1",
                "revision_history_limit": 10,
                "selector": [
                  {
                    "match_expressions": [],
                    "match_labels": {
                      "app": "healthcare-app",
                      "component": "mongodb-exporter",
                      "environment": "staging",
                      "managed-by": "terraform"
                    }
                  }
                ],
                "strategy": [
                  {
                    "rolling_update": [
                      {
                        "max_surge": "25%",
                        "max_unavailable": "25%"
                      }
                    ],
                    "type": "RollingUpdate"
                  }
                ],
                "template": [
                  {
                    "metadata": [
                      {
                        "annotations": {
                          "prometheus.io/port": "9216",
                          "prometheus.io/scrape": "true"
                        },
                        "generate_name": "",
                        "generation": 0,
                        "labels": {
                          "app": "healthcare-app",
                          "component": "mongodb-exporter",
                          "environment": "staging",
                          "managed-by": "terraform"
                        },
                        "name": "",
                        "namespace": "",
                        "resource_version": "",
                        "uid": ""
                      }
                    ],
                    "spec": [
                      {
                        "active_deadline_seconds": 0,
                        "affinity": [],
                        "automount_service_account_token": true,
                        "container": [
                          {
                            "args": [],
                            "command": [],
                            "env": [
                              {
                                "name": "MONGODB_PASSWORD",
                                "value": "",
                                "value_from": [
                                  {
                                    "config_map_key_ref": [],
                                    "field_ref": [],
                                    "resource_field_ref": [],
                                    "secret_key_ref": [
                                      {
                                        "key": "mongodb-root-password",
                                        "name": "mongodb-exporter-secrets",
                                        "optional": false
                                      }
                                    ]
                                  }
                                ]
                              }
                            ],
                            "env_from": [
                              {
                                "config_map_ref": [
                                  {
                                    "name": "mongodb-exporter-config",
                                    "optional": false
                                  }
                                ],
                                "prefix": "",
                                "secret_ref": []
                              }
                            ],
                            "image": "percona/mongodb_exporter:0.39",
                            "image_pull_policy": "IfNotPresent",
                            "lifecycle": [],
                            "liveness_probe": [
                              {
                                "exec": [],
                                "failure_threshold": 3,
                                "http_get": [
                                  {
                                    "host": "",
                                    "http_header": [],
                                    "path": "/metrics",
                                    "port": "metrics",
                                    "scheme": "HTTP"
                                  }
                                ],
                                "initial_delay_seconds": 30,
                                "period_seconds": 10,
                                "success_threshold": 1,
                                "tcp_socket": [],
                                "timeout_seconds": 1
                              }
                            ],
                            "name": "mongodb-exporter",
                            "port": [
                              {
                                "container_port": 9216,
                                "host_ip": "",
                                "host_port": 0,
                                "name": "metrics",
                                "protocol": "TCP"
                              }
                            ],
                            "readiness_probe": [
                              {
                                "exec": [],
                                "failure_threshold": 3,
                                "http_get": [
                                  {
                                    "host": "",
                                    "http_header": [],
                                    "path": "/metrics",
                                    "port": "metrics",
                                    "scheme": "HTTP"
                                  }
                                ],
                                "initial_delay_seconds": 5,
                                "period_seconds": 5,
                                "success_threshold": 1,
                                "tcp_socket": [],
                                "timeout_seconds": 1
                              }
                            ],
                            "resources": [
                              {
                                "limits": {
                                  "cpu": "100m",
                                  "memory": "256Mi"
                                },
                                "requests": {
                                  "cpu": "50m",
                                  "memory": "128Mi"
                                }
                              }
                            ],
                            "security_context": [],
                            "startup_probe": [],
                            "stdin": false,
                            "stdin_once": false,
                            "termination_message_path": "/dev/termination-log",
                            "termination_message_policy": "File",
                            "tty": false,
                            "volume_mount": [],
                            "working_dir": ""
                          }
                        ],
                        "dns_config": [],
                        "dns_policy": "ClusterFirst",
                        "enable_service_links": true,
                        "host_aliases": [],
                        "host_ipc": false,
                        "host_network": false,
                        "host_pid": false,
                        "hostname": "",
                        "image_pull_secrets": [],
                        "init_container": [],
                        "node_name": "",
                        "node_selector": {},
                        "priority_class_name": "",
                        "readiness_gate": [],
                        "restart_policy": "Always",
                        "runtime_class_name": "",
                        "security_context": [],
                        "service_account_name": "",
                        "share_process_namespace": false,
                        "subdomain": "",
                        "termination_grace_period_seconds": 30,
                        "toleration": [],
                        "topology_spread_constraint": [],
                        "volume": []
                      }
                    ]
                  }
                ]
              }
            ],
            "timeouts": null,
            "wait_for_rollout": true
          },
          "sensitive_attributes": [],
          "private": "eyJlMmJmYjczMC1lY2FhLTExZTYtOGY4OC0zNDM2M2JjN2M0YzAiOnsiY3JlYXRlIjo2MDAwMDAwMDAwMDAsImRlbGV0ZSI6NjAwMDAwMDAwMDAwLCJ1cGRhdGUiOjYwMDAwMDAwMDAwMH0sInNjaGVtYV92ZXJzaW9uIjoiMSJ9",
          "dependencies": [
            "kubernetes_config_map.mongodb_exporter_config",
            "kubernetes_namespace.healthcare",
            "kubernetes_namespace.monitoring",
            "kubernetes_secret.app_secrets",
            "kubernetes_secret.mongodb_exporter_secret",
            "random_password.mongodb_password"
          ]
        }
      ]
    },
    {
      "mode": "managed",
      "type": "kubernetes_deployment",
      "name": "prometheus",
      "provider": "provider[\"registry.terraform.io/hashicorp/kubernetes\"]",
      "instances": [
        {
          "schema_version": 1,
          "attributes": {
            "id": "monitoring-staging/prometheus",
            "metadata": [
              {
                "annotations": {},
                "generate_name": "",
                "generation": 1,
                "labels": {
                  "app": "healthcare-app",
                  "component": "prometheus",
                  "environment": "staging",
                  "managed-by": "terraform"
                },
                "name": "prometheus",
                "namespace": "monitoring-staging",
                "resource_version": "1189776",
                "uid": "f9273553-9d54-4131-83d1-62344c380d57"
              }
            ],
            "spec": [
              {
                "min_ready_seconds": 0,
                "paused": false,
                "progress_deadline_seconds": 600,
                "replicas": "1",
                "revision_history_limit": 10,
                "selector": [
                  {
                    "match_expressions": [],
                    "match_labels": {
                      "app": "healthcare-app",
                      "component": "prometheus",
                      "environment": "staging",
                      "managed-by": "terraform"
                    }
                  }
                ],
                "strategy": [
                  {
                    "rolling_update": [
                      {
                        "max_surge": "25%",
                        "max_unavailable": "25%"
                      }
                    ],
                    "type": "RollingUpdate"
                  }
                ],
                "template": [
                  {
                    "metadata": [
                      {
                        "annotations": {},
                        "generate_name": "",
                        "generation": 0,
                        "labels": {
                          "app": "healthcare-app",
                          "component": "prometheus",
                          "environment": "staging",
                          "managed-by": "terraform"
                        },
                        "name": "",
                        "namespace": "",
                        "resource_version": "",
                        "uid": ""
                      }
                    ],
                    "spec": [
                      {
                        "active_deadline_seconds": 0,
                        "affinity": [],
                        "automount_service_account_token": true,
                        "container": [
                          {
                            "args": [
                              "--config.file=/etc/prometheus/prometheus.yml",
                              "--storage.tsdb.path=/prometheus/",
                              "--web.console.libraries=/etc/prometheus/console_libraries",
                              "--web.console.templates=/etc/prometheus/consoles",
                              "--storage.tsdb.retention.time=15d",
                              "--web.enable-lifecycle"
                            ],
                            "command": [],
                            "env": [],
                            "env_from": [],
                            "image": "prom/prometheus:v2.45.0",
                            "image_pull_policy": "IfNotPresent",
                            "lifecycle": [],
                            "liveness_probe": [
                              {
                                "exec": [],
                                "failure_threshold": 3,
                                "http_get": [
                                  {
                                    "host": "",
                                    "http_header": [],
                                    "path": "/-/healthy",
                                    "port": "prometheus",
                                    "scheme": "HTTP"
                                  }
                                ],
                                "initial_delay_seconds": 30,
                                "period_seconds": 10,
                                "success_threshold": 1,
                                "tcp_socket": [],
                                "timeout_seconds": 1
                              }
                            ],
                            "name": "prometheus",
                            "port": [
                              {
                                "container_port": 9090,
                                "host_ip": "",
                                "host_port": 0,
                                "name": "prometheus",
                                "protocol": "TCP"
                              }
                            ],
                            "readiness_probe": [
                              {
                                "exec": [],
                                "failure_threshold": 3,
                                "http_get": [
                                  {
                                    "host": "",
                                    "http_header": [],
                                    "path": "/-/ready",
                                    "port": "prometheus",
                                    "scheme": "HTTP"
                                  }
                                ],
                                "initial_delay_seconds": 5,
                                "period_seconds": 5,
                                "success_threshold": 1,
                                "tcp_socket": [],
                                "timeout_seconds": 1
                              }
                            ],
                            "resources": [
                              {
                                "limits": {
                                  "cpu": "1",
                                  "memory": "128Mi"
                                },
                                "requests": {
                                  "cpu": "500m",
                                  "memory": "64Mi"
                                }
                              }
                            ],
                            "security_context": [],
                            "startup_probe": [],
                            "stdin": false,
                            "stdin_once": false,
                            "termination_message_path": "/dev/termination-log",
                            "termination_message_policy": "File",
                            "tty": false,
                            "volume_mount": [
                              {
                                "mount_path": "/etc/prometheus",
                                "mount_propagation": "None",
                                "name": "prometheus-config",
                                "read_only": false,
                                "sub_path": ""
                              },
                              {
                                "mount_path": "/etc/prometheus/rules",
                                "mount_propagation": "None",
                                "name": "prometheus-rules",
                                "read_only": false,
                                "sub_path": ""
                              },
                              {
                                "mount_path": "/prometheus",
                                "mount_propagation": "None",
                                "name": "prometheus-storage",
                                "read_only": false,
                                "sub_path": ""
                              }
                            ],
                            "working_dir": ""
                          }
                        ],
                        "dns_config": [],
                        "dns_policy": "ClusterFirst",
                        "enable_service_links": true,
                        "host_aliases": [],
                        "host_ipc": false,
                        "host_network": false,
                        "host_pid": false,
                        "hostname": "",
                        "image_pull_secrets": [],
                        "init_container": [],
                        "node_name": "",
                        "node_selector": {},
                        "priority_class_name": "",
                        "readiness_gate": [],
                        "restart_policy": "Always",
                        "runtime_class_name": "",
                        "security_context": [],
                        "service_account_name": "prometheus",
                        "share_process_namespace": false,
                        "subdomain": "",
                        "termination_grace_period_seconds": 30,
                        "toleration": [],
                        "topology_spread_constraint": [],
                        "volume": [
                          {
                            "aws_elastic_block_store": [],
                            "azure_disk": [],
                            "azure_file": [],
                            "ceph_fs": [],
                            "cinder": [],
                            "config_map": [
                              {
                                "default_mode": "0644",
                                "items": [],
                                "name": "prometheus-config",
                                "optional": false
                              }
                            ],
                            "csi": [],
                            "downward_api": [],
                            "empty_dir": [],
                            "fc": [],
                            "flex_volume": [],
                            "flocker": [],
                            "gce_persistent_disk": [],
                            "git_repo": [],
                            "glusterfs": [],
                            "host_path": [],
                            "iscsi": [],
                            "local": [],
                            "name": "prometheus-config",
                            "nfs": [],
                            "persistent_volume_claim": [],
                            "photon_persistent_disk": [],
                            "projected": [],
                            "quobyte": [],
                            "rbd": [],
                            "secret": [],
                            "vsphere_volume": []
                          },
                          {
                            "aws_elastic_block_store": [],
                            "azure_disk": [],
                            "azure_file": [],
                            "ceph_fs": [],
                            "cinder": [],
                            "config_map": [
                              {
                                "default_mode": "0644",
                                "items": [],
                                "name": "prometheus-rules",
                                "optional": false
                              }
                            ],
                            "csi": [],
                            "downward_api": [],
                            "empty_dir": [],
                            "fc": [],
                            "flex_volume": [],
                            "flocker": [],
                            "gce_persistent_disk": [],
                            "git_repo": [],
                            "glusterfs": [],
                            "host_path": [],
                            "iscsi": [],
                            "local": [],
                            "name": "prometheus-rules",
                            "nfs": [],
                            "persistent_volume_claim": [],
                            "photon_persistent_disk": [],
                            "projected": [],
                            "quobyte": [],
                            "rbd": [],
                            "secret": [],
                            "vsphere_volume": []
                          },
                          {
                            "aws_elastic_block_store": [],
                            "azure_disk": [],
                            "azure_file": [],
                            "ceph_fs": [],
                            "cinder": [],
                            "config_map": [],
                            "csi": [],
                            "downward_api": [],
                            "empty_dir": [],
                            "fc": [],
                            "flex_volume": [],
                            "flocker": [],
                            "gce_persistent_disk": [],
                            "git_repo": [],
                            "glusterfs": [],
                            "host_path": [],
                            "iscsi": [],
                            "local": [],
                            "name": "prometheus-storage",
                            "nfs": [],
                            "persistent_volume_claim": [
                              {
                                "claim_name": "prometheus-storage",
                                "read_only": false
                              }
                            ],
                            "photon_persistent_disk": [],
                            "projected": [],
                            "quobyte": [],
                            "rbd": [],
                            "secret": [],
                            "vsphere_volume": []
                          }
                        ]
                      }
                    ]
                  }
                ]
              }
            ],
            "timeouts": {
              "create": "120s",
              "delete": null,
              "update": "120s"
            },
            "wait_for_rollout": false
          },
          "sensitive_attributes": [],
          "private": "eyJlMmJmYjczMC1lY2FhLTExZTYtOGY4OC0zNDM2M2JjN2M0YzAiOnsiY3JlYXRlIjoxMjAwMDAwMDAwMDAsImRlbGV0ZSI6NjAwMDAwMDAwMDAwLCJ1cGRhdGUiOjEyMDAwMDAwMDAwMH0sInNjaGVtYV92ZXJzaW9uIjoiMSJ9",
          "dependencies": [
            "kubernetes_config_map.prometheus_config",
            "kubernetes_config_map.prometheus_rules",
            "kubernetes_namespace.monitoring",
            "kubernetes_persistent_volume_claim.prometheus_storage",
            "kubernetes_service_account.prometheus"
          ]
        }
      ]
    },
    {
      "mode": "managed",
      "type": "kubernetes_ingress_v1",
      "name": "backend",
      "provider": "provider[\"registry.terraform.io/hashicorp/kubernetes\"]",
      "instances": [
        {
          "schema_version": 0,
          "attributes": {
            "id": "healthcare-staging/backend-ingress",
            "metadata": [
              {
                "annotations": {
                  "cert-manager.io/cluster-issuer": "letsencrypt-staging",
                  "nginx.ingress.kubernetes.io/rewrite-target": "/api/$2",
                  "nginx.ingress.kubernetes.io/ssl-redirect": "false"
                },
                "generate_name": "",
                "generation": 9,
                "labels": {
                  "app": "healthcare-app",
                  "component": "backend",
                  "environment": "staging",
                  "managed-by": "terraform"
                },
                "name": "backend-ingress",
                "namespace": "healthcare-staging",
                "resource_version": "1204398",
                "uid": "49dd6aff-cbf8-4dea-bc92-4fdcaccd586a"
              }
            ],
            "spec": [
              {
                "default_backend": [],
                "ingress_class_name": "nginx",
                "rule": [
                  {
                    "host": "localhost",
                    "http": [
                      {
                        "path": [
                          {
                            "backend": [
                              {
                                "resource": [],
                                "service": [
                                  {
                                    "name": "backend",
                                    "port": [
                                      {
                                        "name": "",
                                        "number": 5001
                                      }
                                    ]
                                  }
                                ]
                              }
                            ],
                            "path": "/staging/api(/|$)(.*)",
                            "path_type": "ImplementationSpecific"
                          }
                        ]
                      }
                    ]
                  }
                ],
                "tls": []
              }
            ],
            "status": [
              {
                "load_balancer": [
                  {
                    "ingress": [
                      {
                        "hostname": "",
                        "ip": "10.43.177.212"
                      }
                    ]
                  }
                ]
              }
            ],
            "wait_for_load_balancer": null
          },
          "sensitive_attributes": [],
          "private": "bnVsbA==",
          "dependencies": [
            "kubernetes_namespace.healthcare",
            "kubernetes_service.backend"
          ]
        }
      ]
    },
    {
      "mode": "managed",
      "type": "kubernetes_ingress_v1",
      "name": "frontend",
      "provider": "provider[\"registry.terraform.io/hashicorp/kubernetes\"]",
      "instances": [
        {
          "schema_version": 0,
          "attributes": {
            "id": "healthcare-staging/frontend-ingress",
            "metadata": [
              {
                "annotations": {
                  "cert-manager.io/cluster-issuer": "letsencrypt-staging",
                  "nginx.ingress.kubernetes.io/rewrite-target": "/",
                  "nginx.ingress.kubernetes.io/ssl-redirect": "false"
                },
                "generate_name": "",
                "generation": 2,
                "labels": {
                  "app": "healthcare-app",
                  "component": "frontend",
                  "environment": "staging",
                  "managed-by": "terraform"
                },
                "name": "frontend-ingress",
                "namespace": "healthcare-staging",
                "resource_version": "1204380",
                "uid": "467a0a8b-1582-42d2-81e9-682b54183bf8"
              }
            ],
            "spec": [
              {
                "default_backend": [],
                "ingress_class_name": "nginx",
                "rule": [
                  {
                    "host": "localhost",
                    "http": [
                      {
                        "path": [
                          {
                            "backend": [
                              {
                                "resource": [],
                                "service": [
                                  {
                                    "name": "frontend",
                                    "port": [
                                      {
                                        "name": "",
                                        "number": 3001
                                      }
                                    ]
                                  }
                                ]
                              }
                            ],
                            "path": "/staging/",
                            "path_type": "Prefix"
                          }
                        ]
                      }
                    ]
                  }
                ],
                "tls": []
              }
            ],
            "status": [
              {
                "load_balancer": [
                  {
                    "ingress": [
                      {
                        "hostname": "",
                        "ip": "10.43.177.212"
                      }
                    ]
                  }
                ]
              }
            ],
            "wait_for_load_balancer": null
          },
          "sensitive_attributes": [],
          "private": "bnVsbA==",
          "dependencies": [
            "kubernetes_namespace.healthcare",
            "kubernetes_service.frontend"
          ]
        }
      ]
    },
    {
      "mode": "managed",
      "type": "kubernetes_ingress_v1",
      "name": "monitoring",
      "provider": "provider[\"registry.terraform.io/hashicorp/kubernetes\"]",
      "instances": [
        {
          "schema_version": 0,
          "attributes": {
            "id": "monitoring-staging/monitoring-ingress",
            "metadata": [
              {
                "annotations": {
                  "nginx.ingress.kubernetes.io/auth-secret": "",
                  "nginx.ingress.kubernetes.io/auth-type": "",
                  "nginx.ingress.kubernetes.io/rewrite-target": "/"
                },
                "generate_name": "",
                "generation": 1,
                "labels": {
                  "app": "healthcare-app",
                  "component": "monitoring",
                  "environment": "staging",
                  "managed-by": "terraform"
                },
                "name": "monitoring-ingress",
                "namespace": "monitoring-staging",
                "resource_version": "1177584",
                "uid": "0bcc0a5b-7c0f-4362-ad4f-7d930b532028"
              }
            ],
            "spec": [
              {
                "default_backend": [],
                "ingress_class_name": "nginx",
                "rule": [
                  {
                    "host": "localhost",
                    "http": [
                      {
                        "path": [
                          {
                            "backend": [
                              {
                                "resource": [],
                                "service": [
                                  {
                                    "name": "grafana",
                                    "port": [
                                      {
                                        "name": "",
                                        "number": 3000
                                      }
                                    ]
                                  }
                                ]
                              }
                            ],
                            "path": "/staging/grafana",
                            "path_type": "Prefix"
                          },
                          {
                            "backend": [
                              {
                                "resource": [],
                                "service": [
                                  {
                                    "name": "prometheus",
                                    "port": [
                                      {
                                        "name": "",
                                        "number": 9090
                                      }
                                    ]
                                  }
                                ]
                              }
                            ],
                            "path": "/staging/prometheus",
                            "path_type": "Prefix"
                          },
                          {
                            "backend": [
                              {
                                "resource": [],
                                "service": [
                                  {
                                    "name": "jaeger",
                                    "port": [
                                      {
                                        "name": "",
                                        "number": 16686
                                      }
                                    ]
                                  }
                                ]
                              }
                            ],
                            "path": "/staging/jaeger",
                            "path_type": "Prefix"
                          },
                          {
                            "backend": [
                              {
                                "resource": [],
                                "service": [
                                  {
                                    "name": "alertmanager",
                                    "port": [
                                      {
                                        "name": "",
                                        "number": 9093
                                      }
                                    ]
                                  }
                                ]
                              }
                            ],
                            "path": "/staging/alertmanager",
                            "path_type": "Prefix"
                          }
                        ]
                      }
                    ]
                  }
                ],
                "tls": []
              }
            ],
            "status": [
              {
                "load_balancer": [
                  {
                    "ingress": [
                      {
                        "hostname": "",
                        "ip": "10.43.177.212"
                      }
                    ]
                  }
                ]
              }
            ],
            "wait_for_load_balancer": null
          },
          "sensitive_attributes": [],
          "private": "bnVsbA==",
          "dependencies": [
            "kubernetes_namespace.monitoring"
          ]
        }
      ]
    },
    {
      "mode": "managed",
      "type": "kubernetes_job",
      "name": "integration_test",
      "provider": "provider[\"registry.terraform.io/hashicorp/kubernetes\"]",
      "instances": [
        {
          "schema_version": 1,
          "attributes": {
            "id": "healthcare-staging/integration-test",
            "metadata": [
              {
                "annotations": {},
                "generate_name": "",
                "generation": 1,
                "labels": {
                  "app": "healthcare-app",
                  "environment": "staging",
                  "managed-by": "terraform"
                },
                "name": "integration-test",
                "namespace": "healthcare-staging",
                "resource_version": "1204529",
                "uid": "1f8c3660-491e-410d-a7c9-93cace0821c6"
              }
            ],
            "spec": [
              {
                "active_deadline_seconds": 0,
                "backoff_limit": 1,
                "completion_mode": "NonIndexed",
                "completions": 1,
                "manual_selector": false,
                "parallelism": 1,
                "selector": [
                  {
                    "match_expressions": [],
                    "match_labels": {
                      "batch.kubernetes.io/controller-uid": "1f8c3660-491e-410d-a7c9-93cace0821c6"
                    }
                  }
                ],
                "template": [
                  {
                    "metadata": [
                      {
                        "annotations": {},
                        "generate_name": "",
                        "generation": 0,
                        "labels": {
                          "app": "healthcare-app",
                          "environment": "staging",
                          "managed-by": "terraform"
                        },
                        "name": "",
                        "resource_version": "",
                        "uid": ""
                      }
                    ],
                    "spec": [
                      {
                        "active_deadline_seconds": 0,
                        "affinity": [],
                        "automount_service_account_token": true,
                        "container": [
                          {
                            "args": [],
                            "command": [
                              "sh",
                              "-c",
                              "cp /test/test-integration.js /tmp/test-integration.js \u0026\u0026 node /tmp/test-integration.js"
                            ],
                            "env": [
                              {
                                "name": "NODE_PATH",
                                "value": "/app/node_modules",
                                "value_from": []
                              }
                            ],
                            "env_from": [],
                            "image": "healthcare-app-backend:477",
                            "image_pull_policy": "IfNotPresent",
                            "lifecycle": [],
                            "liveness_probe": [],
                            "name": "integration-test",
                            "port": [],
                            "readiness_probe": [],
                            "resources": [
                              {
                                "limits": {},
                                "requests": {}
                              }
                            ],
                            "security_context": [],
                            "startup_probe": [],
                            "stdin": false,
                            "stdin_once": false,
                            "termination_message_path": "/dev/termination-log",
                            "termination_message_policy": "File",
                            "tty": false,
                            "volume_mount": [
                              {
                                "mount_path": "/test",
                                "mount_propagation": "None",
                                "name": "test-script",
                                "read_only": false,
                                "sub_path": ""
                              }
                            ],
                            "working_dir": "/app"
                          }
                        ],
                        "dns_config": [],
                        "dns_policy": "ClusterFirst",
                        "enable_service_links": true,
                        "host_aliases": [],
                        "host_ipc": false,
                        "host_network": false,
                        "host_pid": false,
                        "hostname": "",
                        "image_pull_secrets": [],
                        "init_container": [],
                        "node_name": "",
                        "node_selector": {},
                        "priority_class_name": "",
                        "readiness_gate": [],
                        "restart_policy": "Never",
                        "runtime_class_name": "",
                        "security_context": [],
                        "service_account_name": "",
                        "share_process_namespace": false,
                        "subdomain": "",
                        "termination_grace_period_seconds": 30,
                        "toleration": [],
                        "topology_spread_constraint": [],
                        "volume": [
                          {
                            "aws_elastic_block_store": [],
                            "azure_disk": [],
                            "azure_file": [],
                            "ceph_fs": [],
                            "cinder": [],
                            "config_map": [
                              {
                                "default_mode": "0644",
                                "items": [],
                                "name": "integration-test",
                                "optional": false
                              }
                            ],
                            "csi": [],
                            "downward_api": [],
                            "empty_dir": [],
                            "fc": [],
                            "flex_volume": [],
                            "flocker": [],
                            "gce_persistent_disk": [],
                            "git_repo": [],
                            "glusterfs": [],
                            "host_path": [],
                            "iscsi": [],
                            "local": [],
                            "name": "test-script",
                            "nfs": [],
                            "persistent_volume_claim": [],
                            "photon_persistent_disk": [],
                            "projected": [],
                            "quobyte": [],
                            "rbd": [],
                            "secret": [],
                            "vsphere_volume": []
                          }
                        ]
                      }
                    ]
                  }
                ],
                "ttl_seconds_after_finished": ""
              }
            ],
            "timeouts": null,
            "wait_for_completion": false
          },
          "sensitive_attributes": [],
          "private": "eyJlMmJmYjczMC1lY2FhLTExZTYtOGY4OC0zNDM2M2JjN2M0YzAiOnsiY3JlYXRlIjo2MDAwMDAwMDAwMCwiZGVsZXRlIjo2MDAwMDAwMDAwMCwidXBkYXRlIjo2MDAwMDAwMDAwMH0sInNjaGVtYV92ZXJzaW9uIjoiMSJ9",
          "dependencies": [
            "kubernetes_config_map.integration_test",
            "kubernetes_namespace.healthcare"
          ]
        }
      ]
    },
    {
      "mode": "managed",
      "type": "kubernetes_namespace",
      "name": "healthcare",
      "provider": "provider[\"registry.terraform.io/hashicorp/kubernetes\"]",
      "instances": [
        {
          "schema_version": 0,
          "attributes": {
            "id": "healthcare-staging",
            "metadata": [
              {
                "annotations": {},
                "generate_name": "",
                "generation": 0,
                "labels": {
                  "app": "healthcare-app",
                  "component": "healthcare",
                  "environment": "staging",
                  "managed-by": "terraform",
                  "purpose": "application"
                },
                "name": "healthcare-staging",
                "resource_version": "1177288",
                "uid": "69de015a-34c2-4261-85d6-818365f9f534"
              }
            ],
            "timeouts": null
          },
          "sensitive_attributes": [],
          "private": "eyJlMmJmYjczMC1lY2FhLTExZTYtOGY4OC0zNDM2M2JjN2M0YzAiOnsiZGVsZXRlIjozMDAwMDAwMDAwMDB9fQ=="
        }
      ]
    },
    {
      "mode": "managed",
      "type": "kubernetes_namespace",
      "name": "monitoring",
      "provider": "provider[\"registry.terraform.io/hashicorp/kubernetes\"]",
      "instances": [
        {
          "schema_version": 0,
          "attributes": {
            "id": "monitoring-staging",
            "metadata": [
              {
                "annotations": {},
                "generate_name": "",
                "generation": 0,
                "labels": {
                  "app": "healthcare-app",
                  "component": "monitoring",
                  "environment": "staging",
                  "managed-by": "terraform",
                  "purpose": "observability"
                },
                "name": "monitoring-staging",
                "resource_version": "1177123",
                "uid": "4cc80fff-4f6a-43bc-af03-764c07b3b895"
              }
            ],
            "timeouts": null
          },
          "sensitive_attributes": [],
          "private": "eyJlMmJmYjczMC1lY2FhLTExZTYtOGY4OC0zNDM2M2JjN2M0YzAiOnsiZGVsZXRlIjozMDAwMDAwMDAwMDB9fQ=="
        }
      ]
    },
    {
      "mode": "managed",
      "type": "kubernetes_network_policy",
      "name": "allow_frontend_ingress",
      "provider": "provider[\"registry.terraform.io/hashicorp/kubernetes\"]",
      "instances": [
        {
          "schema_version": 0,
          "attributes": {
            "id": "healthcare-staging/allow-frontend-ingress",
            "metadata": [
              {
                "annotations": {},
                "generate_name": "",
                "generation": 1,
                "labels": {},
                "name": "allow-frontend-ingress",
                "namespace": "healthcare-staging",
                "resource_version": "1177294",
                "uid": "79f20f16-64a8-4bc1-94d7-6e5491969a41"
              }
            ],
            "spec": [
              {
                "egress": [],
                "ingress": [
                  {
                    "from": [
                      {
                        "ip_block": [
                          {
                            "cidr": "0.0.0.0/0",
                            "except": []
                          }
                        ],
                        "namespace_selector": [],
                        "pod_selector": []
                      }
                    ],
                    "ports": [
                      {
                        "port": "80",
                        "protocol": "TCP"
                      }
                    ]
                  }
                ],
                "pod_selector": [
                  {
                    "match_expressions": [],
                    "match_labels": {
                      "app": "healthcare-app",
                      "component": "frontend",
                      "environment": "staging",
                      "managed-by": "terraform"
                    }
                  }
                ],
                "policy_types": [
                  "Ingress"
                ]
              }
            ]
          },
          "sensitive_attributes": [],
          "private": "bnVsbA==",
          "dependencies": [
            "kubernetes_namespace.healthcare"
          ]
        }
      ]
    },
    {
      "mode": "managed",
      "type": "kubernetes_network_policy",
      "name": "allow_frontend_to_backend",
      "provider": "provider[\"registry.terraform.io/hashicorp/kubernetes\"]",
      "instances": [
        {
          "schema_version": 0,
          "attributes": {
            "id": "healthcare-staging/allow-frontend-to-backend",
            "metadata": [
              {
                "annotations": {},
                "generate_name": "",
                "generation": 1,
                "labels": {},
                "name": "allow-frontend-to-backend",
                "namespace": "healthcare-staging",
                "resource_version": "1177298",
                "uid": "15e8fe27-983a-438f-b68b-cb9383b05dfa"
              }
            ],
            "spec": [
              {
                "egress": [
                  {
                    "ports": [
                      {
                        "port": "53",
                        "protocol": "UDP"
                      },
                      {
                        "port": "53",
                        "protocol": "TCP"
                      }
                    ],
                    "to": [
                      {
                        "ip_block": [],
                        "namespace_selector": [
                          {
                            "match_expressions": [],
                            "match_labels": {
                              "kubernetes.io/metadata.name": "kube-system"
                            }
                          }
                        ],
                        "pod_selector": []
                      }
                    ]
                  },
                  {
                    "ports": [],
                    "to": [
                      {
                        "ip_block": [],
                        "namespace_selector": [
                          {
                            "match_expressions": [],
                            "match_labels": {
                              "kubernetes.io/metadata.name": "healthcare-staging"
                            }
                          }
                        ],
                        "pod_selector": []
                      }
                    ]
                  },
                  {
                    "ports": [
                      {
                        "port": "80",
                        "protocol": "TCP"
                      },
                      {
                        "port": "443",
                        "protocol": "TCP"
                      }
                    ],
                    "to": [
                      {
                        "ip_block": [
                          {
                            "cidr": "0.0.0.0/0",
                            "except": []
                          }
                        ],
                        "namespace_selector": [],
                        "pod_selector": []
                      }
                    ]
                  }
                ],
                "ingress": [],
                "pod_selector": [
                  {
                    "match_expressions": [],
                    "match_labels": {
                      "app": "healthcare-app",
                      "component": "frontend",
                      "environment": "staging",
                      "managed-by": "terraform"
                    }
                  }
                ],
                "policy_types": [
                  "Egress"
                ]
              }
            ]
          },
          "sensitive_attributes": [],
          "private": "bnVsbA==",
          "dependencies": [
            "kubernetes_namespace.healthcare"
          ]
        }
      ]
    },
    {
      "mode": "managed",
      "type": "kubernetes_network_policy",
      "name": "allow_internal",
      "provider": "provider[\"registry.terraform.io/hashicorp/kubernetes\"]",
      "instances": [
        {
          "index_key": 0,
          "schema_version": 0,
          "attributes": {
            "id": "healthcare-staging/allow-internal-communication",
            "metadata": [
              {
                "annotations": {},
                "generate_name": "",
                "generation": 1,
                "labels": {},
                "name": "allow-internal-communication",
                "namespace": "healthcare-staging",
                "resource_version": "1177310",
                "uid": "6660a89c-5715-4fd7-9f9e-744c9ec100e1"
              }
            ],
            "spec": [
              {
                "egress": [
                  {
                    "ports": [],
                    "to": [
                      {
                        "ip_block": [],
                        "namespace_selector": [],
                        "pod_selector": [
                          {
                            "match_expressions": [],
                            "match_labels": null
                          }
                        ]
                      }
                    ]
                  },
                  {
                    "ports": [
                      {
                        "port": "53",
                        "protocol": "UDP"
                      },
                      {
                        "port": "53",
                        "protocol": "TCP"
                      }
                    ],
                    "to": [
                      {
                        "ip_block": [],
                        "namespace_selector": [
                          {
                            "match_expressions": [],
                            "match_labels": {
                              "kubernetes.io/metadata.name": "kube-system"
                            }
                          }
                        ],
                        "pod_selector": []
                      }
                    ]
                  }
                ],
                "ingress": [
                  {
                    "from": [
                      {
                        "ip_block": [],
                        "namespace_selector": [],
                        "pod_selector": [
                          {
                            "match_expressions": [],
                            "match_labels": null
                          }
                        ]
                      }
                    ],
                    "ports": []
                  }
                ],
                "pod_selector": [
                  {
                    "match_expressions": [],
                    "match_labels": null
                  }
                ],
                "policy_types": [
                  "Ingress",
                  "Egress"
                ]
              }
            ]
          },
          "sensitive_attributes": [],
          "private": "bnVsbA==",
          "dependencies": [
            "kubernetes_namespace.healthcare"
          ]
        }
      ]
    },
    {
      "mode": "managed",
      "type": "kubernetes_network_policy",
      "name": "backend_security",
      "provider": "provider[\"registry.terraform.io/hashicorp/kubernetes\"]",
      "instances": [
        {
          "index_key": 0,
          "schema_version": 0,
          "attributes": {
            "id": "healthcare-staging/backend-security-policy",
            "metadata": [
              {
                "annotations": {},
                "generate_name": "",
                "generation": 1,
                "labels": {},
                "name": "backend-security-policy",
                "namespace": "healthcare-staging",
                "resource_version": "1177314",
                "uid": "d9ee259d-78e5-441e-b24b-05b5f929bad8"
              }
            ],
            "spec": [
              {
                "egress": [],
                "ingress": [
                  {
                    "from": [
                      {
                        "ip_block": [],
                        "namespace_selector": [],
                        "pod_selector": [
                          {
                            "match_expressions": [],
                            "match_labels": {
                              "app": "healthcare-app",
                              "component": "frontend",
                              "environment": "staging",
                              "managed-by": "terraform"
                            }
                          }
                        ]
                      }
                    ],
                    "ports": [
                      {
                        "port": "5001",
                        "protocol": "TCP"
                      }
                    ]
                  },
                  {
                    "from": [
                      {
                        "ip_block": [],
                        "namespace_selector": [],
                        "pod_selector": [
                          {
                            "match_expressions": [],
                            "match_labels": {
                              "app": "healthcare-app",
                              "environment": "staging",
                              "managed-by": "terraform"
                            }
                          }
                        ]
                      }
                    ],
                    "ports": [
                      {
                        "port": "5001",
                        "protocol": "TCP"
                      }
                    ]
                  },
                  {
                    "from": [
                      {
                        "ip_block": [],
                        "namespace_selector": [
                          {
                            "match_expressions": [],
                            "match_labels": {
                              "kubernetes.io/metadata.name": "kube-system"
                            }
                          }
                        ],
                        "pod_selector": []
                      }
                    ],
                    "ports": [
                      {
                        "port": "5001",
                        "protocol": "TCP"
                      }
                    ]
                  },
                  {
                    "from": [
                      {
                        "ip_block": [],
                        "namespace_selector": [
                          {
                            "match_expressions": [],
                            "match_labels": {
                              "kubernetes.io/metadata.name": "ingress-nginx"
                            }
                          }
                        ],
                        "pod_selector": []
                      }
                    ],
                    "ports": [
                      {
                        "port": "5001",
                        "protocol": "TCP"
                      }
                    ]
                  },
                  {
                    "from": [
                      {
                        "ip_block": [],
                        "namespace_selector": [
                          {
                            "match_expressions": [],
                            "match_labels": {
                              "kubernetes.io/metadata.name": "monitoring-staging"
                            }
                          }
                        ],
                        "pod_selector": []
                      }
                    ],
                    "ports": [
                      {
                        "port": "5001",
                        "protocol": "TCP"
                      }
                    ]
                  }
                ],
                "pod_selector": [
                  {
                    "match_expressions": [],
                    "match_labels": {
                      "app": "healthcare-app",
                      "component": "mongodb",
                      "environment": "staging",
                      "managed-by": "terraform"
                    }
                  }
                ],
                "policy_types": [
                  "Ingress"
                ]
              }
            ]
          },
          "sensitive_attributes": [],
          "private": "bnVsbA==",
          "dependencies": [
            "kubernetes_namespace.healthcare"
          ]
        }
      ]
    },
    {
      "mode": "managed",
      "type": "kubernetes_network_policy",
      "name": "default_deny",
      "provider": "provider[\"registry.terraform.io/hashicorp/kubernetes\"]",
      "instances": [
        {
          "index_key": 0,
          "schema_version": 0,
          "attributes": {
            "id": "healthcare-staging/default-deny-all",
            "metadata": [
              {
                "annotations": {},
                "generate_name": "",
                "generation": 1,
                "labels": {},
                "name": "default-deny-all",
                "namespace": "healthcare-staging",
                "resource_version": "1177293",
                "uid": "10b8e007-4a0b-4478-952e-7a0e3941cb95"
              }
            ],
            "spec": [
              {
                "egress": [],
                "ingress": [],
                "pod_selector": [
                  {
                    "match_expressions": [],
                    "match_labels": null
                  }
                ],
                "policy_types": [
                  "Ingress",
                  "Egress"
                ]
              }
            ]
          },
          "sensitive_attributes": [],
          "private": "bnVsbA==",
          "dependencies": [
            "kubernetes_namespace.healthcare"
          ]
        }
      ]
    },
    {
      "mode": "managed",
      "type": "kubernetes_network_policy",
      "name": "mongodb_security",
      "provider": "provider[\"registry.terraform.io/hashicorp/kubernetes\"]",
      "instances": [
        {
          "index_key": 0,
          "schema_version": 0,
          "attributes": {
            "id": "healthcare-staging/mongodb-security-policy",
            "metadata": [
              {
                "annotations": {},
                "generate_name": "",
                "generation": 1,
                "labels": {},
                "name": "mongodb-security-policy",
                "namespace": "healthcare-staging",
                "resource_version": "1177296",
                "uid": "de7cb268-c048-42bc-b87a-e6dfb1cb8ee1"
              }
            ],
            "spec": [
              {
                "egress": [],
                "ingress": [
                  {
                    "from": [
                      {
                        "ip_block": [],
                        "namespace_selector": [],
                        "pod_selector": [
                          {
                            "match_expressions": [],
                            "match_labels": {
                              "app": "healthcare-app",
                              "component": "backend",
                              "environment": "staging",
                              "managed-by": "terraform"
                            }
                          }
                        ]
                      }
                    ],
                    "ports": [
                      {
                        "port": "27017",
                        "protocol": "TCP"
                      }
                    ]
                  },
                  {
                    "from": [
                      {
                        "ip_block": [],
                        "namespace_selector": [
                          {
                            "match_expressions": [],
                            "match_labels": {
                              "kubernetes.io/metadata.name": "kube-system"
                            }
                          }
                        ],
                        "pod_selector": []
                      }
                    ],
                    "ports": [
                      {
                        "port": "27017",
                        "protocol": "TCP"
                      }
                    ]
                  }
                ],
                "pod_selector": [
                  {
                    "match_expressions": [],
                    "match_labels": {
                      "app": "healthcare-app",
                      "component": "mongodb",
                      "environment": "staging",
                      "managed-by": "terraform"
                    }
                  }
                ],
                "policy_types": [
                  "Ingress"
                ]
              }
            ]
          },
          "sensitive_attributes": [],
          "private": "bnVsbA==",
          "dependencies": [
            "kubernetes_namespace.healthcare"
          ]
        }
      ]
    },
    {
      "mode": "managed",
      "type": "kubernetes_network_policy",
      "name": "waf_frontend",
      "provider": "provider[\"registry.terraform.io/hashicorp/kubernetes\"]",
      "instances": [
        {
          "index_key": 0,
          "schema_version": 0,
          "attributes": {
            "id": "healthcare-staging/frontend-waf-policy",
            "metadata": [
              {
                "annotations": {},
                "generate_name": "",
                "generation": 1,
                "labels": {},
                "name": "frontend-waf-policy",
                "namespace": "healthcare-staging",
                "resource_version": "1177311",
                "uid": "3a9bb6b3-e236-4316-ba93-d979e48b5a1e"
              }
            ],
            "spec": [
              {
                "egress": [],
                "ingress": [
                  {
                    "from": [
                      {
                        "ip_block": [
                          {
                            "cidr": "0.0.0.0/0",
                            "except": [
                              "10.0.0.0/8",
                              "172.16.0.0/12",
                              "192.168.0.0/16"
                            ]
                          }
                        ],
                        "namespace_selector": [],
                        "pod_selector": []
                      }
                    ],
                    "ports": [
                      {
                        "port": "80",
                        "protocol": "TCP"
                      }
                    ]
                  }
                ],
                "pod_selector": [
                  {
                    "match_expressions": [],
                    "match_labels": {
                      "app": "healthcare-app",
                      "component": "frontend",
                      "environment": "staging",
                      "managed-by": "terraform"
                    }
                  }
                ],
                "policy_types": [
                  "Ingress"
                ]
              }
            ]
          },
          "sensitive_attributes": [],
          "private": "bnVsbA==",
          "dependencies": [
            "kubernetes_namespace.healthcare"
          ]
        }
      ]
    },
    {
      "mode": "managed",
      "type": "kubernetes_persistent_volume_claim",
      "name": "alertmanager_storage",
      "provider": "provider[\"registry.terraform.io/hashicorp/kubernetes\"]",
      "instances": [
        {
          "index_key": 0,
          "schema_version": 0,
          "attributes": {
            "id": "monitoring-staging/alertmanager-storage",
            "metadata": [
              {
                "annotations": {},
                "generate_name": "",
                "generation": 0,
                "labels": {
                  "app": "healthcare-app",
                  "component": "alertmanager",
                  "environment": "staging",
                  "managed-by": "terraform"
                },
                "name": "alertmanager-storage",
                "namespace": "monitoring-staging",
                "resource_version": "1177463",
                "uid": "e0a07062-50fc-491b-933e-7ed8d62b0a6b"
              }
            ],
            "spec": [
              {
                "access_modes": [
                  "ReadWriteOnce"
                ],
                "resources": [
                  {
                    "limits": {},
                    "requests": {
                      "storage": "2Gi"
                    }
                  }
                ],
                "selector": [],
                "storage_class_name": "local-path",
                "volume_name": "pvc-e0a07062-50fc-491b-933e-7ed8d62b0a6b"
              }
            ],
            "timeouts": {
              "create": "120s"
            },
            "wait_until_bound": false
          },
          "sensitive_attributes": [],
          "private": "eyJlMmJmYjczMC1lY2FhLTExZTYtOGY4OC0zNDM2M2JjN2M0YzAiOnsiY3JlYXRlIjoxMjAwMDAwMDAwMDB9fQ==",
          "dependencies": [
            "kubernetes_namespace.monitoring"
          ]
        }
      ]
    },
    {
      "mode": "managed",
      "type": "kubernetes_persistent_volume_claim",
      "name": "grafana_storage",
      "provider": "provider[\"registry.terraform.io/hashicorp/kubernetes\"]",
      "instances": [
        {
          "index_key": 0,
          "schema_version": 0,
          "attributes": {
            "id": "monitoring-staging/grafana-storage",
            "metadata": [
              {
                "annotations": {},
                "generate_name": "",
                "generation": 0,
                "labels": {
                  "app": "healthcare-app",
                  "component": "grafana",
                  "environment": "staging",
                  "managed-by": "terraform"
                },
                "name": "grafana-storage",
                "namespace": "monitoring-staging",
                "resource_version": "1177405",
                "uid": "7946d21e-85ca-44a6-9b03-240007ea19e3"
              }
            ],
            "spec": [
              {
                "access_modes": [
                  "ReadWriteOnce"
                ],
                "resources": [
                  {
                    "limits": {},
                    "requests": {
                      "storage": "1Gi"
                    }
                  }
                ],
                "selector": [],
                "storage_class_name": "local-path",
                "volume_name": "pvc-7946d21e-85ca-44a6-9b03-240007ea19e3"
              }
            ],
            "timeouts": {
              "create": "60s"
            },
            "wait_until_bound": false
          },
          "sensitive_attributes": [],
          "private": "eyJlMmJmYjczMC1lY2FhLTExZTYtOGY4OC0zNDM2M2JjN2M0YzAiOnsiY3JlYXRlIjo2MDAwMDAwMDAwMH19",
          "dependencies": [
            "kubernetes_namespace.monitoring"
          ]
        }
      ]
    },
    {
      "mode": "managed",
      "type": "kubernetes_persistent_volume_claim",
      "name": "prometheus_storage",
      "provider": "provider[\"registry.terraform.io/hashicorp/kubernetes\"]",
      "instances": [
        {
          "index_key": 0,
          "schema_version": 0,
          "attributes": {
            "id": "monitoring-staging/prometheus-storage",
            "metadata": [
              {
                "annotations": {},
                "generate_name": "",
                "generation": 0,
                "labels": {
                  "app": "healthcare-app",
                  "component": "prometheus",
                  "environment": "staging",
                  "managed-by": "terraform"
                },
                "name": "prometheus-storage",
                "namespace": "monitoring-staging",
                "resource_version": "1177459",
                "uid": "51e48188-0b19-4e40-b4e1-8f58a4b7e408"
              }
            ],
            "spec": [
              {
                "access_modes": [
                  "ReadWriteOnce"
                ],
                "resources": [
                  {
                    "limits": {},
                    "requests": {
                      "storage": "2Gi"
                    }
                  }
                ],
                "selector": [],
                "storage_class_name": "local-path",
                "volume_name": "pvc-51e48188-0b19-4e40-b4e1-8f58a4b7e408"
              }
            ],
            "timeouts": {
              "create": "60s"
            },
            "wait_until_bound": false
          },
          "sensitive_attributes": [],
          "private": "eyJlMmJmYjczMC1lY2FhLTExZTYtOGY4OC0zNDM2M2JjN2M0YzAiOnsiY3JlYXRlIjo2MDAwMDAwMDAwMH19",
          "dependencies": [
            "kubernetes_namespace.monitoring"
          ]
        }
      ]
    },
    {
      "mode": "managed",
      "type": "kubernetes_secret",
      "name": "app_secrets",
      "provider": "provider[\"registry.terraform.io/hashicorp/kubernetes\"]",
      "instances": [
        {
          "schema_version": 0,
          "attributes": {
            "binary_data": null,
            "data": {
              "mongodb-root-password": "healthcare-staging-2024"
            },
            "id": "healthcare-staging/healthcare-app-secrets",
            "immutable": false,
            "metadata": [
              {
                "annotations": {},
                "generate_name": "",
                "generation": 0,
                "labels": {
                  "app": "healthcare-app",
                  "environment": "staging",
                  "managed-by": "terraform"
                },
                "name": "healthcare-app-secrets",
                "namespace": "healthcare-staging",
                "resource_version": "1177309",
                "uid": "8cab8a10-464e-4fc8-be3a-6272433ed577"
              }
            ],
            "timeouts": null,
            "type": "Opaque",
            "wait_for_service_account_token": true
          },
          "sensitive_attributes": [
            [
              {
                "type": "get_attr",
                "value": "data"
              },
              {
                "type": "index",
                "value": {
                  "value": "mongodb-root-password",
                  "type": "string"
                }
              }
            ]
          ],
          "private": "eyJlMmJmYjczMC1lY2FhLTExZTYtOGY4OC0zNDM2M2JjN2M0YzAiOnsiY3JlYXRlIjo2MDAwMDAwMDAwMH19",
          "dependencies": [
            "kubernetes_namespace.healthcare",
            "random_password.mongodb_password"
          ]
        }
      ]
    },
    {
      "mode": "managed",
      "type": "kubernetes_secret",
      "name": "mongodb_exporter_secret",
      "provider": "provider[\"registry.terraform.io/hashicorp/kubernetes\"]",
      "instances": [
        {
          "schema_version": 0,
          "attributes": {
            "binary_data": null,
            "data": {
              "mongodb-root-password": "healthcare-staging-2024"
            },
            "id": "monitoring-staging/mongodb-exporter-secrets",
            "immutable": false,
            "metadata": [
              {
                "annotations": {},
                "generate_name": "",
                "generation": 0,
                "labels": {
                  "app": "healthcare-app",
                  "component": "mongodb-exporter",
                  "environment": "staging",
                  "managed-by": "terraform"
                },
                "name": "mongodb-exporter-secrets",
                "namespace": "monitoring-staging",
                "resource_version": "1177336",
                "uid": "7e989c29-1f0b-46db-a3fc-f7f5c438db14"
              }
            ],
            "timeouts": null,
            "type": "Opaque",
            "wait_for_service_account_token": true
          },
          "sensitive_attributes": [
            [
              {
                "type": "get_attr",
                "value": "data"
              },
              {
                "type": "index",
                "value": {
                  "value": "mongodb-root-password",
                  "type": "string"
                }
              }
            ]
          ],
          "private": "eyJlMmJmYjczMC1lY2FhLTExZTYtOGY4OC0zNDM2M2JjN2M0YzAiOnsiY3JlYXRlIjo2MDAwMDAwMDAwMH19",
          "dependencies": [
            "kubernetes_namespace.healthcare",
            "kubernetes_namespace.monitoring",
            "kubernetes_secret.app_secrets",
            "random_password.mongodb_password"
          ]
        }
      ]
    },
    {
      "mode": "managed",
      "type": "kubernetes_service",
      "name": "alertmanager",
      "provider": "provider[\"registry.terraform.io/hashicorp/kubernetes\"]",
      "instances": [
        {
          "schema_version": 1,
          "attributes": {
            "id": "monitoring-staging/alertmanager",
            "metadata": [
              {
                "annotations": {},
                "generate_name": "",
                "generation": 0,
                "labels": {
                  "app": "healthcare-app",
                  "component": "alertmanager",
                  "environment": "staging",
                  "managed-by": "terraform"
                },
                "name": "alertmanager",
                "namespace": "monitoring-staging",
                "resource_version": "1177139",
                "uid": "d5b74ca7-7b7f-4b57-87ac-002496acc3e6"
              }
            ],
            "spec": [
              {
                "allocate_load_balancer_node_ports": true,
                "cluster_ip": "10.43.215.228",
                "cluster_ips": [
                  "10.43.215.228"
                ],
                "external_ips": [],
                "external_name": "",
                "external_traffic_policy": "",
                "health_check_node_port": 0,
                "internal_traffic_policy": "Cluster",
                "ip_families": [
                  "IPv4"
                ],
                "ip_family_policy": "SingleStack",
                "load_balancer_class": "",
                "load_balancer_ip": "",
                "load_balancer_source_ranges": [],
                "port": [
                  {
                    "app_protocol": "",
                    "name": "",
                    "node_port": 0,
                    "port": 9093,
                    "protocol": "TCP",
                    "target_port": "alertmanager"
                  }
                ],
                "publish_not_ready_addresses": false,
                "selector": {
                  "app": "healthcare-app",
                  "component": "alertmanager",
                  "environment": "staging",
                  "managed-by": "terraform"
                },
                "session_affinity": "None",
                "session_affinity_config": [],
                "type": "ClusterIP"
              }
            ],
            "status": [
              {
                "load_balancer": [
                  {
                    "ingress": []
                  }
                ]
              }
            ],
            "timeouts": null,
            "wait_for_load_balancer": true
          },
          "sensitive_attributes": [],
          "private": "eyJlMmJmYjczMC1lY2FhLTExZTYtOGY4OC0zNDM2M2JjN2M0YzAiOnsiY3JlYXRlIjo2MDAwMDAwMDAwMDB9LCJzY2hlbWFfdmVyc2lvbiI6IjEifQ==",
          "dependencies": [
            "kubernetes_namespace.monitoring"
          ]
        }
      ]
    },
    {
      "mode": "managed",
      "type": "kubernetes_service",
      "name": "backend",
      "provider": "provider[\"registry.terraform.io/hashicorp/kubernetes\"]",
      "instances": [
        {
          "schema_version": 1,
          "attributes": {
            "id": "healthcare-staging/backend",
            "metadata": [
              {
                "annotations": {
                  "prometheus.io/path": "/metrics",
                  "prometheus.io/port": "5001",
                  "prometheus.io/scrape": "true"
                },
                "generate_name": "",
                "generation": 0,
                "labels": {
                  "app": "healthcare-app",
                  "component": "backend",
                  "environment": "staging",
                  "managed-by": "terraform"
                },
                "name": "backend",
                "namespace": "healthcare-staging",
                "resource_version": "1204709",
                "uid": "abd7bae6-6542-4139-83e2-36ec7d1e435a"
              }
            ],
            "spec": [
              {
                "allocate_load_balancer_node_ports": true,
                "cluster_ip": "10.43.33.162",
                "cluster_ips": [
                  "10.43.33.162"
                ],
                "external_ips": [],
                "external_name": "",
                "external_traffic_policy": "",
                "health_check_node_port": 0,
                "internal_traffic_policy": "Cluster",
                "ip_families": [
                  "IPv4"
                ],
                "ip_family_policy": "SingleStack",
                "load_balancer_class": "",
                "load_balancer_ip": "",
                "load_balancer_source_ranges": [],
                "port": [
                  {
                    "app_protocol": "",
                    "name": "",
                    "node_port": 0,
                    "port": 5001,
                    "protocol": "TCP",
                    "target_port": "http"
                  }
                ],
                "publish_not_ready_addresses": false,
                "selector": {
                  "app": "healthcare-app",
                  "component": "mongodb",
                  "environment": "staging",
                  "managed-by": "terraform"
                },
                "session_affinity": "None",
                "session_affinity_config": [],
                "type": "ClusterIP"
              }
            ],
            "status": [
              {
                "load_balancer": [
                  {
                    "ingress": []
                  }
                ]
              }
            ],
            "timeouts": null,
            "wait_for_load_balancer": true
          },
          "sensitive_attributes": [],
          "private": "eyJlMmJmYjczMC1lY2FhLTExZTYtOGY4OC0zNDM2M2JjN2M0YzAiOnsiY3JlYXRlIjo2MDAwMDAwMDAwMDB9LCJzY2hlbWFfdmVyc2lvbiI6IjEifQ==",
          "dependencies": [
            "kubernetes_namespace.healthcare"
          ]
        }
      ]
    },
    {
      "mode": "managed",
      "type": "kubernetes_service",
      "name": "frontend",
      "provider": "provider[\"registry.terraform.io/hashicorp/kubernetes\"]",
      "instances": [
        {
          "schema_version": 1,
          "attributes": {
            "id": "healthcare-staging/frontend",
            "metadata": [
              {
                "annotations": {
                  "prometheus.io/path": "/metrics",
                  "prometheus.io/port": "80",
                  "prometheus.io/scrape": "true"
                },
                "generate_name": "",
                "generation": 0,
                "labels": {
                  "app": "healthcare-app",
                  "component": "frontend",
                  "environment": "staging",
                  "managed-by": "terraform"
                },
                "name": "frontend",
                "namespace": "healthcare-staging",
                "resource_version": "1177305",
                "uid": "ced94de0-417f-4691-b879-1567f1b8d7cf"
              }
            ],
            "spec": [
              {
                "allocate_load_balancer_node_ports": true,
                "cluster_ip": "10.43.21.221",
                "cluster_ips": [
                  "10.43.21.221"
                ],
                "external_ips": [],
                "external_name": "",
                "external_traffic_policy": "",
                "health_check_node_port": 0,
                "internal_traffic_policy": "Cluster",
                "ip_families": [
                  "IPv4"
                ],
                "ip_family_policy": "SingleStack",
                "load_balancer_class": "",
                "load_balancer_ip": "",
                "load_balancer_source_ranges": [],
                "port": [
                  {
                    "app_protocol": "",
                    "name": "",
                    "node_port": 0,
                    "port": 80,
                    "protocol": "TCP",
                    "target_port": "80"
                  }
                ],
                "publish_not_ready_addresses": false,
                "selector": {
                  "app": "healthcare-app",
                  "component": "frontend",
                  "environment": "staging",
                  "managed-by": "terraform"
                },
                "session_affinity": "None",
                "session_affinity_config": [],
                "type": "ClusterIP"
              }
            ],
            "status": [
              {
                "load_balancer": [
                  {
                    "ingress": []
                  }
                ]
              }
            ],
            "timeouts": null,
            "wait_for_load_balancer": true
          },
          "sensitive_attributes": [],
          "private": "eyJlMmJmYjczMC1lY2FhLTExZTYtOGY4OC0zNDM2M2JjN2M0YzAiOnsiY3JlYXRlIjo2MDAwMDAwMDAwMDB9LCJzY2hlbWFfdmVyc2lvbiI6IjEifQ==",
          "dependencies": [
            "kubernetes_namespace.healthcare"
          ]
        }
      ]
    },
    {
      "mode": "managed",
      "type": "kubernetes_service",
      "name": "grafana",
      "provider": "provider[\"registry.terraform.io/hashicorp/kubernetes\"]",
      "instances": [
        {
          "schema_version": 1,
          "attributes": {
            "id": "monitoring-staging/grafana",
            "metadata": [
              {
                "annotations": {},
                "generate_name": "",
                "generation": 0,
                "labels": {
                  "app": "healthcare-app",
                  "component": "grafana",
                  "environment": "staging",
                  "managed-by": "terraform"
                },
                "name": "grafana",
                "namespace": "monitoring-staging",
                "resource_version": "1177156",
                "uid": "e8932c03-425c-45d3-8f8c-3961f94b4507"
              }
            ],
            "spec": [
              {
                "allocate_load_balancer_node_ports": true,
                "cluster_ip": "10.43.52.115",
                "cluster_ips": [
                  "10.43.52.115"
                ],
                "external_ips": [],
                "external_name": "",
                "external_traffic_policy": "Cluster",
                "health_check_node_port": 0,
                "internal_traffic_policy": "Cluster",
                "ip_families": [
                  "IPv4"
                ],
                "ip_family_policy": "SingleStack",
                "load_balancer_class": "",
                "load_balancer_ip": "",
                "load_balancer_source_ranges": [],
                "port": [
                  {
                    "app_protocol": "",
                    "name": "",
                    "node_port": 31395,
                    "port": 3000,
                    "protocol": "TCP",
                    "target_port": "grafana"
                  }
                ],
                "publish_not_ready_addresses": false,
                "selector": {
                  "app": "healthcare-app",
                  "component": "grafana",
                  "environment": "staging",
                  "managed-by": "terraform"
                },
                "session_affinity": "None",
                "session_affinity_config": [],
                "type": "NodePort"
              }
            ],
            "status": [
              {
                "load_balancer": [
                  {
                    "ingress": []
                  }
                ]
              }
            ],
            "timeouts": null,
            "wait_for_load_balancer": true
          },
          "sensitive_attributes": [],
          "private": "eyJlMmJmYjczMC1lY2FhLTExZTYtOGY4OC0zNDM2M2JjN2M0YzAiOnsiY3JlYXRlIjo2MDAwMDAwMDAwMDB9LCJzY2hlbWFfdmVyc2lvbiI6IjEifQ==",
          "dependencies": [
            "kubernetes_namespace.monitoring"
          ]
        }
      ]
    },
    {
      "mode": "managed",
      "type": "kubernetes_service",
      "name": "jaeger",
      "provider": "provider[\"registry.terraform.io/hashicorp/kubernetes\"]",
      "instances": [
        {
          "index_key": 0,
          "schema_version": 1,
          "attributes": {
            "id": "monitoring-staging/jaeger",
            "metadata": [
              {
                "annotations": {},
                "generate_name": "",
                "generation": 0,
                "labels": {
                  "app": "healthcare-app",
                  "component": "jaeger",
                  "environment": "staging",
                  "managed-by": "terraform"
                },
                "name": "jaeger",
                "namespace": "monitoring-staging",
                "resource_version": "1177157",
                "uid": "02826f5b-406b-4686-9ade-6fb4f9490ac6"
              }
            ],
            "spec": [
              {
                "allocate_load_balancer_node_ports": true,
                "cluster_ip": "10.43.218.10",
                "cluster_ips": [
                  "10.43.218.10"
                ],
                "external_ips": [],
                "external_name": "",
                "external_traffic_policy": "",
                "health_check_node_port": 0,
                "internal_traffic_policy": "Cluster",
                "ip_families": [
                  "IPv4"
                ],
                "ip_family_policy": "SingleStack",
                "load_balancer_class": "",
                "load_balancer_ip": "",
                "load_balancer_source_ranges": [],
                "port": [
                  {
                    "app_protocol": "",
                    "name": "query",
                    "node_port": 0,
                    "port": 16686,
                    "protocol": "TCP",
                    "target_port": "query"
                  },
                  {
                    "app_protocol": "",
                    "name": "collect",
                    "node_port": 0,
                    "port": 14268,
                    "protocol": "TCP",
                    "target_port": "collect"
                  },
                  {
                    "app_protocol": "",
                    "name": "grpc",
                    "node_port": 0,
                    "port": 14250,
                    "protocol": "TCP",
                    "target_port": "grpc"
                  }
                ],
                "publish_not_ready_addresses": false,
                "selector": {
                  "app": "healthcare-app",
                  "component": "jaeger",
                  "environment": "staging",
                  "managed-by": "terraform"
                },
                "session_affinity": "None",
                "session_affinity_config": [],
                "type": "ClusterIP"
              }
            ],
            "status": [
              {
                "load_balancer": [
                  {
                    "ingress": []
                  }
                ]
              }
            ],
            "timeouts": null,
            "wait_for_load_balancer": true
          },
          "sensitive_attributes": [],
          "private": "eyJlMmJmYjczMC1lY2FhLTExZTYtOGY4OC0zNDM2M2JjN2M0YzAiOnsiY3JlYXRlIjo2MDAwMDAwMDAwMDB9LCJzY2hlbWFfdmVyc2lvbiI6IjEifQ==",
          "dependencies": [
            "kubernetes_namespace.monitoring"
          ]
        }
      ]
    },
    {
      "mode": "managed",
      "type": "kubernetes_service",
      "name": "mongodb",
      "provider": "provider[\"registry.terraform.io/hashicorp/kubernetes\"]",
      "instances": [
        {
          "schema_version": 1,
          "attributes": {
            "id": "healthcare-staging/mongodb-staging",
            "metadata": [
              {
                "annotations": {},
                "generate_name": "",
                "generation": 0,
                "labels": {
                  "app": "healthcare-app",
                  "component": "mongodb",
                  "environment": "staging",
                  "managed-by": "terraform"
                },
                "name": "mongodb-staging",
                "namespace": "healthcare-staging",
                "resource_version": "1177297",
                "uid": "dec872c2-b94d-424b-86b1-a373a08fef2f"
              }
            ],
            "spec": [
              {
                "allocate_load_balancer_node_ports": true,
                "cluster_ip": "10.43.116.27",
                "cluster_ips": [
                  "10.43.116.27"
                ],
                "external_ips": [],
                "external_name": "",
                "external_traffic_policy": "",
                "health_check_node_port": 0,
                "internal_traffic_policy": "Cluster",
                "ip_families": [
                  "IPv4"
                ],
                "ip_family_policy": "SingleStack",
                "load_balancer_class": "",
                "load_balancer_ip": "",
                "load_balancer_source_ranges": [],
                "port": [
                  {
                    "app_protocol": "",
                    "name": "",
                    "node_port": 0,
                    "port": 27017,
                    "protocol": "TCP",
                    "target_port": "mongodb"
                  }
                ],
                "publish_not_ready_addresses": false,
                "selector": {
                  "app": "healthcare-app",
                  "component": "mongodb",
                  "environment": "staging",
                  "managed-by": "terraform"
                },
                "session_affinity": "None",
                "session_affinity_config": [],
                "type": "ClusterIP"
              }
            ],
            "status": [
              {
                "load_balancer": [
                  {
                    "ingress": []
                  }
                ]
              }
            ],
            "timeouts": null,
            "wait_for_load_balancer": true
          },
          "sensitive_attributes": [],
          "private": "eyJlMmJmYjczMC1lY2FhLTExZTYtOGY4OC0zNDM2M2JjN2M0YzAiOnsiY3JlYXRlIjo2MDAwMDAwMDAwMDB9LCJzY2hlbWFfdmVyc2lvbiI6IjEifQ==",
          "dependencies": [
            "kubernetes_namespace.healthcare"
          ]
        }
      ]
    },
    {
      "mode": "managed",
      "type": "kubernetes_service",
      "name": "mongodb_exporter",
      "provider": "provider[\"registry.terraform.io/hashicorp/kubernetes\"]",
      "instances": [
        {
          "schema_version": 1,
          "attributes": {
            "id": "monitoring-staging/mongodb-exporter",
            "metadata": [
              {
                "annotations": {},
                "generate_name": "",
                "generation": 0,
                "labels": {
                  "app": "healthcare-app",
                  "component": "mongodb-exporter",
                  "environment": "staging",
                  "managed-by": "terraform"
                },
                "name": "mongodb-exporter",
                "namespace": "monitoring-staging",
                "resource_version": "1177164",
                "uid": "047f853c-2609-4e4f-9436-65130a6663d4"
              }
            ],
            "spec": [
              {
                "allocate_load_balancer_node_ports": true,
                "cluster_ip": "10.43.53.120",
                "cluster_ips": [
                  "10.43.53.120"
                ],
                "external_ips": [],
                "external_name": "",
                "external_traffic_policy": "",
                "health_check_node_port": 0,
                "internal_traffic_policy": "Cluster",
                "ip_families": [
                  "IPv4"
                ],
                "ip_family_policy": "SingleStack",
                "load_balancer_class": "",
                "load_balancer_ip": "",
                "load_balancer_source_ranges": [],
                "port": [
                  {
                    "app_protocol": "",
                    "name": "",
                    "node_port": 0,
                    "port": 9216,
                    "protocol": "TCP",
                    "target_port": "metrics"
                  }
                ],
                "publish_not_ready_addresses": false,
                "selector": {
                  "app": "healthcare-app",
                  "component": "mongodb-exporter",
                  "environment": "staging",
                  "managed-by": "terraform"
                },
                "session_affinity": "None",
                "session_affinity_config": [],
                "type": "ClusterIP"
              }
            ],
            "status": [
              {
                "load_balancer": [
                  {
                    "ingress": []
                  }
                ]
              }
            ],
            "timeouts": null,
            "wait_for_load_balancer": true
          },
          "sensitive_attributes": [],
          "private": "eyJlMmJmYjczMC1lY2FhLTExZTYtOGY4OC0zNDM2M2JjN2M0YzAiOnsiY3JlYXRlIjo2MDAwMDAwMDAwMDB9LCJzY2hlbWFfdmVyc2lvbiI6IjEifQ==",
          "dependencies": [
            "kubernetes_namespace.monitoring"
          ]
        }
      ]
    },
    {
      "mode": "managed",
      "type": "kubernetes_service",
      "name": "prometheus",
      "provider": "provider[\"registry.terraform.io/hashicorp/kubernetes\"]",
      "instances": [
        {
          "schema_version": 1,
          "attributes": {
            "id": "monitoring-staging/prometheus",
            "metadata": [
              {
                "annotations": {},
                "generate_name": "",
                "generation": 0,
                "labels": {
                  "app": "healthcare-app",
                  "component": "prometheus",
                  "environment": "staging",
                  "managed-by": "terraform"
                },
                "name": "prometheus",
                "namespace": "monitoring-staging",
                "resource_version": "1177136",
                "uid": "d3ebc9fd-9246-4a29-922b-69aece5ea960"
              }
            ],
            "spec": [
              {
                "allocate_load_balancer_node_ports": true,
                "cluster_ip": "10.43.44.142",
                "cluster_ips": [
                  "10.43.44.142"
                ],
                "external_ips": [],
                "external_name": "",
                "external_traffic_policy": "",
                "health_check_node_port": 0,
                "internal_traffic_policy": "Cluster",
                "ip_families": [
                  "IPv4"
                ],
                "ip_family_policy": "SingleStack",
                "load_balancer_class": "",
                "load_balancer_ip": "",
                "load_balancer_source_ranges": [],
                "port": [
                  {
                    "app_protocol": "",
                    "name": "",
                    "node_port": 0,
                    "port": 9090,
                    "protocol": "TCP",
                    "target_port": "prometheus"
                  }
                ],
                "publish_not_ready_addresses": false,
                "selector": {
                  "app": "healthcare-app",
                  "component": "prometheus",
                  "environment": "staging",
                  "managed-by": "terraform"
                },
                "session_affinity": "None",
                "session_affinity_config": [],
                "type": "ClusterIP"
              }
            ],
            "status": [
              {
                "load_balancer": [
                  {
                    "ingress": []
                  }
                ]
              }
            ],
            "timeouts": null,
            "wait_for_load_balancer": true
          },
          "sensitive_attributes": [],
          "private": "eyJlMmJmYjczMC1lY2FhLTExZTYtOGY4OC0zNDM2M2JjN2M0YzAiOnsiY3JlYXRlIjo2MDAwMDAwMDAwMDB9LCJzY2hlbWFfdmVyc2lvbiI6IjEifQ==",
          "dependencies": [
            "kubernetes_namespace.monitoring"
          ]
        }
      ]
    },
    {
      "mode": "managed",
      "type": "kubernetes_service_account",
      "name": "jaeger_operator",
      "provider": "provider[\"registry.terraform.io/hashicorp/kubernetes\"]",
      "instances": [
        {
          "index_key": 0,
          "schema_version": 0,
          "attributes": {
            "automount_service_account_token": true,
            "default_secret_name": "",
            "id": "monitoring-staging/jaeger-operator",
            "image_pull_secret": [],
            "metadata": [
              {
                "annotations": {},
                "generate_name": "",
                "generation": 0,
                "labels": {
                  "app": "healthcare-app",
                  "component": "jaeger",
                  "environment": "staging",
                  "managed-by": "terraform"
                },
                "name": "jaeger-operator",
                "namespace": "monitoring-staging",
                "resource_version": "1177142",
                "uid": "3cd499de-475d-4a56-ae44-620eacbcc7dc"
              }
            ],
            "secret": [],
            "timeouts": null
          },
          "sensitive_attributes": [],
          "private": "eyJlMmJmYjczMC1lY2FhLTExZTYtOGY4OC0zNDM2M2JjN2M0YzAiOnsiY3JlYXRlIjozMDAwMDAwMDAwMH19",
          "dependencies": [
            "kubernetes_namespace.monitoring"
          ]
        }
      ]
    },
    {
      "mode": "managed",
      "type": "kubernetes_service_account",
      "name": "prometheus",
      "provider": "provider[\"registry.terraform.io/hashicorp/kubernetes\"]",
      "instances": [
        {
          "schema_version": 0,
          "attributes": {
            "automount_service_account_token": true,
            "default_secret_name": "",
            "id": "monitoring-staging/prometheus",
            "image_pull_secret": [],
            "metadata": [
              {
                "annotations": {},
                "generate_name": "",
                "generation": 0,
                "labels": {
                  "app": "healthcare-app",
                  "component": "prometheus",
                  "environment": "staging",
                  "managed-by": "terraform"
                },
                "name": "prometheus",
                "namespace": "monitoring-staging",
                "resource_version": "1177125",
                "uid": "a47fab76-15d2-4d20-91ae-12b3276d7633"
              }
            ],
            "secret": [],
            "timeouts": null
          },
          "sensitive_attributes": [],
          "private": "eyJlMmJmYjczMC1lY2FhLTExZTYtOGY4OC0zNDM2M2JjN2M0YzAiOnsiY3JlYXRlIjozMDAwMDAwMDAwMH19",
          "dependencies": [
            "kubernetes_namespace.monitoring"
          ]
        }
      ]
    },
    {
      "mode": "managed",
      "type": "kubernetes_stateful_set",
      "name": "mongodb",
      "provider": "provider[\"registry.terraform.io/hashicorp/kubernetes\"]",
      "instances": [
        {
          "schema_version": 1,
          "attributes": {
            "id": "healthcare-staging/mongodb-staging",
            "metadata": [
              {
                "annotations": {},
                "generate_name": "",
                "generation": 1,
                "labels": {
                  "app": "healthcare-app",
                  "component": "mongodb",
                  "environment": "staging",
                  "managed-by": "terraform"
                },
                "name": "mongodb-staging",
                "namespace": "healthcare-staging",
                "resource_version": "1204822",
                "uid": "a219aade-a5ee-4101-80c9-72f8111d36ed"
              }
            ],
            "spec": [
              {
                "pod_management_policy": "OrderedReady",
                "replicas": "1",
                "revision_history_limit": 0,
                "selector": [
                  {
                    "match_expressions": [],
                    "match_labels": {
                      "app": "healthcare-app",
                      "component": "mongodb",
                      "environment": "staging",
                      "managed-by": "terraform"
                    }
                  }
                ],
                "service_name": "mongodb-staging",
                "template": [
                  {
                    "metadata": [
                      {
                        "annotations": {},
                        "generate_name": "",
                        "generation": 0,
                        "labels": {
                          "app": "healthcare-app",
                          "component": "mongodb",
                          "environment": "staging",
                          "managed-by": "terraform"
                        },
                        "name": "",
                        "resource_version": "",
                        "uid": ""
                      }
                    ],
                    "spec": [
                      {
                        "active_deadline_seconds": 0,
                        "affinity": [],
                        "automount_service_account_token": true,
                        "container": [
                          {
                            "args": [],
                            "command": [],
                            "env": [
                              {
                                "name": "MONGO_INITDB_ROOT_PASSWORD",
                                "value": "",
                                "value_from": [
                                  {
                                    "config_map_key_ref": [],
                                    "field_ref": [],
                                    "resource_field_ref": [],
                                    "secret_key_ref": [
                                      {
                                        "key": "mongodb-root-password",
                                        "name": "healthcare-app-secrets",
                                        "optional": false
                                      }
                                    ]
                                  }
                                ]
                              },
                              {
                                "name": "MONGO_INITDB_ROOT_USERNAME",
                                "value": "admin",
                                "value_from": []
                              }
                            ],
                            "env_from": [],
                            "image": "mongo:7.0.1",
                            "image_pull_policy": "IfNotPresent",
                            "lifecycle": [],
                            "liveness_probe": [
                              {
                                "exec": [],
                                "failure_threshold": 3,
                                "http_get": [],
                                "initial_delay_seconds": 60,
                                "period_seconds": 15,
                                "success_threshold": 1,
                                "tcp_socket": [
                                  {
                                    "port": "mongodb"
                                  }
                                ],
                                "timeout_seconds": 5
                              }
                            ],
                            "name": "mongodb",
                            "port": [
                              {
                                "container_port": 27017,
                                "host_ip": "",
                                "host_port": 0,
                                "name": "mongodb",
                                "protocol": "TCP"
                              }
                            ],
                            "readiness_probe": [
                              {
                                "exec": [],
                                "failure_threshold": 3,
                                "http_get": [],
                                "initial_delay_seconds": 30,
                                "period_seconds": 10,
                                "success_threshold": 1,
                                "tcp_socket": [
                                  {
                                    "port": "mongodb"
                                  }
                                ],
                                "timeout_seconds": 3
                              }
                            ],
                            "resources": [
                              {
                                "limits": {
                                  "cpu": "2",
                                  "memory": "4Gi"
                                },
                                "requests": {
                                  "cpu": "10m",
                                  "memory": "256Mi"
                                }
                              }
                            ],
                            "security_context": [
                              {
                                "allow_privilege_escalation": false,
                                "capabilities": [],
                                "privileged": false,
                                "read_only_root_filesystem": false,
                                "run_as_group": "999",
                                "run_as_non_root": false,
                                "run_as_user": "999",
                                "se_linux_options": [],
                                "seccomp_profile": []
                              }
                            ],
                            "startup_probe": [
                              {
                                "exec": [],
                                "failure_threshold": 12,
                                "http_get": [],
                                "initial_delay_seconds": 30,
                                "period_seconds": 5,
                                "success_threshold": 1,
                                "tcp_socket": [
                                  {
                                    "port": "mongodb"
                                  }
                                ],
                                "timeout_seconds": 3
                              }
                            ],
                            "stdin": false,
                            "stdin_once": false,
                            "termination_message_path": "/dev/termination-log",
                            "termination_message_policy": "File",
                            "tty": false,
                            "volume_mount": [
                              {
                                "mount_path": "/data/db",
                                "mount_propagation": "None",
                                "name": "mongodb-data",
                                "read_only": false,
                                "sub_path": ""
                              },
                              {
                                "mount_path": "/var/log/mongodb",
                                "mount_propagation": "None",
                                "name": "mongodb-logs",
                                "read_only": false,
                                "sub_path": ""
                              }
                            ],
                            "working_dir": ""
                          },
                          {
                            "args": [],
                            "command": [],
                            "env": [
                              {
                                "name": "HOST",
                                "value": "0.0.0.0",
                                "value_from": []
                              },
                              {
                                "name": "MONGODB_HOST",
                                "value": "localhost",
                                "value_from": []
                              },
                              {
                                "name": "MONGODB_PORT",
                                "value": "27017",
                                "value_from": []
                              },
                              {
                                "name": "MONGODB_USERNAME",
                                "value": "admin",
                                "value_from": []
                              },
                              {
                                "name": "MONGODB_PASSWORD",
                                "value": "",
                                "value_from": [
                                  {
                                    "config_map_key_ref": [],
                                    "field_ref": [],
                                    "resource_field_ref": [],
                                    "secret_key_ref": [
                                      {
                                        "key": "mongodb-root-password",
                                        "name": "healthcare-app-secrets",
                                        "optional": false
                                      }
                                    ]
                                  }
                                ]
                              },
                              {
                                "name": "MONGODB_DATABASE",
                                "value": "healthcare-app",
                                "value_from": []
                              }
                            ],
                            "env_from": [
                              {
                                "config_map_ref": [
                                  {
                                    "name": "healthcare-app-config",
                                    "optional": false
                                  }
                                ],
                                "prefix": "",
                                "secret_ref": []
                              }
                            ],
                            "image": "healthcare-app-backend:477",
                            "image_pull_policy": "IfNotPresent",
                            "lifecycle": [],
                            "liveness_probe": [
                              {
                                "exec": [],
                                "failure_threshold": 3,
                                "http_get": [
                                  {
                                    "host": "",
                                    "http_header": [],
                                    "path": "/health",
                                    "port": "http",
                                    "scheme": "HTTP"
                                  }
                                ],
                                "initial_delay_seconds": 60,
                                "period_seconds": 15,
                                "success_threshold": 1,
                                "tcp_socket": [],
                                "timeout_seconds": 5
                              }
                            ],
                            "name": "backend",
                            "port": [
                              {
                                "container_port": 5001,
                                "host_ip": "",
                                "host_port": 0,
                                "name": "http",
                                "protocol": "TCP"
                              }
                            ],
                            "readiness_probe": [
                              {
                                "exec": [],
                                "failure_threshold": 3,
                                "http_get": [
                                  {
                                    "host": "",
                                    "http_header": [],
                                    "path": "/health",
                                    "port": "http",
                                    "scheme": "HTTP"
                                  }
                                ],
                                "initial_delay_seconds": 30,
                                "period_seconds": 10,
                                "success_threshold": 1,
                                "tcp_socket": [],
                                "timeout_seconds": 5
                              }
                            ],
                            "resources": [
                              {
                                "limits": {
                                  "cpu": "1",
                                  "memory": "1Gi"
                                },
                                "requests": {
                                  "cpu": "20m",
                                  "memory": "256Mi"
                                }
                              }
                            ],
                            "security_context": [
                              {
                                "allow_privilege_escalation": false,
                                "capabilities": [],
                                "privileged": false,
                                "read_only_root_filesystem": false,
                                "run_as_group": "",
                                "run_as_non_root": true,
                                "run_as_user": "1000",
                                "se_linux_options": [],
                                "seccomp_profile": []
                              }
                            ],
                            "startup_probe": [],
                            "stdin": false,
                            "stdin_once": false,
                            "termination_message_path": "/dev/termination-log",
                            "termination_message_policy": "File",
                            "tty": false,
                            "volume_mount": [],
                            "working_dir": ""
                          }
                        ],
                        "dns_config": [],
                        "dns_policy": "ClusterFirst",
                        "enable_service_links": true,
                        "host_aliases": [],
                        "host_ipc": false,
                        "host_network": false,
                        "host_pid": false,
                        "hostname": "",
                        "image_pull_secrets": [],
                        "init_container": [],
                        "node_name": "",
                        "node_selector": {},
                        "priority_class_name": "",
                        "readiness_gate": [],
                        "restart_policy": "Always",
                        "runtime_class_name": "",
                        "security_context": [],
                        "service_account_name": "",
                        "share_process_namespace": false,
                        "subdomain": "",
                        "termination_grace_period_seconds": 30,
                        "toleration": [],
                        "topology_spread_constraint": [],
                        "volume": []
                      }
                    ]
                  }
                ],
                "update_strategy": [],
                "volume_claim_template": [
                  {
                    "metadata": [
                      {
                        "annotations": {},
                        "generate_name": "",
                        "generation": 0,
                        "labels": {
                          "app": "healthcare-app",
                          "component": "mongodb",
                          "environment": "staging",
                          "managed-by": "terraform"
                        },
                        "name": "mongodb-data",
                        "namespace": "default",
                        "resource_version": "",
                        "uid": ""
                      }
                    ],
                    "spec": [
                      {
                        "access_modes": [
                          "ReadWriteOnce"
                        ],
                        "resources": [
                          {
                            "limits": {},
                            "requests": {
                              "storage": "10Gi"
                            }
                          }
                        ],
                        "selector": [],
                        "storage_class_name": "local-path",
                        "volume_name": ""
                      }
                    ]
                  },
                  {
                    "metadata": [
                      {
                        "annotations": {},
                        "generate_name": "",
                        "generation": 0,
                        "labels": {
                          "app": "healthcare-app",
                          "component": "mongodb",
                          "environment": "staging",
                          "managed-by": "terraform"
                        },
                        "name": "mongodb-logs",
                        "namespace": "default",
                        "resource_version": "",
                        "uid": ""
                      }
                    ],
                    "spec": [
                      {
                        "access_modes": [
                          "ReadWriteOnce"
                        ],
                        "resources": [
                          {
                            "limits": {},
                            "requests": {
                              "storage": "1Gi"
                            }
                          }
                        ],
                        "selector": [],
                        "storage_class_name": "local-path",
                        "volume_name": ""
                      }
                    ]
                  }
                ]
              }
            ],
            "timeouts": {
              "create": "120s",
              "delete": null,
              "read": null,
              "update": "120s"
            },
            "wait_for_rollout": false
          },
          "sensitive_attributes": [],
          "private": "eyJlMmJmYjczMC1lY2FhLTExZTYtOGY4OC0zNDM2M2JjN2M0YzAiOnsiY3JlYXRlIjoxMjAwMDAwMDAwMDAsImRlbGV0ZSI6NjAwMDAwMDAwMDAwLCJyZWFkIjo2MDAwMDAwMDAwMDAsInVwZGF0ZSI6MTIwMDAwMDAwMDAwfSwic2NoZW1hX3ZlcnNpb24iOiIxIn0=",
          "dependencies": [
            "kubernetes_config_map.app_config",
            "kubernetes_namespace.healthcare",
            "kubernetes_secret.app_secrets",
            "random_password.mongodb_password"
          ]
        }
      ]
    },
    {
      "mode": "managed",
      "type": "null_resource",
      "name": "service_access_setup",
      "provider": "provider[\"registry.terraform.io/hashicorp/null\"]",
      "instances": [
        {
          "index_key": 0,
          "schema_version": 0,
          "attributes": {
            "id": "3928068564323946396",
            "triggers": {
              "backend_image": "healthcare-app-backend:477",
              "environment": "staging",
              "frontend_image": "healthcare-app-frontend:477",
              "namespace": "healthcare-staging"
            }
          },
          "sensitive_attributes": [],
          "dependencies": [
            "kubernetes_config_map.app_config",
            "kubernetes_deployment.frontend",
            "kubernetes_namespace.healthcare",
            "kubernetes_secret.app_secrets",
            "kubernetes_stateful_set.mongodb",
            "random_password.mongodb_password"
          ]
        }
      ]
    },
    {
      "module": "module.nginx_proxy_manager_monitoring[0]",
      "mode": "managed",
      "type": "kubernetes_service",
      "name": "alertmanager_external",
      "provider": "provider[\"registry.terraform.io/hashicorp/kubernetes\"]",
      "instances": [
        {
          "index_key": 0,
          "schema_version": 1,
          "attributes": {
            "id": "monitoring-staging/alertmanager-external",
            "metadata": [
              {
                "annotations": {},
                "generate_name": "",
                "generation": 0,
                "labels": {
                  "app": "alertmanager"
                },
                "name": "alertmanager-external",
                "namespace": "monitoring-staging",
                "resource_version": "1177194",
                "uid": "654aa752-3a8a-4a16-b77d-72cf1783304a"
              }
            ],
            "spec": [
              {
                "allocate_load_balancer_node_ports": true,
                "cluster_ip": "10.43.114.8",
                "cluster_ips": [
                  "10.43.114.8"
                ],
                "external_ips": [],
                "external_name": "",
                "external_traffic_policy": "Cluster",
                "health_check_node_port": 0,
                "internal_traffic_policy": "Cluster",
                "ip_families": [
                  "IPv4"
                ],
                "ip_family_policy": "SingleStack",
                "load_balancer_class": "",
                "load_balancer_ip": "",
                "load_balancer_source_ranges": [],
                "port": [
                  {
                    "app_protocol": "",
                    "name": "",
                    "node_port": 32714,
                    "port": 9093,
                    "protocol": "TCP",
                    "target_port": "9093"
                  }
                ],
                "publish_not_ready_addresses": false,
                "selector": {
                  "app": "healthcare-app",
                  "component": "alertmanager",
                  "environment": "staging",
                  "managed-by": "terraform"
                },
                "session_affinity": "None",
                "session_affinity_config": [],
                "type": "NodePort"
              }
            ],
            "status": [
              {
                "load_balancer": [
                  {
                    "ingress": []
                  }
                ]
              }
            ],
            "timeouts": null,
            "wait_for_load_balancer": true
          },
          "sensitive_attributes": [],
          "private": "eyJlMmJmYjczMC1lY2FhLTExZTYtOGY4OC0zNDM2M2JjN2M0YzAiOnsiY3JlYXRlIjo2MDAwMDAwMDAwMDB9LCJzY2hlbWFfdmVyc2lvbiI6IjEifQ==",
          "dependencies": [
            "kubernetes_namespace.monitoring"
          ]
        }
      ]
    },
    {
      "module": "module.nginx_proxy_manager_monitoring[0]",
      "mode": "managed",
      "type": "kubernetes_service",
      "name": "backend_external",
      "provider": "provider[\"registry.terraform.io/hashicorp/kubernetes\"]",
      "instances": [
        {
          "schema_version": 1,
          "attributes": {
            "id": "healthcare-staging/backend-external",
            "metadata": [
              {
                "annotations": {},
                "generate_name": "",
                "generation": 0,
                "labels": {
                  "app": "healthcare-app",
                  "component": "backend",
                  "environment": "staging",
                  "managed-by": "terraform"
                },
                "name": "backend-external",
                "namespace": "healthcare-staging",
                "resource_version": "1204942",
                "uid": "a155fb18-741a-4457-b015-3ce705c2125b"
              }
            ],
            "spec": [
              {
                "allocate_load_balancer_node_ports": true,
                "cluster_ip": "10.43.172.244",
                "cluster_ips": [
                  "10.43.172.244"
                ],
                "external_ips": [],
                "external_name": "",
                "external_traffic_policy": "Cluster",
                "health_check_node_port": 0,
                "internal_traffic_policy": "Cluster",
                "ip_families": [
                  "IPv4"
                ],
                "ip_family_policy": "SingleStack",
                "load_balancer_class": "",
                "load_balancer_ip": "",
                "load_balancer_source_ranges": [],
                "port": [
                  {
                    "app_protocol": "",
                    "name": "",
                    "node_port": 32711,
                    "port": 5001,
                    "protocol": "TCP",
                    "target_port": "5001"
                  }
                ],
                "publish_not_ready_addresses": false,
                "selector": {
                  "app": "healthcare-app",
                  "component": "mongodb",
                  "environment": "staging",
                  "managed-by": "terraform"
                },
                "session_affinity": "None",
                "session_affinity_config": [],
                "type": "NodePort"
              }
            ],
            "status": [
              {
                "load_balancer": [
                  {
                    "ingress": []
                  }
                ]
              }
            ],
            "timeouts": null,
            "wait_for_load_balancer": true
          },
          "sensitive_attributes": [],
          "private": "eyJlMmJmYjczMC1lY2FhLTExZTYtOGY4OC0zNDM2M2JjN2M0YzAiOnsiY3JlYXRlIjo2MDAwMDAwMDAwMDB9LCJzY2hlbWFfdmVyc2lvbiI6IjEifQ==",
          "dependencies": [
            "kubernetes_namespace.healthcare",
            "kubernetes_namespace.monitoring"
          ]
        }
      ]
    },
    {
      "module": "module.nginx_proxy_manager_monitoring[0]",
      "mode": "managed",
      "type": "kubernetes_service",
      "name": "elasticsearch_external",
      "provider": "provider[\"registry.terraform.io/hashicorp/kubernetes\"]",
      "instances": [
        {
          "index_key": 0,
          "schema_version": 1,
          "attributes": {
            "id": "monitoring-staging/elasticsearch-external",
            "metadata": [
              {
                "annotations": {},
                "generate_name": "",
                "generation": 0,
                "labels": {
                  "app": "elasticsearch"
                },
                "name": "elasticsearch-external",
                "namespace": "monitoring-staging",
                "resource_version": "1177217",
                "uid": "92c63961-a4da-4627-bcc9-64ae74986bef"
              }
            ],
            "spec": [
              {
                "allocate_load_balancer_node_ports": true,
                "cluster_ip": "10.43.161.6",
                "cluster_ips": [
                  "10.43.161.6"
                ],
                "external_ips": [],
                "external_name": "",
                "external_traffic_policy": "Cluster",
                "health_check_node_port": 0,
                "internal_traffic_policy": "Cluster",
                "ip_families": [
                  "IPv4"
                ],
                "ip_family_policy": "SingleStack",
                "load_balancer_class": "",
                "load_balancer_ip": "",
                "load_balancer_source_ranges": [],
                "port": [
                  {
                    "app_protocol": "",
                    "name": "",
                    "node_port": 32716,
                    "port": 9200,
                    "protocol": "TCP",
                    "target_port": "9200"
                  }
                ],
                "publish_not_ready_addresses": false,
                "selector": {
                  "app": "healthcare-app",
                  "component": "elasticsearch",
                  "environment": "staging",
                  "managed-by": "terraform"
                },
                "session_affinity": "None",
                "session_affinity_config": [],
                "type": "NodePort"
              }
            ],
            "status": [
              {
                "load_balancer": [
                  {
                    "ingress": []
                  }
                ]
              }
            ],
            "timeouts": null,
            "wait_for_load_balancer": true
          },
          "sensitive_attributes": [],
          "private": "eyJlMmJmYjczMC1lY2FhLTExZTYtOGY4OC0zNDM2M2JjN2M0YzAiOnsiY3JlYXRlIjo2MDAwMDAwMDAwMDB9LCJzY2hlbWFfdmVyc2lvbiI6IjEifQ==",
          "dependencies": [
            "kubernetes_namespace.monitoring"
          ]
        }
      ]
    },
    {
      "module": "module.nginx_proxy_manager_monitoring[0]",
      "mode": "managed",
      "type": "kubernetes_service",
      "name": "frontend_external",
      "provider": "provider[\"registry.terraform.io/hashicorp/kubernetes\"]",
      "instances": [
        {
          "schema_version": 1,
          "attributes": {
            "id": "healthcare-staging/frontend-external",
            "metadata": [
              {
                "annotations": {},
                "generate_name": "",
                "generation": 0,
                "labels": {
                  "app": "healthcare-app",
                  "component": "frontend",
                  "environment": "staging",
                  "managed-by": "terraform"
                },
                "name": "frontend-external",
                "namespace": "healthcare-staging",
                "resource_version": "1177332",
                "uid": "193c16bd-9cac-4f21-be7e-f5bf1c03499e"
              }
            ],
            "spec": [
              {
                "allocate_load_balancer_node_ports": true,
                "cluster_ip": "10.43.203.92",
                "cluster_ips": [
                  "10.43.203.92"
                ],
                "external_ips": [],
                "external_name": "",
                "external_traffic_policy": "Cluster",
                "health_check_node_port": 0,
                "internal_traffic_policy": "Cluster",
                "ip_families": [
                  "IPv4"
                ],
                "ip_family_policy": "SingleStack",
                "load_balancer_class": "",
                "load_balancer_ip": "",
                "load_balancer_source_ranges": [],
                "port": [
                  {
                    "app_protocol": "",
                    "name": "",
                    "node_port": 32710,
                    "port": 80,
                    "protocol": "TCP",
                    "target_port": "80"
                  }
                ],
                "publish_not_ready_addresses": false,
                "selector": {
                  "app": "healthcare-app",
                  "component": "frontend",
                  "environment": "staging",
                  "managed-by": "terraform"
                },
                "session_affinity": "None",
                "session_affinity_config": [],
                "type": "NodePort"
              }
            ],
            "status": [
              {
                "load_balancer": [
                  {
                    "ingress": []
                  }
                ]
              }
            ],
            "timeouts": null,
            "wait_for_load_balancer": true
          },
          "sensitive_attributes": [],
          "private": "eyJlMmJmYjczMC1lY2FhLTExZTYtOGY4OC0zNDM2M2JjN2M0YzAiOnsiY3JlYXRlIjo2MDAwMDAwMDAwMDB9LCJzY2hlbWFfdmVyc2lvbiI6IjEifQ==",
          "dependencies": [
            "kubernetes_namespace.healthcare",
            "kubernetes_namespace.monitoring"
          ]
        }
      ]
    },
    {
      "module": "module.nginx_proxy_manager_monitoring[0]",
      "mode": "managed",
      "type": "kubernetes_service",
      "name": "grafana_external",
      "provider": "provider[\"registry.terraform.io/hashicorp/kubernetes\"]",
      "instances": [
        {
          "index_key": 0,
          "schema_version": 1,
          "attributes": {
            "id": "monitoring-staging/grafana-external",
            "metadata": [
              {
                "annotations": {},
                "generate_name": "",
                "generation": 0,
                "labels": {
                  "app": "grafana"
                },
                "name": "grafana-external",
                "namespace": "monitoring-staging",
                "resource_version": "1177207",
                "uid": "6966d86f-8a00-4fe1-8d82-4c836e200a11"
              }
            ],
            "spec": [
              {
                "allocate_load_balancer_node_ports": true,
                "cluster_ip": "10.43.212.115",
                "cluster_ips": [
                  "10.43.212.115"
                ],
                "external_ips": [],
                "external_name": "",
                "external_traffic_policy": "Cluster",
                "health_check_node_port": 0,
                "internal_traffic_policy": "Cluster",
                "ip_families": [
                  "IPv4"
                ],
                "ip_family_policy": "SingleStack",
                "load_balancer_class": "",
                "load_balancer_ip": "",
                "load_balancer_source_ranges": [],
                "port": [
                  {
                    "app_protocol": "",
                    "name": "",
                    "node_port": 32712,
                    "port": 3000,
                    "protocol": "TCP",
                    "target_port": "3000"
                  }
                ],
                "publish_not_ready_addresses": false,
                "selector": {
                  "app": "healthcare-app",
                  "component": "grafana",
                  "environment": "staging",
                  "managed-by": "terraform"
                },
                "session_affinity": "None",
                "session_affinity_config": [],
                "type": "NodePort"
              }
            ],
            "status": [
              {
                "load_balancer": [
                  {
                    "ingress": []
                  }
                ]
              }
            ],
            "timeouts": null,
            "wait_for_load_balancer": true
          },
          "sensitive_attributes": [],
          "private": "eyJlMmJmYjczMC1lY2FhLTExZTYtOGY4OC0zNDM2M2JjN2M0YzAiOnsiY3JlYXRlIjo2MDAwMDAwMDAwMDB9LCJzY2hlbWFfdmVyc2lvbiI6IjEifQ==",
          "dependencies": [
            "kubernetes_namespace.monitoring"
          ]
        }
      ]
    },
    {
      "module": "module.nginx_proxy_manager_monitoring[0]",
      "mode": "managed",
      "type": "kubernetes_service",
      "name": "jaeger_external",
      "provider": "provider[\"registry.terraform.io/hashicorp/kubernetes\"]",
      "instances": [
        {
          "index_key": 0,
          "schema_version": 1,
          "attributes": {
            "id": "monitoring-staging/jaeger-external",
            "metadata": [
              {
                "annotations": {},
                "generate_name": "",
                "generation": 0,
                "labels": {
                  "app": "jaeger"
                },
                "name": "jaeger-external",
                "namespace": "monitoring-staging",
                "resource_version": "1177202",
                "uid": "38d11564-77d7-4d58-b5b9-03e2853aa800"
              }
            ],
            "spec": [
              {
                "allocate_load_balancer_node_ports": true,
                "cluster_ip": "10.43.220.200",
                "cluster_ips": [
                  "10.43.220.200"
                ],
                "external_ips": [],
                "external_name": "",
                "external_traffic_policy": "Cluster",
                "health_check_node_port": 0,
                "internal_traffic_policy": "Cluster",
                "ip_families": [
                  "IPv4"
                ],
                "ip_family_policy": "SingleStack",
                "load_balancer_class": "",
                "load_balancer_ip": "",
                "load_balancer_source_ranges": [],
                "port": [
                  {
                    "app_protocol": "",
                    "name": "",
                    "node_port": 32715,
                    "port": 16686,
                    "protocol": "TCP",
                    "target_port": "16686"
                  }
                ],
                "publish_not_ready_addresses": false,
                "selector": {
                  "app": "healthcare-app",
                  "component": "jaeger",
                  "environment": "staging",
                  "managed-by": "terraform"
                },
                "session_affinity": "None",
                "session_affinity_config": [],
                "type": "NodePort"
              }
            ],
            "status": [
              {
                "load_balancer": [
                  {
                    "ingress": []
                  }
                ]
              }
            ],
            "timeouts": null,
            "wait_for_load_balancer": true
          },
          "sensitive_attributes": [],
          "private": "eyJlMmJmYjczMC1lY2FhLTExZTYtOGY4OC0zNDM2M2JjN2M0YzAiOnsiY3JlYXRlIjo2MDAwMDAwMDAwMDB9LCJzY2hlbWFfdmVyc2lvbiI6IjEifQ==",
          "dependencies": [
            "kubernetes_namespace.monitoring"
          ]
        }
      ]
    },
    {
      "module": "module.nginx_proxy_manager_monitoring[0]",
      "mode": "managed",
      "type": "kubernetes_service",
      "name": "prometheus_external",
      "provider": "provider[\"registry.terraform.io/hashicorp/kubernetes\"]",
      "instances": [
        {
          "index_key": 0,
          "schema_version": 1,
          "attributes": {
            "id": "monitoring-staging/prometheus-external",
            "metadata": [
              {
                "annotations": {},
                "generate_name": "",
                "generation": 0,
                "labels": {
                  "app": "prometheus"
                },
                "name": "prometheus-external",
                "namespace": "monitoring-staging",
                "resource_version": "1177186",
                "uid": "09c4f84d-0d00-4bb8-8aba-2c06f4ed8a30"
              }
            ],
            "spec": [
              {
                "allocate_load_balancer_node_ports": true,
                "cluster_ip": "10.43.59.211",
                "cluster_ips": [
                  "10.43.59.211"
                ],
                "external_ips": [],
                "external_name": "",
                "external_traffic_policy": "Cluster",
                "health_check_node_port": 0,
                "internal_traffic_policy": "Cluster",
                "ip_families": [
                  "IPv4"
                ],
                "ip_family_policy": "SingleStack",
                "load_balancer_class": "",
                "load_balancer_ip": "",
                "load_balancer_source_ranges": [],
                "port": [
                  {
                    "app_protocol": "",
                    "name": "",
                    "node_port": 32713,
                    "port": 9090,
                    "protocol": "TCP",
                    "target_port": "9090"
                  }
                ],
                "publish_not_ready_addresses": false,
                "selector": {
                  "app": "healthcare-app",
                  "component": "prometheus",
                  "environment": "staging",
                  "managed-by": "terraform"
                },
                "session_affinity": "None",
                "session_affinity_config": [],
                "type": "NodePort"
              }
            ],
            "status": [
              {
                "load_balancer": [
                  {
                    "ingress": []
                  }
                ]
              }
            ],
            "timeouts": null,
            "wait_for_load_balancer": true
          },
          "sensitive_attributes": [],
          "private": "eyJlMmJmYjczMC1lY2FhLTExZTYtOGY4OC0zNDM2M2JjN2M0YzAiOnsiY3JlYXRlIjo2MDAwMDAwMDAwMDB9LCJzY2hlbWFfdmVyc2lvbiI6IjEifQ==",
          "dependencies": [
            "kubernetes_namespace.monitoring"
          ]
        }
      ]
    }
  ],
  "check_results": null
}
