{
  "version": 4,
  "terraform_version": "1.5.7",
  "serial": 23,
  "lineage": "eb537a28-e2c3-4238-5c29-37822bfffc23",
  "outputs": {
    "app_ingress_host": {
      "value": "healthcare-staging.local",
      "type": "string"
    },
    "backend_service": {
      "value": "backend",
      "type": "string"
    },
    "frontend_service": {
      "value": "frontend",
      "type": "string"
    },
    "grafana_external_url": {
      "value": "http://monitoring-staging.local/grafana",
      "type": "string"
    },
    "grafana_service": {
      "value": "grafana",
      "type": "string"
    },
    "grafana_url": {
      "value": "http://grafana.monitoring-staging.svc.cluster.local:3000",
      "type": "string"
    },
    "mongodb_service": {
      "value": "mongodb",
      "type": "string"
    },
    "monitoring_ingress_host": {
      "value": "monitoring-staging.local",
      "type": "string"
    },
    "monitoring_namespace": {
      "value": "monitoring-staging",
      "type": "string"
    },
    "namespace": {
      "value": "healthcare-staging",
      "type": "string"
    },
    "prometheus_external_url": {
      "value": "http://monitoring-staging.local/prometheus",
      "type": "string"
    },
    "prometheus_service": {
      "value": "prometheus",
      "type": "string"
    },
    "prometheus_url": {
      "value": "http://prometheus.monitoring-staging.svc.cluster.local:9090",
      "type": "string"
    }
  },
  "resources": [
    {
      "mode": "managed",
      "type": "kubernetes_cluster_role",
      "name": "prometheus",
      "provider": "provider[\"registry.terraform.io/hashicorp/kubernetes\"]",
      "instances": [
        {
          "schema_version": 0,
          "attributes": {
            "aggregation_rule": [],
            "id": "prometheus-staging",
            "metadata": [
              {
                "annotations": null,
                "generate_name": "",
                "generation": 0,
                "labels": {
                  "app": "healthcare-app",
                  "component": "prometheus",
                  "environment": "staging",
                  "managed-by": "terraform"
                },
                "name": "prometheus-staging",
                "resource_version": "236246",
                "uid": "9747cd76-4b69-427b-ad05-dc9bb901531e"
              }
            ],
            "rule": [
              {
                "api_groups": [
                  ""
                ],
                "non_resource_urls": null,
                "resource_names": null,
                "resources": [
                  "nodes",
                  "nodes/proxy",
                  "services",
                  "endpoints",
                  "pods"
                ],
                "verbs": [
                  "get",
                  "list",
                  "watch"
                ]
              },
              {
                "api_groups": [
                  "extensions"
                ],
                "non_resource_urls": null,
                "resource_names": null,
                "resources": [
                  "ingresses"
                ],
                "verbs": [
                  "get",
                  "list",
                  "watch"
                ]
              },
              {
                "api_groups": null,
                "non_resource_urls": [
                  "/metrics"
                ],
                "resource_names": null,
                "resources": null,
                "verbs": [
                  "get"
                ]
              }
            ]
          },
          "sensitive_attributes": [],
          "private": "bnVsbA=="
        }
      ]
    },
    {
      "mode": "managed",
      "type": "kubernetes_cluster_role_binding",
      "name": "prometheus",
      "provider": "provider[\"registry.terraform.io/hashicorp/kubernetes\"]",
      "instances": [
        {
          "schema_version": 0,
          "attributes": {
            "id": "prometheus-staging",
            "metadata": [
              {
                "annotations": null,
                "generate_name": "",
                "generation": 0,
                "labels": {
                  "app": "healthcare-app",
                  "component": "prometheus",
                  "environment": "staging",
                  "managed-by": "terraform"
                },
                "name": "prometheus-staging",
                "resource_version": "236263",
                "uid": "2517c4b9-c08b-4750-b14d-6d58f406654a"
              }
            ],
            "role_ref": [
              {
                "api_group": "rbac.authorization.k8s.io",
                "kind": "ClusterRole",
                "name": "prometheus-staging"
              }
            ],
            "subject": [
              {
                "api_group": "",
                "kind": "ServiceAccount",
                "name": "prometheus",
                "namespace": "monitoring-staging"
              }
            ]
          },
          "sensitive_attributes": [],
          "private": "bnVsbA==",
          "dependencies": [
            "kubernetes_cluster_role.prometheus",
            "kubernetes_namespace.monitoring",
            "kubernetes_service_account.prometheus"
          ]
        }
      ]
    },
    {
      "mode": "managed",
      "type": "kubernetes_config_map",
      "name": "grafana_config",
      "provider": "provider[\"registry.terraform.io/hashicorp/kubernetes\"]",
      "instances": [
        {
          "schema_version": 0,
          "attributes": {
            "binary_data": null,
            "data": {
              "dashboard-providers.yml": "\"apiVersion\": 1\n\"providers\":\n- \"folder\": \"\"\n  \"name\": \"default\"\n  \"options\":\n    \"path\": \"/etc/grafana/provisioning/dashboards\"\n  \"orgId\": 1\n  \"type\": \"file\"\n",
              "datasources.yml": "\"apiVersion\": 1\n\"datasources\":\n- \"access\": \"proxy\"\n  \"isDefault\": true\n  \"name\": \"Prometheus\"\n  \"type\": \"prometheus\"\n  \"url\": \"http://prometheus:9090\"\n",
              "grafana.ini": "[server]\nhttp_port = 3000\nroot_url = http://localhost:3000/\n\n[database]\ntype = sqlite3\npath = /var/lib/grafana/grafana.db\n\n[security]\nadmin_user = admin\nadmin_password = admin123\n\n[auth.anonymous]\nenabled = true\norg_role = Viewer\n\n[dashboards]\ndefault_home_dashboard_path = /etc/grafana/provisioning/dashboards/healthcare-dashboard.json\n",
              "healthcare-dashboard.json": "{\"dashboard\":{\"id\":null,\"panels\":[{\"id\":1,\"targets\":[{\"expr\":\"rate(container_cpu_usage_seconds_total{namespace=\\\"healthcare-staging\\\"}[5m]) * 100\"}],\"title\":\"CPU Usage\",\"type\":\"graph\",\"yAxes\":[{\"label\":\"Percentage\",\"max\":100}]},{\"id\":2,\"targets\":[{\"expr\":\"container_memory_usage_bytes{namespace=\\\"healthcare-staging\\\"} / 1024 / 1024\"}],\"title\":\"Memory Usage\",\"type\":\"graph\",\"yAxes\":[{\"label\":\"MB\"}]},{\"id\":3,\"targets\":[{\"expr\":\"rate(http_requests_total{job=\\\"healthcare-backend\\\"}[5m])\"}],\"title\":\"HTTP Request Rate\",\"type\":\"graph\"},{\"id\":4,\"targets\":[{\"expr\":\"histogram_quantile(0.95, rate(http_request_duration_seconds_bucket{job=\\\"healthcare-backend\\\"}[5m]))\"}],\"title\":\"Response Time (95th percentile)\",\"type\":\"graph\"}],\"refresh\":\"30s\",\"tags\":[\"healthcare\",\"monitoring\"],\"time\":{\"from\":\"now-1h\",\"to\":\"now\"},\"timezone\":\"browser\",\"title\":\"Healthcare Application Dashboard\"}}"
            },
            "id": "monitoring-staging/grafana-config",
            "immutable": false,
            "metadata": [
              {
                "annotations": null,
                "generate_name": "",
                "generation": 0,
                "labels": {
                  "app": "healthcare-app",
                  "component": "grafana",
                  "environment": "staging",
                  "managed-by": "terraform"
                },
                "name": "grafana-config",
                "namespace": "monitoring-staging",
                "resource_version": "236258",
                "uid": "4cc5ede2-af5c-47c4-8ee4-9a5d6d481ab8"
              }
            ]
          },
          "sensitive_attributes": [],
          "private": "bnVsbA==",
          "dependencies": [
            "kubernetes_namespace.monitoring"
          ]
        }
      ]
    },
    {
      "mode": "managed",
      "type": "kubernetes_config_map",
      "name": "prometheus_config",
      "provider": "provider[\"registry.terraform.io/hashicorp/kubernetes\"]",
      "instances": [
        {
          "schema_version": 0,
          "attributes": {
            "binary_data": null,
            "data": {
              "prometheus.yml": "\"alerting\":\n  \"alertmanagers\":\n  - \"static_configs\":\n    - \"targets\":\n      - \"alertmanager:9093\"\n\"global\":\n  \"evaluation_interval\": \"15s\"\n  \"scrape_interval\": \"15s\"\n\"rule_files\":\n- \"/etc/prometheus/rules/*.yml\"\n\"scrape_configs\":\n- \"job_name\": \"prometheus\"\n  \"static_configs\":\n  - \"targets\":\n    - \"localhost:9090\"\n- \"job_name\": \"healthcare-backend\"\n  \"kubernetes_sd_configs\":\n  - \"namespaces\":\n      \"names\":\n      - \"healthcare-staging\"\n    \"role\": \"endpoints\"\n  \"relabel_configs\":\n  - \"action\": \"keep\"\n    \"regex\": true\n    \"source_labels\":\n    - \"__meta_kubernetes_service_annotation_prometheus_io_scrape\"\n  - \"action\": \"replace\"\n    \"regex\": \"(.+)\"\n    \"source_labels\":\n    - \"__meta_kubernetes_service_annotation_prometheus_io_path\"\n    \"target_label\": \"__metrics_path__\"\n  - \"action\": \"replace\"\n    \"regex\": \"([^:]+)(?::\\\\d+)?;(\\\\d+)\"\n    \"replacement\": \"$1:$2\"\n    \"source_labels\":\n    - \"__address__\"\n    - \"__meta_kubernetes_service_annotation_prometheus_io_port\"\n    \"target_label\": \"__address__\"\n- \"job_name\": \"kubernetes-nodes\"\n  \"kubernetes_sd_configs\":\n  - \"role\": \"node\"\n  \"relabel_configs\":\n  - \"action\": \"labelmap\"\n    \"regex\": \"__meta_kubernetes_node_label_(.+)\"\n- \"job_name\": \"kubernetes-pods\"\n  \"kubernetes_sd_configs\":\n  - \"namespaces\":\n      \"names\":\n      - \"healthcare-staging\"\n    \"role\": \"pod\"\n  \"relabel_configs\":\n  - \"action\": \"keep\"\n    \"regex\": true\n    \"source_labels\":\n    - \"__meta_kubernetes_pod_annotation_prometheus_io_scrape\"\n  - \"action\": \"replace\"\n    \"regex\": \"(.+)\"\n    \"source_labels\":\n    - \"__meta_kubernetes_pod_annotation_prometheus_io_path\"\n    \"target_label\": \"__metrics_path__\"\n  - \"action\": \"replace\"\n    \"regex\": \"([^:]+)(?::\\\\d+)?;(\\\\d+)\"\n    \"replacement\": \"$1:$2\"\n    \"source_labels\":\n    - \"__address__\"\n    - \"__meta_kubernetes_pod_annotation_prometheus_io_port\"\n    \"target_label\": \"__address__\"\n"
            },
            "id": "monitoring-staging/prometheus-config",
            "immutable": false,
            "metadata": [
              {
                "annotations": null,
                "generate_name": "",
                "generation": 0,
                "labels": {
                  "app": "healthcare-app",
                  "component": "prometheus",
                  "environment": "staging",
                  "managed-by": "terraform"
                },
                "name": "prometheus-config",
                "namespace": "monitoring-staging",
                "resource_version": "236255",
                "uid": "a4056f6d-2582-4c91-bb6d-9f20cc6b6849"
              }
            ]
          },
          "sensitive_attributes": [],
          "private": "bnVsbA==",
          "dependencies": [
            "kubernetes_namespace.monitoring"
          ]
        }
      ]
    },
    {
      "mode": "managed",
      "type": "kubernetes_config_map",
      "name": "prometheus_rules",
      "provider": "provider[\"registry.terraform.io/hashicorp/kubernetes\"]",
      "instances": [
        {
          "schema_version": 0,
          "attributes": {
            "binary_data": null,
            "data": {
              "healthcare-app.yml": "\"groups\":\n- \"name\": \"healthcare-app.rules\"\n  \"rules\":\n  - \"alert\": \"HighCPUUsage\"\n    \"annotations\":\n      \"description\": \"CPU usage is above 80% for more than 5 minutes\"\n      \"summary\": \"High CPU usage detected\"\n    \"expr\": \"rate(container_cpu_usage_seconds_total{namespace=\\\"healthcare-staging\\\"}[5m])\n      * 100 \u003e 80\"\n    \"for\": \"5m\"\n    \"labels\":\n      \"severity\": \"warning\"\n  - \"alert\": \"HighMemoryUsage\"\n    \"annotations\":\n      \"description\": \"Memory usage is above 90% for more than 5 minutes\"\n      \"summary\": \"High memory usage detected\"\n    \"expr\": \"container_memory_usage_bytes{namespace=\\\"healthcare-staging\\\"} / container_spec_memory_limit_bytes\n      * 100 \u003e 90\"\n    \"for\": \"5m\"\n    \"labels\":\n      \"severity\": \"critical\"\n  - \"alert\": \"ServiceDown\"\n    \"annotations\":\n      \"description\": \"The healthcare backend service has been down for more than 1\n        minute\"\n      \"summary\": \"Healthcare backend service is down\"\n    \"expr\": \"up{job=\\\"healthcare-backend\\\"} == 0\"\n    \"for\": \"1m\"\n    \"labels\":\n      \"severity\": \"critical\"\n  - \"alert\": \"HighResponseTime\"\n    \"annotations\":\n      \"description\": \"95th percentile response time is above 1 second for more than\n        5 minutes\"\n      \"summary\": \"High response time detected\"\n    \"expr\": \"histogram_quantile(0.95, rate(http_request_duration_seconds_bucket{job=\\\"healthcare-backend\\\"}[5m]))\n      \u003e 1\"\n    \"for\": \"5m\"\n    \"labels\":\n      \"severity\": \"warning\"\n"
            },
            "id": "monitoring-staging/prometheus-rules",
            "immutable": false,
            "metadata": [
              {
                "annotations": null,
                "generate_name": "",
                "generation": 0,
                "labels": {
                  "app": "healthcare-app",
                  "component": "prometheus",
                  "environment": "staging",
                  "managed-by": "terraform"
                },
                "name": "prometheus-rules",
                "namespace": "monitoring-staging",
                "resource_version": "236256",
                "uid": "383e9187-9f0b-4a05-b68b-eca17e3e6984"
              }
            ]
          },
          "sensitive_attributes": [],
          "private": "bnVsbA==",
          "dependencies": [
            "kubernetes_namespace.monitoring"
          ]
        }
      ]
    },
    {
      "mode": "managed",
      "type": "kubernetes_daemonset",
      "name": "node_exporter",
      "provider": "provider[\"registry.terraform.io/hashicorp/kubernetes\"]",
      "instances": [
        {
          "schema_version": 1,
          "attributes": {
            "id": "monitoring-staging/node-exporter",
            "metadata": [
              {
                "annotations": null,
                "generate_name": "",
                "generation": 1,
                "labels": {
                  "app": "healthcare-app",
                  "component": "node-exporter",
                  "environment": "staging",
                  "managed-by": "terraform"
                },
                "name": "node-exporter",
                "namespace": "monitoring-staging",
                "resource_version": "236267",
                "uid": "cd81b3c8-c20f-45b2-8280-4a12378d02ae"
              }
            ],
            "spec": [
              {
                "min_ready_seconds": 0,
                "revision_history_limit": 10,
                "selector": [
                  {
                    "match_expressions": [],
                    "match_labels": {
                      "app": "healthcare-app",
                      "component": "node-exporter",
                      "environment": "staging",
                      "managed-by": "terraform"
                    }
                  }
                ],
                "strategy": [
                  {
                    "rolling_update": [
                      {
                        "max_surge": "0",
                        "max_unavailable": "1"
                      }
                    ],
                    "type": "RollingUpdate"
                  }
                ],
                "template": [
                  {
                    "metadata": [
                      {
                        "annotations": {
                          "prometheus.io/port": "9100",
                          "prometheus.io/scrape": "true"
                        },
                        "generate_name": "",
                        "generation": 0,
                        "labels": {
                          "app": "healthcare-app",
                          "component": "node-exporter",
                          "environment": "staging",
                          "managed-by": "terraform"
                        },
                        "name": "",
                        "namespace": "",
                        "resource_version": "",
                        "uid": ""
                      }
                    ],
                    "spec": [
                      {
                        "active_deadline_seconds": 0,
                        "affinity": [],
                        "automount_service_account_token": true,
                        "container": [
                          {
                            "args": [
                              "--path.rootfs=/host",
                              "--web.listen-address=0.0.0.0:9100"
                            ],
                            "command": null,
                            "env": [],
                            "env_from": [],
                            "image": "prom/node-exporter:v1.6.0",
                            "image_pull_policy": "IfNotPresent",
                            "lifecycle": [],
                            "liveness_probe": [],
                            "name": "node-exporter",
                            "port": [
                              {
                                "container_port": 9100,
                                "host_ip": "",
                                "host_port": 9100,
                                "name": "metrics",
                                "protocol": "TCP"
                              }
                            ],
                            "readiness_probe": [],
                            "resources": [
                              {
                                "limits": {
                                  "cpu": "200m",
                                  "memory": "256Mi"
                                },
                                "requests": {
                                  "cpu": "100m",
                                  "memory": "128Mi"
                                }
                              }
                            ],
                            "security_context": [],
                            "startup_probe": [],
                            "stdin": false,
                            "stdin_once": false,
                            "termination_message_path": "/dev/termination-log",
                            "termination_message_policy": "File",
                            "tty": false,
                            "volume_device": [],
                            "volume_mount": [
                              {
                                "mount_path": "/host",
                                "mount_propagation": "None",
                                "name": "root",
                                "read_only": true,
                                "sub_path": "",
                                "sub_path_expr": ""
                              }
                            ],
                            "working_dir": ""
                          }
                        ],
                        "dns_config": [],
                        "dns_policy": "ClusterFirst",
                        "enable_service_links": true,
                        "host_aliases": [],
                        "host_ipc": false,
                        "host_network": true,
                        "host_pid": true,
                        "hostname": "",
                        "image_pull_secrets": [],
                        "init_container": [],
                        "node_name": "",
                        "node_selector": null,
                        "os": [],
                        "priority_class_name": "",
                        "readiness_gate": [],
                        "restart_policy": "Always",
                        "runtime_class_name": "",
                        "scheduler_name": "default-scheduler",
                        "security_context": [],
                        "service_account_name": "",
                        "share_process_namespace": false,
                        "subdomain": "",
                        "termination_grace_period_seconds": 30,
                        "toleration": [
                          {
                            "effect": "",
                            "key": "",
                            "operator": "Exists",
                            "toleration_seconds": "",
                            "value": ""
                          }
                        ],
                        "topology_spread_constraint": [],
                        "volume": [
                          {
                            "aws_elastic_block_store": [],
                            "azure_disk": [],
                            "azure_file": [],
                            "ceph_fs": [],
                            "cinder": [],
                            "config_map": [],
                            "csi": [],
                            "downward_api": [],
                            "empty_dir": [],
                            "ephemeral": [],
                            "fc": [],
                            "flex_volume": [],
                            "flocker": [],
                            "gce_persistent_disk": [],
                            "git_repo": [],
                            "glusterfs": [],
                            "host_path": [
                              {
                                "path": "/",
                                "type": ""
                              }
                            ],
                            "iscsi": [],
                            "local": [],
                            "name": "root",
                            "nfs": [],
                            "persistent_volume_claim": [],
                            "photon_persistent_disk": [],
                            "projected": [],
                            "quobyte": [],
                            "rbd": [],
                            "secret": [],
                            "vsphere_volume": []
                          }
                        ]
                      }
                    ]
                  }
                ]
              }
            ],
            "timeouts": null,
            "wait_for_rollout": true
          },
          "sensitive_attributes": [],
          "private": "eyJlMmJmYjczMC1lY2FhLTExZTYtOGY4OC0zNDM2M2JjN2M0YzAiOnsiY3JlYXRlIjo2MDAwMDAwMDAwMDAsImRlbGV0ZSI6NjAwMDAwMDAwMDAwLCJ1cGRhdGUiOjYwMDAwMDAwMDAwMH0sInNjaGVtYV92ZXJzaW9uIjoiMSJ9",
          "dependencies": [
            "kubernetes_namespace.monitoring"
          ]
        }
      ]
    },
    {
      "mode": "managed",
      "type": "kubernetes_deployment",
      "name": "backend",
      "provider": "provider[\"registry.terraform.io/hashicorp/kubernetes\"]",
      "instances": []
    },
    {
      "mode": "managed",
      "type": "kubernetes_deployment",
      "name": "grafana",
      "provider": "provider[\"registry.terraform.io/hashicorp/kubernetes\"]",
      "instances": [
        {
          "schema_version": 1,
          "attributes": {
            "id": "monitoring-staging/grafana",
            "metadata": [
              {
                "annotations": null,
                "generate_name": "",
                "generation": 1,
                "labels": {
                  "app": "healthcare-app",
                  "component": "grafana",
                  "environment": "staging",
                  "managed-by": "terraform"
                },
                "name": "grafana",
                "namespace": "monitoring-staging",
                "resource_version": "236338",
                "uid": "6def9db2-ecfb-49ea-924c-9636c9ffbb7c"
              }
            ],
            "spec": [
              {
                "min_ready_seconds": 0,
                "paused": false,
                "progress_deadline_seconds": 600,
                "replicas": "1",
                "revision_history_limit": 10,
                "selector": [
                  {
                    "match_expressions": [],
                    "match_labels": {
                      "app": "healthcare-app",
                      "component": "grafana",
                      "environment": "staging",
                      "managed-by": "terraform"
                    }
                  }
                ],
                "strategy": [
                  {
                    "rolling_update": [
                      {
                        "max_surge": "25%",
                        "max_unavailable": "25%"
                      }
                    ],
                    "type": "RollingUpdate"
                  }
                ],
                "template": [
                  {
                    "metadata": [
                      {
                        "annotations": null,
                        "generate_name": "",
                        "generation": 0,
                        "labels": {
                          "app": "healthcare-app",
                          "component": "grafana",
                          "environment": "staging",
                          "managed-by": "terraform"
                        },
                        "name": "",
                        "namespace": "",
                        "resource_version": "",
                        "uid": ""
                      }
                    ],
                    "spec": [
                      {
                        "active_deadline_seconds": 0,
                        "affinity": [],
                        "automount_service_account_token": true,
                        "container": [
                          {
                            "args": null,
                            "command": null,
                            "env": [
                              {
                                "name": "GF_SECURITY_ADMIN_PASSWORD",
                                "value": "admin123",
                                "value_from": []
                              }
                            ],
                            "env_from": [],
                            "image": "grafana/grafana:10.0.0",
                            "image_pull_policy": "IfNotPresent",
                            "lifecycle": [],
                            "liveness_probe": [
                              {
                                "exec": [],
                                "failure_threshold": 3,
                                "grpc": [],
                                "http_get": [
                                  {
                                    "host": "",
                                    "http_header": [],
                                    "path": "/api/health",
                                    "port": "grafana",
                                    "scheme": "HTTP"
                                  }
                                ],
                                "initial_delay_seconds": 30,
                                "period_seconds": 10,
                                "success_threshold": 1,
                                "tcp_socket": [],
                                "timeout_seconds": 1
                              }
                            ],
                            "name": "grafana",
                            "port": [
                              {
                                "container_port": 3000,
                                "host_ip": "",
                                "host_port": 0,
                                "name": "grafana",
                                "protocol": "TCP"
                              }
                            ],
                            "readiness_probe": [
                              {
                                "exec": [],
                                "failure_threshold": 3,
                                "grpc": [],
                                "http_get": [
                                  {
                                    "host": "",
                                    "http_header": [],
                                    "path": "/api/health",
                                    "port": "grafana",
                                    "scheme": "HTTP"
                                  }
                                ],
                                "initial_delay_seconds": 5,
                                "period_seconds": 5,
                                "success_threshold": 1,
                                "tcp_socket": [],
                                "timeout_seconds": 1
                              }
                            ],
                            "resources": [
                              {
                                "limits": {
                                  "cpu": "500m",
                                  "memory": "512Mi"
                                },
                                "requests": {
                                  "cpu": "200m",
                                  "memory": "256Mi"
                                }
                              }
                            ],
                            "security_context": [],
                            "startup_probe": [],
                            "stdin": false,
                            "stdin_once": false,
                            "termination_message_path": "/dev/termination-log",
                            "termination_message_policy": "File",
                            "tty": false,
                            "volume_device": [],
                            "volume_mount": [
                              {
                                "mount_path": "/etc/grafana",
                                "mount_propagation": "None",
                                "name": "grafana-config",
                                "read_only": false,
                                "sub_path": "",
                                "sub_path_expr": ""
                              },
                              {
                                "mount_path": "/etc/grafana/provisioning/dashboards",
                                "mount_propagation": "None",
                                "name": "grafana-dashboards",
                                "read_only": false,
                                "sub_path": "",
                                "sub_path_expr": ""
                              },
                              {
                                "mount_path": "/etc/grafana/provisioning/datasources",
                                "mount_propagation": "None",
                                "name": "grafana-datasources",
                                "read_only": false,
                                "sub_path": "",
                                "sub_path_expr": ""
                              }
                            ],
                            "working_dir": ""
                          }
                        ],
                        "dns_config": [],
                        "dns_policy": "ClusterFirst",
                        "enable_service_links": true,
                        "host_aliases": [],
                        "host_ipc": false,
                        "host_network": false,
                        "host_pid": false,
                        "hostname": "",
                        "image_pull_secrets": [],
                        "init_container": [],
                        "node_name": "",
                        "node_selector": null,
                        "os": [],
                        "priority_class_name": "",
                        "readiness_gate": [],
                        "restart_policy": "Always",
                        "runtime_class_name": "",
                        "scheduler_name": "default-scheduler",
                        "security_context": [],
                        "service_account_name": "",
                        "share_process_namespace": false,
                        "subdomain": "",
                        "termination_grace_period_seconds": 30,
                        "toleration": [],
                        "topology_spread_constraint": [],
                        "volume": [
                          {
                            "aws_elastic_block_store": [],
                            "azure_disk": [],
                            "azure_file": [],
                            "ceph_fs": [],
                            "cinder": [],
                            "config_map": [
                              {
                                "default_mode": "0644",
                                "items": [
                                  {
                                    "key": "grafana.ini",
                                    "mode": "",
                                    "path": "grafana.ini"
                                  }
                                ],
                                "name": "grafana-config",
                                "optional": false
                              }
                            ],
                            "csi": [],
                            "downward_api": [],
                            "empty_dir": [],
                            "ephemeral": [],
                            "fc": [],
                            "flex_volume": [],
                            "flocker": [],
                            "gce_persistent_disk": [],
                            "git_repo": [],
                            "glusterfs": [],
                            "host_path": [],
                            "iscsi": [],
                            "local": [],
                            "name": "grafana-config",
                            "nfs": [],
                            "persistent_volume_claim": [],
                            "photon_persistent_disk": [],
                            "projected": [],
                            "quobyte": [],
                            "rbd": [],
                            "secret": [],
                            "vsphere_volume": []
                          },
                          {
                            "aws_elastic_block_store": [],
                            "azure_disk": [],
                            "azure_file": [],
                            "ceph_fs": [],
                            "cinder": [],
                            "config_map": [
                              {
                                "default_mode": "0644",
                                "items": [
                                  {
                                    "key": "healthcare-dashboard.json",
                                    "mode": "",
                                    "path": "healthcare-dashboard.json"
                                  },
                                  {
                                    "key": "dashboard-providers.yml",
                                    "mode": "",
                                    "path": "dashboard-providers.yml"
                                  }
                                ],
                                "name": "grafana-config",
                                "optional": false
                              }
                            ],
                            "csi": [],
                            "downward_api": [],
                            "empty_dir": [],
                            "ephemeral": [],
                            "fc": [],
                            "flex_volume": [],
                            "flocker": [],
                            "gce_persistent_disk": [],
                            "git_repo": [],
                            "glusterfs": [],
                            "host_path": [],
                            "iscsi": [],
                            "local": [],
                            "name": "grafana-dashboards",
                            "nfs": [],
                            "persistent_volume_claim": [],
                            "photon_persistent_disk": [],
                            "projected": [],
                            "quobyte": [],
                            "rbd": [],
                            "secret": [],
                            "vsphere_volume": []
                          },
                          {
                            "aws_elastic_block_store": [],
                            "azure_disk": [],
                            "azure_file": [],
                            "ceph_fs": [],
                            "cinder": [],
                            "config_map": [
                              {
                                "default_mode": "0644",
                                "items": [
                                  {
                                    "key": "datasources.yml",
                                    "mode": "",
                                    "path": "datasources.yml"
                                  }
                                ],
                                "name": "grafana-config",
                                "optional": false
                              }
                            ],
                            "csi": [],
                            "downward_api": [],
                            "empty_dir": [],
                            "ephemeral": [],
                            "fc": [],
                            "flex_volume": [],
                            "flocker": [],
                            "gce_persistent_disk": [],
                            "git_repo": [],
                            "glusterfs": [],
                            "host_path": [],
                            "iscsi": [],
                            "local": [],
                            "name": "grafana-datasources",
                            "nfs": [],
                            "persistent_volume_claim": [],
                            "photon_persistent_disk": [],
                            "projected": [],
                            "quobyte": [],
                            "rbd": [],
                            "secret": [],
                            "vsphere_volume": []
                          },
                          {
                            "aws_elastic_block_store": [],
                            "azure_disk": [],
                            "azure_file": [],
                            "ceph_fs": [],
                            "cinder": [],
                            "config_map": [],
                            "csi": [],
                            "downward_api": [],
                            "empty_dir": [
                              {
                                "medium": "",
                                "size_limit": ""
                              }
                            ],
                            "ephemeral": [],
                            "fc": [],
                            "flex_volume": [],
                            "flocker": [],
                            "gce_persistent_disk": [],
                            "git_repo": [],
                            "glusterfs": [],
                            "host_path": [],
                            "iscsi": [],
                            "local": [],
                            "name": "grafana-storage",
                            "nfs": [],
                            "persistent_volume_claim": [],
                            "photon_persistent_disk": [],
                            "projected": [],
                            "quobyte": [],
                            "rbd": [],
                            "secret": [],
                            "vsphere_volume": []
                          }
                        ]
                      }
                    ]
                  }
                ]
              }
            ],
            "timeouts": null,
            "wait_for_rollout": true
          },
          "sensitive_attributes": [],
          "private": "eyJlMmJmYjczMC1lY2FhLTExZTYtOGY4OC0zNDM2M2JjN2M0YzAiOnsiY3JlYXRlIjo2MDAwMDAwMDAwMDAsImRlbGV0ZSI6NjAwMDAwMDAwMDAwLCJ1cGRhdGUiOjYwMDAwMDAwMDAwMH0sInNjaGVtYV92ZXJzaW9uIjoiMSJ9",
          "dependencies": [
            "kubernetes_config_map.grafana_config",
            "kubernetes_namespace.monitoring",
            "kubernetes_persistent_volume_claim.grafana_storage"
          ]
        }
      ]
    },
    {
      "mode": "managed",
      "type": "kubernetes_deployment",
      "name": "prometheus",
      "provider": "provider[\"registry.terraform.io/hashicorp/kubernetes\"]",
      "instances": [
        {
          "schema_version": 1,
          "attributes": {
            "id": "monitoring-staging/prometheus",
            "metadata": [
              {
                "annotations": null,
                "generate_name": "",
                "generation": 1,
                "labels": {
                  "app": "healthcare-app",
                  "component": "prometheus",
                  "environment": "staging",
                  "managed-by": "terraform"
                },
                "name": "prometheus",
                "namespace": "monitoring-staging",
                "resource_version": "236337",
                "uid": "3ffeef5c-3a3b-4137-bec4-7fc2fcc8ede4"
              }
            ],
            "spec": [
              {
                "min_ready_seconds": 0,
                "paused": false,
                "progress_deadline_seconds": 600,
                "replicas": "1",
                "revision_history_limit": 10,
                "selector": [
                  {
                    "match_expressions": [],
                    "match_labels": {
                      "app": "healthcare-app",
                      "component": "prometheus",
                      "environment": "staging",
                      "managed-by": "terraform"
                    }
                  }
                ],
                "strategy": [
                  {
                    "rolling_update": [
                      {
                        "max_surge": "25%",
                        "max_unavailable": "25%"
                      }
                    ],
                    "type": "RollingUpdate"
                  }
                ],
                "template": [
                  {
                    "metadata": [
                      {
                        "annotations": null,
                        "generate_name": "",
                        "generation": 0,
                        "labels": {
                          "app": "healthcare-app",
                          "component": "prometheus",
                          "environment": "staging",
                          "managed-by": "terraform"
                        },
                        "name": "",
                        "namespace": "",
                        "resource_version": "",
                        "uid": ""
                      }
                    ],
                    "spec": [
                      {
                        "active_deadline_seconds": 0,
                        "affinity": [],
                        "automount_service_account_token": true,
                        "container": [
                          {
                            "args": [
                              "--config.file=/etc/prometheus/prometheus.yml",
                              "--storage.tsdb.path=/prometheus/",
                              "--web.console.libraries=/etc/prometheus/console_libraries",
                              "--web.console.templates=/etc/prometheus/consoles",
                              "--storage.tsdb.retention.time=15d",
                              "--web.enable-lifecycle"
                            ],
                            "command": null,
                            "env": [],
                            "env_from": [],
                            "image": "prom/prometheus:v2.45.0",
                            "image_pull_policy": "IfNotPresent",
                            "lifecycle": [],
                            "liveness_probe": [
                              {
                                "exec": [],
                                "failure_threshold": 3,
                                "grpc": [],
                                "http_get": [
                                  {
                                    "host": "",
                                    "http_header": [],
                                    "path": "/-/healthy",
                                    "port": "prometheus",
                                    "scheme": "HTTP"
                                  }
                                ],
                                "initial_delay_seconds": 30,
                                "period_seconds": 10,
                                "success_threshold": 1,
                                "tcp_socket": [],
                                "timeout_seconds": 1
                              }
                            ],
                            "name": "prometheus",
                            "port": [
                              {
                                "container_port": 9090,
                                "host_ip": "",
                                "host_port": 0,
                                "name": "prometheus",
                                "protocol": "TCP"
                              }
                            ],
                            "readiness_probe": [
                              {
                                "exec": [],
                                "failure_threshold": 3,
                                "grpc": [],
                                "http_get": [
                                  {
                                    "host": "",
                                    "http_header": [],
                                    "path": "/-/ready",
                                    "port": "prometheus",
                                    "scheme": "HTTP"
                                  }
                                ],
                                "initial_delay_seconds": 5,
                                "period_seconds": 5,
                                "success_threshold": 1,
                                "tcp_socket": [],
                                "timeout_seconds": 1
                              }
                            ],
                            "resources": [
                              {
                                "limits": {
                                  "cpu": "1",
                                  "memory": "2Gi"
                                },
                                "requests": {
                                  "cpu": "500m",
                                  "memory": "1Gi"
                                }
                              }
                            ],
                            "security_context": [],
                            "startup_probe": [],
                            "stdin": false,
                            "stdin_once": false,
                            "termination_message_path": "/dev/termination-log",
                            "termination_message_policy": "File",
                            "tty": false,
                            "volume_device": [],
                            "volume_mount": [
                              {
                                "mount_path": "/etc/prometheus",
                                "mount_propagation": "None",
                                "name": "prometheus-config",
                                "read_only": false,
                                "sub_path": "",
                                "sub_path_expr": ""
                              },
                              {
                                "mount_path": "/etc/prometheus/rules",
                                "mount_propagation": "None",
                                "name": "prometheus-rules",
                                "read_only": false,
                                "sub_path": "",
                                "sub_path_expr": ""
                              }
                            ],
                            "working_dir": ""
                          }
                        ],
                        "dns_config": [],
                        "dns_policy": "ClusterFirst",
                        "enable_service_links": true,
                        "host_aliases": [],
                        "host_ipc": false,
                        "host_network": false,
                        "host_pid": false,
                        "hostname": "",
                        "image_pull_secrets": [],
                        "init_container": [],
                        "node_name": "",
                        "node_selector": null,
                        "os": [],
                        "priority_class_name": "",
                        "readiness_gate": [],
                        "restart_policy": "Always",
                        "runtime_class_name": "",
                        "scheduler_name": "default-scheduler",
                        "security_context": [],
                        "service_account_name": "prometheus",
                        "share_process_namespace": false,
                        "subdomain": "",
                        "termination_grace_period_seconds": 30,
                        "toleration": [],
                        "topology_spread_constraint": [],
                        "volume": [
                          {
                            "aws_elastic_block_store": [],
                            "azure_disk": [],
                            "azure_file": [],
                            "ceph_fs": [],
                            "cinder": [],
                            "config_map": [
                              {
                                "default_mode": "0644",
                                "items": [],
                                "name": "prometheus-config",
                                "optional": false
                              }
                            ],
                            "csi": [],
                            "downward_api": [],
                            "empty_dir": [],
                            "ephemeral": [],
                            "fc": [],
                            "flex_volume": [],
                            "flocker": [],
                            "gce_persistent_disk": [],
                            "git_repo": [],
                            "glusterfs": [],
                            "host_path": [],
                            "iscsi": [],
                            "local": [],
                            "name": "prometheus-config",
                            "nfs": [],
                            "persistent_volume_claim": [],
                            "photon_persistent_disk": [],
                            "projected": [],
                            "quobyte": [],
                            "rbd": [],
                            "secret": [],
                            "vsphere_volume": []
                          },
                          {
                            "aws_elastic_block_store": [],
                            "azure_disk": [],
                            "azure_file": [],
                            "ceph_fs": [],
                            "cinder": [],
                            "config_map": [
                              {
                                "default_mode": "0644",
                                "items": [],
                                "name": "prometheus-rules",
                                "optional": false
                              }
                            ],
                            "csi": [],
                            "downward_api": [],
                            "empty_dir": [],
                            "ephemeral": [],
                            "fc": [],
                            "flex_volume": [],
                            "flocker": [],
                            "gce_persistent_disk": [],
                            "git_repo": [],
                            "glusterfs": [],
                            "host_path": [],
                            "iscsi": [],
                            "local": [],
                            "name": "prometheus-rules",
                            "nfs": [],
                            "persistent_volume_claim": [],
                            "photon_persistent_disk": [],
                            "projected": [],
                            "quobyte": [],
                            "rbd": [],
                            "secret": [],
                            "vsphere_volume": []
                          },
                          {
                            "aws_elastic_block_store": [],
                            "azure_disk": [],
                            "azure_file": [],
                            "ceph_fs": [],
                            "cinder": [],
                            "config_map": [],
                            "csi": [],
                            "downward_api": [],
                            "empty_dir": [
                              {
                                "medium": "",
                                "size_limit": ""
                              }
                            ],
                            "ephemeral": [],
                            "fc": [],
                            "flex_volume": [],
                            "flocker": [],
                            "gce_persistent_disk": [],
                            "git_repo": [],
                            "glusterfs": [],
                            "host_path": [],
                            "iscsi": [],
                            "local": [],
                            "name": "prometheus-storage",
                            "nfs": [],
                            "persistent_volume_claim": [],
                            "photon_persistent_disk": [],
                            "projected": [],
                            "quobyte": [],
                            "rbd": [],
                            "secret": [],
                            "vsphere_volume": []
                          }
                        ]
                      }
                    ]
                  }
                ]
              }
            ],
            "timeouts": null,
            "wait_for_rollout": true
          },
          "sensitive_attributes": [],
          "private": "eyJlMmJmYjczMC1lY2FhLTExZTYtOGY4OC0zNDM2M2JjN2M0YzAiOnsiY3JlYXRlIjo2MDAwMDAwMDAwMDAsImRlbGV0ZSI6NjAwMDAwMDAwMDAwLCJ1cGRhdGUiOjYwMDAwMDAwMDAwMH0sInNjaGVtYV92ZXJzaW9uIjoiMSJ9",
          "dependencies": [
            "kubernetes_config_map.prometheus_config",
            "kubernetes_config_map.prometheus_rules",
            "kubernetes_namespace.monitoring",
            "kubernetes_persistent_volume_claim.prometheus_storage",
            "kubernetes_service_account.prometheus"
          ]
        }
      ]
    },
    {
      "mode": "managed",
      "type": "kubernetes_horizontal_pod_autoscaler_v2",
      "name": "backend_hpa",
      "provider": "provider[\"registry.terraform.io/hashicorp/kubernetes\"]",
      "instances": []
    },
    {
      "mode": "managed",
      "type": "kubernetes_ingress_v1",
      "name": "healthcare_app",
      "provider": "provider[\"registry.terraform.io/hashicorp/kubernetes\"]",
      "instances": []
    },
    {
      "mode": "managed",
      "type": "kubernetes_ingress_v1",
      "name": "monitoring",
      "provider": "provider[\"registry.terraform.io/hashicorp/kubernetes\"]",
      "instances": [
        {
          "schema_version": 0,
          "attributes": {
            "id": "monitoring-staging/monitoring-ingress",
            "metadata": [
              {
                "annotations": {
                  "kubernetes.io/ingress.class": "nginx",
                  "nginx.ingress.kubernetes.io/auth-secret": "",
                  "nginx.ingress.kubernetes.io/auth-type": "",
                  "nginx.ingress.kubernetes.io/rewrite-target": "/"
                },
                "generate_name": "",
                "generation": 1,
                "labels": {
                  "app": "healthcare-app",
                  "component": "monitoring",
                  "environment": "staging",
                  "managed-by": "terraform"
                },
                "name": "monitoring-ingress",
                "namespace": "monitoring-staging",
                "resource_version": "236304",
                "uid": "6d8e7d82-0666-4566-8599-9e3efc77b3d8"
              }
            ],
            "spec": [
              {
                "default_backend": [],
                "ingress_class_name": "",
                "rule": [
                  {
                    "host": "monitoring-staging.local",
                    "http": [
                      {
                        "path": [
                          {
                            "backend": [
                              {
                                "resource": [],
                                "service": [
                                  {
                                    "name": "grafana",
                                    "port": [
                                      {
                                        "name": "",
                                        "number": 3000
                                      }
                                    ]
                                  }
                                ]
                              }
                            ],
                            "path": "/grafana",
                            "path_type": "Prefix"
                          },
                          {
                            "backend": [
                              {
                                "resource": [],
                                "service": [
                                  {
                                    "name": "prometheus",
                                    "port": [
                                      {
                                        "name": "",
                                        "number": 9090
                                      }
                                    ]
                                  }
                                ]
                              }
                            ],
                            "path": "/prometheus",
                            "path_type": "Prefix"
                          }
                        ]
                      }
                    ]
                  }
                ],
                "tls": []
              }
            ],
            "status": [
              {
                "load_balancer": [
                  {
                    "ingress": []
                  }
                ]
              }
            ],
            "timeouts": null,
            "wait_for_load_balancer": null
          },
          "sensitive_attributes": [],
          "private": "eyJlMmJmYjczMC1lY2FhLTExZTYtOGY4OC0zNDM2M2JjN2M0YzAiOnsiY3JlYXRlIjoxMjAwMDAwMDAwMDAwLCJkZWxldGUiOjEyMDAwMDAwMDAwMDB9fQ==",
          "dependencies": [
            "kubernetes_namespace.monitoring",
            "kubernetes_service.grafana",
            "kubernetes_service.prometheus"
          ]
        }
      ]
    },
    {
      "mode": "managed",
      "type": "kubernetes_namespace",
      "name": "monitoring",
      "provider": "provider[\"registry.terraform.io/hashicorp/kubernetes\"]",
      "instances": [
        {
          "schema_version": 0,
          "attributes": {
            "id": "monitoring-staging",
            "metadata": [
              {
                "annotations": null,
                "generate_name": "",
                "generation": 0,
                "labels": {
                  "app": "healthcare-app",
                  "component": "monitoring",
                  "environment": "staging",
                  "managed-by": "terraform",
                  "purpose": "observability"
                },
                "name": "monitoring-staging",
                "resource_version": "236248",
                "uid": "75b9110e-f950-456c-940b-7d3c2b52b4a5"
              }
            ],
            "timeouts": null,
            "wait_for_default_service_account": false
          },
          "sensitive_attributes": [],
          "private": "eyJlMmJmYjczMC1lY2FhLTExZTYtOGY4OC0zNDM2M2JjN2M0YzAiOnsiZGVsZXRlIjozMDAwMDAwMDAwMDB9fQ=="
        }
      ]
    },
    {
      "mode": "managed",
      "type": "kubernetes_persistent_volume_claim",
      "name": "grafana_storage",
      "provider": "provider[\"registry.terraform.io/hashicorp/kubernetes\"]",
      "instances": []
    },
    {
      "mode": "managed",
      "type": "kubernetes_persistent_volume_claim",
      "name": "prometheus_storage",
      "provider": "provider[\"registry.terraform.io/hashicorp/kubernetes\"]",
      "instances": []
    },
    {
      "mode": "managed",
      "type": "kubernetes_service",
      "name": "grafana",
      "provider": "provider[\"registry.terraform.io/hashicorp/kubernetes\"]",
      "instances": [
        {
          "schema_version": 1,
          "attributes": {
            "id": "monitoring-staging/grafana",
            "metadata": [
              {
                "annotations": null,
                "generate_name": "",
                "generation": 0,
                "labels": {
                  "app": "healthcare-app",
                  "component": "grafana",
                  "environment": "staging",
                  "managed-by": "terraform"
                },
                "name": "grafana",
                "namespace": "monitoring-staging",
                "resource_version": "236262",
                "uid": "c7a709f7-4ee8-49b3-96e3-72a9d872a88e"
              }
            ],
            "spec": [
              {
                "allocate_load_balancer_node_ports": true,
                "cluster_ip": "10.43.236.221",
                "cluster_ips": [
                  "10.43.236.221"
                ],
                "external_ips": null,
                "external_name": "",
                "external_traffic_policy": "Cluster",
                "health_check_node_port": 0,
                "internal_traffic_policy": "Cluster",
                "ip_families": [
                  "IPv4"
                ],
                "ip_family_policy": "SingleStack",
                "load_balancer_class": "",
                "load_balancer_ip": "",
                "load_balancer_source_ranges": null,
                "port": [
                  {
                    "app_protocol": "",
                    "name": "",
                    "node_port": 32362,
                    "port": 3000,
                    "protocol": "TCP",
                    "target_port": "grafana"
                  }
                ],
                "publish_not_ready_addresses": false,
                "selector": {
                  "app": "healthcare-app",
                  "component": "grafana",
                  "environment": "staging",
                  "managed-by": "terraform"
                },
                "session_affinity": "None",
                "session_affinity_config": [],
                "type": "NodePort"
              }
            ],
            "status": [
              {
                "load_balancer": [
                  {
                    "ingress": []
                  }
                ]
              }
            ],
            "timeouts": null,
            "wait_for_load_balancer": true
          },
          "sensitive_attributes": [],
          "private": "eyJlMmJmYjczMC1lY2FhLTExZTYtOGY4OC0zNDM2M2JjN2M0YzAiOnsiY3JlYXRlIjo2MDAwMDAwMDAwMDB9LCJzY2hlbWFfdmVyc2lvbiI6IjEifQ==",
          "dependencies": [
            "kubernetes_namespace.monitoring"
          ]
        }
      ]
    },
    {
      "mode": "managed",
      "type": "kubernetes_service",
      "name": "prometheus",
      "provider": "provider[\"registry.terraform.io/hashicorp/kubernetes\"]",
      "instances": [
        {
          "schema_version": 1,
          "attributes": {
            "id": "monitoring-staging/prometheus",
            "metadata": [
              {
                "annotations": null,
                "generate_name": "",
                "generation": 0,
                "labels": {
                  "app": "healthcare-app",
                  "component": "prometheus",
                  "environment": "staging",
                  "managed-by": "terraform"
                },
                "name": "prometheus",
                "namespace": "monitoring-staging",
                "resource_version": "236260",
                "uid": "9b537ab7-8d4e-4050-bb52-e85f32041d22"
              }
            ],
            "spec": [
              {
                "allocate_load_balancer_node_ports": true,
                "cluster_ip": "10.43.110.172",
                "cluster_ips": [
                  "10.43.110.172"
                ],
                "external_ips": null,
                "external_name": "",
                "external_traffic_policy": "",
                "health_check_node_port": 0,
                "internal_traffic_policy": "Cluster",
                "ip_families": [
                  "IPv4"
                ],
                "ip_family_policy": "SingleStack",
                "load_balancer_class": "",
                "load_balancer_ip": "",
                "load_balancer_source_ranges": null,
                "port": [
                  {
                    "app_protocol": "",
                    "name": "",
                    "node_port": 0,
                    "port": 9090,
                    "protocol": "TCP",
                    "target_port": "prometheus"
                  }
                ],
                "publish_not_ready_addresses": false,
                "selector": {
                  "app": "healthcare-app",
                  "component": "prometheus",
                  "environment": "staging",
                  "managed-by": "terraform"
                },
                "session_affinity": "None",
                "session_affinity_config": [],
                "type": "ClusterIP"
              }
            ],
            "status": [
              {
                "load_balancer": [
                  {
                    "ingress": []
                  }
                ]
              }
            ],
            "timeouts": null,
            "wait_for_load_balancer": true
          },
          "sensitive_attributes": [],
          "private": "eyJlMmJmYjczMC1lY2FhLTExZTYtOGY4OC0zNDM2M2JjN2M0YzAiOnsiY3JlYXRlIjo2MDAwMDAwMDAwMDB9LCJzY2hlbWFfdmVyc2lvbiI6IjEifQ==",
          "dependencies": [
            "kubernetes_namespace.monitoring"
          ]
        }
      ]
    },
    {
      "mode": "managed",
      "type": "kubernetes_service_account",
      "name": "prometheus",
      "provider": "provider[\"registry.terraform.io/hashicorp/kubernetes\"]",
      "instances": [
        {
          "schema_version": 0,
          "attributes": {
            "automount_service_account_token": true,
            "default_secret_name": "",
            "id": "monitoring-staging/prometheus",
            "image_pull_secret": [],
            "metadata": [
              {
                "annotations": null,
                "generate_name": "",
                "generation": 0,
                "labels": {
                  "app": "healthcare-app",
                  "component": "prometheus",
                  "environment": "staging",
                  "managed-by": "terraform"
                },
                "name": "prometheus",
                "namespace": "monitoring-staging",
                "resource_version": "236254",
                "uid": "285b4640-ea7e-4de7-bd8e-069d28e842c4"
              }
            ],
            "secret": [],
            "timeouts": null
          },
          "sensitive_attributes": [],
          "private": "eyJlMmJmYjczMC1lY2FhLTExZTYtOGY4OC0zNDM2M2JjN2M0YzAiOnsiY3JlYXRlIjozMDAwMDAwMDAwMH19",
          "dependencies": [
            "kubernetes_namespace.monitoring"
          ]
        }
      ]
    },
    {
      "mode": "managed",
      "type": "kubernetes_stateful_set",
      "name": "mongodb",
      "provider": "provider[\"registry.terraform.io/hashicorp/kubernetes\"]",
      "instances": []
    },
    {
      "mode": "managed",
      "type": "random_password",
      "name": "mongodb_password",
      "provider": "provider[\"registry.terraform.io/hashicorp/random\"]",
      "instances": [
        {
          "schema_version": 3,
          "attributes": {
            "bcrypt_hash": "$2a$10$NC/1L0wAOmtmT6PikFvuRe9OaSwU2vTbjQo7eDZ.ccQm/x1A.0Dr6",
            "id": "none",
            "keepers": null,
            "length": 32,
            "lower": true,
            "min_lower": 0,
            "min_numeric": 0,
            "min_special": 0,
            "min_upper": 0,
            "number": true,
            "numeric": true,
            "override_special": null,
            "result": "@*RTwg)\u0026Bz{oL+N$hKVQ{B$srA-p\u0026ZaB",
            "special": true,
            "upper": true
          },
          "sensitive_attributes": []
        }
      ]
    }
  ],
  "check_results": null
}
